{
    "version": 3,
    "terraform_version": "0.11.10",
    "serial": 49,
    "lineage": "81ebc3f6-62af-30a1-a485-922936fea493",
    "modules": [
        {
            "path": [
                "root"
            ],
            "outputs": {
                "account_id": {
                    "sensitive": false,
                    "type": "string",
                    "value": "082894742960"
                }
            },
            "resources": {
                "aws_api_gateway_deployment.ApiGatewayBadBotDeployment": {
                    "type": "aws_api_gateway_deployment",
                    "depends_on": [
                        "aws_api_gateway_integration.ApiGatewayBadBotIntegration",
                        "aws_api_gateway_method.ApiGatewayBadBotMethod",
                        "aws_api_gateway_rest_api.ApiGatewayBadBot"
                    ],
                    "primary": {
                        "id": "uw17v3",
                        "attributes": {
                            "created_date": "2019-01-11T21:23:33Z",
                            "description": "CloudFormation Deployment Stage",
                            "execution_arn": "arn:aws:execute-api:us-east-1:082894742960:ojtj54665k/CFDeploymentStage",
                            "id": "uw17v3",
                            "invoke_url": "https://ojtj54665k.execute-api.us-east-1.amazonaws.com/CFDeploymentStage",
                            "rest_api_id": "ojtj54665k",
                            "stage_name": "CFDeploymentStage"
                        },
                        "meta": {},
                        "tainted": false
                    },
                    "deposed": [],
                    "provider": "provider.aws"
                },
                "aws_api_gateway_deployment.ApiGatewayBadBotStage": {
                    "type": "aws_api_gateway_deployment",
                    "depends_on": [
                        "aws_api_gateway_integration.ApiGatewayBadBotIntegration",
                        "aws_api_gateway_method.ApiGatewayBadBotMethod",
                        "aws_api_gateway_rest_api.ApiGatewayBadBot"
                    ],
                    "primary": {
                        "id": "lsbjog",
                        "attributes": {
                            "created_date": "2019-01-11T21:23:31Z",
                            "description": "Production Stage",
                            "execution_arn": "arn:aws:execute-api:us-east-1:082894742960:ojtj54665k/ProdStage",
                            "id": "lsbjog",
                            "invoke_url": "https://ojtj54665k.execute-api.us-east-1.amazonaws.com/ProdStage",
                            "rest_api_id": "ojtj54665k",
                            "stage_name": "ProdStage"
                        },
                        "meta": {},
                        "tainted": false
                    },
                    "deposed": [],
                    "provider": "provider.aws"
                },
                "aws_api_gateway_integration.ApiGatewayBadBotIntegration": {
                    "type": "aws_api_gateway_integration",
                    "depends_on": [
                        "aws_api_gateway_method.ApiGatewayBadBotMethod",
                        "aws_api_gateway_resource.ApiGatewayBadBotResource",
                        "aws_api_gateway_rest_api.ApiGatewayBadBot",
                        "aws_lambda_function.LambdaWAFBadBotParserFunction",
                        "aws_waf_ipset.WAFBadBotSet"
                    ],
                    "primary": {
                        "id": "agi-ojtj54665k-a9upom-GET",
                        "attributes": {
                            "cache_key_parameters.#": "0",
                            "cache_namespace": "a9upom",
                            "connection_id": "",
                            "connection_type": "INTERNET",
                            "content_handling": "",
                            "credentials": "",
                            "http_method": "GET",
                            "id": "agi-ojtj54665k-a9upom-GET",
                            "integration_http_method": "POST",
                            "passthrough_behavior": "WHEN_NO_MATCH",
                            "request_parameters.%": "0",
                            "request_templates.%": "1",
                            "request_templates.application/json": "{\n    \"source_ip\" : \"$input.params('X-Forwarded-For')\",\n    \"user_agent\" : \"$input.params('User-Agent')\",\n    \"bad_bot_ip_set\" : \"2c44c5b5-3f1d-4198-879b-ebed9232e6ea\"\n}",
                            "resource_id": "a9upom",
                            "rest_api_id": "ojtj54665k",
                            "timeout_milliseconds": "29000",
                            "type": "AWS",
                            "uri": "arn:aws:apigateway:us-east-1:lambda:path/2015-03-31/functions/arn:aws:lambda:us-east-1:082894742960:function:tr-waf-sec-auto-LambdaWAFBadBotParserFunction/invocations"
                        },
                        "meta": {},
                        "tainted": false
                    },
                    "deposed": [],
                    "provider": "provider.aws"
                },
                "aws_api_gateway_integration_response.ApiGatewayBadBotIntegrationResponse": {
                    "type": "aws_api_gateway_integration_response",
                    "depends_on": [
                        "aws_api_gateway_integration.ApiGatewayBadBotIntegration",
                        "aws_api_gateway_method_response.200",
                        "aws_api_gateway_resource.ApiGatewayBadBotResource",
                        "aws_api_gateway_rest_api.ApiGatewayBadBot"
                    ],
                    "primary": {
                        "id": "agir-ojtj54665k-a9upom-GET-200",
                        "attributes": {
                            "content_handling": "",
                            "http_method": "GET",
                            "id": "agir-ojtj54665k-a9upom-GET-200",
                            "resource_id": "a9upom",
                            "response_parameters.%": "0",
                            "response_templates.%": "1",
                            "response_templates.application/json": "",
                            "rest_api_id": "ojtj54665k",
                            "selection_pattern": "",
                            "status_code": "200"
                        },
                        "meta": {},
                        "tainted": false
                    },
                    "deposed": [],
                    "provider": "provider.aws"
                },
                "aws_api_gateway_method.ApiGatewayBadBotMethod": {
                    "type": "aws_api_gateway_method",
                    "depends_on": [
                        "aws_api_gateway_resource.ApiGatewayBadBotResource",
                        "aws_api_gateway_rest_api.ApiGatewayBadBot",
                        "aws_lambda_function.LambdaWAFBadBotParserFunction",
                        "aws_lambda_permission.LambdaInvokePermissionBadBot"
                    ],
                    "primary": {
                        "id": "agm-ojtj54665k-a9upom-GET",
                        "attributes": {
                            "api_key_required": "false",
                            "authorization": "NONE",
                            "authorization_scopes.#": "0",
                            "authorizer_id": "",
                            "http_method": "GET",
                            "id": "agm-ojtj54665k-a9upom-GET",
                            "request_models.%": "0",
                            "request_parameters.%": "1",
                            "request_parameters.method.request.header.X-Forwarded-For": "false",
                            "request_validator_id": "",
                            "resource_id": "a9upom",
                            "rest_api_id": "ojtj54665k"
                        },
                        "meta": {},
                        "tainted": false
                    },
                    "deposed": [],
                    "provider": "provider.aws"
                },
                "aws_api_gateway_method_response.200": {
                    "type": "aws_api_gateway_method_response",
                    "depends_on": [
                        "aws_api_gateway_method.ApiGatewayBadBotMethod",
                        "aws_api_gateway_resource.ApiGatewayBadBotResource",
                        "aws_api_gateway_rest_api.ApiGatewayBadBot"
                    ],
                    "primary": {
                        "id": "agmr-ojtj54665k-a9upom-GET-200",
                        "attributes": {
                            "http_method": "GET",
                            "id": "agmr-ojtj54665k-a9upom-GET-200",
                            "resource_id": "a9upom",
                            "response_models.%": "0",
                            "response_parameters.%": "0",
                            "rest_api_id": "ojtj54665k",
                            "status_code": "200"
                        },
                        "meta": {},
                        "tainted": false
                    },
                    "deposed": [],
                    "provider": "provider.aws"
                },
                "aws_api_gateway_resource.ApiGatewayBadBotResource": {
                    "type": "aws_api_gateway_resource",
                    "depends_on": [
                        "aws_api_gateway_rest_api.ApiGatewayBadBot"
                    ],
                    "primary": {
                        "id": "a9upom",
                        "attributes": {
                            "id": "a9upom",
                            "parent_id": "328lqa5ygd",
                            "path": "/waf",
                            "path_part": "waf",
                            "rest_api_id": "ojtj54665k"
                        },
                        "meta": {},
                        "tainted": false
                    },
                    "deposed": [],
                    "provider": "provider.aws"
                },
                "aws_api_gateway_rest_api.ApiGatewayBadBot": {
                    "type": "aws_api_gateway_rest_api",
                    "depends_on": [],
                    "primary": {
                        "id": "ojtj54665k",
                        "attributes": {
                            "api_key_source": "HEADER",
                            "binary_media_types.#": "0",
                            "created_date": "2019-01-08T18:44:42Z",
                            "description": "API created by AWS WAF Security Automations CloudFormation template. This endpoint will be used to capture bad bots.",
                            "endpoint_configuration.#": "1",
                            "endpoint_configuration.0.types.#": "1",
                            "endpoint_configuration.0.types.0": "EDGE",
                            "execution_arn": "arn:aws:execute-api:us-east-1:082894742960:ojtj54665k",
                            "id": "ojtj54665k",
                            "minimum_compression_size": "-1",
                            "name": "tr-waf-sec-auto - Security Automations - WAF Bad Bot API",
                            "policy": "",
                            "root_resource_id": "328lqa5ygd"
                        },
                        "meta": {},
                        "tainted": false
                    },
                    "deposed": [],
                    "provider": "provider.aws"
                },
                "aws_cloudwatch_event_rule.LambdaWAFReputationListsParserEventsRule": {
                    "type": "aws_cloudwatch_event_rule",
                    "depends_on": [
                        "aws_lambda_function.LambdaWAFReputationListsParserFunction",
                        "aws_waf_ipset.WAFReputationListsSet1",
                        "aws_waf_ipset.WAFReputationListsSet2"
                    ],
                    "primary": {
                        "id": "tr-waf-sec-auto-LambdaWAFReputationListsParserEventsRule",
                        "attributes": {
                            "arn": "arn:aws:events:us-east-1:082894742960:rule/tr-waf-sec-auto-LambdaWAFReputationListsParserEventsRule",
                            "description": "Security Automations - WAF Reputation Lists",
                            "id": "tr-waf-sec-auto-LambdaWAFReputationListsParserEventsRule",
                            "is_enabled": "true",
                            "name": "tr-waf-sec-auto-LambdaWAFReputationListsParserEventsRule",
                            "role_arn": "",
                            "schedule_expression": "rate(1 hour)"
                        },
                        "meta": {},
                        "tainted": false
                    },
                    "deposed": [],
                    "provider": "provider.aws"
                },
                "aws_cloudwatch_event_target.LambdaWAFReputationListsParserEventsRuleTarget": {
                    "type": "aws_cloudwatch_event_target",
                    "depends_on": [
                        "aws_cloudwatch_event_rule.LambdaWAFReputationListsParserEventsRule",
                        "aws_lambda_function.LambdaWAFReputationListsParserFunction",
                        "aws_waf_ipset.WAFReputationListsSet1",
                        "aws_waf_ipset.WAFReputationListsSet2"
                    ],
                    "primary": {
                        "id": "tr-waf-sec-auto-LambdaWAFReputationListsParserEventsRule-tr-waf-sec-auto-LambdaWAFReputationListsParserFunction",
                        "attributes": {
                            "arn": "arn:aws:lambda:us-east-1:082894742960:function:tr-waf-sec-auto-LambdaWAFReputationListsParserFunction",
                            "id": "tr-waf-sec-auto-LambdaWAFReputationListsParserEventsRule-tr-waf-sec-auto-LambdaWAFReputationListsParserFunction",
                            "input": "{\"lists\":[{\"url\":\"https://www.spamhaus.org/drop/drop.txt\"},{\"url\":\"https://check.torproject.org/exit-addresses\",\"prefix\":\"ExitAddress \"},{\"url\":\"https://rules.emergingthreats.net/fwrules/emerging-Block-IPs.txt\"}],\"ipSetIds\": [\"a0d8d943-2f32-4f39-9097-ee1c74d11935\",\"d99945a6-fc7f-4259-9aa5-aadc254d2555\"]}",
                            "input_path": "",
                            "role_arn": "",
                            "rule": "tr-waf-sec-auto-LambdaWAFReputationListsParserEventsRule",
                            "target_id": "tr-waf-sec-auto-LambdaWAFReputationListsParserFunction"
                        },
                        "meta": {},
                        "tainted": false
                    },
                    "deposed": [],
                    "provider": "provider.aws"
                },
                "aws_cloudwatch_metric_alarm.cw-autoblock-rule": {
                    "type": "aws_cloudwatch_metric_alarm",
                    "depends_on": [
                        "aws_sns_topic.Alert_CW_WAF_Rule"
                    ],
                    "primary": {
                        "id": "AutoBlockRule Alarm",
                        "attributes": {
                            "actions_enabled": "true",
                            "alarm_actions.#": "1",
                            "alarm_actions.2387737724": "arn:aws:sns:us-east-1:082894742960:Alert_CW_WAF_Rule",
                            "alarm_description": "This metric measure the amount of hits from the WAF for ips listed on the AutoBlock Rule",
                            "alarm_name": "AutoBlockRule Alarm",
                            "arn": "arn:aws:cloudwatch:us-east-1:082894742960:alarm:AutoBlockRule Alarm",
                            "comparison_operator": "GreaterThanOrEqualToThreshold",
                            "datapoints_to_alarm": "0",
                            "dimensions.%": "0",
                            "evaluate_low_sample_count_percentiles": "",
                            "evaluation_periods": "1",
                            "extended_statistic": "",
                            "id": "AutoBlockRule Alarm",
                            "insufficient_data_actions.#": "0",
                            "metric_name": "AutoBlockRule",
                            "namespace": "AWS/WAF",
                            "ok_actions.#": "0",
                            "period": "60",
                            "statistic": "SampleCount",
                            "threshold": "1",
                            "treat_missing_data": "missing",
                            "unit": ""
                        },
                        "meta": {
                            "schema_version": "1"
                        },
                        "tainted": false
                    },
                    "deposed": [],
                    "provider": "provider.aws"
                },
                "aws_cloudwatch_metric_alarm.cw-badbot-rule": {
                    "type": "aws_cloudwatch_metric_alarm",
                    "depends_on": [
                        "aws_sns_topic.Alert_CW_WAF_Rule"
                    ],
                    "primary": {
                        "id": "Bad Bot Rule Alarm",
                        "attributes": {
                            "actions_enabled": "true",
                            "alarm_actions.#": "1",
                            "alarm_actions.2387737724": "arn:aws:sns:us-east-1:082894742960:Alert_CW_WAF_Rule",
                            "alarm_description": "This metric measure the amount of hits from the WAF for ips listed on the BadBot Rule",
                            "alarm_name": "Bad Bot Rule Alarm",
                            "arn": "arn:aws:cloudwatch:us-east-1:082894742960:alarm:Bad Bot Rule Alarm",
                            "comparison_operator": "GreaterThanOrEqualToThreshold",
                            "datapoints_to_alarm": "0",
                            "dimensions.%": "0",
                            "evaluate_low_sample_count_percentiles": "",
                            "evaluation_periods": "1",
                            "extended_statistic": "",
                            "id": "Bad Bot Rule Alarm",
                            "insufficient_data_actions.#": "0",
                            "metric_name": "BadBotRule",
                            "namespace": "AWS/WAF",
                            "ok_actions.#": "0",
                            "period": "60",
                            "statistic": "SampleCount",
                            "threshold": "1",
                            "treat_missing_data": "missing",
                            "unit": ""
                        },
                        "meta": {
                            "schema_version": "1"
                        },
                        "tainted": false
                    },
                    "deposed": [],
                    "provider": "provider.aws"
                },
                "aws_cloudwatch_metric_alarm.cw-ipreplist1-rule": {
                    "type": "aws_cloudwatch_metric_alarm",
                    "depends_on": [
                        "aws_sns_topic.Alert_CW_WAF_Rule"
                    ],
                    "primary": {
                        "id": "IP Reputation List 1 Rule Alarm",
                        "attributes": {
                            "actions_enabled": "true",
                            "alarm_actions.#": "1",
                            "alarm_actions.2387737724": "arn:aws:sns:us-east-1:082894742960:Alert_CW_WAF_Rule",
                            "alarm_description": "This metric measure the amount of hits from the WAF for ips listed on the IP Reputation List 1 Rule",
                            "alarm_name": "IP Reputation List 1 Rule Alarm",
                            "arn": "arn:aws:cloudwatch:us-east-1:082894742960:alarm:IP Reputation List 1 Rule Alarm",
                            "comparison_operator": "GreaterThanOrEqualToThreshold",
                            "datapoints_to_alarm": "0",
                            "dimensions.%": "0",
                            "evaluate_low_sample_count_percentiles": "",
                            "evaluation_periods": "1",
                            "extended_statistic": "",
                            "id": "IP Reputation List 1 Rule Alarm",
                            "insufficient_data_actions.#": "0",
                            "metric_name": "IPReputationList1",
                            "namespace": "AWS/WAF",
                            "ok_actions.#": "0",
                            "period": "60",
                            "statistic": "SampleCount",
                            "threshold": "1",
                            "treat_missing_data": "missing",
                            "unit": ""
                        },
                        "meta": {
                            "schema_version": "1"
                        },
                        "tainted": false
                    },
                    "deposed": [],
                    "provider": "provider.aws"
                },
                "aws_cloudwatch_metric_alarm.cw-ipreplist2-rule": {
                    "type": "aws_cloudwatch_metric_alarm",
                    "depends_on": [
                        "aws_sns_topic.Alert_CW_WAF_Rule"
                    ],
                    "primary": {
                        "id": "IP Reputation List 2 Rule Alarm",
                        "attributes": {
                            "actions_enabled": "true",
                            "alarm_actions.#": "1",
                            "alarm_actions.2387737724": "arn:aws:sns:us-east-1:082894742960:Alert_CW_WAF_Rule",
                            "alarm_description": "This metric measure the amount of hits from the WAF for ips listed on the IP Reputation List 2 Rule",
                            "alarm_name": "IP Reputation List 2 Rule Alarm",
                            "arn": "arn:aws:cloudwatch:us-east-1:082894742960:alarm:IP Reputation List 2 Rule Alarm",
                            "comparison_operator": "GreaterThanOrEqualToThreshold",
                            "datapoints_to_alarm": "0",
                            "dimensions.%": "0",
                            "evaluate_low_sample_count_percentiles": "",
                            "evaluation_periods": "1",
                            "extended_statistic": "",
                            "id": "IP Reputation List 2 Rule Alarm",
                            "insufficient_data_actions.#": "0",
                            "metric_name": "IPReputationList2",
                            "namespace": "AWS/WAF",
                            "ok_actions.#": "0",
                            "period": "60",
                            "statistic": "SampleCount",
                            "threshold": "1",
                            "treat_missing_data": "missing",
                            "unit": ""
                        },
                        "meta": {
                            "schema_version": "1"
                        },
                        "tainted": false
                    },
                    "deposed": [],
                    "provider": "provider.aws"
                },
                "aws_cloudwatch_metric_alarm.cw-sqlinjection-rule": {
                    "type": "aws_cloudwatch_metric_alarm",
                    "depends_on": [
                        "aws_sns_topic.Alert_CW_WAF_Rule"
                    ],
                    "primary": {
                        "id": "SQL Injection Rule Alarm",
                        "attributes": {
                            "actions_enabled": "true",
                            "alarm_actions.#": "1",
                            "alarm_actions.2387737724": "arn:aws:sns:us-east-1:082894742960:Alert_CW_WAF_Rule",
                            "alarm_description": "This metric measure the amount of hits from the WAF for ips listed on the SQL Injection Rule",
                            "alarm_name": "SQL Injection Rule Alarm",
                            "arn": "arn:aws:cloudwatch:us-east-1:082894742960:alarm:SQL Injection Rule Alarm",
                            "comparison_operator": "GreaterThanOrEqualToThreshold",
                            "datapoints_to_alarm": "0",
                            "dimensions.%": "0",
                            "evaluate_low_sample_count_percentiles": "",
                            "evaluation_periods": "1",
                            "extended_statistic": "",
                            "id": "SQL Injection Rule Alarm",
                            "insufficient_data_actions.#": "0",
                            "metric_name": "SQLInjectionRule",
                            "namespace": "AWS/WAF",
                            "ok_actions.#": "0",
                            "period": "60",
                            "statistic": "SampleCount",
                            "threshold": "1",
                            "treat_missing_data": "missing",
                            "unit": ""
                        },
                        "meta": {
                            "schema_version": "1"
                        },
                        "tainted": false
                    },
                    "deposed": [],
                    "provider": "provider.aws"
                },
                "aws_cloudwatch_metric_alarm.cw-whitelistrule": {
                    "type": "aws_cloudwatch_metric_alarm",
                    "depends_on": [
                        "aws_sns_topic.Alert_CW_WAF_Rule"
                    ],
                    "primary": {
                        "id": "Whitelist Rule Alarm",
                        "attributes": {
                            "actions_enabled": "true",
                            "alarm_actions.#": "1",
                            "alarm_actions.2387737724": "arn:aws:sns:us-east-1:082894742960:Alert_CW_WAF_Rule",
                            "alarm_description": "This metric measure the amount of hits from the WAF for ips listed on the whitelist",
                            "alarm_name": "Whitelist Rule Alarm",
                            "arn": "arn:aws:cloudwatch:us-east-1:082894742960:alarm:Whitelist Rule Alarm",
                            "comparison_operator": "GreaterThanOrEqualToThreshold",
                            "datapoints_to_alarm": "0",
                            "dimensions.%": "0",
                            "evaluate_low_sample_count_percentiles": "",
                            "evaluation_periods": "1",
                            "extended_statistic": "",
                            "id": "Whitelist Rule Alarm",
                            "insufficient_data_actions.#": "0",
                            "metric_name": "WhitelistRule",
                            "namespace": "AWS/WAF",
                            "ok_actions.#": "0",
                            "period": "60",
                            "statistic": "SampleCount",
                            "threshold": "1",
                            "treat_missing_data": "missing",
                            "unit": ""
                        },
                        "meta": {
                            "schema_version": "1"
                        },
                        "tainted": false
                    },
                    "deposed": [],
                    "provider": "provider.aws"
                },
                "aws_cloudwatch_metric_alarm.cw-xss-rule": {
                    "type": "aws_cloudwatch_metric_alarm",
                    "depends_on": [
                        "aws_sns_topic.Alert_CW_WAF_Rule"
                    ],
                    "primary": {
                        "id": "XSS Rule Alarm",
                        "attributes": {
                            "actions_enabled": "true",
                            "alarm_actions.#": "1",
                            "alarm_actions.2387737724": "arn:aws:sns:us-east-1:082894742960:Alert_CW_WAF_Rule",
                            "alarm_description": "This metric measure the amount of hits from the WAF for ips listed on the XSS Rule",
                            "alarm_name": "XSS Rule Alarm",
                            "arn": "arn:aws:cloudwatch:us-east-1:082894742960:alarm:XSS Rule Alarm",
                            "comparison_operator": "GreaterThanOrEqualToThreshold",
                            "datapoints_to_alarm": "0",
                            "dimensions.%": "0",
                            "evaluate_low_sample_count_percentiles": "",
                            "evaluation_periods": "1",
                            "extended_statistic": "",
                            "id": "XSS Rule Alarm",
                            "insufficient_data_actions.#": "0",
                            "metric_name": "XSSRule",
                            "namespace": "AWS/WAF",
                            "ok_actions.#": "0",
                            "period": "60",
                            "statistic": "SampleCount",
                            "threshold": "1",
                            "treat_missing_data": "missing",
                            "unit": ""
                        },
                        "meta": {
                            "schema_version": "1"
                        },
                        "tainted": false
                    },
                    "deposed": [],
                    "provider": "provider.aws"
                },
                "aws_cloudwatch_metric_alarm.cw_blacklistrule": {
                    "type": "aws_cloudwatch_metric_alarm",
                    "depends_on": [
                        "aws_sns_topic.Alert_CW_WAF_Rule"
                    ],
                    "primary": {
                        "id": "Blacklist Rule Alarm",
                        "attributes": {
                            "actions_enabled": "true",
                            "alarm_actions.#": "1",
                            "alarm_actions.2387737724": "arn:aws:sns:us-east-1:082894742960:Alert_CW_WAF_Rule",
                            "alarm_description": "This metric measure the amount of hits from the WAF for ips listed on the blacklist",
                            "alarm_name": "Blacklist Rule Alarm",
                            "arn": "arn:aws:cloudwatch:us-east-1:082894742960:alarm:Blacklist Rule Alarm",
                            "comparison_operator": "GreaterThanOrEqualToThreshold",
                            "datapoints_to_alarm": "0",
                            "dimensions.%": "0",
                            "evaluate_low_sample_count_percentiles": "",
                            "evaluation_periods": "1",
                            "extended_statistic": "",
                            "id": "Blacklist Rule Alarm",
                            "insufficient_data_actions.#": "0",
                            "metric_name": "BlacklistRule",
                            "namespace": "AWS/WAF",
                            "ok_actions.#": "0",
                            "period": "60",
                            "statistic": "SampleCount",
                            "threshold": "1",
                            "treat_missing_data": "missing",
                            "unit": ""
                        },
                        "meta": {
                            "schema_version": "1"
                        },
                        "tainted": false
                    },
                    "deposed": [],
                    "provider": "provider.aws"
                },
                "aws_iam_role.LambdaRoleBadBot": {
                    "type": "aws_iam_role",
                    "depends_on": [],
                    "primary": {
                        "id": "tr-waf-sec-auto-LambdaRoleBadBot",
                        "attributes": {
                            "arn": "arn:aws:iam::082894742960:role/tr-waf-sec-auto-LambdaRoleBadBot",
                            "assume_role_policy": "{\"Version\":\"2012-10-17\",\"Statement\":[{\"Sid\":\"\",\"Effect\":\"Allow\",\"Principal\":{\"Service\":\"lambda.amazonaws.com\"},\"Action\":\"sts:AssumeRole\"}]}",
                            "create_date": "2019-01-15T15:56:44Z",
                            "description": "",
                            "force_detach_policies": "false",
                            "id": "tr-waf-sec-auto-LambdaRoleBadBot",
                            "max_session_duration": "3600",
                            "name": "tr-waf-sec-auto-LambdaRoleBadBot",
                            "path": "/",
                            "tags.%": "0",
                            "unique_id": "AROAJO7SMBA7FX44KKGP4"
                        },
                        "meta": {},
                        "tainted": false
                    },
                    "deposed": [],
                    "provider": "provider.aws"
                },
                "aws_iam_role.LambdaRoleCustomResource": {
                    "type": "aws_iam_role",
                    "depends_on": [],
                    "primary": {
                        "id": "tr-waf-sec-auto-LambdaRoleCustomResource",
                        "attributes": {
                            "arn": "arn:aws:iam::082894742960:role/tr-waf-sec-auto-LambdaRoleCustomResource",
                            "assume_role_policy": "{\"Version\":\"2012-10-17\",\"Statement\":[{\"Sid\":\"\",\"Effect\":\"Allow\",\"Principal\":{\"Service\":\"lambda.amazonaws.com\"},\"Action\":\"sts:AssumeRole\"}]}",
                            "create_date": "2019-01-15T15:56:44Z",
                            "description": "",
                            "force_detach_policies": "false",
                            "id": "tr-waf-sec-auto-LambdaRoleCustomResource",
                            "max_session_duration": "3600",
                            "name": "tr-waf-sec-auto-LambdaRoleCustomResource",
                            "path": "/",
                            "tags.%": "0",
                            "unique_id": "AROAIKWVYBWPPKMZGFVWK"
                        },
                        "meta": {},
                        "tainted": false
                    },
                    "deposed": [],
                    "provider": "provider.aws"
                },
                "aws_iam_role.LambdaRoleLogParser": {
                    "type": "aws_iam_role",
                    "depends_on": [],
                    "primary": {
                        "id": "tr-waf-sec-auto-LambdaRoleLogParser",
                        "attributes": {
                            "arn": "arn:aws:iam::082894742960:role/tr-waf-sec-auto-LambdaRoleLogParser",
                            "assume_role_policy": "{\"Version\":\"2012-10-17\",\"Statement\":[{\"Sid\":\"\",\"Effect\":\"Allow\",\"Principal\":{\"Service\":\"lambda.amazonaws.com\"},\"Action\":\"sts:AssumeRole\"}]}",
                            "create_date": "2019-01-15T15:56:44Z",
                            "description": "",
                            "force_detach_policies": "false",
                            "id": "tr-waf-sec-auto-LambdaRoleLogParser",
                            "max_session_duration": "3600",
                            "name": "tr-waf-sec-auto-LambdaRoleLogParser",
                            "path": "/",
                            "tags.%": "0",
                            "unique_id": "AROAJV7TQ4FVI6ZFAR2C2"
                        },
                        "meta": {},
                        "tainted": false
                    },
                    "deposed": [],
                    "provider": "provider.aws"
                },
                "aws_iam_role.LambdaRoleReputationListsParser": {
                    "type": "aws_iam_role",
                    "depends_on": [],
                    "primary": {
                        "id": "tr-waf-sec-auto-LambdaRoleReputationListsParser",
                        "attributes": {
                            "arn": "arn:aws:iam::082894742960:role/tr-waf-sec-auto-LambdaRoleReputationListsParser",
                            "assume_role_policy": "{\"Version\":\"2012-10-17\",\"Statement\":[{\"Sid\":\"\",\"Effect\":\"Allow\",\"Principal\":{\"Service\":\"lambda.amazonaws.com\"},\"Action\":\"sts:AssumeRole\"}]}",
                            "create_date": "2019-01-15T15:56:45Z",
                            "description": "",
                            "force_detach_policies": "false",
                            "id": "tr-waf-sec-auto-LambdaRoleReputationListsParser",
                            "max_session_duration": "3600",
                            "name": "tr-waf-sec-auto-LambdaRoleReputationListsParser",
                            "path": "/",
                            "tags.%": "0",
                            "unique_id": "AROAIY43UOQ7NZJYMJTYG"
                        },
                        "meta": {},
                        "tainted": false
                    },
                    "deposed": [],
                    "provider": "provider.aws"
                },
                "aws_iam_role.SolutionHelperRole": {
                    "type": "aws_iam_role",
                    "depends_on": [],
                    "primary": {
                        "id": "tr-waf-sec-auto-SolutionHelperRole",
                        "attributes": {
                            "arn": "arn:aws:iam::082894742960:role/tr-waf-sec-auto-SolutionHelperRole",
                            "assume_role_policy": "{\"Version\":\"2012-10-17\",\"Statement\":[{\"Sid\":\"\",\"Effect\":\"Allow\",\"Principal\":{\"Service\":\"lambda.amazonaws.com\"},\"Action\":\"sts:AssumeRole\"}]}",
                            "create_date": "2019-01-15T15:56:44Z",
                            "description": "",
                            "force_detach_policies": "false",
                            "id": "tr-waf-sec-auto-SolutionHelperRole",
                            "max_session_duration": "3600",
                            "name": "tr-waf-sec-auto-SolutionHelperRole",
                            "path": "/",
                            "tags.%": "0",
                            "unique_id": "AROAIYQ5XFQA7X33MZHRW"
                        },
                        "meta": {},
                        "tainted": false
                    },
                    "deposed": [],
                    "provider": "provider.aws"
                },
                "aws_iam_role.waf_kinesis_firehose_role": {
                    "type": "aws_iam_role",
                    "depends_on": [],
                    "primary": {
                        "id": "tr-waf-kinesis-role-dev",
                        "attributes": {
                            "arn": "arn:aws:iam::082894742960:role/tr-waf-kinesis-role-dev",
                            "assume_role_policy": "{\"Version\":\"2012-10-17\",\"Statement\":[{\"Effect\":\"Allow\",\"Principal\":{\"Service\":\"firehose.amazonaws.com\"},\"Action\":\"sts:AssumeRole\"}]}",
                            "create_date": "2019-01-08T19:17:33Z",
                            "description": "Allows Kinesis Firehose to transform and deliver data to your destinations using CloudWatch Logs, Lambda, and S3 on your behalf.",
                            "force_detach_policies": "false",
                            "id": "tr-waf-kinesis-role-dev",
                            "max_session_duration": "3600",
                            "name": "tr-waf-kinesis-role-dev",
                            "path": "/",
                            "tags.%": "0",
                            "unique_id": "AROAI5BVIEWSXQWLOSCCY"
                        },
                        "meta": {},
                        "tainted": false
                    },
                    "deposed": [],
                    "provider": "provider.aws"
                },
                "aws_iam_role_policy.LambdaRoleBadBotCloudWatchAccess": {
                    "type": "aws_iam_role_policy",
                    "depends_on": [
                        "aws_iam_role.LambdaRoleBadBot"
                    ],
                    "primary": {
                        "id": "tr-waf-sec-auto-LambdaRoleBadBot:tr-waf-sec-auto-LambdaRoleBadBotCloudWatchAccess",
                        "attributes": {
                            "id": "tr-waf-sec-auto-LambdaRoleBadBot:tr-waf-sec-auto-LambdaRoleBadBotCloudWatchAccess",
                            "name": "tr-waf-sec-auto-LambdaRoleBadBotCloudWatchAccess",
                            "policy": "{\n  \"Version\": \"2012-10-17\",\n  \"Statement\": [\n    {\n      \"Action\": \"cloudwatch:GetMetricStatistics\",\n      \"Effect\": \"Allow\",\n      \"Resource\": [\n        \"*\"\n      ]\n    }\n  ]\n}\n",
                            "role": "tr-waf-sec-auto-LambdaRoleBadBot"
                        },
                        "meta": {},
                        "tainted": false
                    },
                    "deposed": [],
                    "provider": "provider.aws"
                },
                "aws_iam_role_policy.LambdaRoleBadBotLogsAccess": {
                    "type": "aws_iam_role_policy",
                    "depends_on": [
                        "aws_iam_role.LambdaRoleBadBot"
                    ],
                    "primary": {
                        "id": "tr-waf-sec-auto-LambdaRoleBadBot:tr-waf-sec-auto-LambdaRoleBadBotLogsAccess",
                        "attributes": {
                            "id": "tr-waf-sec-auto-LambdaRoleBadBot:tr-waf-sec-auto-LambdaRoleBadBotLogsAccess",
                            "name": "tr-waf-sec-auto-LambdaRoleBadBotLogsAccess",
                            "policy": "{\n  \"Version\": \"2012-10-17\",\n  \"Statement\": [\n    {\n      \"Action\": [\n        \"logs:CreateLogGroup\",\n        \"logs:CreateLogStream\",\n        \"logs:PutLogEvents\"\n      ],\n      \"Effect\": \"Allow\",\n      \"Resource\": [\n        \"arn:aws:logs:*:*:*\"\n      ]\n    }\n  ]\n}\n",
                            "role": "tr-waf-sec-auto-LambdaRoleBadBot"
                        },
                        "meta": {},
                        "tainted": false
                    },
                    "deposed": [],
                    "provider": "provider.aws"
                },
                "aws_iam_role_policy.LambdaRoleBadBotWAFGetAndUpdateIPSet": {
                    "type": "aws_iam_role_policy",
                    "depends_on": [
                        "aws_iam_role.LambdaRoleBadBot",
                        "aws_waf_ipset.WAFBadBotSet",
                        "data.aws_caller_identity.current"
                    ],
                    "primary": {
                        "id": "tr-waf-sec-auto-LambdaRoleBadBot:tr-waf-sec-auto-LambdaRoleBadBotWAFGetAndUpdateIPSet",
                        "attributes": {
                            "id": "tr-waf-sec-auto-LambdaRoleBadBot:tr-waf-sec-auto-LambdaRoleBadBotWAFGetAndUpdateIPSet",
                            "name": "tr-waf-sec-auto-LambdaRoleBadBotWAFGetAndUpdateIPSet",
                            "policy": "{\n  \"Statement\": [\n    {\n      \"Action\": [\n        \"waf:GetIPSet\",\n        \"waf:UpdateIPSet\"\n      ],\n      \"Effect\": \"Allow\",\n      \"Resource\": [\n        \"arn:aws:waf::082894742960:ipset/2c44c5b5-3f1d-4198-879b-ebed9232e6ea\"\n      ]\n    }\n  ]\n}\n",
                            "role": "tr-waf-sec-auto-LambdaRoleBadBot"
                        },
                        "meta": {},
                        "tainted": false
                    },
                    "deposed": [],
                    "provider": "provider.aws"
                },
                "aws_iam_role_policy.LambdaRoleBadBotWAFGetChangeToken": {
                    "type": "aws_iam_role_policy",
                    "depends_on": [
                        "aws_iam_role.LambdaRoleBadBot"
                    ],
                    "primary": {
                        "id": "tr-waf-sec-auto-LambdaRoleBadBot:tr-waf-sec-auto-LambdaRoleBadBotWAFGetChangeToken",
                        "attributes": {
                            "id": "tr-waf-sec-auto-LambdaRoleBadBot:tr-waf-sec-auto-LambdaRoleBadBotWAFGetChangeToken",
                            "name": "tr-waf-sec-auto-LambdaRoleBadBotWAFGetChangeToken",
                            "policy": "{\n  \"Statement\": [\n    {\n      \"Action\": [\n        \"waf:GetChangeToken\"\n      ],\n      \"Effect\": \"Allow\",\n      \"Resource\": [\n        \"*\"\n      ]\n    }\n  ]\n}\n",
                            "role": "tr-waf-sec-auto-LambdaRoleBadBot"
                        },
                        "meta": {},
                        "tainted": false
                    },
                    "deposed": [],
                    "provider": "provider.aws"
                },
                "aws_iam_role_policy.LambdaRoleCustomResourceLambdaAccess": {
                    "type": "aws_iam_role_policy",
                    "depends_on": [
                        "aws_iam_role.LambdaRoleCustomResource",
                        "data.aws_caller_identity.current"
                    ],
                    "primary": {
                        "id": "tr-waf-sec-auto-LambdaRoleCustomResource:tr-waf-sec-auto-LambdaRoleCustomResourceLambdaAccess",
                        "attributes": {
                            "id": "tr-waf-sec-auto-LambdaRoleCustomResource:tr-waf-sec-auto-LambdaRoleCustomResourceLambdaAccess",
                            "name": "tr-waf-sec-auto-LambdaRoleCustomResourceLambdaAccess",
                            "policy": "{\n  \"Version\": \"2012-10-17\",\n  \"Statement\": [\n    {\n      \"Action\": \"lambda:InvokeFunction\",\n      \"Effect\": \"Allow\",\n      \"Resource\": [\n        \"arn:aws:lambda:us-east-1:082894742960:function:*\"\n      ]\n    }\n  ]\n}\n",
                            "role": "tr-waf-sec-auto-LambdaRoleCustomResource"
                        },
                        "meta": {},
                        "tainted": false
                    },
                    "deposed": [],
                    "provider": "provider.aws"
                },
                "aws_iam_role_policy.LambdaRoleCustomResourceLogsAccess": {
                    "type": "aws_iam_role_policy",
                    "depends_on": [
                        "aws_iam_role.LambdaRoleCustomResource"
                    ],
                    "primary": {
                        "id": "tr-waf-sec-auto-LambdaRoleCustomResource:tr-waf-sec-auto-LambdaRoleCustomResourceLogsAccess",
                        "attributes": {
                            "id": "tr-waf-sec-auto-LambdaRoleCustomResource:tr-waf-sec-auto-LambdaRoleCustomResourceLogsAccess",
                            "name": "tr-waf-sec-auto-LambdaRoleCustomResourceLogsAccess",
                            "policy": "{\n  \"Version\": \"2012-10-17\",\n  \"Statement\": [\n    {\n      \"Action\": [\n        \"logs:CreateLogGroup\",\n        \"logs:CreateLogStream\",\n        \"logs:PutLogEvents\"\n      ],\n      \"Effect\": \"Allow\",\n      \"Resource\": [\n        \"arn:aws:logs:*:*:*\"\n      ]\n    }\n  ]\n}\n",
                            "role": "tr-waf-sec-auto-LambdaRoleCustomResource"
                        },
                        "meta": {},
                        "tainted": false
                    },
                    "deposed": [],
                    "provider": "provider.aws"
                },
                "aws_iam_role_policy.LambdaRoleCustomResourceS3Access": {
                    "type": "aws_iam_role_policy",
                    "depends_on": [
                        "aws_iam_role.LambdaRoleCustomResource"
                    ],
                    "primary": {
                        "id": "tr-waf-sec-auto-LambdaRoleCustomResource:tr-waf-sec-auto-LambdaRoleCustomResourceS3Access",
                        "attributes": {
                            "id": "tr-waf-sec-auto-LambdaRoleCustomResource:tr-waf-sec-auto-LambdaRoleCustomResourceS3Access",
                            "name": "tr-waf-sec-auto-LambdaRoleCustomResourceS3Access",
                            "policy": "{\n  \"Version\": \"2012-10-17\",\n  \"Statement\": [\n    {\n      \"Action\": [\n        \"s3:CreateBucket\",\n        \"s3:GetBucketLocation\",\n        \"s3:GetBucketNotification\",\n        \"s3:GetObject\",\n        \"s3:ListBucket\",\n        \"s3:PutBucketNotification\"\n      ],\n      \"Effect\": \"Allow\",\n      \"Resource\": [\n        \"arn:aws:s3:::tr-aws-waf-cloudfront\"\n      ]\n    }\n  ]\n}\n",
                            "role": "tr-waf-sec-auto-LambdaRoleCustomResource"
                        },
                        "meta": {},
                        "tainted": false
                    },
                    "deposed": [],
                    "provider": "provider.aws"
                },
                "aws_iam_role_policy.LambdaRoleCustomResourceWAFAccess": {
                    "type": "aws_iam_role_policy",
                    "depends_on": [
                        "aws_iam_role.LambdaRoleCustomResource",
                        "aws_waf_web_acl.WAFWebACL",
                        "data.aws_caller_identity.current"
                    ],
                    "primary": {
                        "id": "tr-waf-sec-auto-LambdaRoleCustomResource:tr-waf-sec-auto-LambdaRoleCustomResourceWAFAccess",
                        "attributes": {
                            "id": "tr-waf-sec-auto-LambdaRoleCustomResource:tr-waf-sec-auto-LambdaRoleCustomResourceWAFAccess",
                            "name": "tr-waf-sec-auto-LambdaRoleCustomResourceWAFAccess",
                            "policy": "{\n  \"Version\": \"2012-10-17\",\n  \"Statement\": [\n    {\n      \"Action\": [\n        \"waf:GetWebACL\",\n        \"waf:UpdateWebACL\"\n      ],\n      \"Effect\": \"Allow\",\n      \"Resource\": [\n        \"arn:aws:waf::082894742960:webacl/b2e3e820-fbac-4113-a593-a7b9b37c787b\"\n      ]\n    }\n  ]\n}\n",
                            "role": "tr-waf-sec-auto-LambdaRoleCustomResource"
                        },
                        "meta": {},
                        "tainted": false
                    },
                    "deposed": [],
                    "provider": "provider.aws"
                },
                "aws_iam_role_policy.LambdaRoleCustomResourceWAFGetChangeToken": {
                    "type": "aws_iam_role_policy",
                    "depends_on": [
                        "aws_iam_role.LambdaRoleCustomResource"
                    ],
                    "primary": {
                        "id": "tr-waf-sec-auto-LambdaRoleCustomResource:tr-waf-sec-auto-LambdaRoleCustomResourceWAFGetChangeToken",
                        "attributes": {
                            "id": "tr-waf-sec-auto-LambdaRoleCustomResource:tr-waf-sec-auto-LambdaRoleCustomResourceWAFGetChangeToken",
                            "name": "tr-waf-sec-auto-LambdaRoleCustomResourceWAFGetChangeToken",
                            "policy": "{\n  \"Statement\": [\n    {\n      \"Action\": [\n        \"waf:GetChangeToken\"\n      ],\n      \"Effect\": \"Allow\",\n      \"Resource\": [\n        \"*\"\n      ]\n    }\n  ]\n}\n",
                            "role": "tr-waf-sec-auto-LambdaRoleCustomResource"
                        },
                        "meta": {},
                        "tainted": false
                    },
                    "deposed": [],
                    "provider": "provider.aws"
                },
                "aws_iam_role_policy.LambdaRoleCustomResourceWAFRuleAccess": {
                    "type": "aws_iam_role_policy",
                    "depends_on": [
                        "aws_iam_role.LambdaRoleCustomResource",
                        "data.aws_caller_identity.current"
                    ],
                    "primary": {
                        "id": "tr-waf-sec-auto-LambdaRoleCustomResource:tr-waf-sec-auto-LambdaRoleCustomResourceWAFRuleAccess",
                        "attributes": {
                            "id": "tr-waf-sec-auto-LambdaRoleCustomResource:tr-waf-sec-auto-LambdaRoleCustomResourceWAFRuleAccess",
                            "name": "tr-waf-sec-auto-LambdaRoleCustomResourceWAFRuleAccess",
                            "policy": "{\n  \"Version\": \"2012-10-17\",\n  \"Statement\": [\n    {\n      \"Action\": [\n        \"waf:GetRule\"\n      ],\n      \"Effect\": \"Allow\",\n      \"Resource\": [\n        \"arn:aws:waf::082894742960:rule/*\"\n      ]\n    }\n  ]\n}\n",
                            "role": "tr-waf-sec-auto-LambdaRoleCustomResource"
                        },
                        "meta": {},
                        "tainted": false
                    },
                    "deposed": [],
                    "provider": "provider.aws"
                },
                "aws_iam_role_policy.LambdaRoleLogParserCloudWatchAccess": {
                    "type": "aws_iam_role_policy",
                    "depends_on": [
                        "aws_iam_role.LambdaRoleLogParser"
                    ],
                    "primary": {
                        "id": "tr-waf-sec-auto-LambdaRoleLogParser:tr-waf-sec-auto-LambdaRoleLogParserCloudWatchAccess",
                        "attributes": {
                            "id": "tr-waf-sec-auto-LambdaRoleLogParser:tr-waf-sec-auto-LambdaRoleLogParserCloudWatchAccess",
                            "name": "tr-waf-sec-auto-LambdaRoleLogParserCloudWatchAccess",
                            "policy": "{\n  \"Version\": \"2012-10-17\",\n  \"Statement\": [\n    {\n      \"Action\": [\n        \"cloudwatch:GetMetricStatistics\"\n      ],\n      \"Effect\": \"Allow\",\n      \"Resource\": [\n        \"*\"\n      ]\n    }\n  ]\n}\n",
                            "role": "tr-waf-sec-auto-LambdaRoleLogParser"
                        },
                        "meta": {},
                        "tainted": false
                    },
                    "deposed": [],
                    "provider": "provider.aws"
                },
                "aws_iam_role_policy.LambdaRoleLogParserLogsAccess": {
                    "type": "aws_iam_role_policy",
                    "depends_on": [
                        "aws_iam_role.LambdaRoleLogParser"
                    ],
                    "primary": {
                        "id": "tr-waf-sec-auto-LambdaRoleLogParser:tr-waf-sec-auto-LambdaRoleLogParserLogsAccess",
                        "attributes": {
                            "id": "tr-waf-sec-auto-LambdaRoleLogParser:tr-waf-sec-auto-LambdaRoleLogParserLogsAccess",
                            "name": "tr-waf-sec-auto-LambdaRoleLogParserLogsAccess",
                            "policy": "{\n  \"Version\": \"2012-10-17\",\n  \"Statement\": [\n    {\n      \"Action\": [\n        \"logs:CreateLogGroup\",\n        \"logs:CreateLogStream\",\n        \"logs:PutLogEvents\"\n      ],\n      \"Effect\": \"Allow\",\n      \"Resource\": [\n        \"arn:aws:logs:*:*:*\"\n      ]\n    }\n  ]\n}\n",
                            "role": "tr-waf-sec-auto-LambdaRoleLogParser"
                        },
                        "meta": {},
                        "tainted": false
                    },
                    "deposed": [],
                    "provider": "provider.aws"
                },
                "aws_iam_role_policy.LambdaRoleLogParserS3Access": {
                    "type": "aws_iam_role_policy",
                    "depends_on": [
                        "aws_iam_role.LambdaRoleLogParser"
                    ],
                    "primary": {
                        "id": "tr-waf-sec-auto-LambdaRoleLogParser:tr-waf-sec-auto-LambdaRoleLogParserS3Access",
                        "attributes": {
                            "id": "tr-waf-sec-auto-LambdaRoleLogParser:tr-waf-sec-auto-LambdaRoleLogParserS3Access",
                            "name": "tr-waf-sec-auto-LambdaRoleLogParserS3Access",
                            "policy": "{\n  \"Version\": \"2012-10-17\",\n  \"Statement\": [\n    {\n      \"Action\": [\n        \"s3:GetObject\"\n      ],\n      \"Effect\": \"Allow\",\n      \"Resource\": [\n        \"arn:aws:s3:::tr-aws-waf-cloudfront/*\"\n      ]\n    }\n  ]\n}\n",
                            "role": "tr-waf-sec-auto-LambdaRoleLogParser"
                        },
                        "meta": {},
                        "tainted": false
                    },
                    "deposed": [],
                    "provider": "provider.aws"
                },
                "aws_iam_role_policy.LambdaRoleLogParserS3AccessPut": {
                    "type": "aws_iam_role_policy",
                    "depends_on": [
                        "aws_iam_role.LambdaRoleLogParser"
                    ],
                    "primary": {
                        "id": "tr-waf-sec-auto-LambdaRoleLogParser:tr-waf-sec-auto-LambdaRoleLogParserS3AccessPut",
                        "attributes": {
                            "id": "tr-waf-sec-auto-LambdaRoleLogParser:tr-waf-sec-auto-LambdaRoleLogParserS3AccessPut",
                            "name": "tr-waf-sec-auto-LambdaRoleLogParserS3AccessPut",
                            "policy": "{\n  \"Version\": \"2012-10-17\",\n  \"Statement\": [\n    {\n      \"Action\": [\n        \"s3:PutObject\"\n      ],\n      \"Effect\": \"Allow\",\n      \"Resource\": [\n        \"arn:aws:s3:::tr-aws-waf-cloudfront/aws-waf-security-automations-current-blocked-ips.json\"\n      ]\n    }\n  ]\n}\n",
                            "role": "tr-waf-sec-auto-LambdaRoleLogParser"
                        },
                        "meta": {},
                        "tainted": false
                    },
                    "deposed": [],
                    "provider": "provider.aws"
                },
                "aws_iam_role_policy.LambdaRoleLogParserWAFGetAndUpdateIPSet": {
                    "type": "aws_iam_role_policy",
                    "depends_on": [
                        "aws_iam_role.LambdaRoleLogParser",
                        "aws_waf_ipset.WAFAutoBlockSet",
                        "aws_waf_ipset.WAFBlacklistSet",
                        "data.aws_caller_identity.current"
                    ],
                    "primary": {
                        "id": "tr-waf-sec-auto-LambdaRoleLogParser:tr-waf-sec-auto-LambdaRoleLogParserWAFGetAndUpdateIPSet",
                        "attributes": {
                            "id": "tr-waf-sec-auto-LambdaRoleLogParser:tr-waf-sec-auto-LambdaRoleLogParserWAFGetAndUpdateIPSet",
                            "name": "tr-waf-sec-auto-LambdaRoleLogParserWAFGetAndUpdateIPSet",
                            "policy": "{\n  \"Statement\": [\n    {\n      \"Action\": [\n        \"waf:GetIPSet\",\n        \"waf:UpdateIPSet\"\n      ],\n      \"Effect\": \"Allow\",\n      \"Resource\": [\n          \"arn:aws:waf::082894742960:ipset/66786e74-b9f2-409a-ba11-afc66450fbc7\",\n          \"arn:aws:waf::082894742960:ipset/44bb10f1-2d93-439f-83ed-e9596db3dfa3\"\n      ]\n    }\n  ]\n}\n",
                            "role": "tr-waf-sec-auto-LambdaRoleLogParser"
                        },
                        "meta": {},
                        "tainted": false
                    },
                    "deposed": [],
                    "provider": "provider.aws"
                },
                "aws_iam_role_policy.LambdaRoleLogParserWAFGetChangeToken": {
                    "type": "aws_iam_role_policy",
                    "depends_on": [
                        "aws_iam_role.LambdaRoleLogParser"
                    ],
                    "primary": {
                        "id": "tr-waf-sec-auto-LambdaRoleLogParser:tr-waf-sec-auto-LambdaRoleLogParserWAFGetChangeToken",
                        "attributes": {
                            "id": "tr-waf-sec-auto-LambdaRoleLogParser:tr-waf-sec-auto-LambdaRoleLogParserWAFGetChangeToken",
                            "name": "tr-waf-sec-auto-LambdaRoleLogParserWAFGetChangeToken",
                            "policy": "{\n  \"Statement\": [\n    {\n      \"Action\": [\n        \"waf:GetChangeToken\"\n      ],\n      \"Effect\": \"Allow\",\n      \"Resource\": [\n        \"*\"\n      ]\n    }\n  ]\n}\n",
                            "role": "tr-waf-sec-auto-LambdaRoleLogParser"
                        },
                        "meta": {},
                        "tainted": false
                    },
                    "deposed": [],
                    "provider": "provider.aws"
                },
                "aws_iam_role_policy.LambdaRoleReputationListsParserCloudWatchAccess": {
                    "type": "aws_iam_role_policy",
                    "depends_on": [
                        "aws_iam_role.LambdaRoleReputationListsParser"
                    ],
                    "primary": {
                        "id": "tr-waf-sec-auto-LambdaRoleReputationListsParser:tr-waf-sec-auto-LambdaRoleReputationListsParserCloudWatchAccess",
                        "attributes": {
                            "id": "tr-waf-sec-auto-LambdaRoleReputationListsParser:tr-waf-sec-auto-LambdaRoleReputationListsParserCloudWatchAccess",
                            "name": "tr-waf-sec-auto-LambdaRoleReputationListsParserCloudWatchAccess",
                            "policy": "{\n  \"Version\": \"2012-10-17\",\n  \"Statement\": [\n    {\n      \"Action\": \"cloudwatch:GetMetricStatistics\",\n      \"Effect\": \"Allow\",\n      \"Resource\": [\n        \"*\"\n      ]\n    }\n  ]\n}\n",
                            "role": "tr-waf-sec-auto-LambdaRoleReputationListsParser"
                        },
                        "meta": {},
                        "tainted": false
                    },
                    "deposed": [],
                    "provider": "provider.aws"
                },
                "aws_iam_role_policy.LambdaRoleReputationListsParserCloudWatchLogs": {
                    "type": "aws_iam_role_policy",
                    "depends_on": [
                        "aws_iam_role.LambdaRoleReputationListsParser"
                    ],
                    "primary": {
                        "id": "tr-waf-sec-auto-LambdaRoleReputationListsParser:tr-waf-sec-auto-LambdaRoleReputationListsParserCloudWatchLogs",
                        "attributes": {
                            "id": "tr-waf-sec-auto-LambdaRoleReputationListsParser:tr-waf-sec-auto-LambdaRoleReputationListsParserCloudWatchLogs",
                            "name": "tr-waf-sec-auto-LambdaRoleReputationListsParserCloudWatchLogs",
                            "policy": "{\n  \"Version\": \"2012-10-17\",\n  \"Statement\": [\n    {\n      \"Action\": [\n        \"logs:CreateLogGroup\",\n        \"logs:CreateLogStream\",\n        \"logs:PutLogEvents\"\n      ],\n      \"Effect\": \"Allow\",\n      \"Resource\": [\n        \"arn:aws:logs:*:*:*\"\n      ]\n    }\n  ]\n}\n",
                            "role": "tr-waf-sec-auto-LambdaRoleReputationListsParser"
                        },
                        "meta": {},
                        "tainted": false
                    },
                    "deposed": [],
                    "provider": "provider.aws"
                },
                "aws_iam_role_policy.LambdaRoleReputationListsParserWAFGetAndUpdateIPSet": {
                    "type": "aws_iam_role_policy",
                    "depends_on": [
                        "aws_iam_role.LambdaRoleReputationListsParser",
                        "aws_waf_ipset.WAFReputationListsSet1",
                        "aws_waf_ipset.WAFReputationListsSet2",
                        "data.aws_caller_identity.current"
                    ],
                    "primary": {
                        "id": "tr-waf-sec-auto-LambdaRoleReputationListsParser:tr-waf-sec-auto-LambdaRoleReputationListsParserWAFGetAndUpdateIPSet",
                        "attributes": {
                            "id": "tr-waf-sec-auto-LambdaRoleReputationListsParser:tr-waf-sec-auto-LambdaRoleReputationListsParserWAFGetAndUpdateIPSet",
                            "name": "tr-waf-sec-auto-LambdaRoleReputationListsParserWAFGetAndUpdateIPSet",
                            "policy": "{\n  \"Statement\": [\n    {\n      \"Action\": [\n        \"waf:GetIPSet\",\n        \"waf:UpdateIPSet\"\n      ],\n      \"Effect\": \"Allow\",\n      \"Resource\": [\n        \"arn:aws:waf::082894742960:ipset/a0d8d943-2f32-4f39-9097-ee1c74d11935\",\n        \"arn:aws:waf::082894742960:ipset/d99945a6-fc7f-4259-9aa5-aadc254d2555\"\n      ]\n    }\n  ]\n}\n",
                            "role": "tr-waf-sec-auto-LambdaRoleReputationListsParser"
                        },
                        "meta": {},
                        "tainted": false
                    },
                    "deposed": [],
                    "provider": "provider.aws"
                },
                "aws_iam_role_policy.LambdaRoleReputationListsParserWAFGetChangeToken": {
                    "type": "aws_iam_role_policy",
                    "depends_on": [
                        "aws_iam_role.LambdaRoleReputationListsParser"
                    ],
                    "primary": {
                        "id": "tr-waf-sec-auto-LambdaRoleReputationListsParser:tr-waf-sec-auto-LambdaRoleReputationListsParserWAFGetChangeToken",
                        "attributes": {
                            "id": "tr-waf-sec-auto-LambdaRoleReputationListsParser:tr-waf-sec-auto-LambdaRoleReputationListsParserWAFGetChangeToken",
                            "name": "tr-waf-sec-auto-LambdaRoleReputationListsParserWAFGetChangeToken",
                            "policy": "{\n  \"Statement\": [\n    {\n      \"Action\": [\n        \"waf:GetChangeToken\"\n      ],\n      \"Effect\": \"Allow\",\n      \"Resource\": [\n        \"*\"\n      ]\n    }\n  ]\n}\n",
                            "role": "tr-waf-sec-auto-LambdaRoleReputationListsParser"
                        },
                        "meta": {},
                        "tainted": false
                    },
                    "deposed": [],
                    "provider": "provider.aws"
                },
                "aws_iam_role_policy.SolutionHelperRoleSolution_Helper_Permissions": {
                    "type": "aws_iam_role_policy",
                    "depends_on": [
                        "aws_iam_role.SolutionHelperRole"
                    ],
                    "primary": {
                        "id": "tr-waf-sec-auto-SolutionHelperRole:tr-waf-sec-auto-SolutionHelperRoleSolution_Helper_Permissions",
                        "attributes": {
                            "id": "tr-waf-sec-auto-SolutionHelperRole:tr-waf-sec-auto-SolutionHelperRoleSolution_Helper_Permissions",
                            "name": "tr-waf-sec-auto-SolutionHelperRoleSolution_Helper_Permissions",
                            "policy": "{\n  \"Version\": \"2012-10-17\",\n  \"Statement\": [\n    {\n      \"Action\": [\n        \"logs:CreateLogGroup\",\n        \"logs:CreateLogStream\",\n        \"logs:PutLogEvents\"\n      ],\n      \"Effect\": \"Allow\",\n      \"Resource\": [\n        \"arn:aws:logs:*:*:log-group:/aws/lambda/*\"\n      ]\n    },\n    {\n      \"Action\": [\n        \"lambda:AddPermission\",\n        \"lambda:CreateFunction\",\n        \"lambda:DeleteFunction\",\n        \"lambda:GetFunction\",\n        \"lambda:UpdateFunctionCode\",\n        \"lambda:UpdateFunctionConfiguration\",\n        \"iam:PassRole\"\n\n      ],\n      \"Effect\": \"Allow\",\n      \"Resource\": [\n        \"*\"\n      ]\n    }\n  ]\n}\n",
                            "role": "tr-waf-sec-auto-SolutionHelperRole"
                        },
                        "meta": {},
                        "tainted": false
                    },
                    "deposed": [],
                    "provider": "provider.aws"
                },
                "aws_iam_role_policy.waf_kinesis_firehose_role_policy": {
                    "type": "aws_iam_role_policy",
                    "depends_on": [
                        "aws_iam_role.waf_kinesis_firehose_role"
                    ],
                    "primary": {
                        "id": "tr-waf-kinesis-role-dev:waf-kinesis-policy",
                        "attributes": {
                            "id": "tr-waf-kinesis-role-dev:waf-kinesis-policy",
                            "name": "waf-kinesis-policy",
                            "policy": "{\n    \"Version\": \"2012-10-17\",\n    \"Statement\": [\n        {\n            \"Sid\": \"VisualEditor0\",\n            \"Effect\": \"Allow\",\n            \"Action\": [\n                \"kinesis:PutRecord\",\n                \"kinesis:DeleteStream\",\n                \"kinesis:DescribeStreamSummary\",\n                \"kinesis:PutRecords\",\n                \"kinesis:CreateStream\",\n                \"kinesis:GetRecords\",\n                \"kinesis:DescribeStream\"\n            ],\n            \"Resource\": \"arn:aws:kinesis:*:*:stream/*\"\n        },\n        {\n            \"Sid\": \"VisualEditor1\",\n            \"Effect\": \"Allow\",\n            \"Action\": [\n                \"kinesis:ListStreams\",\n                \"kinesis:EnableEnhancedMonitoring\",\n                \"kinesis:DescribeLimits\",\n                \"kinesis:DisableEnhancedMonitoring\"\n            ],\n            \"Resource\": \"*\"\n        }\n    ]\n}\n",
                            "role": "tr-waf-kinesis-role-dev"
                        },
                        "meta": {},
                        "tainted": false
                    },
                    "deposed": [],
                    "provider": "provider.aws"
                },
                "aws_kinesis_firehose_delivery_stream.aws-waf-logs": {
                    "type": "aws_kinesis_firehose_delivery_stream",
                    "depends_on": [
                        "aws_iam_role.waf_kinesis_firehose_role",
                        "aws_s3_bucket.waf_kinesis_bucket",
                        "aws_waf_web_acl.WAFWebACL"
                    ],
                    "primary": {
                        "id": "arn:aws:firehose:us-east-1:082894742960:deliverystream/aws-waf-logs-devops-env",
                        "attributes": {
                            "arn": "arn:aws:firehose:us-east-1:082894742960:deliverystream/aws-waf-logs-devops-env",
                            "destination": "splunk",
                            "destination_id": "destinationId-000000000001",
                            "id": "arn:aws:firehose:us-east-1:082894742960:deliverystream/aws-waf-logs-devops-env",
                            "name": "aws-waf-logs-devops-env",
                            "s3_configuration.#": "1",
                            "s3_configuration.0.bucket_arn": "arn:aws:s3:::tr-waf-s3",
                            "s3_configuration.0.buffer_interval": "300",
                            "s3_configuration.0.buffer_size": "5",
                            "s3_configuration.0.cloudwatch_logging_options.#": "1",
                            "s3_configuration.0.cloudwatch_logging_options.2513562885.enabled": "false",
                            "s3_configuration.0.cloudwatch_logging_options.2513562885.log_group_name": "",
                            "s3_configuration.0.cloudwatch_logging_options.2513562885.log_stream_name": "",
                            "s3_configuration.0.compression_format": "UNCOMPRESSED",
                            "s3_configuration.0.kms_key_arn": "",
                            "s3_configuration.0.prefix": "",
                            "s3_configuration.0.role_arn": "arn:aws:iam::082894742960:role/tr-waf-kinesis-role-dev",
                            "splunk_configuration.#": "1",
                            "splunk_configuration.0.cloudwatch_logging_options.#": "1",
                            "splunk_configuration.0.cloudwatch_logging_options.2513562885.enabled": "false",
                            "splunk_configuration.0.cloudwatch_logging_options.2513562885.log_group_name": "",
                            "splunk_configuration.0.cloudwatch_logging_options.2513562885.log_stream_name": "",
                            "splunk_configuration.0.hec_acknowledgment_timeout": "180",
                            "splunk_configuration.0.hec_endpoint": "https://http-inputs-karauctionservices.splunkcloud.com/services/collector/event",
                            "splunk_configuration.0.hec_endpoint_type": "Raw",
                            "splunk_configuration.0.hec_token": "D1ABC097-FC14-4988-9E07-E7CEAB878F22",
                            "splunk_configuration.0.processing_configuration.#": "0",
                            "splunk_configuration.0.retry_duration": "3600",
                            "splunk_configuration.0.s3_backup_mode": "FailedEventsOnly",
                            "tags.%": "0",
                            "version_id": "1"
                        },
                        "meta": {
                            "schema_version": "1"
                        },
                        "tainted": false
                    },
                    "deposed": [],
                    "provider": "provider.aws"
                },
                "aws_lambda_function.LambdaWAFBadBotParserFunction": {
                    "type": "aws_lambda_function",
                    "depends_on": [
                        "aws_iam_role.LambdaRoleBadBot",
                        "aws_waf_ipset.WAFBadBotSet"
                    ],
                    "primary": {
                        "id": "tr-waf-sec-auto-LambdaWAFBadBotParserFunction",
                        "attributes": {
                            "arn": "arn:aws:lambda:us-east-1:082894742960:function:tr-waf-sec-auto-LambdaWAFBadBotParserFunction",
                            "dead_letter_config.#": "0",
                            "description": "This lambda function will intercepts and inspects trap endpoint requests to extract its IP address, and then add it to an AWS WAF block list.",
                            "environment.#": "1",
                            "environment.0.variables.%": "13",
                            "environment.0.variables.ActivateBadBotProtectionParam": "yes",
                            "environment.0.variables.ActivateHttpFloodProtectionParam": "yes",
                            "environment.0.variables.ActivateReputationListsProtectionParam": "yes",
                            "environment.0.variables.ActivateScansProbesProtectionParam": "yes",
                            "environment.0.variables.CloudFrontAccessLogBucket": "tr-aws-waf-cloudfront",
                            "environment.0.variables.CrossSiteScriptingProtectionParam": "yes",
                            "environment.0.variables.ErrorThreshold": "50",
                            "environment.0.variables.RequestThreshold": "400",
                            "environment.0.variables.SendAnonymousUsageData": "yes",
                            "environment.0.variables.SqlInjectionProtectionParam": "yes",
                            "environment.0.variables.UUID": "4b9bcd7c-9058-88cb-b7d8-20c76ca7be88",
                            "environment.0.variables.WAFBadBotSet": "2c44c5b5-3f1d-4198-879b-ebed9232e6ea",
                            "environment.0.variables.WAFBlockPeriod": "240",
                            "filename": "/Users/emilyliu/aws-waf-security-automation/files/access-handler/access-handler.zip",
                            "function_name": "tr-waf-sec-auto-LambdaWAFBadBotParserFunction",
                            "handler": "access-handler.lambda_handler",
                            "id": "tr-waf-sec-auto-LambdaWAFBadBotParserFunction",
                            "invoke_arn": "arn:aws:apigateway:us-east-1:lambda:path/2015-03-31/functions/arn:aws:lambda:us-east-1:082894742960:function:tr-waf-sec-auto-LambdaWAFBadBotParserFunction/invocations",
                            "kms_key_arn": "",
                            "last_modified": "2019-01-15T15:57:32.954+0000",
                            "memory_size": "128",
                            "publish": "false",
                            "qualified_arn": "arn:aws:lambda:us-east-1:082894742960:function:tr-waf-sec-auto-LambdaWAFBadBotParserFunction:$LATEST",
                            "reserved_concurrent_executions": "0",
                            "role": "arn:aws:iam::082894742960:role/tr-waf-sec-auto-LambdaRoleBadBot",
                            "runtime": "python2.7",
                            "source_code_hash": "HLJoeoN1/jTvKTraqv0Lr/JxVL2NIEGlo9aPxjSGOV0=",
                            "source_code_size": "2475",
                            "tags.%": "0",
                            "timeout": "300",
                            "tracing_config.#": "1",
                            "tracing_config.0.mode": "PassThrough",
                            "version": "$LATEST",
                            "vpc_config.#": "0"
                        },
                        "meta": {
                            "e2bfb730-ecaa-11e6-8f88-34363bc7c4c0": {
                                "create": 600000000000
                            }
                        },
                        "tainted": false
                    },
                    "deposed": [],
                    "provider": "provider.aws"
                },
                "aws_lambda_function.LambdaWAFCustomResourceFunction": {
                    "type": "aws_lambda_function",
                    "depends_on": [
                        "aws_iam_role.LambdaRoleCustomResource"
                    ],
                    "primary": {
                        "id": "tr-waf-sec-auto-LambdaWAFCustomResourceFunction",
                        "attributes": {
                            "arn": "arn:aws:lambda:us-east-1:082894742960:function:tr-waf-sec-auto-LambdaWAFCustomResourceFunction",
                            "dead_letter_config.#": "0",
                            "description": "This lambda function configures the Web ACL rules based on the features enabled in the CloudFormation template. Parameters: yes",
                            "environment.#": "1",
                            "environment.0.variables.%": "11",
                            "environment.0.variables.ActivateBadBotProtectionParam": "yes",
                            "environment.0.variables.ActivateHttpFloodProtectionParam": "yes",
                            "environment.0.variables.ActivateReputationListsProtectionParam": "yes",
                            "environment.0.variables.ActivateScansProbesProtectionParam": "yes",
                            "environment.0.variables.CloudFrontAccessLogBucket": "tr-aws-waf-cloudfront",
                            "environment.0.variables.CrossSiteScriptingProtectionParam": "yes",
                            "environment.0.variables.ErrorThreshold": "50",
                            "environment.0.variables.RequestThreshold": "400",
                            "environment.0.variables.SendAnonymousUsageData": "yes",
                            "environment.0.variables.SqlInjectionProtectionParam": "yes",
                            "environment.0.variables.WAFBlockPeriod": "240",
                            "filename": "/Users/emilyliu/aws-waf-security-automation/files/custom-resource/custom-resource.zip",
                            "function_name": "tr-waf-sec-auto-LambdaWAFCustomResourceFunction",
                            "handler": "custom-resource.lambda_handler",
                            "id": "tr-waf-sec-auto-LambdaWAFCustomResourceFunction",
                            "invoke_arn": "arn:aws:apigateway:us-east-1:lambda:path/2015-03-31/functions/arn:aws:lambda:us-east-1:082894742960:function:tr-waf-sec-auto-LambdaWAFCustomResourceFunction/invocations",
                            "kms_key_arn": "",
                            "last_modified": "2019-01-15T15:56:55.906+0000",
                            "memory_size": "128",
                            "publish": "false",
                            "qualified_arn": "arn:aws:lambda:us-east-1:082894742960:function:tr-waf-sec-auto-LambdaWAFCustomResourceFunction:$LATEST",
                            "reserved_concurrent_executions": "0",
                            "role": "arn:aws:iam::082894742960:role/tr-waf-sec-auto-LambdaRoleCustomResource",
                            "runtime": "python2.7",
                            "source_code_hash": "2q0hJ4Om9pWZ7AK72GwAwTCcKJcCdDpue8mws2NHy48=",
                            "source_code_size": "863431",
                            "tags.%": "0",
                            "timeout": "300",
                            "tracing_config.#": "1",
                            "tracing_config.0.mode": "PassThrough",
                            "version": "$LATEST",
                            "vpc_config.#": "0"
                        },
                        "meta": {
                            "e2bfb730-ecaa-11e6-8f88-34363bc7c4c0": {
                                "create": 600000000000
                            }
                        },
                        "tainted": false
                    },
                    "deposed": [],
                    "provider": "provider.aws"
                },
                "aws_lambda_function.LambdaWAFLogParserFunction": {
                    "type": "aws_lambda_function",
                    "depends_on": [
                        "aws_iam_role.LambdaRoleLogParser",
                        "aws_waf_ipset.WAFAutoBlockSet",
                        "aws_waf_ipset.WAFBlacklistSet"
                    ],
                    "primary": {
                        "id": "tr-waf-sec-auto-LambdaWAFLogParserFunction",
                        "attributes": {
                            "arn": "arn:aws:lambda:us-east-1:082894742960:function:tr-waf-sec-auto-LambdaWAFLogParserFunction",
                            "dead_letter_config.#": "0",
                            "description": "This function parses CloudFront access logs to identify suspicious behavior, such as an abnormal amount of requests or errors. It then blocks those IP addresses for a customer-defined period of time.",
                            "environment.#": "1",
                            "environment.0.variables.%": "14",
                            "environment.0.variables.ActivateBadBotProtectionParam": "yes",
                            "environment.0.variables.ActivateHttpFloodProtectionParam": "yes",
                            "environment.0.variables.ActivateReputationListsProtectionParam": "yes",
                            "environment.0.variables.ActivateScansProbesProtectionParam": "yes",
                            "environment.0.variables.AutoBlockIPSetID": "44bb10f1-2d93-439f-83ed-e9596db3dfa3",
                            "environment.0.variables.BlacklistIPSetID": "66786e74-b9f2-409a-ba11-afc66450fbc7",
                            "environment.0.variables.CloudFrontAccessLogBucket": "tr-aws-waf-cloudfront",
                            "environment.0.variables.CrossSiteScriptingProtectionParam": "yes",
                            "environment.0.variables.ErrorThreshold": "50",
                            "environment.0.variables.RequestThreshold": "400",
                            "environment.0.variables.SendAnonymousUsageData": "yes",
                            "environment.0.variables.SqlInjectionProtectionParam": "yes",
                            "environment.0.variables.UUID": "6223957e-f34b-6bbb-0d40-6ed2c9246a5c",
                            "environment.0.variables.WAFBlockPeriod": "240",
                            "filename": "/Users/emilyliu/aws-waf-security-automation/files/log-parser/log-parser.zip",
                            "function_name": "tr-waf-sec-auto-LambdaWAFLogParserFunction",
                            "handler": "log-parser.lambda_handler",
                            "id": "tr-waf-sec-auto-LambdaWAFLogParserFunction",
                            "invoke_arn": "arn:aws:apigateway:us-east-1:lambda:path/2015-03-31/functions/arn:aws:lambda:us-east-1:082894742960:function:tr-waf-sec-auto-LambdaWAFLogParserFunction/invocations",
                            "kms_key_arn": "",
                            "last_modified": "2019-01-15T15:57:31.286+0000",
                            "memory_size": "512",
                            "publish": "false",
                            "qualified_arn": "arn:aws:lambda:us-east-1:082894742960:function:tr-waf-sec-auto-LambdaWAFLogParserFunction:$LATEST",
                            "reserved_concurrent_executions": "0",
                            "role": "arn:aws:iam::082894742960:role/tr-waf-sec-auto-LambdaRoleLogParser",
                            "runtime": "python2.7",
                            "source_code_hash": "amL0fwMgkTiVBSzi27YlRBjJHnQoLOCB6rHOQJLDOBA=",
                            "source_code_size": "5204",
                            "tags.%": "0",
                            "timeout": "300",
                            "tracing_config.#": "1",
                            "tracing_config.0.mode": "PassThrough",
                            "version": "$LATEST",
                            "vpc_config.#": "0"
                        },
                        "meta": {
                            "e2bfb730-ecaa-11e6-8f88-34363bc7c4c0": {
                                "create": 600000000000
                            }
                        },
                        "tainted": false
                    },
                    "deposed": [],
                    "provider": "provider.aws"
                },
                "aws_lambda_function.LambdaWAFReputationListsParserFunction": {
                    "type": "aws_lambda_function",
                    "depends_on": [
                        "aws_iam_role.LambdaRoleReputationListsParser"
                    ],
                    "primary": {
                        "id": "tr-waf-sec-auto-LambdaWAFReputationListsParserFunction",
                        "attributes": {
                            "arn": "arn:aws:lambda:us-east-1:082894742960:function:tr-waf-sec-auto-LambdaWAFReputationListsParserFunction",
                            "dead_letter_config.#": "0",
                            "description": "This lambda function checks third-party IP reputation lists hourly for new IP ranges to block. These lists include the Spamhaus Dont Route Or Peer (DROP) and Extended Drop (EDROP) lists, the Proofpoint Emerging Threats IP list, and the Tor exit node list.",
                            "environment.#": "1",
                            "environment.0.variables.%": "11",
                            "environment.0.variables.ActivateBadBotProtectionParam": "yes",
                            "environment.0.variables.ActivateHttpFloodProtectionParam": "yes",
                            "environment.0.variables.ActivateReputationListsProtectionParam": "yes",
                            "environment.0.variables.ActivateScansProbesProtectionParam": "yes",
                            "environment.0.variables.CloudFrontAccessLogBucket": "tr-aws-waf-cloudfront",
                            "environment.0.variables.CrossSiteScriptingProtectionParam": "yes",
                            "environment.0.variables.ErrorThreshold": "50",
                            "environment.0.variables.RequestThreshold": "400",
                            "environment.0.variables.SendAnonymousUsageData": "yes",
                            "environment.0.variables.SqlInjectionProtectionParam": "yes",
                            "environment.0.variables.WAFBlockPeriod": "240",
                            "filename": "/Users/emilyliu/aws-waf-security-automation/files/reputation-lists-parser/reputation-lists-parser.zip",
                            "function_name": "tr-waf-sec-auto-LambdaWAFReputationListsParserFunction",
                            "handler": "reputation-lists-parser.handler",
                            "id": "tr-waf-sec-auto-LambdaWAFReputationListsParserFunction",
                            "invoke_arn": "arn:aws:apigateway:us-east-1:lambda:path/2015-03-31/functions/arn:aws:lambda:us-east-1:082894742960:function:tr-waf-sec-auto-LambdaWAFReputationListsParserFunction/invocations",
                            "kms_key_arn": "",
                            "last_modified": "2019-01-15T15:56:58.264+0000",
                            "memory_size": "128",
                            "publish": "false",
                            "qualified_arn": "arn:aws:lambda:us-east-1:082894742960:function:tr-waf-sec-auto-LambdaWAFReputationListsParserFunction:$LATEST",
                            "reserved_concurrent_executions": "0",
                            "role": "arn:aws:iam::082894742960:role/tr-waf-sec-auto-LambdaRoleReputationListsParser",
                            "runtime": "nodejs8.10",
                            "source_code_hash": "jNLd4gQH1AfY3DiC8cuZD1EilFcKrCikkH4EdCDatwc=",
                            "source_code_size": "717488",
                            "tags.%": "0",
                            "timeout": "300",
                            "tracing_config.#": "1",
                            "tracing_config.0.mode": "PassThrough",
                            "version": "$LATEST",
                            "vpc_config.#": "0"
                        },
                        "meta": {
                            "e2bfb730-ecaa-11e6-8f88-34363bc7c4c0": {
                                "create": 600000000000
                            }
                        },
                        "tainted": false
                    },
                    "deposed": [],
                    "provider": "provider.aws"
                },
                "aws_lambda_function.SolutionHelper": {
                    "type": "aws_lambda_function",
                    "depends_on": [
                        "aws_iam_role.SolutionHelperRole"
                    ],
                    "primary": {
                        "id": "tr-waf-sec-auto-SolutionHelper",
                        "attributes": {
                            "arn": "arn:aws:lambda:us-east-1:082894742960:function:tr-waf-sec-auto-SolutionHelper",
                            "dead_letter_config.#": "0",
                            "description": "This lambda function executes generic common tasks to support this solution.",
                            "environment.#": "1",
                            "environment.0.variables.%": "11",
                            "environment.0.variables.ActivateBadBotProtectionParam": "yes",
                            "environment.0.variables.ActivateHttpFloodProtectionParam": "yes",
                            "environment.0.variables.ActivateReputationListsProtectionParam": "yes",
                            "environment.0.variables.ActivateScansProbesProtectionParam": "yes",
                            "environment.0.variables.CloudFrontAccessLogBucket": "tr-aws-waf-cloudfront",
                            "environment.0.variables.CrossSiteScriptingProtectionParam": "yes",
                            "environment.0.variables.ErrorThreshold": "50",
                            "environment.0.variables.RequestThreshold": "400",
                            "environment.0.variables.SendAnonymousUsageData": "yes",
                            "environment.0.variables.SqlInjectionProtectionParam": "yes",
                            "environment.0.variables.WAFBlockPeriod": "240",
                            "filename": "/Users/emilyliu/aws-waf-security-automation/files/solution-helper/solution-helper.zip",
                            "function_name": "tr-waf-sec-auto-SolutionHelper",
                            "handler": "log-parser.lambda_handler",
                            "id": "tr-waf-sec-auto-SolutionHelper",
                            "invoke_arn": "arn:aws:apigateway:us-east-1:lambda:path/2015-03-31/functions/arn:aws:lambda:us-east-1:082894742960:function:tr-waf-sec-auto-SolutionHelper/invocations",
                            "kms_key_arn": "",
                            "last_modified": "2019-01-15T15:56:57.209+0000",
                            "memory_size": "128",
                            "publish": "false",
                            "qualified_arn": "arn:aws:lambda:us-east-1:082894742960:function:tr-waf-sec-auto-SolutionHelper:$LATEST",
                            "reserved_concurrent_executions": "0",
                            "role": "arn:aws:iam::082894742960:role/tr-waf-sec-auto-SolutionHelperRole",
                            "runtime": "python2.7",
                            "source_code_hash": "43pf+Rl8nu3TvgQM51tpmlZmpw6Jxfi0/JWSiTk1xTI=",
                            "source_code_size": "2119501",
                            "tags.%": "0",
                            "timeout": "300",
                            "tracing_config.#": "1",
                            "tracing_config.0.mode": "PassThrough",
                            "version": "$LATEST",
                            "vpc_config.#": "0"
                        },
                        "meta": {
                            "e2bfb730-ecaa-11e6-8f88-34363bc7c4c0": {
                                "create": 600000000000
                            }
                        },
                        "tainted": false
                    },
                    "deposed": [],
                    "provider": "provider.aws"
                },
                "aws_lambda_permission.LambdaInvokePermissionBadBot": {
                    "type": "aws_lambda_permission",
                    "depends_on": [
                        "aws_lambda_function.LambdaWAFBadBotParserFunction"
                    ],
                    "primary": {
                        "id": "AllowExecutionFromCloudWatch",
                        "attributes": {
                            "action": "lambda:*",
                            "function_name": "arn:aws:lambda:us-east-1:082894742960:function:tr-waf-sec-auto-LambdaWAFBadBotParserFunction",
                            "id": "AllowExecutionFromCloudWatch",
                            "principal": "apigateway.amazonaws.com",
                            "qualifier": "",
                            "statement_id": "AllowExecutionFromCloudWatch"
                        },
                        "meta": {},
                        "tainted": false
                    },
                    "deposed": [],
                    "provider": "provider.aws"
                },
                "aws_lambda_permission.LambdaInvokePermissionLogParser": {
                    "type": "aws_lambda_permission",
                    "depends_on": [
                        "aws_lambda_function.LambdaWAFLogParserFunction",
                        "data.aws_caller_identity.current"
                    ],
                    "primary": {
                        "id": "AllowExecutionFromS3Bucket",
                        "attributes": {
                            "action": "lambda:*",
                            "event_source_token": "",
                            "function_name": "arn:aws:lambda:us-east-1:082894742960:function:tr-waf-sec-auto-LambdaWAFLogParserFunction",
                            "id": "AllowExecutionFromS3Bucket",
                            "principal": "s3.amazonaws.com",
                            "qualifier": "",
                            "source_account": "082894742960",
                            "statement_id": "AllowExecutionFromS3Bucket"
                        },
                        "meta": {},
                        "tainted": false
                    },
                    "deposed": [],
                    "provider": "provider.aws"
                },
                "aws_lambda_permission.LambdaInvokePermissionReputationListsParser": {
                    "type": "aws_lambda_permission",
                    "depends_on": [
                        "aws_cloudwatch_event_rule.LambdaWAFReputationListsParserEventsRule",
                        "aws_lambda_function.LambdaWAFReputationListsParserFunction"
                    ],
                    "primary": {
                        "id": "AllowExecutionFromCloudWatch",
                        "attributes": {
                            "action": "lambda:InvokeFunction",
                            "function_name": "arn:aws:lambda:us-east-1:082894742960:function:tr-waf-sec-auto-LambdaWAFReputationListsParserFunction",
                            "id": "AllowExecutionFromCloudWatch",
                            "principal": "events.amazonaws.com",
                            "qualifier": "",
                            "source_arn": "arn:aws:events:us-east-1:082894742960:rule/tr-waf-sec-auto-LambdaWAFReputationListsParserEventsRule",
                            "statement_id": "AllowExecutionFromCloudWatch"
                        },
                        "meta": {},
                        "tainted": false
                    },
                    "deposed": [],
                    "provider": "provider.aws"
                },
                "aws_s3_bucket.WAFCloudfrontAccessLog": {
                    "type": "aws_s3_bucket",
                    "depends_on": [],
                    "primary": {
                        "id": "tr-aws-waf-cloudfront",
                        "attributes": {
                            "acceleration_status": "",
                            "acl": "log-delivery-write",
                            "arn": "arn:aws:s3:::tr-aws-waf-cloudfront",
                            "bucket": "tr-aws-waf-cloudfront",
                            "bucket_domain_name": "tr-aws-waf-cloudfront.s3.amazonaws.com",
                            "bucket_regional_domain_name": "tr-aws-waf-cloudfront.s3.amazonaws.com",
                            "cors_rule.#": "0",
                            "force_destroy": "false",
                            "hosted_zone_id": "Z3AQBSTGFYJSTF",
                            "id": "tr-aws-waf-cloudfront",
                            "lifecycle_rule.#": "0",
                            "logging.#": "0",
                            "region": "us-east-1",
                            "replication_configuration.#": "0",
                            "request_payer": "BucketOwner",
                            "server_side_encryption_configuration.#": "0",
                            "tags.%": "2",
                            "tags.Enviroment": "nthgendevops",
                            "tags.Name": "WAF Security Automations",
                            "versioning.#": "1",
                            "versioning.0.enabled": "false",
                            "versioning.0.mfa_delete": "false",
                            "website.#": "0"
                        },
                        "meta": {},
                        "tainted": false
                    },
                    "deposed": [],
                    "provider": "provider.aws"
                },
                "aws_s3_bucket.waf-logging-bucket": {
                    "type": "aws_s3_bucket",
                    "depends_on": [],
                    "primary": {
                        "id": "tr-waf-logging-bucket",
                        "attributes": {
                            "acceleration_status": "",
                            "acl": "log-delivery-write",
                            "arn": "arn:aws:s3:::tr-waf-logging-bucket",
                            "bucket": "tr-waf-logging-bucket",
                            "bucket_domain_name": "tr-waf-logging-bucket.s3.amazonaws.com",
                            "bucket_regional_domain_name": "tr-waf-logging-bucket.s3.amazonaws.com",
                            "cors_rule.#": "0",
                            "force_destroy": "false",
                            "hosted_zone_id": "Z3AQBSTGFYJSTF",
                            "id": "tr-waf-logging-bucket",
                            "lifecycle_rule.#": "0",
                            "logging.#": "0",
                            "region": "us-east-1",
                            "replication_configuration.#": "0",
                            "request_payer": "BucketOwner",
                            "server_side_encryption_configuration.#": "0",
                            "tags.%": "0",
                            "versioning.#": "1",
                            "versioning.0.enabled": "false",
                            "versioning.0.mfa_delete": "false",
                            "website.#": "0"
                        },
                        "meta": {},
                        "tainted": false
                    },
                    "deposed": [],
                    "provider": "provider.aws"
                },
                "aws_s3_bucket.waf_kinesis_bucket": {
                    "type": "aws_s3_bucket",
                    "depends_on": [
                        "aws_s3_bucket.waf-logging-bucket"
                    ],
                    "primary": {
                        "id": "tr-waf-s3",
                        "attributes": {
                            "acceleration_status": "",
                            "acl": "private",
                            "arn": "arn:aws:s3:::tr-waf-s3",
                            "bucket": "tr-waf-s3",
                            "bucket_domain_name": "tr-waf-s3.s3.amazonaws.com",
                            "bucket_regional_domain_name": "tr-waf-s3.s3.amazonaws.com",
                            "cors_rule.#": "0",
                            "force_destroy": "false",
                            "hosted_zone_id": "Z3AQBSTGFYJSTF",
                            "id": "tr-waf-s3",
                            "lifecycle_rule.#": "0",
                            "logging.#": "1",
                            "logging.2788908490.target_bucket": "tr-waf-logging-bucket",
                            "logging.2788908490.target_prefix": "s3logs",
                            "region": "us-east-1",
                            "replication_configuration.#": "0",
                            "request_payer": "BucketOwner",
                            "server_side_encryption_configuration.#": "0",
                            "tags.%": "0",
                            "versioning.#": "1",
                            "versioning.0.enabled": "false",
                            "versioning.0.mfa_delete": "false",
                            "website.#": "0"
                        },
                        "meta": {},
                        "tainted": false
                    },
                    "deposed": [],
                    "provider": "provider.aws"
                },
                "aws_s3_bucket_notification.LambdaWAFLogParserS3Notification": {
                    "type": "aws_s3_bucket_notification",
                    "depends_on": [
                        "aws_lambda_function.LambdaWAFLogParserFunction"
                    ],
                    "primary": {
                        "id": "tr-aws-waf-cloudfront",
                        "attributes": {
                            "bucket": "tr-aws-waf-cloudfront",
                            "id": "tr-aws-waf-cloudfront",
                            "lambda_function.#": "1",
                            "lambda_function.0.events.#": "1",
                            "lambda_function.0.events.3356830603": "s3:ObjectCreated:*",
                            "lambda_function.0.filter_prefix": "",
                            "lambda_function.0.filter_suffix": "gz",
                            "lambda_function.0.id": "tr-waf-sec-auto-LambdaWAFLogParserFunction",
                            "lambda_function.0.lambda_function_arn": "arn:aws:lambda:us-east-1:082894742960:function:tr-waf-sec-auto-LambdaWAFLogParserFunction",
                            "queue.#": "0",
                            "topic.#": "0"
                        },
                        "meta": {},
                        "tainted": false
                    },
                    "deposed": [],
                    "provider": "provider.aws"
                },
                "aws_sns_topic.Alert_CW_WAF_Rule": {
                    "type": "aws_sns_topic",
                    "depends_on": [],
                    "primary": {
                        "id": "arn:aws:sns:us-east-1:082894742960:Alert_CW_WAF_Rule",
                        "attributes": {
                            "application_failure_feedback_role_arn": "",
                            "application_success_feedback_role_arn": "",
                            "application_success_feedback_sample_rate": "0",
                            "arn": "arn:aws:sns:us-east-1:082894742960:Alert_CW_WAF_Rule",
                            "delivery_policy": "",
                            "display_name": "",
                            "http_failure_feedback_role_arn": "",
                            "http_success_feedback_role_arn": "",
                            "http_success_feedback_sample_rate": "0",
                            "id": "arn:aws:sns:us-east-1:082894742960:Alert_CW_WAF_Rule",
                            "kms_master_key_id": "",
                            "lambda_failure_feedback_role_arn": "",
                            "lambda_success_feedback_role_arn": "",
                            "lambda_success_feedback_sample_rate": "0",
                            "name": "Alert_CW_WAF_Rule",
                            "policy": "{\"Version\":\"2008-10-17\",\"Id\":\"__default_policy_ID\",\"Statement\":[{\"Sid\":\"__default_statement_ID\",\"Effect\":\"Allow\",\"Principal\":{\"AWS\":\"*\"},\"Action\":[\"SNS:GetTopicAttributes\",\"SNS:SetTopicAttributes\",\"SNS:AddPermission\",\"SNS:RemovePermission\",\"SNS:DeleteTopic\",\"SNS:Subscribe\",\"SNS:ListSubscriptionsByTopic\",\"SNS:Publish\",\"SNS:Receive\"],\"Resource\":\"arn:aws:sns:us-east-1:082894742960:Alert_CW_WAF_Rule\",\"Condition\":{\"StringEquals\":{\"AWS:SourceOwner\":\"082894742960\"}}}]}",
                            "sqs_failure_feedback_role_arn": "",
                            "sqs_success_feedback_role_arn": "",
                            "sqs_success_feedback_sample_rate": "0"
                        },
                        "meta": {},
                        "tainted": false
                    },
                    "deposed": [],
                    "provider": "provider.aws"
                },
                "aws_sns_topic_subscription.Pagerduty-Alert": {
                    "type": "aws_sns_topic_subscription",
                    "depends_on": [
                        "aws_sns_topic.Alert_CW_WAF_Rule"
                    ],
                    "primary": {
                        "id": "arn:aws:sns:us-east-1:082894742960:Alert_CW_WAF_Rule:1a4f7c78-bb6b-4a05-abaf-9b5e663a8d06",
                        "attributes": {
                            "arn": "arn:aws:sns:us-east-1:082894742960:Alert_CW_WAF_Rule:1a4f7c78-bb6b-4a05-abaf-9b5e663a8d06",
                            "confirmation_timeout_in_minutes": "1",
                            "delivery_policy": "",
                            "endpoint": "https://events.pagerduty.com/integration/afad10ebd07c47ff88a77d06e6fee376/enqueue",
                            "endpoint_auto_confirms": "true",
                            "filter_policy": "",
                            "id": "arn:aws:sns:us-east-1:082894742960:Alert_CW_WAF_Rule:1a4f7c78-bb6b-4a05-abaf-9b5e663a8d06",
                            "protocol": "https",
                            "raw_message_delivery": "false",
                            "topic_arn": "arn:aws:sns:us-east-1:082894742960:Alert_CW_WAF_Rule"
                        },
                        "meta": {},
                        "tainted": false
                    },
                    "deposed": [],
                    "provider": "provider.aws"
                },
                "aws_waf_byte_match_set.Header-set-1": {
                    "type": "aws_waf_byte_match_set",
                    "depends_on": [],
                    "primary": {
                        "id": "58095ef8-6e5d-43ac-98d7-f6cf4d6a1e0d",
                        "attributes": {
                            "byte_match_tuples.#": "1",
                            "byte_match_tuples.1288842464.field_to_match.#": "1",
                            "byte_match_tuples.1288842464.field_to_match.4211833750.data": "cookie",
                            "byte_match_tuples.1288842464.field_to_match.4211833750.type": "HEADER",
                            "byte_match_tuples.1288842464.positional_constraint": "CONTAINS",
                            "byte_match_tuples.1288842464.target_string": "Session ID",
                            "byte_match_tuples.1288842464.text_transformation": "URL_DECODE",
                            "id": "58095ef8-6e5d-43ac-98d7-f6cf4d6a1e0d",
                            "name": "Header-set-1"
                        },
                        "meta": {},
                        "tainted": false
                    },
                    "deposed": [],
                    "provider": "provider.aws"
                },
                "aws_waf_byte_match_set.Header-set-2": {
                    "type": "aws_waf_byte_match_set",
                    "depends_on": [],
                    "primary": {
                        "id": "c12e26b4-32d9-4362-98b6-f33e81fe262a",
                        "attributes": {
                            "byte_match_tuples.#": "1",
                            "byte_match_tuples.1492736769.field_to_match.#": "1",
                            "byte_match_tuples.1492736769.field_to_match.2878428448.data": "authorization",
                            "byte_match_tuples.1492736769.field_to_match.2878428448.type": "HEADER",
                            "byte_match_tuples.1492736769.positional_constraint": "CONTAINS",
                            "byte_match_tuples.1492736769.target_string": "JWT token",
                            "byte_match_tuples.1492736769.text_transformation": "HTML_ENTITY_DECODE",
                            "id": "c12e26b4-32d9-4362-98b6-f33e81fe262a",
                            "name": "Header-set-2"
                        },
                        "meta": {},
                        "tainted": false
                    },
                    "deposed": [],
                    "provider": "provider.aws"
                },
                "aws_waf_byte_match_set.Header-set-3": {
                    "type": "aws_waf_byte_match_set",
                    "depends_on": [],
                    "primary": {
                        "id": "032f8f2b-b5f7-4c34-a8a2-0fd0027948c6",
                        "attributes": {
                            "byte_match_tuples.#": "1",
                            "byte_match_tuples.1803476872.field_to_match.#": "1",
                            "byte_match_tuples.1803476872.field_to_match.4211833750.data": "cookie",
                            "byte_match_tuples.1803476872.field_to_match.4211833750.type": "HEADER",
                            "byte_match_tuples.1803476872.positional_constraint": "CONTAINS",
                            "byte_match_tuples.1803476872.target_string": "Session ID",
                            "byte_match_tuples.1803476872.text_transformation": "HTML_ENTITY_DECODE",
                            "id": "032f8f2b-b5f7-4c34-a8a2-0fd0027948c6",
                            "name": "Header-set-3"
                        },
                        "meta": {},
                        "tainted": false
                    },
                    "deposed": [],
                    "provider": "provider.aws"
                },
                "aws_waf_byte_match_set.Header-set-4": {
                    "type": "aws_waf_byte_match_set",
                    "depends_on": [],
                    "primary": {
                        "id": "788dc72a-14da-4ab7-8be4-74b572c8a927",
                        "attributes": {
                            "byte_match_tuples.#": "1",
                            "byte_match_tuples.1958152093.field_to_match.#": "1",
                            "byte_match_tuples.1958152093.field_to_match.2878428448.data": "authorization",
                            "byte_match_tuples.1958152093.field_to_match.2878428448.type": "HEADER",
                            "byte_match_tuples.1958152093.positional_constraint": "CONTAINS",
                            "byte_match_tuples.1958152093.target_string": "JWT token",
                            "byte_match_tuples.1958152093.text_transformation": "URL_DECODE",
                            "id": "788dc72a-14da-4ab7-8be4-74b572c8a927",
                            "name": "Header-set-4"
                        },
                        "meta": {},
                        "tainted": false
                    },
                    "deposed": [],
                    "provider": "provider.aws"
                },
                "aws_waf_byte_match_set.URI-set-1": {
                    "type": "aws_waf_byte_match_set",
                    "depends_on": [],
                    "primary": {
                        "id": "24e35820-3713-42df-87f4-61553387cec1",
                        "attributes": {
                            "byte_match_tuples.#": "1",
                            "byte_match_tuples.883109459.field_to_match.#": "1",
                            "byte_match_tuples.883109459.field_to_match.3756326843.data": "",
                            "byte_match_tuples.883109459.field_to_match.3756326843.type": "URI",
                            "byte_match_tuples.883109459.positional_constraint": "CONTAINS",
                            "byte_match_tuples.883109459.target_string": "/#!/login",
                            "byte_match_tuples.883109459.text_transformation": "URL_DECODE",
                            "id": "24e35820-3713-42df-87f4-61553387cec1",
                            "name": "URL-set-1"
                        },
                        "meta": {},
                        "tainted": false
                    },
                    "deposed": [],
                    "provider": "provider.aws"
                },
                "aws_waf_byte_match_set.URI-set-2": {
                    "type": "aws_waf_byte_match_set",
                    "depends_on": [],
                    "primary": {
                        "id": "f012862c-643a-41da-b76b-233801ddc923",
                        "attributes": {
                            "byte_match_tuples.#": "1",
                            "byte_match_tuples.2906942095.field_to_match.#": "1",
                            "byte_match_tuples.2906942095.field_to_match.3756326843.data": "",
                            "byte_match_tuples.2906942095.field_to_match.3756326843.type": "URI",
                            "byte_match_tuples.2906942095.positional_constraint": "CONTAINS",
                            "byte_match_tuples.2906942095.target_string": "/#!/login",
                            "byte_match_tuples.2906942095.text_transformation": "HTML_ENTITY_DECODE",
                            "id": "f012862c-643a-41da-b76b-233801ddc923",
                            "name": "URI-set-2"
                        },
                        "meta": {},
                        "tainted": false
                    },
                    "deposed": [],
                    "provider": "provider.aws"
                },
                "aws_waf_ipset.WAFAutoBlockSet": {
                    "type": "aws_waf_ipset",
                    "depends_on": [],
                    "primary": {
                        "id": "44bb10f1-2d93-439f-83ed-e9596db3dfa3",
                        "attributes": {
                            "arn": "arn:aws:waf::082894742960:ipset/44bb10f1-2d93-439f-83ed-e9596db3dfa3",
                            "id": "44bb10f1-2d93-439f-83ed-e9596db3dfa3",
                            "ip_set_descriptors.#": "1",
                            "ip_set_descriptors.3774090169.type": "IPV4",
                            "ip_set_descriptors.3774090169.value": "0.0.0.0/32",
                            "name": "TR-WAF - Auto Block Set"
                        },
                        "meta": {},
                        "tainted": false
                    },
                    "deposed": [],
                    "provider": "provider.aws"
                },
                "aws_waf_ipset.WAFBadBotSet": {
                    "type": "aws_waf_ipset",
                    "depends_on": [],
                    "primary": {
                        "id": "2c44c5b5-3f1d-4198-879b-ebed9232e6ea",
                        "attributes": {
                            "arn": "arn:aws:waf::082894742960:ipset/2c44c5b5-3f1d-4198-879b-ebed9232e6ea",
                            "id": "2c44c5b5-3f1d-4198-879b-ebed9232e6ea",
                            "ip_set_descriptors.#": "1",
                            "ip_set_descriptors.3774090169.type": "IPV4",
                            "ip_set_descriptors.3774090169.value": "0.0.0.0/32",
                            "name": "TR-WAF - IP Bad Bot Set"
                        },
                        "meta": {},
                        "tainted": false
                    },
                    "deposed": [],
                    "provider": "provider.aws"
                },
                "aws_waf_ipset.WAFBlacklistSet": {
                    "type": "aws_waf_ipset",
                    "depends_on": [],
                    "primary": {
                        "id": "66786e74-b9f2-409a-ba11-afc66450fbc7",
                        "attributes": {
                            "arn": "arn:aws:waf::082894742960:ipset/66786e74-b9f2-409a-ba11-afc66450fbc7",
                            "id": "66786e74-b9f2-409a-ba11-afc66450fbc7",
                            "ip_set_descriptors.#": "1",
                            "ip_set_descriptors.3774090169.type": "IPV4",
                            "ip_set_descriptors.3774090169.value": "0.0.0.0/32",
                            "name": "TR-WAF - Blacklist Set"
                        },
                        "meta": {},
                        "tainted": false
                    },
                    "deposed": [],
                    "provider": "provider.aws"
                },
                "aws_waf_ipset.WAFReputationListsSet1": {
                    "type": "aws_waf_ipset",
                    "depends_on": [],
                    "primary": {
                        "id": "a0d8d943-2f32-4f39-9097-ee1c74d11935",
                        "attributes": {
                            "arn": "arn:aws:waf::082894742960:ipset/a0d8d943-2f32-4f39-9097-ee1c74d11935",
                            "id": "a0d8d943-2f32-4f39-9097-ee1c74d11935",
                            "ip_set_descriptors.#": "1",
                            "ip_set_descriptors.3774090169.type": "IPV4",
                            "ip_set_descriptors.3774090169.value": "0.0.0.0/32",
                            "name": "TR-WAF - IP Reputation Lists Set #1"
                        },
                        "meta": {},
                        "tainted": false
                    },
                    "deposed": [],
                    "provider": "provider.aws"
                },
                "aws_waf_ipset.WAFReputationListsSet2": {
                    "type": "aws_waf_ipset",
                    "depends_on": [],
                    "primary": {
                        "id": "d99945a6-fc7f-4259-9aa5-aadc254d2555",
                        "attributes": {
                            "arn": "arn:aws:waf::082894742960:ipset/d99945a6-fc7f-4259-9aa5-aadc254d2555",
                            "id": "d99945a6-fc7f-4259-9aa5-aadc254d2555",
                            "ip_set_descriptors.#": "1",
                            "ip_set_descriptors.3774090169.type": "IPV4",
                            "ip_set_descriptors.3774090169.value": "0.0.0.0/32",
                            "name": "TR-WAF - IP Reputation Lists Set #2"
                        },
                        "meta": {},
                        "tainted": false
                    },
                    "deposed": [],
                    "provider": "provider.aws"
                },
                "aws_waf_ipset.WAFWhitelistSet": {
                    "type": "aws_waf_ipset",
                    "depends_on": [],
                    "primary": {
                        "id": "aa51d72e-9c3b-4bf0-8d4f-1a4a0961c542",
                        "attributes": {
                            "arn": "arn:aws:waf::082894742960:ipset/aa51d72e-9c3b-4bf0-8d4f-1a4a0961c542",
                            "id": "aa51d72e-9c3b-4bf0-8d4f-1a4a0961c542",
                            "ip_set_descriptors.#": "1",
                            "ip_set_descriptors.3774090169.type": "IPV4",
                            "ip_set_descriptors.3774090169.value": "0.0.0.0/32",
                            "name": "TR-WAF - Whitelist Set"
                        },
                        "meta": {},
                        "tainted": false
                    },
                    "deposed": [],
                    "provider": "provider.aws"
                },
                "aws_waf_rate_based_rule.BrokenAuthSessionManageRule": {
                    "type": "aws_waf_rate_based_rule",
                    "depends_on": [
                        "aws_waf_byte_match_set.Header-set-1",
                        "aws_waf_byte_match_set.Header-set-2",
                        "aws_waf_byte_match_set.Header-set-3",
                        "aws_waf_byte_match_set.Header-set-4",
                        "aws_waf_byte_match_set.URI-set-1",
                        "aws_waf_byte_match_set.URI-set-2"
                    ],
                    "primary": {
                        "id": "e6ab1a9a-ecbd-4047-a5a4-894552904f92",
                        "attributes": {
                            "id": "e6ab1a9a-ecbd-4047-a5a4-894552904f92",
                            "metric_name": "BrokenAuthSessionManageMetric",
                            "name": "BrokenAuthSessionManageRule",
                            "predicates.#": "6",
                            "predicates.1750770814.data_id": "24e35820-3713-42df-87f4-61553387cec1",
                            "predicates.1750770814.negated": "false",
                            "predicates.1750770814.type": "ByteMatch",
                            "predicates.259977607.data_id": "58095ef8-6e5d-43ac-98d7-f6cf4d6a1e0d",
                            "predicates.259977607.negated": "false",
                            "predicates.259977607.type": "ByteMatch",
                            "predicates.3223424674.data_id": "032f8f2b-b5f7-4c34-a8a2-0fd0027948c6",
                            "predicates.3223424674.negated": "false",
                            "predicates.3223424674.type": "ByteMatch",
                            "predicates.3767630102.data_id": "f012862c-643a-41da-b76b-233801ddc923",
                            "predicates.3767630102.negated": "false",
                            "predicates.3767630102.type": "ByteMatch",
                            "predicates.536016903.data_id": "788dc72a-14da-4ab7-8be4-74b572c8a927",
                            "predicates.536016903.negated": "false",
                            "predicates.536016903.type": "ByteMatch",
                            "predicates.710687089.data_id": "c12e26b4-32d9-4362-98b6-f33e81fe262a",
                            "predicates.710687089.negated": "false",
                            "predicates.710687089.type": "ByteMatch",
                            "rate_key": "IP",
                            "rate_limit": "2000"
                        },
                        "meta": {},
                        "tainted": false
                    },
                    "deposed": [],
                    "provider": "provider.aws"
                },
                "aws_waf_rule.WAFAutoBlockRule": {
                    "type": "aws_waf_rule",
                    "depends_on": [
                        "aws_waf_ipset.WAFAutoBlockSet"
                    ],
                    "primary": {
                        "id": "cb87df66-2549-4957-b937-026c7eade1ae",
                        "attributes": {
                            "id": "cb87df66-2549-4957-b937-026c7eade1ae",
                            "metric_name": "SecurityAutomationsAutoBlockRule",
                            "name": "TR-WAF - Auto Block Rule",
                            "predicates.#": "1",
                            "predicates.3213903799.data_id": "44bb10f1-2d93-439f-83ed-e9596db3dfa3",
                            "predicates.3213903799.negated": "false",
                            "predicates.3213903799.type": "IPMatch"
                        },
                        "meta": {},
                        "tainted": false
                    },
                    "deposed": [],
                    "provider": "provider.aws"
                },
                "aws_waf_rule.WAFBadBotRule": {
                    "type": "aws_waf_rule",
                    "depends_on": [
                        "aws_waf_ipset.WAFBadBotSet"
                    ],
                    "primary": {
                        "id": "50901e5c-d169-4604-b471-0e7c013c60fc",
                        "attributes": {
                            "id": "50901e5c-d169-4604-b471-0e7c013c60fc",
                            "metric_name": "SecurityAutomationsBadBotRule",
                            "name": "TR-WAF - Bad Bot Rule",
                            "predicates.#": "1",
                            "predicates.1119972651.data_id": "2c44c5b5-3f1d-4198-879b-ebed9232e6ea",
                            "predicates.1119972651.negated": "false",
                            "predicates.1119972651.type": "IPMatch"
                        },
                        "meta": {},
                        "tainted": false
                    },
                    "deposed": [],
                    "provider": "provider.aws"
                },
                "aws_waf_rule.WAFBlacklistRule": {
                    "type": "aws_waf_rule",
                    "depends_on": [
                        "aws_waf_ipset.WAFBlacklistSet"
                    ],
                    "primary": {
                        "id": "02da7b7b-7851-4a36-af7c-2efd3964200c",
                        "attributes": {
                            "id": "02da7b7b-7851-4a36-af7c-2efd3964200c",
                            "metric_name": "SecurityAutomationsBlacklistRule",
                            "name": "TR-WAF - Blacklist Rule",
                            "predicates.#": "1",
                            "predicates.2272957417.data_id": "66786e74-b9f2-409a-ba11-afc66450fbc7",
                            "predicates.2272957417.negated": "false",
                            "predicates.2272957417.type": "IPMatch"
                        },
                        "meta": {},
                        "tainted": false
                    },
                    "deposed": [],
                    "provider": "provider.aws"
                },
                "aws_waf_rule.WAFIPReputationListsRule1": {
                    "type": "aws_waf_rule",
                    "depends_on": [
                        "aws_waf_ipset.WAFReputationListsSet1"
                    ],
                    "primary": {
                        "id": "176b2e9b-d7f6-4547-a95a-366951d532f7",
                        "attributes": {
                            "id": "176b2e9b-d7f6-4547-a95a-366951d532f7",
                            "metric_name": "SecurityAutomationsIPReputationListsRule1",
                            "name": "TR-WAF - WAF IP Reputation Lists Rule #1",
                            "predicates.#": "1",
                            "predicates.1652940019.data_id": "a0d8d943-2f32-4f39-9097-ee1c74d11935",
                            "predicates.1652940019.negated": "false",
                            "predicates.1652940019.type": "IPMatch"
                        },
                        "meta": {},
                        "tainted": false
                    },
                    "deposed": [],
                    "provider": "provider.aws"
                },
                "aws_waf_rule.WAFIPReputationListsRule2": {
                    "type": "aws_waf_rule",
                    "depends_on": [
                        "aws_waf_ipset.WAFReputationListsSet2"
                    ],
                    "primary": {
                        "id": "79b7f424-3e34-40e6-a925-064bb7791930",
                        "attributes": {
                            "id": "79b7f424-3e34-40e6-a925-064bb7791930",
                            "metric_name": "SecurityAutomationsIPReputationListsRule2",
                            "name": "TR-WAF - WAF IP Reputation Lists Rule #2",
                            "predicates.#": "1",
                            "predicates.2068969800.data_id": "d99945a6-fc7f-4259-9aa5-aadc254d2555",
                            "predicates.2068969800.negated": "false",
                            "predicates.2068969800.type": "IPMatch"
                        },
                        "meta": {},
                        "tainted": false
                    },
                    "deposed": [],
                    "provider": "provider.aws"
                },
                "aws_waf_rule.WAFSqlInjectionRule": {
                    "type": "aws_waf_rule",
                    "depends_on": [
                        "aws_waf_sql_injection_match_set.WAFSqlInjectionDetection"
                    ],
                    "primary": {
                        "id": "46027756-fdbc-4293-9f2b-65395dc9dee4",
                        "attributes": {
                            "id": "46027756-fdbc-4293-9f2b-65395dc9dee4",
                            "metric_name": "SecurityAutomationsSqlInjectionRule",
                            "name": "TR-WAF - SQL Injection Rule",
                            "predicates.#": "1",
                            "predicates.1503195033.data_id": "3164c6c0-e969-47c5-8a9a-97201244999c",
                            "predicates.1503195033.negated": "false",
                            "predicates.1503195033.type": "SqlInjectionMatch"
                        },
                        "meta": {},
                        "tainted": false
                    },
                    "deposed": [],
                    "provider": "provider.aws"
                },
                "aws_waf_rule.WAFWhitelistRule": {
                    "type": "aws_waf_rule",
                    "depends_on": [
                        "aws_waf_ipset.WAFWhitelistSet"
                    ],
                    "primary": {
                        "id": "11e3a18b-7377-47f1-9646-679b2fe1aaf0",
                        "attributes": {
                            "id": "11e3a18b-7377-47f1-9646-679b2fe1aaf0",
                            "metric_name": "SecurityAutomationsWhitelistRule",
                            "name": "TR-WAF - Whitelist Rule",
                            "predicates.#": "1",
                            "predicates.3592279296.data_id": "aa51d72e-9c3b-4bf0-8d4f-1a4a0961c542",
                            "predicates.3592279296.negated": "false",
                            "predicates.3592279296.type": "IPMatch"
                        },
                        "meta": {},
                        "tainted": false
                    },
                    "deposed": [],
                    "provider": "provider.aws"
                },
                "aws_waf_rule.WAFXssRule": {
                    "type": "aws_waf_rule",
                    "depends_on": [
                        "aws_waf_xss_match_set.WAFXssDetection"
                    ],
                    "primary": {
                        "id": "cca82036-a53b-49d1-ae1d-23f5dbec92d4",
                        "attributes": {
                            "id": "cca82036-a53b-49d1-ae1d-23f5dbec92d4",
                            "metric_name": "SecurityAutomationsXssRule",
                            "name": "TR-WAF - XSS Rule",
                            "predicates.#": "1",
                            "predicates.3224818228.data_id": "95e62091-1853-4d39-84be-f1282f8b58cf",
                            "predicates.3224818228.negated": "false",
                            "predicates.3224818228.type": "XssMatch"
                        },
                        "meta": {},
                        "tainted": false
                    },
                    "deposed": [],
                    "provider": "provider.aws"
                },
                "aws_waf_sql_injection_match_set.WAFSqlInjectionDetection": {
                    "type": "aws_waf_sql_injection_match_set",
                    "depends_on": [],
                    "primary": {
                        "id": "3164c6c0-e969-47c5-8a9a-97201244999c",
                        "attributes": {
                            "id": "3164c6c0-e969-47c5-8a9a-97201244999c",
                            "name": "TR-WAF - SQL Injection Detection",
                            "sql_injection_match_tuples.#": "6",
                            "sql_injection_match_tuples.1884490744.field_to_match.#": "1",
                            "sql_injection_match_tuples.1884490744.field_to_match.1624177473.data": "none",
                            "sql_injection_match_tuples.1884490744.field_to_match.1624177473.type": "QUERY_STRING",
                            "sql_injection_match_tuples.1884490744.text_transformation": "HTML_ENTITY_DECODE",
                            "sql_injection_match_tuples.2322139836.field_to_match.#": "1",
                            "sql_injection_match_tuples.2322139836.field_to_match.666226349.data": "none",
                            "sql_injection_match_tuples.2322139836.field_to_match.666226349.type": "URI",
                            "sql_injection_match_tuples.2322139836.text_transformation": "URL_DECODE",
                            "sql_injection_match_tuples.2667873358.field_to_match.#": "1",
                            "sql_injection_match_tuples.2667873358.field_to_match.3840488084.data": "none",
                            "sql_injection_match_tuples.2667873358.field_to_match.3840488084.type": "BODY",
                            "sql_injection_match_tuples.2667873358.text_transformation": "HTML_ENTITY_DECODE",
                            "sql_injection_match_tuples.3210420527.field_to_match.#": "1",
                            "sql_injection_match_tuples.3210420527.field_to_match.3840488084.data": "none",
                            "sql_injection_match_tuples.3210420527.field_to_match.3840488084.type": "BODY",
                            "sql_injection_match_tuples.3210420527.text_transformation": "URL_DECODE",
                            "sql_injection_match_tuples.3552758634.field_to_match.#": "1",
                            "sql_injection_match_tuples.3552758634.field_to_match.666226349.data": "none",
                            "sql_injection_match_tuples.3552758634.field_to_match.666226349.type": "URI",
                            "sql_injection_match_tuples.3552758634.text_transformation": "HTML_ENTITY_DECODE",
                            "sql_injection_match_tuples.4056233540.field_to_match.#": "1",
                            "sql_injection_match_tuples.4056233540.field_to_match.1624177473.data": "none",
                            "sql_injection_match_tuples.4056233540.field_to_match.1624177473.type": "QUERY_STRING",
                            "sql_injection_match_tuples.4056233540.text_transformation": "URL_DECODE"
                        },
                        "meta": {},
                        "tainted": false
                    },
                    "deposed": [],
                    "provider": "provider.aws"
                },
                "aws_waf_web_acl.WAFWebACL": {
                    "type": "aws_waf_web_acl",
                    "depends_on": [
                        "aws_waf_rate_based_rule.BrokenAuthSessionManageRule",
                        "aws_waf_rule.WAFAutoBlockRule",
                        "aws_waf_rule.WAFBadBotRule",
                        "aws_waf_rule.WAFBlacklistRule",
                        "aws_waf_rule.WAFIPReputationListsRule1",
                        "aws_waf_rule.WAFIPReputationListsRule2",
                        "aws_waf_rule.WAFSqlInjectionRule",
                        "aws_waf_rule.WAFWhitelistRule",
                        "aws_waf_rule.WAFXssRule"
                    ],
                    "primary": {
                        "id": "b2e3e820-fbac-4113-a593-a7b9b37c787b",
                        "attributes": {
                            "default_action.#": "1",
                            "default_action.4234791575.type": "ALLOW",
                            "id": "b2e3e820-fbac-4113-a593-a7b9b37c787b",
                            "metric_name": "SecurityAutomationsMaliciousRequesters",
                            "name": "TR-WAF",
                            "rules.#": "9",
                            "rules.1188362162.action.#": "1",
                            "rules.1188362162.action.0.type": "BLOCK",
                            "rules.1188362162.override_action.#": "0",
                            "rules.1188362162.priority": "60",
                            "rules.1188362162.rule_id": "50901e5c-d169-4604-b471-0e7c013c60fc",
                            "rules.1188362162.type": "REGULAR",
                            "rules.2329790855.action.#": "1",
                            "rules.2329790855.action.0.type": "BLOCK",
                            "rules.2329790855.override_action.#": "0",
                            "rules.2329790855.priority": "80",
                            "rules.2329790855.rule_id": "cca82036-a53b-49d1-ae1d-23f5dbec92d4",
                            "rules.2329790855.type": "REGULAR",
                            "rules.2411316307.action.#": "1",
                            "rules.2411316307.action.0.type": "ALLOW",
                            "rules.2411316307.override_action.#": "0",
                            "rules.2411316307.priority": "10",
                            "rules.2411316307.rule_id": "11e3a18b-7377-47f1-9646-679b2fe1aaf0",
                            "rules.2411316307.type": "REGULAR",
                            "rules.2512649.action.#": "1",
                            "rules.2512649.action.0.type": "BLOCK",
                            "rules.2512649.override_action.#": "0",
                            "rules.2512649.priority": "90",
                            "rules.2512649.rule_id": "e6ab1a9a-ecbd-4047-a5a4-894552904f92",
                            "rules.2512649.type": "RATE_BASED",
                            "rules.3285597854.action.#": "1",
                            "rules.3285597854.action.0.type": "BLOCK",
                            "rules.3285597854.override_action.#": "0",
                            "rules.3285597854.priority": "70",
                            "rules.3285597854.rule_id": "46027756-fdbc-4293-9f2b-65395dc9dee4",
                            "rules.3285597854.type": "REGULAR",
                            "rules.3504061602.action.#": "1",
                            "rules.3504061602.action.0.type": "BLOCK",
                            "rules.3504061602.override_action.#": "0",
                            "rules.3504061602.priority": "50",
                            "rules.3504061602.rule_id": "79b7f424-3e34-40e6-a925-064bb7791930",
                            "rules.3504061602.type": "REGULAR",
                            "rules.386395043.action.#": "1",
                            "rules.386395043.action.0.type": "BLOCK",
                            "rules.386395043.override_action.#": "0",
                            "rules.386395043.priority": "40",
                            "rules.386395043.rule_id": "176b2e9b-d7f6-4547-a95a-366951d532f7",
                            "rules.386395043.type": "REGULAR",
                            "rules.3878085713.action.#": "1",
                            "rules.3878085713.action.0.type": "BLOCK",
                            "rules.3878085713.override_action.#": "0",
                            "rules.3878085713.priority": "30",
                            "rules.3878085713.rule_id": "cb87df66-2549-4957-b937-026c7eade1ae",
                            "rules.3878085713.type": "REGULAR",
                            "rules.486431371.action.#": "1",
                            "rules.486431371.action.0.type": "BLOCK",
                            "rules.486431371.override_action.#": "0",
                            "rules.486431371.priority": "20",
                            "rules.486431371.rule_id": "02da7b7b-7851-4a36-af7c-2efd3964200c",
                            "rules.486431371.type": "REGULAR"
                        },
                        "meta": {},
                        "tainted": false
                    },
                    "deposed": [],
                    "provider": "provider.aws"
                },
                "aws_waf_xss_match_set.WAFXssDetection": {
                    "type": "aws_waf_xss_match_set",
                    "depends_on": [],
                    "primary": {
                        "id": "95e62091-1853-4d39-84be-f1282f8b58cf",
                        "attributes": {
                            "id": "95e62091-1853-4d39-84be-f1282f8b58cf",
                            "name": "TR-WAF - XSS Detection Detection",
                            "xss_match_tuples.#": "6",
                            "xss_match_tuples.1884490744.field_to_match.#": "1",
                            "xss_match_tuples.1884490744.field_to_match.1624177473.data": "none",
                            "xss_match_tuples.1884490744.field_to_match.1624177473.type": "QUERY_STRING",
                            "xss_match_tuples.1884490744.text_transformation": "HTML_ENTITY_DECODE",
                            "xss_match_tuples.2322139836.field_to_match.#": "1",
                            "xss_match_tuples.2322139836.field_to_match.666226349.data": "none",
                            "xss_match_tuples.2322139836.field_to_match.666226349.type": "URI",
                            "xss_match_tuples.2322139836.text_transformation": "URL_DECODE",
                            "xss_match_tuples.2667873358.field_to_match.#": "1",
                            "xss_match_tuples.2667873358.field_to_match.3840488084.data": "none",
                            "xss_match_tuples.2667873358.field_to_match.3840488084.type": "BODY",
                            "xss_match_tuples.2667873358.text_transformation": "HTML_ENTITY_DECODE",
                            "xss_match_tuples.3210420527.field_to_match.#": "1",
                            "xss_match_tuples.3210420527.field_to_match.3840488084.data": "none",
                            "xss_match_tuples.3210420527.field_to_match.3840488084.type": "BODY",
                            "xss_match_tuples.3210420527.text_transformation": "URL_DECODE",
                            "xss_match_tuples.3552758634.field_to_match.#": "1",
                            "xss_match_tuples.3552758634.field_to_match.666226349.data": "none",
                            "xss_match_tuples.3552758634.field_to_match.666226349.type": "URI",
                            "xss_match_tuples.3552758634.text_transformation": "HTML_ENTITY_DECODE",
                            "xss_match_tuples.4056233540.field_to_match.#": "1",
                            "xss_match_tuples.4056233540.field_to_match.1624177473.data": "none",
                            "xss_match_tuples.4056233540.field_to_match.1624177473.type": "QUERY_STRING",
                            "xss_match_tuples.4056233540.text_transformation": "URL_DECODE"
                        },
                        "meta": {},
                        "tainted": false
                    },
                    "deposed": [],
                    "provider": "provider.aws"
                },
                "data.aws_caller_identity.current": {
                    "type": "aws_caller_identity",
                    "depends_on": [],
                    "primary": {
                        "id": "2019-01-15 15:56:27.887841 +0000 UTC",
                        "attributes": {
                            "account_id": "082894742960",
                            "arn": "arn:aws:iam::082894742960:user/eliu",
                            "id": "2019-01-15 15:56:27.887841 +0000 UTC",
                            "user_id": "AIDAJKLY5ONUAH7KHM5HE"
                        },
                        "meta": {},
                        "tainted": false
                    },
                    "deposed": [],
                    "provider": "provider.aws"
                }
            },
            "depends_on": []
        }
    ]
}
