{
    "version": 3,
    "terraform_version": "0.11.11",
    "serial": 59,
    "lineage": "81ebc3f6-62af-30a1-a485-922936fea493",
    "modules": [
        {
            "path": [
                "root"
            ],
            "outputs": {
                "account_id": {
                    "sensitive": false,
                    "type": "string",
                    "value": "082894742960"
                }
            },
            "resources": {
                "aws_api_gateway_deployment.ApiGatewayBadBotDeployment": {
                    "type": "aws_api_gateway_deployment",
                    "depends_on": [
                        "aws_api_gateway_integration.ApiGatewayBadBotIntegration",
                        "aws_api_gateway_method.ApiGatewayBadBotMethod",
                        "aws_api_gateway_rest_api.ApiGatewayBadBot"
                    ],
                    "primary": {
                        "id": "uw17v3",
                        "attributes": {
                            "created_date": "2019-01-11T21:23:33Z",
                            "description": "CloudFormation Deployment Stage",
                            "execution_arn": "arn:aws:execute-api:us-east-1:082894742960:ojtj54665k/CFDeploymentStage",
                            "id": "uw17v3",
                            "invoke_url": "https://ojtj54665k.execute-api.us-east-1.amazonaws.com/CFDeploymentStage",
                            "rest_api_id": "ojtj54665k",
                            "stage_name": "CFDeploymentStage"
                        },
                        "meta": {},
                        "tainted": false
                    },
                    "deposed": [],
                    "provider": "provider.aws"
                },
                "aws_api_gateway_deployment.ApiGatewayBadBotStage": {
                    "type": "aws_api_gateway_deployment",
                    "depends_on": [
                        "aws_api_gateway_integration.ApiGatewayBadBotIntegration",
                        "aws_api_gateway_method.ApiGatewayBadBotMethod",
                        "aws_api_gateway_rest_api.ApiGatewayBadBot"
                    ],
                    "primary": {
                        "id": "lsbjog",
                        "attributes": {
                            "created_date": "2019-01-11T21:23:31Z",
                            "description": "Production Stage",
                            "execution_arn": "arn:aws:execute-api:us-east-1:082894742960:ojtj54665k/ProdStage",
                            "id": "lsbjog",
                            "invoke_url": "https://ojtj54665k.execute-api.us-east-1.amazonaws.com/ProdStage",
                            "rest_api_id": "ojtj54665k",
                            "stage_name": "ProdStage"
                        },
                        "meta": {},
                        "tainted": false
                    },
                    "deposed": [],
                    "provider": "provider.aws"
                },
                "aws_api_gateway_integration.ApiGatewayBadBotIntegration": {
                    "type": "aws_api_gateway_integration",
                    "depends_on": [
                        "aws_api_gateway_method.ApiGatewayBadBotMethod",
                        "aws_api_gateway_resource.ApiGatewayBadBotResource",
                        "aws_api_gateway_rest_api.ApiGatewayBadBot",
                        "aws_lambda_function.LambdaWAFBadBotParserFunction",
                        "aws_waf_ipset.WAFBadBotSet"
                    ],
                    "primary": {
                        "id": "agi-ojtj54665k-a9upom-GET",
                        "attributes": {
                            "cache_key_parameters.#": "0",
                            "cache_namespace": "a9upom",
                            "connection_id": "",
                            "connection_type": "INTERNET",
                            "content_handling": "",
                            "credentials": "",
                            "http_method": "GET",
                            "id": "agi-ojtj54665k-a9upom-GET",
                            "integration_http_method": "POST",
                            "passthrough_behavior": "WHEN_NO_MATCH",
                            "request_parameters.%": "0",
                            "request_templates.%": "1",
                            "request_templates.application/json": "{\n    \"source_ip\" : \"$input.params('X-Forwarded-For')\",\n    \"user_agent\" : \"$input.params('User-Agent')\",\n    \"bad_bot_ip_set\" : \"2c44c5b5-3f1d-4198-879b-ebed9232e6ea\"\n}",
                            "resource_id": "a9upom",
                            "rest_api_id": "ojtj54665k",
                            "timeout_milliseconds": "29000",
                            "type": "AWS",
                            "uri": "arn:aws:apigateway:us-east-1:lambda:path/2015-03-31/functions/arn:aws:lambda:us-east-1:082894742960:function:tr-waf--LambdaWAFBadBotParserFunction-51258d68/invocations"
                        },
                        "meta": {},
                        "tainted": false
                    },
                    "deposed": [],
                    "provider": "provider.aws"
                },
                "aws_api_gateway_integration_response.ApiGatewayBadBotIntegrationResponse": {
                    "type": "aws_api_gateway_integration_response",
                    "depends_on": [
                        "aws_api_gateway_integration.ApiGatewayBadBotIntegration",
                        "aws_api_gateway_method_response.200",
                        "aws_api_gateway_resource.ApiGatewayBadBotResource",
                        "aws_api_gateway_rest_api.ApiGatewayBadBot"
                    ],
                    "primary": {
                        "id": "agir-ojtj54665k-a9upom-GET-200",
                        "attributes": {
                            "content_handling": "",
                            "http_method": "GET",
                            "id": "agir-ojtj54665k-a9upom-GET-200",
                            "resource_id": "a9upom",
                            "response_parameters.%": "0",
                            "response_templates.%": "1",
                            "response_templates.application/json": "",
                            "rest_api_id": "ojtj54665k",
                            "selection_pattern": "",
                            "status_code": "200"
                        },
                        "meta": {},
                        "tainted": false
                    },
                    "deposed": [],
                    "provider": "provider.aws"
                },
                "aws_api_gateway_method.ApiGatewayBadBotMethod": {
                    "type": "aws_api_gateway_method",
                    "depends_on": [
                        "aws_api_gateway_resource.ApiGatewayBadBotResource",
                        "aws_api_gateway_rest_api.ApiGatewayBadBot",
                        "aws_lambda_function.LambdaWAFBadBotParserFunction",
                        "aws_lambda_permission.LambdaInvokePermissionBadBot"
                    ],
                    "primary": {
                        "id": "agm-ojtj54665k-a9upom-GET",
                        "attributes": {
                            "api_key_required": "false",
                            "authorization": "NONE",
                            "authorization_scopes.#": "0",
                            "authorizer_id": "",
                            "http_method": "GET",
                            "id": "agm-ojtj54665k-a9upom-GET",
                            "request_models.%": "0",
                            "request_parameters.%": "1",
                            "request_parameters.method.request.header.X-Forwarded-For": "false",
                            "request_validator_id": "",
                            "resource_id": "a9upom",
                            "rest_api_id": "ojtj54665k"
                        },
                        "meta": {},
                        "tainted": false
                    },
                    "deposed": [],
                    "provider": "provider.aws"
                },
                "aws_api_gateway_method_response.200": {
                    "type": "aws_api_gateway_method_response",
                    "depends_on": [
                        "aws_api_gateway_method.ApiGatewayBadBotMethod",
                        "aws_api_gateway_resource.ApiGatewayBadBotResource",
                        "aws_api_gateway_rest_api.ApiGatewayBadBot"
                    ],
                    "primary": {
                        "id": "agmr-ojtj54665k-a9upom-GET-200",
                        "attributes": {
                            "http_method": "GET",
                            "id": "agmr-ojtj54665k-a9upom-GET-200",
                            "resource_id": "a9upom",
                            "response_models.%": "0",
                            "response_parameters.%": "0",
                            "rest_api_id": "ojtj54665k",
                            "status_code": "200"
                        },
                        "meta": {},
                        "tainted": false
                    },
                    "deposed": [],
                    "provider": "provider.aws"
                },
                "aws_api_gateway_resource.ApiGatewayBadBotResource": {
                    "type": "aws_api_gateway_resource",
                    "depends_on": [
                        "aws_api_gateway_rest_api.ApiGatewayBadBot"
                    ],
                    "primary": {
                        "id": "a9upom",
                        "attributes": {
                            "id": "a9upom",
                            "parent_id": "328lqa5ygd",
                            "path": "/waf",
                            "path_part": "waf",
                            "rest_api_id": "ojtj54665k"
                        },
                        "meta": {},
                        "tainted": false
                    },
                    "deposed": [],
                    "provider": "provider.aws"
                },
                "aws_api_gateway_rest_api.ApiGatewayBadBot": {
                    "type": "aws_api_gateway_rest_api",
                    "depends_on": [],
                    "primary": {
                        "id": "ojtj54665k",
                        "attributes": {
                            "api_key_source": "HEADER",
                            "binary_media_types.#": "0",
                            "created_date": "2019-01-08T18:44:42Z",
                            "description": "API created by AWS WAF Security Automations CloudFormation template. This endpoint will be used to capture bad bots.",
                            "endpoint_configuration.#": "1",
                            "endpoint_configuration.0.types.#": "1",
                            "endpoint_configuration.0.types.0": "EDGE",
                            "execution_arn": "arn:aws:execute-api:us-east-1:082894742960:ojtj54665k",
                            "id": "ojtj54665k",
                            "minimum_compression_size": "-1",
                            "name": "tr-waf- - Security Automations - WAF Bad Bot API",
                            "policy": "",
                            "root_resource_id": "328lqa5ygd"
                        },
                        "meta": {},
                        "tainted": false
                    },
                    "deposed": [],
                    "provider": "provider.aws"
                },
                "aws_cloudwatch_event_rule.LambdaWAFReputationListsParserEventsRule": {
                    "type": "aws_cloudwatch_event_rule",
                    "depends_on": [
                        "aws_lambda_function.LambdaWAFReputationListsParserFunction",
                        "aws_waf_ipset.WAFReputationListsSet1",
                        "aws_waf_ipset.WAFReputationListsSet2"
                    ],
                    "primary": {
                        "id": "tr-waf--LambdaWAFReputationListsParserEventsRule",
                        "attributes": {
                            "arn": "arn:aws:events:us-east-1:082894742960:rule/tr-waf--LambdaWAFReputationListsParserEventsRule",
                            "description": "Security Automations - WAF Reputation Lists",
                            "id": "tr-waf--LambdaWAFReputationListsParserEventsRule",
                            "is_enabled": "true",
                            "name": "tr-waf--LambdaWAFReputationListsParserEventsRule",
                            "role_arn": "",
                            "schedule_expression": "rate(1 hour)"
                        },
                        "meta": {},
                        "tainted": false
                    },
                    "deposed": [],
                    "provider": "provider.aws"
                },
                "aws_cloudwatch_event_target.LambdaWAFReputationListsParserEventsRuleTarget": {
                    "type": "aws_cloudwatch_event_target",
                    "depends_on": [
                        "aws_cloudwatch_event_rule.LambdaWAFReputationListsParserEventsRule",
                        "aws_lambda_function.LambdaWAFReputationListsParserFunction",
                        "aws_waf_ipset.WAFReputationListsSet1",
                        "aws_waf_ipset.WAFReputationListsSet2"
                    ],
                    "primary": {
                        "id": "tr-waf--LambdaWAFReputationListsParserEventsRule-tr-waf--LambdaWAFReputationListsParserFunction-6f54880c",
                        "attributes": {
                            "arn": "arn:aws:lambda:us-east-1:082894742960:function:tr-waf--LambdaWAFReputationListsParserFunction-6f54880c",
                            "id": "tr-waf--LambdaWAFReputationListsParserEventsRule-tr-waf--LambdaWAFReputationListsParserFunction-6f54880c",
                            "input": "{\"lists\":[{\"url\":\"https://www.spamhaus.org/drop/drop.txt\"},{\"url\":\"https://check.torproject.org/exit-addresses\",\"prefix\":\"ExitAddress \"},{\"url\":\"https://rules.emergingthreats.net/fwrules/emerging-Block-IPs.txt\"}],\"ipSetIds\": [\"a0d8d943-2f32-4f39-9097-ee1c74d11935\",\"d99945a6-fc7f-4259-9aa5-aadc254d2555\"]}",
                            "input_path": "",
                            "role_arn": "",
                            "rule": "tr-waf--LambdaWAFReputationListsParserEventsRule",
                            "target_id": "tr-waf--LambdaWAFReputationListsParserFunction-6f54880c"
                        },
                        "meta": {},
                        "tainted": false
                    },
                    "deposed": [],
                    "provider": "provider.aws"
                },
                "aws_cloudwatch_metric_alarm.cw-autoblock-rule": {
                    "type": "aws_cloudwatch_metric_alarm",
                    "depends_on": [
                        "aws_sns_topic.Alert_CW_WAF_Rule"
                    ],
                    "primary": {
                        "id": "AutoBlockRule Alarm",
                        "attributes": {
                            "actions_enabled": "true",
                            "alarm_actions.#": "1",
                            "alarm_actions.2387737724": "arn:aws:sns:us-east-1:082894742960:Alert_CW_WAF_Rule",
                            "alarm_description": "This metric measure the amount of hits from the WAF for ips listed on the AutoBlock Rule",
                            "alarm_name": "AutoBlockRule Alarm",
                            "arn": "arn:aws:cloudwatch:us-east-1:082894742960:alarm:AutoBlockRule Alarm",
                            "comparison_operator": "GreaterThanOrEqualToThreshold",
                            "datapoints_to_alarm": "0",
                            "dimensions.%": "0",
                            "evaluate_low_sample_count_percentiles": "",
                            "evaluation_periods": "1",
                            "extended_statistic": "",
                            "id": "AutoBlockRule Alarm",
                            "insufficient_data_actions.#": "0",
                            "metric_name": "AutoBlockRule",
                            "namespace": "AWS/WAF",
                            "ok_actions.#": "0",
                            "period": "86400",
                            "statistic": "SampleCount",
                            "threshold": "5",
                            "treat_missing_data": "missing",
                            "unit": ""
                        },
                        "meta": {
                            "schema_version": "1"
                        },
                        "tainted": false
                    },
                    "deposed": [],
                    "provider": "provider.aws"
                },
                "aws_cloudwatch_metric_alarm.cw-badbot-rule": {
                    "type": "aws_cloudwatch_metric_alarm",
                    "depends_on": [
                        "aws_sns_topic.Alert_CW_WAF_Rule"
                    ],
                    "primary": {
                        "id": "Bad Bot Rule Alarm",
                        "attributes": {
                            "actions_enabled": "true",
                            "alarm_actions.#": "1",
                            "alarm_actions.2387737724": "arn:aws:sns:us-east-1:082894742960:Alert_CW_WAF_Rule",
                            "alarm_description": "This metric measure the amount of hits from the WAF for ips listed on the BadBot Rule",
                            "alarm_name": "Bad Bot Rule Alarm",
                            "arn": "arn:aws:cloudwatch:us-east-1:082894742960:alarm:Bad Bot Rule Alarm",
                            "comparison_operator": "GreaterThanOrEqualToThreshold",
                            "datapoints_to_alarm": "0",
                            "dimensions.%": "0",
                            "evaluate_low_sample_count_percentiles": "",
                            "evaluation_periods": "1",
                            "extended_statistic": "",
                            "id": "Bad Bot Rule Alarm",
                            "insufficient_data_actions.#": "0",
                            "metric_name": "BadBotRule",
                            "namespace": "AWS/WAF",
                            "ok_actions.#": "0",
                            "period": "86400",
                            "statistic": "SampleCount",
                            "threshold": "5",
                            "treat_missing_data": "missing",
                            "unit": ""
                        },
                        "meta": {
                            "schema_version": "1"
                        },
                        "tainted": false
                    },
                    "deposed": [],
                    "provider": "provider.aws"
                },
                "aws_cloudwatch_metric_alarm.cw-http-flood": {
                    "type": "aws_cloudwatch_metric_alarm",
                    "depends_on": [
                        "aws_sns_topic.Alert_CW_WAF_Rule"
                    ],
                    "primary": {
                        "id": "HTTP Flood Alarm",
                        "attributes": {
                            "actions_enabled": "true",
                            "alarm_actions.#": "1",
                            "alarm_actions.2387737724": "arn:aws:sns:us-east-1:082894742960:Alert_CW_WAF_Rule",
                            "alarm_description": "This metric measure the amount of hits from the WAF for ips listed on the XSS Rule",
                            "alarm_name": "HTTP Flood Alarm",
                            "arn": "arn:aws:cloudwatch:us-east-1:082894742960:alarm:HTTP Flood Alarm",
                            "comparison_operator": "GreaterThanOrEqualToThreshold",
                            "datapoints_to_alarm": "0",
                            "dimensions.%": "0",
                            "evaluate_low_sample_count_percentiles": "",
                            "evaluation_periods": "1",
                            "extended_statistic": "",
                            "id": "HTTP Flood Alarm",
                            "insufficient_data_actions.#": "0",
                            "metric_name": "AllowedRequests",
                            "namespace": "AWS/WAF",
                            "ok_actions.#": "0",
                            "period": "300",
                            "statistic": "SampleCount",
                            "threshold": "2000",
                            "treat_missing_data": "missing",
                            "unit": ""
                        },
                        "meta": {
                            "schema_version": "1"
                        },
                        "tainted": false
                    },
                    "deposed": [],
                    "provider": "provider.aws"
                },
                "aws_cloudwatch_metric_alarm.cw-ipreplist1-rule": {
                    "type": "aws_cloudwatch_metric_alarm",
                    "depends_on": [
                        "aws_sns_topic.Alert_CW_WAF_Rule"
                    ],
                    "primary": {
                        "id": "IP Reputation List 1 Rule Alarm",
                        "attributes": {
                            "actions_enabled": "true",
                            "alarm_actions.#": "1",
                            "alarm_actions.2387737724": "arn:aws:sns:us-east-1:082894742960:Alert_CW_WAF_Rule",
                            "alarm_description": "This metric measure the amount of hits from the WAF for ips listed on the IP Reputation List 1 Rule",
                            "alarm_name": "IP Reputation List 1 Rule Alarm",
                            "arn": "arn:aws:cloudwatch:us-east-1:082894742960:alarm:IP Reputation List 1 Rule Alarm",
                            "comparison_operator": "GreaterThanOrEqualToThreshold",
                            "datapoints_to_alarm": "0",
                            "dimensions.%": "0",
                            "evaluate_low_sample_count_percentiles": "",
                            "evaluation_periods": "5",
                            "extended_statistic": "",
                            "id": "IP Reputation List 1 Rule Alarm",
                            "insufficient_data_actions.#": "0",
                            "metric_name": "IPReputationList1",
                            "namespace": "AWS/WAF",
                            "ok_actions.#": "0",
                            "period": "60",
                            "statistic": "SampleCount",
                            "threshold": "5",
                            "treat_missing_data": "missing",
                            "unit": ""
                        },
                        "meta": {
                            "schema_version": "1"
                        },
                        "tainted": false
                    },
                    "deposed": [],
                    "provider": "provider.aws"
                },
                "aws_cloudwatch_metric_alarm.cw-ipreplist2-rule": {
                    "type": "aws_cloudwatch_metric_alarm",
                    "depends_on": [
                        "aws_sns_topic.Alert_CW_WAF_Rule"
                    ],
                    "primary": {
                        "id": "IP Reputation List 2 Rule Alarm",
                        "attributes": {
                            "actions_enabled": "true",
                            "alarm_actions.#": "1",
                            "alarm_actions.2387737724": "arn:aws:sns:us-east-1:082894742960:Alert_CW_WAF_Rule",
                            "alarm_description": "This metric measure the amount of hits from the WAF for ips listed on the IP Reputation List 2 Rule",
                            "alarm_name": "IP Reputation List 2 Rule Alarm",
                            "arn": "arn:aws:cloudwatch:us-east-1:082894742960:alarm:IP Reputation List 2 Rule Alarm",
                            "comparison_operator": "GreaterThanOrEqualToThreshold",
                            "datapoints_to_alarm": "0",
                            "dimensions.%": "0",
                            "evaluate_low_sample_count_percentiles": "",
                            "evaluation_periods": "5",
                            "extended_statistic": "",
                            "id": "IP Reputation List 2 Rule Alarm",
                            "insufficient_data_actions.#": "0",
                            "metric_name": "IPReputationList2",
                            "namespace": "AWS/WAF",
                            "ok_actions.#": "0",
                            "period": "60",
                            "statistic": "SampleCount",
                            "threshold": "5",
                            "treat_missing_data": "missing",
                            "unit": ""
                        },
                        "meta": {
                            "schema_version": "1"
                        },
                        "tainted": false
                    },
                    "deposed": [],
                    "provider": "provider.aws"
                },
                "aws_cloudwatch_metric_alarm.cw-sqlinjection-rule": {
                    "type": "aws_cloudwatch_metric_alarm",
                    "depends_on": [
                        "aws_sns_topic.Alert_CW_WAF_Rule"
                    ],
                    "primary": {
                        "id": "SQL Injection Rule Alarm",
                        "attributes": {
                            "actions_enabled": "true",
                            "alarm_actions.#": "1",
                            "alarm_actions.2387737724": "arn:aws:sns:us-east-1:082894742960:Alert_CW_WAF_Rule",
                            "alarm_description": "This metric measure the amount of hits from the WAF for ips listed on the SQL Injection Rule",
                            "alarm_name": "SQL Injection Rule Alarm",
                            "arn": "arn:aws:cloudwatch:us-east-1:082894742960:alarm:SQL Injection Rule Alarm",
                            "comparison_operator": "GreaterThanOrEqualToThreshold",
                            "datapoints_to_alarm": "0",
                            "dimensions.%": "0",
                            "evaluate_low_sample_count_percentiles": "",
                            "evaluation_periods": "1",
                            "extended_statistic": "",
                            "id": "SQL Injection Rule Alarm",
                            "insufficient_data_actions.#": "0",
                            "metric_name": "SQLInjectionRule",
                            "namespace": "AWS/WAF",
                            "ok_actions.#": "0",
                            "period": "86400",
                            "statistic": "SampleCount",
                            "threshold": "5",
                            "treat_missing_data": "missing",
                            "unit": ""
                        },
                        "meta": {
                            "schema_version": "1"
                        },
                        "tainted": false
                    },
                    "deposed": [],
                    "provider": "provider.aws"
                },
                "aws_cloudwatch_metric_alarm.cw-xss-rule": {
                    "type": "aws_cloudwatch_metric_alarm",
                    "depends_on": [
                        "aws_sns_topic.Alert_CW_WAF_Rule"
                    ],
                    "primary": {
                        "id": "XSS Rule Alarm",
                        "attributes": {
                            "actions_enabled": "true",
                            "alarm_actions.#": "1",
                            "alarm_actions.2387737724": "arn:aws:sns:us-east-1:082894742960:Alert_CW_WAF_Rule",
                            "alarm_description": "This metric measure the amount of hits from the WAF for ips listed on the XSS Rule",
                            "alarm_name": "XSS Rule Alarm",
                            "arn": "arn:aws:cloudwatch:us-east-1:082894742960:alarm:XSS Rule Alarm",
                            "comparison_operator": "GreaterThanOrEqualToThreshold",
                            "datapoints_to_alarm": "0",
                            "dimensions.%": "0",
                            "evaluate_low_sample_count_percentiles": "",
                            "evaluation_periods": "1",
                            "extended_statistic": "",
                            "id": "XSS Rule Alarm",
                            "insufficient_data_actions.#": "0",
                            "metric_name": "XSSRule",
                            "namespace": "AWS/WAF",
                            "ok_actions.#": "0",
                            "period": "86400",
                            "statistic": "SampleCount",
                            "threshold": "5",
                            "treat_missing_data": "missing",
                            "unit": ""
                        },
                        "meta": {
                            "schema_version": "1"
                        },
                        "tainted": false
                    },
                    "deposed": [],
                    "provider": "provider.aws"
                },
                "aws_cloudwatch_metric_alarm.cw_blacklistrule": {
                    "type": "aws_cloudwatch_metric_alarm",
                    "depends_on": [
                        "aws_sns_topic.Alert_CW_WAF_Rule"
                    ],
                    "primary": {
                        "id": "Blacklist Rule Alarm",
                        "attributes": {
                            "actions_enabled": "true",
                            "alarm_actions.#": "1",
                            "alarm_actions.2387737724": "arn:aws:sns:us-east-1:082894742960:Alert_CW_WAF_Rule",
                            "alarm_description": "This metric measure the amount of hits from the WAF for ips listed on the blacklist",
                            "alarm_name": "Blacklist Rule Alarm",
                            "arn": "arn:aws:cloudwatch:us-east-1:082894742960:alarm:Blacklist Rule Alarm",
                            "comparison_operator": "GreaterThanOrEqualToThreshold",
                            "datapoints_to_alarm": "0",
                            "dimensions.%": "0",
                            "evaluate_low_sample_count_percentiles": "",
                            "evaluation_periods": "5",
                            "extended_statistic": "",
                            "id": "Blacklist Rule Alarm",
                            "insufficient_data_actions.#": "0",
                            "metric_name": "BlacklistRule",
                            "namespace": "AWS/WAF",
                            "ok_actions.#": "0",
                            "period": "60",
                            "statistic": "SampleCount",
                            "threshold": "5",
                            "treat_missing_data": "missing",
                            "unit": ""
                        },
                        "meta": {
                            "schema_version": "1"
                        },
                        "tainted": false
                    },
                    "deposed": [],
                    "provider": "provider.aws"
                },
                "aws_iam_role.LambdaRoleBadBot": {
                    "type": "aws_iam_role",
                    "depends_on": [],
                    "primary": {
                        "id": "tr-waf--LambdaRoleBadBot",
                        "attributes": {
                            "arn": "arn:aws:iam::082894742960:role/tr-waf--LambdaRoleBadBot",
                            "assume_role_policy": "{\"Version\":\"2012-10-17\",\"Statement\":[{\"Sid\":\"\",\"Effect\":\"Allow\",\"Principal\":{\"Service\":\"lambda.amazonaws.com\"},\"Action\":\"sts:AssumeRole\"}]}",
                            "create_date": "2019-01-16T21:42:21Z",
                            "description": "",
                            "force_detach_policies": "false",
                            "id": "tr-waf--LambdaRoleBadBot",
                            "max_session_duration": "3600",
                            "name": "tr-waf--LambdaRoleBadBot",
                            "path": "/",
                            "tags.%": "0",
                            "unique_id": "AROAI4CMRQSBIY6BS6IDA"
                        },
                        "meta": {},
                        "tainted": false
                    },
                    "deposed": [],
                    "provider": "provider.aws"
                },
                "aws_iam_role.LambdaRoleCustomResource": {
                    "type": "aws_iam_role",
                    "depends_on": [],
                    "primary": {
                        "id": "tr-waf--LambdaRoleCustomResource",
                        "attributes": {
                            "arn": "arn:aws:iam::082894742960:role/tr-waf--LambdaRoleCustomResource",
                            "assume_role_policy": "{\"Version\":\"2012-10-17\",\"Statement\":[{\"Sid\":\"\",\"Effect\":\"Allow\",\"Principal\":{\"Service\":\"lambda.amazonaws.com\"},\"Action\":\"sts:AssumeRole\"}]}",
                            "create_date": "2019-01-16T21:42:21Z",
                            "description": "",
                            "force_detach_policies": "false",
                            "id": "tr-waf--LambdaRoleCustomResource",
                            "max_session_duration": "3600",
                            "name": "tr-waf--LambdaRoleCustomResource",
                            "path": "/",
                            "tags.%": "0",
                            "unique_id": "AROAIOE6YTCBQ3CIWQ7YE"
                        },
                        "meta": {},
                        "tainted": false
                    },
                    "deposed": [],
                    "provider": "provider.aws"
                },
                "aws_iam_role.LambdaRoleLogParser": {
                    "type": "aws_iam_role",
                    "depends_on": [],
                    "primary": {
                        "id": "tr-waf--LambdaRoleLogParser",
                        "attributes": {
                            "arn": "arn:aws:iam::082894742960:role/tr-waf--LambdaRoleLogParser",
                            "assume_role_policy": "{\"Version\":\"2012-10-17\",\"Statement\":[{\"Sid\":\"\",\"Effect\":\"Allow\",\"Principal\":{\"Service\":\"lambda.amazonaws.com\"},\"Action\":\"sts:AssumeRole\"}]}",
                            "create_date": "2019-01-16T21:42:21Z",
                            "description": "",
                            "force_detach_policies": "false",
                            "id": "tr-waf--LambdaRoleLogParser",
                            "max_session_duration": "3600",
                            "name": "tr-waf--LambdaRoleLogParser",
                            "path": "/",
                            "tags.%": "0",
                            "unique_id": "AROAI4TGAREM5KMWAANLA"
                        },
                        "meta": {},
                        "tainted": false
                    },
                    "deposed": [],
                    "provider": "provider.aws"
                },
                "aws_iam_role.LambdaRoleReputationListsParser": {
                    "type": "aws_iam_role",
                    "depends_on": [],
                    "primary": {
                        "id": "tr-waf--LambdaRoleReputationListsParser",
                        "attributes": {
                            "arn": "arn:aws:iam::082894742960:role/tr-waf--LambdaRoleReputationListsParser",
                            "assume_role_policy": "{\"Version\":\"2012-10-17\",\"Statement\":[{\"Sid\":\"\",\"Effect\":\"Allow\",\"Principal\":{\"Service\":\"lambda.amazonaws.com\"},\"Action\":\"sts:AssumeRole\"}]}",
                            "create_date": "2019-01-16T21:42:23Z",
                            "description": "",
                            "force_detach_policies": "false",
                            "id": "tr-waf--LambdaRoleReputationListsParser",
                            "max_session_duration": "3600",
                            "name": "tr-waf--LambdaRoleReputationListsParser",
                            "path": "/",
                            "tags.%": "0",
                            "unique_id": "AROAJAMG5VMMO4224GLLY"
                        },
                        "meta": {},
                        "tainted": false
                    },
                    "deposed": [],
                    "provider": "provider.aws"
                },
                "aws_iam_role.SolutionHelperRole": {
                    "type": "aws_iam_role",
                    "depends_on": [],
                    "primary": {
                        "id": "tr-waf--SolutionHelperRole",
                        "attributes": {
                            "arn": "arn:aws:iam::082894742960:role/tr-waf--SolutionHelperRole",
                            "assume_role_policy": "{\"Version\":\"2012-10-17\",\"Statement\":[{\"Sid\":\"\",\"Effect\":\"Allow\",\"Principal\":{\"Service\":\"lambda.amazonaws.com\"},\"Action\":\"sts:AssumeRole\"}]}",
                            "create_date": "2019-01-16T21:42:21Z",
                            "description": "",
                            "force_detach_policies": "false",
                            "id": "tr-waf--SolutionHelperRole",
                            "max_session_duration": "3600",
                            "name": "tr-waf--SolutionHelperRole",
                            "path": "/",
                            "tags.%": "0",
                            "unique_id": "AROAITYN332TR42YGXTDE"
                        },
                        "meta": {},
                        "tainted": false
                    },
                    "deposed": [],
                    "provider": "provider.aws"
                },
                "aws_iam_role.waf_kinesis_firehose_role": {
                    "type": "aws_iam_role",
                    "depends_on": [],
                    "primary": {
                        "id": "tr-waf-kinesis-role-dev",
                        "attributes": {
                            "arn": "arn:aws:iam::082894742960:role/tr-waf-kinesis-role-dev",
                            "assume_role_policy": "{\"Version\":\"2012-10-17\",\"Statement\":[{\"Effect\":\"Allow\",\"Principal\":{\"Service\":\"firehose.amazonaws.com\"},\"Action\":\"sts:AssumeRole\"}]}",
                            "create_date": "2019-01-08T19:17:33Z",
                            "description": "Allows Kinesis Firehose to transform and deliver data to your destinations using CloudWatch Logs, Lambda, and S3 on your behalf.",
                            "force_detach_policies": "false",
                            "id": "tr-waf-kinesis-role-dev",
                            "max_session_duration": "3600",
                            "name": "tr-waf-kinesis-role-dev",
                            "path": "/",
                            "tags.%": "0",
                            "unique_id": "AROAI5BVIEWSXQWLOSCCY"
                        },
                        "meta": {},
                        "tainted": false
                    },
                    "deposed": [],
                    "provider": "provider.aws"
                },
                "aws_iam_role_policy.LambdaRoleBadBotCloudWatchAccess": {
                    "type": "aws_iam_role_policy",
                    "depends_on": [
                        "aws_iam_role.LambdaRoleBadBot"
                    ],
                    "primary": {
                        "id": "tr-waf--LambdaRoleBadBot:tr-waf--LambdaRoleBadBotCloudWatchAccess",
                        "attributes": {
                            "id": "tr-waf--LambdaRoleBadBot:tr-waf--LambdaRoleBadBotCloudWatchAccess",
                            "name": "tr-waf--LambdaRoleBadBotCloudWatchAccess",
                            "policy": "{\n  \"Version\": \"2012-10-17\",\n  \"Statement\": [\n    {\n      \"Action\": \"cloudwatch:GetMetricStatistics\",\n      \"Effect\": \"Allow\",\n      \"Resource\": [\n        \"*\"\n      ]\n    }\n  ]\n}\n",
                            "role": "tr-waf--LambdaRoleBadBot"
                        },
                        "meta": {},
                        "tainted": false
                    },
                    "deposed": [],
                    "provider": "provider.aws"
                },
                "aws_iam_role_policy.LambdaRoleBadBotLogsAccess": {
                    "type": "aws_iam_role_policy",
                    "depends_on": [
                        "aws_iam_role.LambdaRoleBadBot"
                    ],
                    "primary": {
                        "id": "tr-waf--LambdaRoleBadBot:tr-waf--LambdaRoleBadBotLogsAccess",
                        "attributes": {
                            "id": "tr-waf--LambdaRoleBadBot:tr-waf--LambdaRoleBadBotLogsAccess",
                            "name": "tr-waf--LambdaRoleBadBotLogsAccess",
                            "policy": "{\n  \"Version\": \"2012-10-17\",\n  \"Statement\": [\n    {\n      \"Action\": [\n        \"logs:CreateLogGroup\",\n        \"logs:CreateLogStream\",\n        \"logs:PutLogEvents\"\n      ],\n      \"Effect\": \"Allow\",\n      \"Resource\": [\n        \"arn:aws:logs:*:*:*\"\n      ]\n    }\n  ]\n}\n",
                            "role": "tr-waf--LambdaRoleBadBot"
                        },
                        "meta": {},
                        "tainted": false
                    },
                    "deposed": [],
                    "provider": "provider.aws"
                },
                "aws_iam_role_policy.LambdaRoleBadBotWAFGetAndUpdateIPSet": {
                    "type": "aws_iam_role_policy",
                    "depends_on": [
                        "aws_iam_role.LambdaRoleBadBot",
                        "aws_waf_ipset.WAFBadBotSet",
                        "data.aws_caller_identity.current"
                    ],
                    "primary": {
                        "id": "tr-waf--LambdaRoleBadBot:tr-waf--LambdaRoleBadBotWAFGetAndUpdateIPSet",
                        "attributes": {
                            "id": "tr-waf--LambdaRoleBadBot:tr-waf--LambdaRoleBadBotWAFGetAndUpdateIPSet",
                            "name": "tr-waf--LambdaRoleBadBotWAFGetAndUpdateIPSet",
                            "policy": "{\n  \"Statement\": [\n    {\n      \"Action\": [\n        \"waf:GetIPSet\",\n        \"waf:UpdateIPSet\"\n      ],\n      \"Effect\": \"Allow\",\n      \"Resource\": [\n        \"arn:aws:waf::082894742960:ipset/2c44c5b5-3f1d-4198-879b-ebed9232e6ea\"\n      ]\n    }\n  ]\n}\n",
                            "role": "tr-waf--LambdaRoleBadBot"
                        },
                        "meta": {},
                        "tainted": false
                    },
                    "deposed": [],
                    "provider": "provider.aws"
                },
                "aws_iam_role_policy.LambdaRoleBadBotWAFGetChangeToken": {
                    "type": "aws_iam_role_policy",
                    "depends_on": [
                        "aws_iam_role.LambdaRoleBadBot"
                    ],
                    "primary": {
                        "id": "tr-waf--LambdaRoleBadBot:tr-waf--LambdaRoleBadBotWAFGetChangeToken",
                        "attributes": {
                            "id": "tr-waf--LambdaRoleBadBot:tr-waf--LambdaRoleBadBotWAFGetChangeToken",
                            "name": "tr-waf--LambdaRoleBadBotWAFGetChangeToken",
                            "policy": "{\n  \"Statement\": [\n    {\n      \"Action\": [\n        \"waf:GetChangeToken\"\n      ],\n      \"Effect\": \"Allow\",\n      \"Resource\": [\n        \"*\"\n      ]\n    }\n  ]\n}\n",
                            "role": "tr-waf--LambdaRoleBadBot"
                        },
                        "meta": {},
                        "tainted": false
                    },
                    "deposed": [],
                    "provider": "provider.aws"
                },
                "aws_iam_role_policy.LambdaRoleCustomResourceLambdaAccess": {
                    "type": "aws_iam_role_policy",
                    "depends_on": [
                        "aws_iam_role.LambdaRoleCustomResource",
                        "data.aws_caller_identity.current"
                    ],
                    "primary": {
                        "id": "tr-waf--LambdaRoleCustomResource:tr-waf--LambdaRoleCustomResourceLambdaAccess",
                        "attributes": {
                            "id": "tr-waf--LambdaRoleCustomResource:tr-waf--LambdaRoleCustomResourceLambdaAccess",
                            "name": "tr-waf--LambdaRoleCustomResourceLambdaAccess",
                            "policy": "{\n  \"Version\": \"2012-10-17\",\n  \"Statement\": [\n    {\n      \"Action\": \"lambda:InvokeFunction\",\n      \"Effect\": \"Allow\",\n      \"Resource\": [\n        \"arn:aws:lambda:us-east-1:082894742960:function:*\"\n      ]\n    }\n  ]\n}\n",
                            "role": "tr-waf--LambdaRoleCustomResource"
                        },
                        "meta": {},
                        "tainted": false
                    },
                    "deposed": [],
                    "provider": "provider.aws"
                },
                "aws_iam_role_policy.LambdaRoleCustomResourceLogsAccess": {
                    "type": "aws_iam_role_policy",
                    "depends_on": [
                        "aws_iam_role.LambdaRoleCustomResource"
                    ],
                    "primary": {
                        "id": "tr-waf--LambdaRoleCustomResource:tr-waf--LambdaRoleCustomResourceLogsAccess",
                        "attributes": {
                            "id": "tr-waf--LambdaRoleCustomResource:tr-waf--LambdaRoleCustomResourceLogsAccess",
                            "name": "tr-waf--LambdaRoleCustomResourceLogsAccess",
                            "policy": "{\n  \"Version\": \"2012-10-17\",\n  \"Statement\": [\n    {\n      \"Action\": [\n        \"logs:CreateLogGroup\",\n        \"logs:CreateLogStream\",\n        \"logs:PutLogEvents\"\n      ],\n      \"Effect\": \"Allow\",\n      \"Resource\": [\n        \"arn:aws:logs:*:*:*\"\n      ]\n    }\n  ]\n}\n",
                            "role": "tr-waf--LambdaRoleCustomResource"
                        },
                        "meta": {},
                        "tainted": false
                    },
                    "deposed": [],
                    "provider": "provider.aws"
                },
                "aws_iam_role_policy.LambdaRoleCustomResourceS3Access": {
                    "type": "aws_iam_role_policy",
                    "depends_on": [
                        "aws_iam_role.LambdaRoleCustomResource"
                    ],
                    "primary": {
                        "id": "tr-waf--LambdaRoleCustomResource:tr-waf--LambdaRoleCustomResourceS3Access",
                        "attributes": {
                            "id": "tr-waf--LambdaRoleCustomResource:tr-waf--LambdaRoleCustomResourceS3Access",
                            "name": "tr-waf--LambdaRoleCustomResourceS3Access",
                            "policy": "{\n  \"Version\": \"2012-10-17\",\n  \"Statement\": [\n    {\n      \"Action\": [\n        \"s3:CreateBucket\",\n        \"s3:GetBucketLocation\",\n        \"s3:GetBucketNotification\",\n        \"s3:GetObject\",\n        \"s3:ListBucket\",\n        \"s3:PutBucketNotification\"\n      ],\n      \"Effect\": \"Allow\",\n      \"Resource\": [\n        \"arn:aws:s3:::tr-aws-waf-cloudfront\"\n      ]\n    }\n  ]\n}\n",
                            "role": "tr-waf--LambdaRoleCustomResource"
                        },
                        "meta": {},
                        "tainted": false
                    },
                    "deposed": [],
                    "provider": "provider.aws"
                },
                "aws_iam_role_policy.LambdaRoleCustomResourceWAFAccess": {
                    "type": "aws_iam_role_policy",
                    "depends_on": [
                        "aws_iam_role.LambdaRoleCustomResource",
                        "aws_waf_web_acl.WAFWebACL",
                        "data.aws_caller_identity.current"
                    ],
                    "primary": {
                        "id": "tr-waf--LambdaRoleCustomResource:tr-waf--LambdaRoleCustomResourceWAFAccess",
                        "attributes": {
                            "id": "tr-waf--LambdaRoleCustomResource:tr-waf--LambdaRoleCustomResourceWAFAccess",
                            "name": "tr-waf--LambdaRoleCustomResourceWAFAccess",
                            "policy": "{\n  \"Version\": \"2012-10-17\",\n  \"Statement\": [\n    {\n      \"Action\": [\n        \"waf:GetWebACL\",\n        \"waf:UpdateWebACL\"\n      ],\n      \"Effect\": \"Allow\",\n      \"Resource\": [\n        \"arn:aws:waf::082894742960:webacl/b2e3e820-fbac-4113-a593-a7b9b37c787b\"\n      ]\n    }\n  ]\n}\n",
                            "role": "tr-waf--LambdaRoleCustomResource"
                        },
                        "meta": {},
                        "tainted": false
                    },
                    "deposed": [],
                    "provider": "provider.aws"
                },
                "aws_iam_role_policy.LambdaRoleCustomResourceWAFGetChangeToken": {
                    "type": "aws_iam_role_policy",
                    "depends_on": [
                        "aws_iam_role.LambdaRoleCustomResource"
                    ],
                    "primary": {
                        "id": "tr-waf--LambdaRoleCustomResource:tr-waf--LambdaRoleCustomResourceWAFGetChangeToken",
                        "attributes": {
                            "id": "tr-waf--LambdaRoleCustomResource:tr-waf--LambdaRoleCustomResourceWAFGetChangeToken",
                            "name": "tr-waf--LambdaRoleCustomResourceWAFGetChangeToken",
                            "policy": "{\n  \"Statement\": [\n    {\n      \"Action\": [\n        \"waf:GetChangeToken\"\n      ],\n      \"Effect\": \"Allow\",\n      \"Resource\": [\n        \"*\"\n      ]\n    }\n  ]\n}\n",
                            "role": "tr-waf--LambdaRoleCustomResource"
                        },
                        "meta": {},
                        "tainted": false
                    },
                    "deposed": [],
                    "provider": "provider.aws"
                },
                "aws_iam_role_policy.LambdaRoleCustomResourceWAFRuleAccess": {
                    "type": "aws_iam_role_policy",
                    "depends_on": [
                        "aws_iam_role.LambdaRoleCustomResource",
                        "data.aws_caller_identity.current"
                    ],
                    "primary": {
                        "id": "tr-waf--LambdaRoleCustomResource:tr-waf--LambdaRoleCustomResourceWAFRuleAccess",
                        "attributes": {
                            "id": "tr-waf--LambdaRoleCustomResource:tr-waf--LambdaRoleCustomResourceWAFRuleAccess",
                            "name": "tr-waf--LambdaRoleCustomResourceWAFRuleAccess",
                            "policy": "{\n  \"Version\": \"2012-10-17\",\n  \"Statement\": [\n    {\n      \"Action\": [\n        \"waf:GetRule\"\n      ],\n      \"Effect\": \"Allow\",\n      \"Resource\": [\n        \"arn:aws:waf::082894742960:rule/*\"\n      ]\n    }\n  ]\n}\n",
                            "role": "tr-waf--LambdaRoleCustomResource"
                        },
                        "meta": {},
                        "tainted": false
                    },
                    "deposed": [],
                    "provider": "provider.aws"
                },
                "aws_iam_role_policy.LambdaRoleLogParserCloudWatchAccess": {
                    "type": "aws_iam_role_policy",
                    "depends_on": [
                        "aws_iam_role.LambdaRoleLogParser"
                    ],
                    "primary": {
                        "id": "tr-waf--LambdaRoleLogParser:tr-waf--LambdaRoleLogParserCloudWatchAccess",
                        "attributes": {
                            "id": "tr-waf--LambdaRoleLogParser:tr-waf--LambdaRoleLogParserCloudWatchAccess",
                            "name": "tr-waf--LambdaRoleLogParserCloudWatchAccess",
                            "policy": "{\n  \"Version\": \"2012-10-17\",\n  \"Statement\": [\n    {\n      \"Action\": [\n        \"cloudwatch:GetMetricStatistics\"\n      ],\n      \"Effect\": \"Allow\",\n      \"Resource\": [\n        \"*\"\n      ]\n    }\n  ]\n}\n",
                            "role": "tr-waf--LambdaRoleLogParser"
                        },
                        "meta": {},
                        "tainted": false
                    },
                    "deposed": [],
                    "provider": "provider.aws"
                },
                "aws_iam_role_policy.LambdaRoleLogParserLogsAccess": {
                    "type": "aws_iam_role_policy",
                    "depends_on": [
                        "aws_iam_role.LambdaRoleLogParser"
                    ],
                    "primary": {
                        "id": "tr-waf--LambdaRoleLogParser:tr-waf--LambdaRoleLogParserLogsAccess",
                        "attributes": {
                            "id": "tr-waf--LambdaRoleLogParser:tr-waf--LambdaRoleLogParserLogsAccess",
                            "name": "tr-waf--LambdaRoleLogParserLogsAccess",
                            "policy": "{\n  \"Version\": \"2012-10-17\",\n  \"Statement\": [\n    {\n      \"Action\": [\n        \"logs:CreateLogGroup\",\n        \"logs:CreateLogStream\",\n        \"logs:PutLogEvents\"\n      ],\n      \"Effect\": \"Allow\",\n      \"Resource\": [\n        \"arn:aws:logs:*:*:*\"\n      ]\n    }\n  ]\n}\n",
                            "role": "tr-waf--LambdaRoleLogParser"
                        },
                        "meta": {},
                        "tainted": false
                    },
                    "deposed": [],
                    "provider": "provider.aws"
                },
                "aws_iam_role_policy.LambdaRoleLogParserS3Access": {
                    "type": "aws_iam_role_policy",
                    "depends_on": [
                        "aws_iam_role.LambdaRoleLogParser"
                    ],
                    "primary": {
                        "id": "tr-waf--LambdaRoleLogParser:tr-waf--LambdaRoleLogParserS3Access",
                        "attributes": {
                            "id": "tr-waf--LambdaRoleLogParser:tr-waf--LambdaRoleLogParserS3Access",
                            "name": "tr-waf--LambdaRoleLogParserS3Access",
                            "policy": "{\n  \"Version\": \"2012-10-17\",\n  \"Statement\": [\n    {\n      \"Action\": [\n        \"s3:GetObject\"\n      ],\n      \"Effect\": \"Allow\",\n      \"Resource\": [\n        \"arn:aws:s3:::tr-aws-waf-cloudfront/*\"\n      ]\n    }\n  ]\n}\n",
                            "role": "tr-waf--LambdaRoleLogParser"
                        },
                        "meta": {},
                        "tainted": false
                    },
                    "deposed": [],
                    "provider": "provider.aws"
                },
                "aws_iam_role_policy.LambdaRoleLogParserS3AccessPut": {
                    "type": "aws_iam_role_policy",
                    "depends_on": [
                        "aws_iam_role.LambdaRoleLogParser"
                    ],
                    "primary": {
                        "id": "tr-waf--LambdaRoleLogParser:tr-waf--LambdaRoleLogParserS3AccessPut",
                        "attributes": {
                            "id": "tr-waf--LambdaRoleLogParser:tr-waf--LambdaRoleLogParserS3AccessPut",
                            "name": "tr-waf--LambdaRoleLogParserS3AccessPut",
                            "policy": "{\n  \"Version\": \"2012-10-17\",\n  \"Statement\": [\n    {\n      \"Action\": [\n        \"s3:PutObject\"\n      ],\n      \"Effect\": \"Allow\",\n      \"Resource\": [\n        \"arn:aws:s3:::tr-aws-waf-cloudfront/aws-waf-security-automations-current-blocked-ips.json\"\n      ]\n    }\n  ]\n}\n",
                            "role": "tr-waf--LambdaRoleLogParser"
                        },
                        "meta": {},
                        "tainted": false
                    },
                    "deposed": [],
                    "provider": "provider.aws"
                },
                "aws_iam_role_policy.LambdaRoleLogParserWAFGetAndUpdateIPSet": {
                    "type": "aws_iam_role_policy",
                    "depends_on": [
                        "aws_iam_role.LambdaRoleLogParser",
                        "aws_waf_ipset.WAFAutoBlockSet",
                        "aws_waf_ipset.WAFBlacklistSet",
                        "data.aws_caller_identity.current"
                    ],
                    "primary": {
                        "id": "tr-waf--LambdaRoleLogParser:tr-waf--LambdaRoleLogParserWAFGetAndUpdateIPSet",
                        "attributes": {
                            "id": "tr-waf--LambdaRoleLogParser:tr-waf--LambdaRoleLogParserWAFGetAndUpdateIPSet",
                            "name": "tr-waf--LambdaRoleLogParserWAFGetAndUpdateIPSet",
                            "policy": "{\n  \"Statement\": [\n    {\n      \"Action\": [\n        \"waf:GetIPSet\",\n        \"waf:UpdateIPSet\"\n      ],\n      \"Effect\": \"Allow\",\n      \"Resource\": [\n          \"arn:aws:waf::082894742960:ipset/66786e74-b9f2-409a-ba11-afc66450fbc7\",\n          \"arn:aws:waf::082894742960:ipset/44bb10f1-2d93-439f-83ed-e9596db3dfa3\"\n      ]\n    }\n  ]\n}\n",
                            "role": "tr-waf--LambdaRoleLogParser"
                        },
                        "meta": {},
                        "tainted": false
                    },
                    "deposed": [],
                    "provider": "provider.aws"
                },
                "aws_iam_role_policy.LambdaRoleLogParserWAFGetChangeToken": {
                    "type": "aws_iam_role_policy",
                    "depends_on": [
                        "aws_iam_role.LambdaRoleLogParser"
                    ],
                    "primary": {
                        "id": "tr-waf--LambdaRoleLogParser:tr-waf--LambdaRoleLogParserWAFGetChangeToken",
                        "attributes": {
                            "id": "tr-waf--LambdaRoleLogParser:tr-waf--LambdaRoleLogParserWAFGetChangeToken",
                            "name": "tr-waf--LambdaRoleLogParserWAFGetChangeToken",
                            "policy": "{\n  \"Statement\": [\n    {\n      \"Action\": [\n        \"waf:GetChangeToken\"\n      ],\n      \"Effect\": \"Allow\",\n      \"Resource\": [\n        \"*\"\n      ]\n    }\n  ]\n}\n",
                            "role": "tr-waf--LambdaRoleLogParser"
                        },
                        "meta": {},
                        "tainted": false
                    },
                    "deposed": [],
                    "provider": "provider.aws"
                },
                "aws_iam_role_policy.LambdaRoleReputationListsParserCloudWatchAccess": {
                    "type": "aws_iam_role_policy",
                    "depends_on": [
                        "aws_iam_role.LambdaRoleReputationListsParser"
                    ],
                    "primary": {
                        "id": "tr-waf--LambdaRoleReputationListsParser:tr-waf--LambdaRoleReputationListsParserCloudWatchAccess",
                        "attributes": {
                            "id": "tr-waf--LambdaRoleReputationListsParser:tr-waf--LambdaRoleReputationListsParserCloudWatchAccess",
                            "name": "tr-waf--LambdaRoleReputationListsParserCloudWatchAccess",
                            "policy": "{\n  \"Version\": \"2012-10-17\",\n  \"Statement\": [\n    {\n      \"Action\": \"cloudwatch:GetMetricStatistics\",\n      \"Effect\": \"Allow\",\n      \"Resource\": [\n        \"*\"\n      ]\n    }\n  ]\n}\n",
                            "role": "tr-waf--LambdaRoleReputationListsParser"
                        },
                        "meta": {},
                        "tainted": false
                    },
                    "deposed": [],
                    "provider": "provider.aws"
                },
                "aws_iam_role_policy.LambdaRoleReputationListsParserCloudWatchLogs": {
                    "type": "aws_iam_role_policy",
                    "depends_on": [
                        "aws_iam_role.LambdaRoleReputationListsParser"
                    ],
                    "primary": {
                        "id": "tr-waf--LambdaRoleReputationListsParser:tr-waf--LambdaRoleReputationListsParserCloudWatchLogs",
                        "attributes": {
                            "id": "tr-waf--LambdaRoleReputationListsParser:tr-waf--LambdaRoleReputationListsParserCloudWatchLogs",
                            "name": "tr-waf--LambdaRoleReputationListsParserCloudWatchLogs",
                            "policy": "{\n  \"Version\": \"2012-10-17\",\n  \"Statement\": [\n    {\n      \"Action\": [\n        \"logs:CreateLogGroup\",\n        \"logs:CreateLogStream\",\n        \"logs:PutLogEvents\"\n      ],\n      \"Effect\": \"Allow\",\n      \"Resource\": [\n        \"arn:aws:logs:*:*:*\"\n      ]\n    }\n  ]\n}\n",
                            "role": "tr-waf--LambdaRoleReputationListsParser"
                        },
                        "meta": {},
                        "tainted": false
                    },
                    "deposed": [],
                    "provider": "provider.aws"
                },
                "aws_iam_role_policy.LambdaRoleReputationListsParserCloudformationStackAccess": {
                    "type": "aws_iam_role_policy",
                    "depends_on": [
                        "aws_iam_role.LambdaRoleReputationListsParser",
                        "data.aws_caller_identity.current"
                    ],
                    "primary": {
                        "id": "tr-waf--LambdaRoleReputationListsParser:tr-waf--LambdaRoleReputationListsParserCloudformationStackAccess",
                        "attributes": {
                            "id": "tr-waf--LambdaRoleReputationListsParser:tr-waf--LambdaRoleReputationListsParserCloudformationStackAccess",
                            "name": "tr-waf--LambdaRoleReputationListsParserCloudformationStackAccess",
                            "policy": "{\n    \"Version\": \"2012-10-17\",\n    \"Statement\": [\n        {\n            \"Effect\": \"Allow\",\n            \"Action\": \"cloudformation:DescribeStacks\",\n            \"Resource\": [\n              \"arn:aws:cloudformation:us-east-1:082894742960:stack/tr-waf-/*\"\n            ]\n        }\n    ]\n}\n",
                            "role": "tr-waf--LambdaRoleReputationListsParser"
                        },
                        "meta": {},
                        "tainted": false
                    },
                    "deposed": [],
                    "provider": "provider.aws"
                },
                "aws_iam_role_policy.LambdaRoleReputationListsParserWAFGetAndUpdateIPSet": {
                    "type": "aws_iam_role_policy",
                    "depends_on": [
                        "aws_iam_role.LambdaRoleReputationListsParser",
                        "aws_waf_ipset.WAFReputationListsSet1",
                        "aws_waf_ipset.WAFReputationListsSet2",
                        "data.aws_caller_identity.current"
                    ],
                    "primary": {
                        "id": "tr-waf--LambdaRoleReputationListsParser:tr-waf--LambdaRoleReputationListsParserWAFGetAndUpdateIPSet",
                        "attributes": {
                            "id": "tr-waf--LambdaRoleReputationListsParser:tr-waf--LambdaRoleReputationListsParserWAFGetAndUpdateIPSet",
                            "name": "tr-waf--LambdaRoleReputationListsParserWAFGetAndUpdateIPSet",
                            "policy": "{\n  \"Statement\": [\n    {\n      \"Action\": [\n        \"waf:GetIPSet\",\n        \"waf:UpdateIPSet\"\n      ],\n      \"Effect\": \"Allow\",\n      \"Resource\": [\n        \"arn:aws:waf::082894742960:ipset/a0d8d943-2f32-4f39-9097-ee1c74d11935\",\n        \"arn:aws:waf::082894742960:ipset/d99945a6-fc7f-4259-9aa5-aadc254d2555\"\n      ]\n    }\n  ]\n}\n",
                            "role": "tr-waf--LambdaRoleReputationListsParser"
                        },
                        "meta": {},
                        "tainted": false
                    },
                    "deposed": [],
                    "provider": "provider.aws"
                },
                "aws_iam_role_policy.LambdaRoleReputationListsParserWAFGetChangeToken": {
                    "type": "aws_iam_role_policy",
                    "depends_on": [
                        "aws_iam_role.LambdaRoleReputationListsParser"
                    ],
                    "primary": {
                        "id": "tr-waf--LambdaRoleReputationListsParser:tr-waf--LambdaRoleReputationListsParserWAFGetChangeToken",
                        "attributes": {
                            "id": "tr-waf--LambdaRoleReputationListsParser:tr-waf--LambdaRoleReputationListsParserWAFGetChangeToken",
                            "name": "tr-waf--LambdaRoleReputationListsParserWAFGetChangeToken",
                            "policy": "{\n  \"Statement\": [\n    {\n      \"Action\": [\n        \"waf:GetChangeToken\"\n      ],\n      \"Effect\": \"Allow\",\n      \"Resource\": [\n        \"*\"\n      ]\n    }\n  ]\n}\n",
                            "role": "tr-waf--LambdaRoleReputationListsParser"
                        },
                        "meta": {},
                        "tainted": false
                    },
                    "deposed": [],
                    "provider": "provider.aws"
                },
                "aws_iam_role_policy.SolutionHelperRoleSolution_Helper_Permissions": {
                    "type": "aws_iam_role_policy",
                    "depends_on": [
                        "aws_iam_role.SolutionHelperRole"
                    ],
                    "primary": {
                        "id": "tr-waf--SolutionHelperRole:tr-waf--SolutionHelperRoleSolution_Helper_Permissions",
                        "attributes": {
                            "id": "tr-waf--SolutionHelperRole:tr-waf--SolutionHelperRoleSolution_Helper_Permissions",
                            "name": "tr-waf--SolutionHelperRoleSolution_Helper_Permissions",
                            "policy": "{\n  \"Version\": \"2012-10-17\",\n  \"Statement\": [\n    {\n      \"Action\": [\n        \"logs:CreateLogGroup\",\n        \"logs:CreateLogStream\",\n        \"logs:PutLogEvents\"\n      ],\n      \"Effect\": \"Allow\",\n      \"Resource\": [\n        \"arn:aws:logs:*:*:log-group:/aws/lambda/*\"\n      ]\n    },\n    {\n      \"Action\": [\n        \"lambda:AddPermission\",\n        \"lambda:CreateFunction\",\n        \"lambda:DeleteFunction\",\n        \"lambda:GetFunction\",\n        \"lambda:UpdateFunctionCode\",\n        \"lambda:UpdateFunctionConfiguration\",\n        \"iam:PassRole\"\n\n      ],\n      \"Effect\": \"Allow\",\n      \"Resource\": [\n        \"*\"\n      ]\n    }\n  ]\n}\n",
                            "role": "tr-waf--SolutionHelperRole"
                        },
                        "meta": {},
                        "tainted": false
                    },
                    "deposed": [],
                    "provider": "provider.aws"
                },
                "aws_iam_role_policy.waf_kinesis_firehose_role_policy": {
                    "type": "aws_iam_role_policy",
                    "depends_on": [
                        "aws_iam_role.waf_kinesis_firehose_role"
                    ],
                    "primary": {
                        "id": "tr-waf-kinesis-role-dev:waf-kinesis-policy",
                        "attributes": {
                            "id": "tr-waf-kinesis-role-dev:waf-kinesis-policy",
                            "name": "waf-kinesis-policy",
                            "policy": "{\n    \"Version\": \"2012-10-17\",\n    \"Statement\": [\n        {\n            \"Sid\": \"VisualEditor0\",\n            \"Effect\": \"Allow\",\n            \"Action\": [\n                \"kinesis:PutRecord\",\n                \"kinesis:DeleteStream\",\n                \"kinesis:DescribeStreamSummary\",\n                \"kinesis:PutRecords\",\n                \"kinesis:CreateStream\",\n                \"kinesis:GetRecords\",\n                \"kinesis:DescribeStream\"\n            ],\n            \"Resource\": \"arn:aws:kinesis:*:*:stream/*\"\n        },\n        {\n            \"Sid\": \"VisualEditor1\",\n            \"Effect\": \"Allow\",\n            \"Action\": [\n                \"kinesis:ListStreams\",\n                \"kinesis:EnableEnhancedMonitoring\",\n                \"kinesis:DescribeLimits\",\n                \"kinesis:DisableEnhancedMonitoring\"\n            ],\n            \"Resource\": \"*\"\n        }\n    ]\n}\n",
                            "role": "tr-waf-kinesis-role-dev"
                        },
                        "meta": {},
                        "tainted": false
                    },
                    "deposed": [],
                    "provider": "provider.aws"
                },
                "aws_kinesis_firehose_delivery_stream.aws-waf-logs": {
                    "type": "aws_kinesis_firehose_delivery_stream",
                    "depends_on": [
                        "aws_iam_role.waf_kinesis_firehose_role",
                        "aws_s3_bucket.waf_kinesis_bucket",
                        "aws_waf_web_acl.WAFWebACL"
                    ],
                    "primary": {
                        "id": "arn:aws:firehose:us-east-1:082894742960:deliverystream/aws-waf-logs-devops-env",
                        "attributes": {
                            "arn": "arn:aws:firehose:us-east-1:082894742960:deliverystream/aws-waf-logs-devops-env",
                            "destination": "splunk",
                            "destination_id": "destinationId-000000000001",
                            "id": "arn:aws:firehose:us-east-1:082894742960:deliverystream/aws-waf-logs-devops-env",
                            "name": "aws-waf-logs-devops-env",
                            "s3_configuration.#": "1",
                            "s3_configuration.0.bucket_arn": "arn:aws:s3:::tr-waf-s3",
                            "s3_configuration.0.buffer_interval": "300",
                            "s3_configuration.0.buffer_size": "5",
                            "s3_configuration.0.cloudwatch_logging_options.#": "1",
                            "s3_configuration.0.cloudwatch_logging_options.2513562885.enabled": "false",
                            "s3_configuration.0.cloudwatch_logging_options.2513562885.log_group_name": "",
                            "s3_configuration.0.cloudwatch_logging_options.2513562885.log_stream_name": "",
                            "s3_configuration.0.compression_format": "UNCOMPRESSED",
                            "s3_configuration.0.kms_key_arn": "",
                            "s3_configuration.0.prefix": "",
                            "s3_configuration.0.role_arn": "arn:aws:iam::082894742960:role/tr-waf-kinesis-role-dev",
                            "splunk_configuration.#": "1",
                            "splunk_configuration.0.cloudwatch_logging_options.#": "1",
                            "splunk_configuration.0.cloudwatch_logging_options.2513562885.enabled": "false",
                            "splunk_configuration.0.cloudwatch_logging_options.2513562885.log_group_name": "",
                            "splunk_configuration.0.cloudwatch_logging_options.2513562885.log_stream_name": "",
                            "splunk_configuration.0.hec_acknowledgment_timeout": "180",
                            "splunk_configuration.0.hec_endpoint": "https://http-inputs-karauctionservices.splunkcloud.com/services/collector/event",
                            "splunk_configuration.0.hec_endpoint_type": "Raw",
                            "splunk_configuration.0.hec_token": "D1ABC097-FC14-4988-9E07-E7CEAB878F22",
                            "splunk_configuration.0.processing_configuration.#": "0",
                            "splunk_configuration.0.retry_duration": "3600",
                            "splunk_configuration.0.s3_backup_mode": "FailedEventsOnly",
                            "tags.%": "0",
                            "version_id": "1"
                        },
                        "meta": {
                            "schema_version": "1"
                        },
                        "tainted": false
                    },
                    "deposed": [],
                    "provider": "provider.aws"
                },
                "aws_lambda_function.LambdaWAFBadBotParserFunction": {
                    "type": "aws_lambda_function",
                    "depends_on": [
                        "aws_iam_role.LambdaRoleBadBot",
                        "aws_waf_ipset.WAFBadBotSet",
                        "data.aws_region.current_region"
                    ],
                    "primary": {
                        "id": "tr-waf--LambdaWAFBadBotParserFunction-51258d68",
                        "attributes": {
                            "arn": "arn:aws:lambda:us-east-1:082894742960:function:tr-waf--LambdaWAFBadBotParserFunction-51258d68",
                            "dead_letter_config.#": "0",
                            "description": "This lambda function will intercepts and inspects trap endpoint requests to extract its IP address, and then add it to an AWS WAF block list.",
                            "environment.#": "1",
                            "environment.0.variables.%": "13",
                            "environment.0.variables.ActivateBadBotProtectionParam": "yes",
                            "environment.0.variables.ActivateHttpFloodProtectionParam": "yes",
                            "environment.0.variables.ActivateReputationListsProtectionParam": "yes",
                            "environment.0.variables.ActivateScansProbesProtectionParam": "yes",
                            "environment.0.variables.CloudFrontAccessLogBucket": "tr-aws-waf-cloudfront",
                            "environment.0.variables.CrossSiteScriptingProtectionParam": "yes",
                            "environment.0.variables.ErrorThreshold": "50",
                            "environment.0.variables.RequestThreshold": "400",
                            "environment.0.variables.SendAnonymousUsageData": "yes",
                            "environment.0.variables.SqlInjectionProtectionParam": "yes",
                            "environment.0.variables.UUID": "dba9951c-90bb-a9a1-d088-35873d24ba13",
                            "environment.0.variables.WAFBadBotSet": "2c44c5b5-3f1d-4198-879b-ebed9232e6ea",
                            "environment.0.variables.WAFBlockPeriod": "240",
                            "filename": "/Users/emilyliu/aws-waf-security-automation/files/access-handler/access-handler.zip",
                            "function_name": "tr-waf--LambdaWAFBadBotParserFunction-51258d68",
                            "handler": "access-handler.lambda_handler",
                            "id": "tr-waf--LambdaWAFBadBotParserFunction-51258d68",
                            "invoke_arn": "arn:aws:apigateway:us-east-1:lambda:path/2015-03-31/functions/arn:aws:lambda:us-east-1:082894742960:function:tr-waf--LambdaWAFBadBotParserFunction-51258d68/invocations",
                            "kms_key_arn": "",
                            "last_modified": "2019-01-22T20:31:05.876+0000",
                            "memory_size": "128",
                            "publish": "false",
                            "qualified_arn": "arn:aws:lambda:us-east-1:082894742960:function:tr-waf--LambdaWAFBadBotParserFunction-51258d68:$LATEST",
                            "reserved_concurrent_executions": "0",
                            "role": "arn:aws:iam::082894742960:role/tr-waf--LambdaRoleBadBot",
                            "runtime": "python2.7",
                            "source_code_hash": "HLJoeoN1/jTvKTraqv0Lr/JxVL2NIEGlo9aPxjSGOV0=",
                            "source_code_size": "2475",
                            "tags.%": "3",
                            "tags.Application": "Terraform",
                            "tags.Name": "WAF Security Automations",
                            "tags.Region": "us-east-1",
                            "timeout": "300",
                            "tracing_config.#": "1",
                            "tracing_config.0.mode": "PassThrough",
                            "version": "$LATEST",
                            "vpc_config.#": "0"
                        },
                        "meta": {
                            "e2bfb730-ecaa-11e6-8f88-34363bc7c4c0": {
                                "create": 600000000000
                            }
                        },
                        "tainted": false
                    },
                    "deposed": [],
                    "provider": "provider.aws"
                },
                "aws_lambda_function.LambdaWAFCustomResourceFunction": {
                    "type": "aws_lambda_function",
                    "depends_on": [
                        "aws_iam_role.LambdaRoleCustomResource",
                        "data.aws_region.current_region"
                    ],
                    "primary": {
                        "id": "tr-waf--LambdaWAFCustomResourceFunction-5429a778",
                        "attributes": {
                            "arn": "arn:aws:lambda:us-east-1:082894742960:function:tr-waf--LambdaWAFCustomResourceFunction-5429a778",
                            "dead_letter_config.#": "0",
                            "description": "This lambda function configures the Web ACL rules based on the features enabled in the CloudFormation template. Parameters: yes",
                            "environment.#": "1",
                            "environment.0.variables.%": "11",
                            "environment.0.variables.ActivateBadBotProtectionParam": "yes",
                            "environment.0.variables.ActivateHttpFloodProtectionParam": "yes",
                            "environment.0.variables.ActivateReputationListsProtectionParam": "yes",
                            "environment.0.variables.ActivateScansProbesProtectionParam": "yes",
                            "environment.0.variables.CloudFrontAccessLogBucket": "tr-aws-waf-cloudfront",
                            "environment.0.variables.CrossSiteScriptingProtectionParam": "yes",
                            "environment.0.variables.ErrorThreshold": "50",
                            "environment.0.variables.RequestThreshold": "400",
                            "environment.0.variables.SendAnonymousUsageData": "yes",
                            "environment.0.variables.SqlInjectionProtectionParam": "yes",
                            "environment.0.variables.WAFBlockPeriod": "240",
                            "filename": "/Users/emilyliu/aws-waf-security-automation/files/custom-resource/custom-resource.zip",
                            "function_name": "tr-waf--LambdaWAFCustomResourceFunction-5429a778",
                            "handler": "custom-resource.lambda_handler",
                            "id": "tr-waf--LambdaWAFCustomResourceFunction-5429a778",
                            "invoke_arn": "arn:aws:apigateway:us-east-1:lambda:path/2015-03-31/functions/arn:aws:lambda:us-east-1:082894742960:function:tr-waf--LambdaWAFCustomResourceFunction-5429a778/invocations",
                            "kms_key_arn": "",
                            "last_modified": "2019-01-22T20:31:01.148+0000",
                            "memory_size": "128",
                            "publish": "false",
                            "qualified_arn": "arn:aws:lambda:us-east-1:082894742960:function:tr-waf--LambdaWAFCustomResourceFunction-5429a778:$LATEST",
                            "reserved_concurrent_executions": "0",
                            "role": "arn:aws:iam::082894742960:role/tr-waf--LambdaRoleCustomResource",
                            "runtime": "python2.7",
                            "source_code_hash": "2q0hJ4Om9pWZ7AK72GwAwTCcKJcCdDpue8mws2NHy48=",
                            "source_code_size": "863431",
                            "tags.%": "3",
                            "tags.Application": "Terraform",
                            "tags.Name": "WAF Security Automations",
                            "tags.Region": "us-east-1",
                            "timeout": "300",
                            "tracing_config.#": "1",
                            "tracing_config.0.mode": "PassThrough",
                            "version": "$LATEST",
                            "vpc_config.#": "0"
                        },
                        "meta": {
                            "e2bfb730-ecaa-11e6-8f88-34363bc7c4c0": {
                                "create": 600000000000
                            }
                        },
                        "tainted": false
                    },
                    "deposed": [],
                    "provider": "provider.aws"
                },
                "aws_lambda_function.LambdaWAFLogParserFunction": {
                    "type": "aws_lambda_function",
                    "depends_on": [
                        "aws_iam_role.LambdaRoleLogParser",
                        "aws_waf_ipset.WAFAutoBlockSet",
                        "aws_waf_ipset.WAFBlacklistSet",
                        "data.aws_region.current_region"
                    ],
                    "primary": {
                        "id": "tr-waf--LambdaWAFLogParserFunction-f8e363d9",
                        "attributes": {
                            "arn": "arn:aws:lambda:us-east-1:082894742960:function:tr-waf--LambdaWAFLogParserFunction-f8e363d9",
                            "dead_letter_config.#": "0",
                            "description": "This function parses CloudFront access logs to identify suspicious behavior, such as an abnormal amount of requests or errors. It then blocks those IP addresses for a customer-defined period of time.",
                            "environment.#": "1",
                            "environment.0.variables.%": "14",
                            "environment.0.variables.ActivateBadBotProtectionParam": "yes",
                            "environment.0.variables.ActivateHttpFloodProtectionParam": "yes",
                            "environment.0.variables.ActivateReputationListsProtectionParam": "yes",
                            "environment.0.variables.ActivateScansProbesProtectionParam": "yes",
                            "environment.0.variables.AutoBlockIPSetID": "44bb10f1-2d93-439f-83ed-e9596db3dfa3",
                            "environment.0.variables.BlacklistIPSetID": "66786e74-b9f2-409a-ba11-afc66450fbc7",
                            "environment.0.variables.CloudFrontAccessLogBucket": "tr-aws-waf-cloudfront",
                            "environment.0.variables.CrossSiteScriptingProtectionParam": "yes",
                            "environment.0.variables.ErrorThreshold": "50",
                            "environment.0.variables.RequestThreshold": "400",
                            "environment.0.variables.SendAnonymousUsageData": "yes",
                            "environment.0.variables.SqlInjectionProtectionParam": "yes",
                            "environment.0.variables.UUID": "d57c2696-ee16-a0f7-e667-49701c9dbeb1",
                            "environment.0.variables.WAFBlockPeriod": "240",
                            "filename": "/Users/emilyliu/aws-waf-security-automation/files/log-parser/log-parser.zip",
                            "function_name": "tr-waf--LambdaWAFLogParserFunction-f8e363d9",
                            "handler": "log-parser.lambda_handler",
                            "id": "tr-waf--LambdaWAFLogParserFunction-f8e363d9",
                            "invoke_arn": "arn:aws:apigateway:us-east-1:lambda:path/2015-03-31/functions/arn:aws:lambda:us-east-1:082894742960:function:tr-waf--LambdaWAFLogParserFunction-f8e363d9/invocations",
                            "kms_key_arn": "",
                            "last_modified": "2019-01-22T20:31:01.956+0000",
                            "memory_size": "512",
                            "publish": "false",
                            "qualified_arn": "arn:aws:lambda:us-east-1:082894742960:function:tr-waf--LambdaWAFLogParserFunction-f8e363d9:$LATEST",
                            "reserved_concurrent_executions": "0",
                            "role": "arn:aws:iam::082894742960:role/tr-waf--LambdaRoleLogParser",
                            "runtime": "python2.7",
                            "source_code_hash": "amL0fwMgkTiVBSzi27YlRBjJHnQoLOCB6rHOQJLDOBA=",
                            "source_code_size": "5204",
                            "tags.%": "3",
                            "tags.Application": "Terraform",
                            "tags.Name": "WAF Security Automations",
                            "tags.Region": "us-east-1",
                            "timeout": "300",
                            "tracing_config.#": "1",
                            "tracing_config.0.mode": "PassThrough",
                            "version": "$LATEST",
                            "vpc_config.#": "0"
                        },
                        "meta": {
                            "e2bfb730-ecaa-11e6-8f88-34363bc7c4c0": {
                                "create": 600000000000
                            }
                        },
                        "tainted": false
                    },
                    "deposed": [],
                    "provider": "provider.aws"
                },
                "aws_lambda_function.LambdaWAFReputationListsParserFunction": {
                    "type": "aws_lambda_function",
                    "depends_on": [
                        "aws_iam_role.LambdaRoleReputationListsParser",
                        "data.aws_region.current_region"
                    ],
                    "primary": {
                        "id": "tr-waf--LambdaWAFReputationListsParserFunction-6f54880c",
                        "attributes": {
                            "arn": "arn:aws:lambda:us-east-1:082894742960:function:tr-waf--LambdaWAFReputationListsParserFunction-6f54880c",
                            "dead_letter_config.#": "0",
                            "description": "This lambda function checks third-party IP reputation lists hourly for new IP ranges to block. These lists include the Spamhaus Dont Route Or Peer (DROP) and Extended Drop (EDROP) lists, the Proofpoint Emerging Threats IP list, and the Tor exit node list.",
                            "environment.#": "1",
                            "environment.0.variables.%": "11",
                            "environment.0.variables.ActivateBadBotProtectionParam": "yes",
                            "environment.0.variables.ActivateHttpFloodProtectionParam": "yes",
                            "environment.0.variables.ActivateReputationListsProtectionParam": "yes",
                            "environment.0.variables.ActivateScansProbesProtectionParam": "yes",
                            "environment.0.variables.CloudFrontAccessLogBucket": "tr-aws-waf-cloudfront",
                            "environment.0.variables.CrossSiteScriptingProtectionParam": "yes",
                            "environment.0.variables.ErrorThreshold": "50",
                            "environment.0.variables.RequestThreshold": "400",
                            "environment.0.variables.SendAnonymousUsageData": "yes",
                            "environment.0.variables.SqlInjectionProtectionParam": "yes",
                            "environment.0.variables.WAFBlockPeriod": "240",
                            "filename": "/Users/emilyliu/aws-waf-security-automation/files/reputation-lists-parser/reputation-lists-parser.zip",
                            "function_name": "tr-waf--LambdaWAFReputationListsParserFunction-6f54880c",
                            "handler": "reputation-lists-parser.handler",
                            "id": "tr-waf--LambdaWAFReputationListsParserFunction-6f54880c",
                            "invoke_arn": "arn:aws:apigateway:us-east-1:lambda:path/2015-03-31/functions/arn:aws:lambda:us-east-1:082894742960:function:tr-waf--LambdaWAFReputationListsParserFunction-6f54880c/invocations",
                            "kms_key_arn": "",
                            "last_modified": "2019-01-22T20:31:04.751+0000",
                            "memory_size": "128",
                            "publish": "false",
                            "qualified_arn": "arn:aws:lambda:us-east-1:082894742960:function:tr-waf--LambdaWAFReputationListsParserFunction-6f54880c:$LATEST",
                            "reserved_concurrent_executions": "0",
                            "role": "arn:aws:iam::082894742960:role/tr-waf--LambdaRoleReputationListsParser",
                            "runtime": "nodejs8.10",
                            "source_code_hash": "jNLd4gQH1AfY3DiC8cuZD1EilFcKrCikkH4EdCDatwc=",
                            "source_code_size": "717488",
                            "tags.%": "3",
                            "tags.Application": "Terraform",
                            "tags.Name": "WAF Security Automations",
                            "tags.Region": "us-east-1",
                            "timeout": "300",
                            "tracing_config.#": "1",
                            "tracing_config.0.mode": "PassThrough",
                            "version": "$LATEST",
                            "vpc_config.#": "0"
                        },
                        "meta": {
                            "e2bfb730-ecaa-11e6-8f88-34363bc7c4c0": {
                                "create": 600000000000
                            }
                        },
                        "tainted": false
                    },
                    "deposed": [],
                    "provider": "provider.aws"
                },
                "aws_lambda_function.SolutionHelper": {
                    "type": "aws_lambda_function",
                    "depends_on": [
                        "aws_iam_role.SolutionHelperRole",
                        "data.aws_region.current_region"
                    ],
                    "primary": {
                        "id": "tr-waf--SolutionHelper-38b078e8",
                        "attributes": {
                            "arn": "arn:aws:lambda:us-east-1:082894742960:function:tr-waf--SolutionHelper-38b078e8",
                            "dead_letter_config.#": "0",
                            "description": "This lambda function executes generic common tasks to support this solution.",
                            "environment.#": "1",
                            "environment.0.variables.%": "11",
                            "environment.0.variables.ActivateBadBotProtectionParam": "yes",
                            "environment.0.variables.ActivateHttpFloodProtectionParam": "yes",
                            "environment.0.variables.ActivateReputationListsProtectionParam": "yes",
                            "environment.0.variables.ActivateScansProbesProtectionParam": "yes",
                            "environment.0.variables.CloudFrontAccessLogBucket": "tr-aws-waf-cloudfront",
                            "environment.0.variables.CrossSiteScriptingProtectionParam": "yes",
                            "environment.0.variables.ErrorThreshold": "50",
                            "environment.0.variables.RequestThreshold": "400",
                            "environment.0.variables.SendAnonymousUsageData": "yes",
                            "environment.0.variables.SqlInjectionProtectionParam": "yes",
                            "environment.0.variables.WAFBlockPeriod": "240",
                            "filename": "/Users/emilyliu/aws-waf-security-automation/files/solution-helper/solution-helper.zip",
                            "function_name": "tr-waf--SolutionHelper-38b078e8",
                            "handler": "log-parser.lambda_handler",
                            "id": "tr-waf--SolutionHelper-38b078e8",
                            "invoke_arn": "arn:aws:apigateway:us-east-1:lambda:path/2015-03-31/functions/arn:aws:lambda:us-east-1:082894742960:function:tr-waf--SolutionHelper-38b078e8/invocations",
                            "kms_key_arn": "",
                            "last_modified": "2019-01-22T20:30:59.970+0000",
                            "memory_size": "128",
                            "publish": "false",
                            "qualified_arn": "arn:aws:lambda:us-east-1:082894742960:function:tr-waf--SolutionHelper-38b078e8:$LATEST",
                            "reserved_concurrent_executions": "0",
                            "role": "arn:aws:iam::082894742960:role/tr-waf--SolutionHelperRole",
                            "runtime": "python2.7",
                            "source_code_hash": "43pf+Rl8nu3TvgQM51tpmlZmpw6Jxfi0/JWSiTk1xTI=",
                            "source_code_size": "2119501",
                            "tags.%": "3",
                            "tags.Application": "Terraform",
                            "tags.Name": "WAF Security Automations",
                            "tags.Region": "us-east-1",
                            "timeout": "300",
                            "tracing_config.#": "1",
                            "tracing_config.0.mode": "PassThrough",
                            "version": "$LATEST",
                            "vpc_config.#": "0"
                        },
                        "meta": {
                            "e2bfb730-ecaa-11e6-8f88-34363bc7c4c0": {
                                "create": 600000000000
                            }
                        },
                        "tainted": false
                    },
                    "deposed": [],
                    "provider": "provider.aws"
                },
                "aws_lambda_permission.LambdaInvokePermissionBadBot": {
                    "type": "aws_lambda_permission",
                    "depends_on": [
                        "aws_lambda_function.LambdaWAFBadBotParserFunction"
                    ],
                    "primary": {
                        "id": "AllowExecutionFromCloudWatch",
                        "attributes": {
                            "action": "lambda:*",
                            "function_name": "arn:aws:lambda:us-east-1:082894742960:function:tr-waf--LambdaWAFBadBotParserFunction-51258d68",
                            "id": "AllowExecutionFromCloudWatch",
                            "principal": "apigateway.amazonaws.com",
                            "qualifier": "",
                            "statement_id": "AllowExecutionFromCloudWatch"
                        },
                        "meta": {},
                        "tainted": false
                    },
                    "deposed": [],
                    "provider": "provider.aws"
                },
                "aws_lambda_permission.LambdaInvokePermissionLogParser": {
                    "type": "aws_lambda_permission",
                    "depends_on": [
                        "aws_lambda_function.LambdaWAFLogParserFunction",
                        "data.aws_caller_identity.current"
                    ],
                    "primary": {
                        "id": "AllowExecutionFromS3Bucket",
                        "attributes": {
                            "action": "lambda:*",
                            "event_source_token": "",
                            "function_name": "arn:aws:lambda:us-east-1:082894742960:function:tr-waf--LambdaWAFLogParserFunction-f8e363d9",
                            "id": "AllowExecutionFromS3Bucket",
                            "principal": "s3.amazonaws.com",
                            "qualifier": "",
                            "source_account": "082894742960",
                            "statement_id": "AllowExecutionFromS3Bucket"
                        },
                        "meta": {},
                        "tainted": false
                    },
                    "deposed": [],
                    "provider": "provider.aws"
                },
                "aws_lambda_permission.LambdaInvokePermissionReputationListsParser": {
                    "type": "aws_lambda_permission",
                    "depends_on": [
                        "aws_cloudwatch_event_rule.LambdaWAFReputationListsParserEventsRule",
                        "aws_lambda_function.LambdaWAFReputationListsParserFunction"
                    ],
                    "primary": {
                        "id": "AllowExecutionFromCloudWatch",
                        "attributes": {
                            "action": "lambda:InvokeFunction",
                            "function_name": "arn:aws:lambda:us-east-1:082894742960:function:tr-waf--LambdaWAFReputationListsParserFunction-6f54880c",
                            "id": "AllowExecutionFromCloudWatch",
                            "principal": "events.amazonaws.com",
                            "qualifier": "",
                            "source_arn": "arn:aws:events:us-east-1:082894742960:rule/tr-waf--LambdaWAFReputationListsParserEventsRule",
                            "statement_id": "AllowExecutionFromCloudWatch"
                        },
                        "meta": {},
                        "tainted": false
                    },
                    "deposed": [],
                    "provider": "provider.aws"
                },
                "aws_s3_bucket.WAFCloudfrontAccessLog": {
                    "type": "aws_s3_bucket",
                    "depends_on": [
                        "data.aws_region.current_region"
                    ],
                    "primary": {
                        "id": "tr-aws-waf-cloudfront",
                        "attributes": {
                            "acceleration_status": "",
                            "acl": "log-delivery-write",
                            "arn": "arn:aws:s3:::tr-aws-waf-cloudfront",
                            "bucket": "tr-aws-waf-cloudfront",
                            "bucket_domain_name": "tr-aws-waf-cloudfront.s3.amazonaws.com",
                            "bucket_regional_domain_name": "tr-aws-waf-cloudfront.s3.amazonaws.com",
                            "cors_rule.#": "0",
                            "force_destroy": "false",
                            "hosted_zone_id": "Z3AQBSTGFYJSTF",
                            "id": "tr-aws-waf-cloudfront",
                            "lifecycle_rule.#": "0",
                            "logging.#": "0",
                            "region": "us-east-1",
                            "replication_configuration.#": "0",
                            "request_payer": "BucketOwner",
                            "server_side_encryption_configuration.#": "0",
                            "tags.%": "3",
                            "tags.Application": "Terraform",
                            "tags.Name": "WAF Security Automations",
                            "tags.Region": "us-east-1",
                            "versioning.#": "1",
                            "versioning.0.enabled": "false",
                            "versioning.0.mfa_delete": "false",
                            "website.#": "0"
                        },
                        "meta": {},
                        "tainted": false
                    },
                    "deposed": [],
                    "provider": "provider.aws"
                },
                "aws_s3_bucket.waf-logging-bucket": {
                    "type": "aws_s3_bucket",
                    "depends_on": [
                        "data.aws_region.current_region"
                    ],
                    "primary": {
                        "id": "tr-waf-logging-bucket",
                        "attributes": {
                            "acceleration_status": "",
                            "acl": "log-delivery-write",
                            "arn": "arn:aws:s3:::tr-waf-logging-bucket",
                            "bucket": "tr-waf-logging-bucket",
                            "bucket_domain_name": "tr-waf-logging-bucket.s3.amazonaws.com",
                            "bucket_regional_domain_name": "tr-waf-logging-bucket.s3.amazonaws.com",
                            "cors_rule.#": "0",
                            "force_destroy": "false",
                            "hosted_zone_id": "Z3AQBSTGFYJSTF",
                            "id": "tr-waf-logging-bucket",
                            "lifecycle_rule.#": "0",
                            "logging.#": "0",
                            "region": "us-east-1",
                            "replication_configuration.#": "0",
                            "request_payer": "BucketOwner",
                            "server_side_encryption_configuration.#": "0",
                            "tags.%": "3",
                            "tags.Application": "Terraform",
                            "tags.Name": "WAF Security Automations",
                            "tags.Region": "us-east-1",
                            "versioning.#": "1",
                            "versioning.0.enabled": "false",
                            "versioning.0.mfa_delete": "false",
                            "website.#": "0"
                        },
                        "meta": {},
                        "tainted": false
                    },
                    "deposed": [],
                    "provider": "provider.aws"
                },
                "aws_s3_bucket.waf_kinesis_bucket": {
                    "type": "aws_s3_bucket",
                    "depends_on": [
                        "aws_s3_bucket.waf-logging-bucket",
                        "data.aws_region.current_region"
                    ],
                    "primary": {
                        "id": "tr-waf-s3",
                        "attributes": {
                            "acceleration_status": "",
                            "acl": "private",
                            "arn": "arn:aws:s3:::tr-waf-s3",
                            "bucket": "tr-waf-s3",
                            "bucket_domain_name": "tr-waf-s3.s3.amazonaws.com",
                            "bucket_regional_domain_name": "tr-waf-s3.s3.amazonaws.com",
                            "cors_rule.#": "0",
                            "force_destroy": "false",
                            "hosted_zone_id": "Z3AQBSTGFYJSTF",
                            "id": "tr-waf-s3",
                            "lifecycle_rule.#": "0",
                            "logging.#": "1",
                            "logging.2788908490.target_bucket": "tr-waf-logging-bucket",
                            "logging.2788908490.target_prefix": "s3logs",
                            "region": "us-east-1",
                            "replication_configuration.#": "0",
                            "request_payer": "BucketOwner",
                            "server_side_encryption_configuration.#": "0",
                            "tags.%": "3",
                            "tags.Application": "Terraform",
                            "tags.Name": "WAF Security Automations",
                            "tags.Region": "us-east-1",
                            "versioning.#": "1",
                            "versioning.0.enabled": "false",
                            "versioning.0.mfa_delete": "false",
                            "website.#": "0"
                        },
                        "meta": {},
                        "tainted": false
                    },
                    "deposed": [],
                    "provider": "provider.aws"
                },
                "aws_s3_bucket_notification.LambdaWAFLogParserS3Notification": {
                    "type": "aws_s3_bucket_notification",
                    "depends_on": [
                        "aws_lambda_function.LambdaWAFLogParserFunction"
                    ],
                    "primary": {
                        "id": "tr-aws-waf-cloudfront",
                        "attributes": {
                            "bucket": "tr-aws-waf-cloudfront",
                            "id": "tr-aws-waf-cloudfront",
                            "lambda_function.#": "1",
                            "lambda_function.0.events.#": "1",
                            "lambda_function.0.events.3356830603": "s3:ObjectCreated:*",
                            "lambda_function.0.filter_prefix": "",
                            "lambda_function.0.filter_suffix": "gz",
                            "lambda_function.0.id": "tr-waf--LambdaWAFLogParserFunction",
                            "lambda_function.0.lambda_function_arn": "arn:aws:lambda:us-east-1:082894742960:function:tr-waf--LambdaWAFLogParserFunction-f8e363d9",
                            "queue.#": "0",
                            "topic.#": "0"
                        },
                        "meta": {},
                        "tainted": false
                    },
                    "deposed": [],
                    "provider": "provider.aws"
                },
                "aws_sns_topic.Alert_CW_WAF_Rule": {
                    "type": "aws_sns_topic",
                    "depends_on": [],
                    "primary": {
                        "id": "arn:aws:sns:us-east-1:082894742960:Alert_CW_WAF_Rule",
                        "attributes": {
                            "application_failure_feedback_role_arn": "",
                            "application_success_feedback_role_arn": "",
                            "application_success_feedback_sample_rate": "0",
                            "arn": "arn:aws:sns:us-east-1:082894742960:Alert_CW_WAF_Rule",
                            "delivery_policy": "",
                            "display_name": "",
                            "http_failure_feedback_role_arn": "",
                            "http_success_feedback_role_arn": "",
                            "http_success_feedback_sample_rate": "0",
                            "id": "arn:aws:sns:us-east-1:082894742960:Alert_CW_WAF_Rule",
                            "kms_master_key_id": "",
                            "lambda_failure_feedback_role_arn": "",
                            "lambda_success_feedback_role_arn": "",
                            "lambda_success_feedback_sample_rate": "0",
                            "name": "Alert_CW_WAF_Rule",
                            "policy": "{\"Version\":\"2008-10-17\",\"Id\":\"__default_policy_ID\",\"Statement\":[{\"Sid\":\"__default_statement_ID\",\"Effect\":\"Allow\",\"Principal\":{\"AWS\":\"*\"},\"Action\":[\"SNS:GetTopicAttributes\",\"SNS:SetTopicAttributes\",\"SNS:AddPermission\",\"SNS:RemovePermission\",\"SNS:DeleteTopic\",\"SNS:Subscribe\",\"SNS:ListSubscriptionsByTopic\",\"SNS:Publish\",\"SNS:Receive\"],\"Resource\":\"arn:aws:sns:us-east-1:082894742960:Alert_CW_WAF_Rule\",\"Condition\":{\"StringEquals\":{\"AWS:SourceOwner\":\"082894742960\"}}}]}",
                            "sqs_failure_feedback_role_arn": "",
                            "sqs_success_feedback_role_arn": "",
                            "sqs_success_feedback_sample_rate": "0"
                        },
                        "meta": {},
                        "tainted": false
                    },
                    "deposed": [],
                    "provider": "provider.aws"
                },
                "aws_sns_topic_subscription.Pagerduty-Alert": {
                    "type": "aws_sns_topic_subscription",
                    "depends_on": [
                        "aws_sns_topic.Alert_CW_WAF_Rule"
                    ],
                    "primary": {
                        "id": "arn:aws:sns:us-east-1:082894742960:Alert_CW_WAF_Rule:1a4f7c78-bb6b-4a05-abaf-9b5e663a8d06",
                        "attributes": {
                            "arn": "arn:aws:sns:us-east-1:082894742960:Alert_CW_WAF_Rule:1a4f7c78-bb6b-4a05-abaf-9b5e663a8d06",
                            "confirmation_timeout_in_minutes": "1",
                            "delivery_policy": "",
                            "endpoint": "https://events.pagerduty.com/integration/afad10ebd07c47ff88a77d06e6fee376/enqueue",
                            "endpoint_auto_confirms": "true",
                            "filter_policy": "",
                            "id": "arn:aws:sns:us-east-1:082894742960:Alert_CW_WAF_Rule:1a4f7c78-bb6b-4a05-abaf-9b5e663a8d06",
                            "protocol": "https",
                            "raw_message_delivery": "false",
                            "topic_arn": "arn:aws:sns:us-east-1:082894742960:Alert_CW_WAF_Rule"
                        },
                        "meta": {},
                        "tainted": false
                    },
                    "deposed": [],
                    "provider": "provider.aws"
                },
                "aws_waf_byte_match_set.Header-set-1": {
                    "type": "aws_waf_byte_match_set",
                    "depends_on": [],
                    "primary": {
                        "id": "58095ef8-6e5d-43ac-98d7-f6cf4d6a1e0d",
                        "attributes": {
                            "byte_match_tuples.#": "1",
                            "byte_match_tuples.1288842464.field_to_match.#": "1",
                            "byte_match_tuples.1288842464.field_to_match.4211833750.data": "cookie",
                            "byte_match_tuples.1288842464.field_to_match.4211833750.type": "HEADER",
                            "byte_match_tuples.1288842464.positional_constraint": "CONTAINS",
                            "byte_match_tuples.1288842464.target_string": "Session ID",
                            "byte_match_tuples.1288842464.text_transformation": "URL_DECODE",
                            "id": "58095ef8-6e5d-43ac-98d7-f6cf4d6a1e0d",
                            "name": "Header-set-1"
                        },
                        "meta": {},
                        "tainted": false
                    },
                    "deposed": [],
                    "provider": "provider.aws"
                },
                "aws_waf_byte_match_set.Header-set-2": {
                    "type": "aws_waf_byte_match_set",
                    "depends_on": [],
                    "primary": {
                        "id": "c12e26b4-32d9-4362-98b6-f33e81fe262a",
                        "attributes": {
                            "byte_match_tuples.#": "1",
                            "byte_match_tuples.1492736769.field_to_match.#": "1",
                            "byte_match_tuples.1492736769.field_to_match.2878428448.data": "authorization",
                            "byte_match_tuples.1492736769.field_to_match.2878428448.type": "HEADER",
                            "byte_match_tuples.1492736769.positional_constraint": "CONTAINS",
                            "byte_match_tuples.1492736769.target_string": "JWT token",
                            "byte_match_tuples.1492736769.text_transformation": "HTML_ENTITY_DECODE",
                            "id": "c12e26b4-32d9-4362-98b6-f33e81fe262a",
                            "name": "Header-set-2"
                        },
                        "meta": {},
                        "tainted": false
                    },
                    "deposed": [],
                    "provider": "provider.aws"
                },
                "aws_waf_byte_match_set.Header-set-3": {
                    "type": "aws_waf_byte_match_set",
                    "depends_on": [],
                    "primary": {
                        "id": "032f8f2b-b5f7-4c34-a8a2-0fd0027948c6",
                        "attributes": {
                            "byte_match_tuples.#": "1",
                            "byte_match_tuples.1803476872.field_to_match.#": "1",
                            "byte_match_tuples.1803476872.field_to_match.4211833750.data": "cookie",
                            "byte_match_tuples.1803476872.field_to_match.4211833750.type": "HEADER",
                            "byte_match_tuples.1803476872.positional_constraint": "CONTAINS",
                            "byte_match_tuples.1803476872.target_string": "Session ID",
                            "byte_match_tuples.1803476872.text_transformation": "HTML_ENTITY_DECODE",
                            "id": "032f8f2b-b5f7-4c34-a8a2-0fd0027948c6",
                            "name": "Header-set-3"
                        },
                        "meta": {},
                        "tainted": false
                    },
                    "deposed": [],
                    "provider": "provider.aws"
                },
                "aws_waf_byte_match_set.Header-set-4": {
                    "type": "aws_waf_byte_match_set",
                    "depends_on": [],
                    "primary": {
                        "id": "788dc72a-14da-4ab7-8be4-74b572c8a927",
                        "attributes": {
                            "byte_match_tuples.#": "1",
                            "byte_match_tuples.1958152093.field_to_match.#": "1",
                            "byte_match_tuples.1958152093.field_to_match.2878428448.data": "authorization",
                            "byte_match_tuples.1958152093.field_to_match.2878428448.type": "HEADER",
                            "byte_match_tuples.1958152093.positional_constraint": "CONTAINS",
                            "byte_match_tuples.1958152093.target_string": "JWT token",
                            "byte_match_tuples.1958152093.text_transformation": "URL_DECODE",
                            "id": "788dc72a-14da-4ab7-8be4-74b572c8a927",
                            "name": "Header-set-4"
                        },
                        "meta": {},
                        "tainted": false
                    },
                    "deposed": [],
                    "provider": "provider.aws"
                },
                "aws_waf_byte_match_set.URI-set-1": {
                    "type": "aws_waf_byte_match_set",
                    "depends_on": [],
                    "primary": {
                        "id": "24e35820-3713-42df-87f4-61553387cec1",
                        "attributes": {
                            "byte_match_tuples.#": "1",
                            "byte_match_tuples.883109459.field_to_match.#": "1",
                            "byte_match_tuples.883109459.field_to_match.3756326843.data": "",
                            "byte_match_tuples.883109459.field_to_match.3756326843.type": "URI",
                            "byte_match_tuples.883109459.positional_constraint": "CONTAINS",
                            "byte_match_tuples.883109459.target_string": "/#!/login",
                            "byte_match_tuples.883109459.text_transformation": "URL_DECODE",
                            "id": "24e35820-3713-42df-87f4-61553387cec1",
                            "name": "URL-set-1"
                        },
                        "meta": {},
                        "tainted": false
                    },
                    "deposed": [],
                    "provider": "provider.aws"
                },
                "aws_waf_byte_match_set.URI-set-2": {
                    "type": "aws_waf_byte_match_set",
                    "depends_on": [],
                    "primary": {
                        "id": "f012862c-643a-41da-b76b-233801ddc923",
                        "attributes": {
                            "byte_match_tuples.#": "1",
                            "byte_match_tuples.2906942095.field_to_match.#": "1",
                            "byte_match_tuples.2906942095.field_to_match.3756326843.data": "",
                            "byte_match_tuples.2906942095.field_to_match.3756326843.type": "URI",
                            "byte_match_tuples.2906942095.positional_constraint": "CONTAINS",
                            "byte_match_tuples.2906942095.target_string": "/#!/login",
                            "byte_match_tuples.2906942095.text_transformation": "HTML_ENTITY_DECODE",
                            "id": "f012862c-643a-41da-b76b-233801ddc923",
                            "name": "URI-set-2"
                        },
                        "meta": {},
                        "tainted": false
                    },
                    "deposed": [],
                    "provider": "provider.aws"
                },
                "aws_waf_ipset.WAFAutoBlockSet": {
                    "type": "aws_waf_ipset",
                    "depends_on": [],
                    "primary": {
                        "id": "44bb10f1-2d93-439f-83ed-e9596db3dfa3",
                        "attributes": {
                            "arn": "arn:aws:waf::082894742960:ipset/44bb10f1-2d93-439f-83ed-e9596db3dfa3",
                            "id": "44bb10f1-2d93-439f-83ed-e9596db3dfa3",
                            "ip_set_descriptors.#": "1",
                            "ip_set_descriptors.3774090169.type": "IPV4",
                            "ip_set_descriptors.3774090169.value": "0.0.0.0/32",
                            "name": "TR-WAF - Auto Block Set"
                        },
                        "meta": {},
                        "tainted": false
                    },
                    "deposed": [],
                    "provider": "provider.aws"
                },
                "aws_waf_ipset.WAFBadBotSet": {
                    "type": "aws_waf_ipset",
                    "depends_on": [],
                    "primary": {
                        "id": "2c44c5b5-3f1d-4198-879b-ebed9232e6ea",
                        "attributes": {
                            "arn": "arn:aws:waf::082894742960:ipset/2c44c5b5-3f1d-4198-879b-ebed9232e6ea",
                            "id": "2c44c5b5-3f1d-4198-879b-ebed9232e6ea",
                            "ip_set_descriptors.#": "1",
                            "ip_set_descriptors.3774090169.type": "IPV4",
                            "ip_set_descriptors.3774090169.value": "0.0.0.0/32",
                            "name": "TR-WAF - IP Bad Bot Set"
                        },
                        "meta": {},
                        "tainted": false
                    },
                    "deposed": [],
                    "provider": "provider.aws"
                },
                "aws_waf_ipset.WAFBlacklistSet": {
                    "type": "aws_waf_ipset",
                    "depends_on": [],
                    "primary": {
                        "id": "66786e74-b9f2-409a-ba11-afc66450fbc7",
                        "attributes": {
                            "arn": "arn:aws:waf::082894742960:ipset/66786e74-b9f2-409a-ba11-afc66450fbc7",
                            "id": "66786e74-b9f2-409a-ba11-afc66450fbc7",
                            "ip_set_descriptors.#": "1",
                            "ip_set_descriptors.3774090169.type": "IPV4",
                            "ip_set_descriptors.3774090169.value": "0.0.0.0/32",
                            "name": "TR-WAF - Blacklist Set"
                        },
                        "meta": {},
                        "tainted": false
                    },
                    "deposed": [],
                    "provider": "provider.aws"
                },
                "aws_waf_ipset.WAFReputationListsSet1": {
                    "type": "aws_waf_ipset",
                    "depends_on": [],
                    "primary": {
                        "id": "a0d8d943-2f32-4f39-9097-ee1c74d11935",
                        "attributes": {
                            "arn": "arn:aws:waf::082894742960:ipset/a0d8d943-2f32-4f39-9097-ee1c74d11935",
                            "id": "a0d8d943-2f32-4f39-9097-ee1c74d11935",
                            "ip_set_descriptors.#": "1000",
                            "ip_set_descriptors.1000515797.type": "IPV4",
                            "ip_set_descriptors.1000515797.value": "1.32.168.0/24",
                            "ip_set_descriptors.1004279409.type": "IPV4",
                            "ip_set_descriptors.1004279409.value": "42.162.0.0/16",
                            "ip_set_descriptors.1010377605.type": "IPV4",
                            "ip_set_descriptors.1010377605.value": "42.1.211.0/24",
                            "ip_set_descriptors.1017010238.type": "IPV4",
                            "ip_set_descriptors.1017010238.value": "42.1.169.0/24",
                            "ip_set_descriptors.1019044675.type": "IPV4",
                            "ip_set_descriptors.1019044675.value": "42.194.254.0/24",
                            "ip_set_descriptors.1021969047.type": "IPV4",
                            "ip_set_descriptors.1021969047.value": "45.114.226.0/24",
                            "ip_set_descriptors.1030881456.type": "IPV4",
                            "ip_set_descriptors.1030881456.value": "42.194.238.0/24",
                            "ip_set_descriptors.1037077559.type": "IPV4",
                            "ip_set_descriptors.1037077559.value": "42.96.16.0/24",
                            "ip_set_descriptors.1037400843.type": "IPV4",
                            "ip_set_descriptors.1037400843.value": "42.194.140.0/24",
                            "ip_set_descriptors.1038456841.type": "IPV4",
                            "ip_set_descriptors.1038456841.value": "142.102.0.0/16",
                            "ip_set_descriptors.1049298052.type": "IPV4",
                            "ip_set_descriptors.1049298052.value": "42.0.63.0/24",
                            "ip_set_descriptors.1049333802.type": "IPV4",
                            "ip_set_descriptors.1049333802.value": "37.148.221.0/24",
                            "ip_set_descriptors.1050217668.type": "IPV4",
                            "ip_set_descriptors.1050217668.value": "42.1.162.0/24",
                            "ip_set_descriptors.105022102.type": "IPV4",
                            "ip_set_descriptors.105022102.value": "67.219.220.0/24",
                            "ip_set_descriptors.1055468429.type": "IPV4",
                            "ip_set_descriptors.1055468429.value": "42.194.14.0/24",
                            "ip_set_descriptors.1055593481.type": "IPV4",
                            "ip_set_descriptors.1055593481.value": "193.139.0.0/16",
                            "ip_set_descriptors.1057266174.type": "IPV4",
                            "ip_set_descriptors.1057266174.value": "137.33.0.0/16",
                            "ip_set_descriptors.1059702348.type": "IPV4",
                            "ip_set_descriptors.1059702348.value": "42.142.0.0/16",
                            "ip_set_descriptors.1064653898.type": "IPV4",
                            "ip_set_descriptors.1064653898.value": "42.194.233.0/24",
                            "ip_set_descriptors.1085139158.type": "IPV4",
                            "ip_set_descriptors.1085139158.value": "1.32.130.0/24",
                            "ip_set_descriptors.108789894.type": "IPV4",
                            "ip_set_descriptors.108789894.value": "46.232.199.0/24",
                            "ip_set_descriptors.108800073.type": "IPV4",
                            "ip_set_descriptors.108800073.value": "42.1.176.0/24",
                            "ip_set_descriptors.1088435990.type": "IPV4",
                            "ip_set_descriptors.1088435990.value": "45.43.155.0/24",
                            "ip_set_descriptors.1088580361.type": "IPV4",
                            "ip_set_descriptors.1088580361.value": "42.212.0.0/16",
                            "ip_set_descriptors.1090555955.type": "IPV4",
                            "ip_set_descriptors.1090555955.value": "137.55.0.0/16",
                            "ip_set_descriptors.1093620965.type": "IPV4",
                            "ip_set_descriptors.1093620965.value": "45.43.139.0/24",
                            "ip_set_descriptors.1095863613.type": "IPV4",
                            "ip_set_descriptors.1095863613.value": "170.179.0.0/16",
                            "ip_set_descriptors.10970478.type": "IPV4",
                            "ip_set_descriptors.10970478.value": "42.194.191.0/24",
                            "ip_set_descriptors.1104025052.type": "IPV4",
                            "ip_set_descriptors.1104025052.value": "42.1.193.0/24",
                            "ip_set_descriptors.1106860322.type": "IPV4",
                            "ip_set_descriptors.1106860322.value": "45.65.190.0/24",
                            "ip_set_descriptors.1107534334.type": "IPV4",
                            "ip_set_descriptors.1107534334.value": "79.173.110.0/24",
                            "ip_set_descriptors.111475337.type": "IPV4",
                            "ip_set_descriptors.111475337.value": "42.141.0.0/16",
                            "ip_set_descriptors.1126694943.type": "IPV4",
                            "ip_set_descriptors.1126694943.value": "45.43.132.0/24",
                            "ip_set_descriptors.1128514928.type": "IPV4",
                            "ip_set_descriptors.1128514928.value": "124.20.0.0/16",
                            "ip_set_descriptors.1128932491.type": "IPV4",
                            "ip_set_descriptors.1128932491.value": "43.229.53.0/24",
                            "ip_set_descriptors.1130749919.type": "IPV4",
                            "ip_set_descriptors.1130749919.value": "1.32.157.0/24",
                            "ip_set_descriptors.1137262886.type": "IPV4",
                            "ip_set_descriptors.1137262886.value": "42.1.198.0/24",
                            "ip_set_descriptors.1145775988.type": "IPV4",
                            "ip_set_descriptors.1145775988.value": "42.0.57.0/24",
                            "ip_set_descriptors.1146695476.type": "IPV4",
                            "ip_set_descriptors.1146695476.value": "42.1.156.0/24",
                            "ip_set_descriptors.1155045582.type": "IPV4",
                            "ip_set_descriptors.1155045582.value": "42.96.45.0/24",
                            "ip_set_descriptors.1159199549.type": "IPV4",
                            "ip_set_descriptors.1159199549.value": "42.96.29.0/24",
                            "ip_set_descriptors.1160853372.type": "IPV4",
                            "ip_set_descriptors.1160853372.value": "42.1.242.0/24",
                            "ip_set_descriptors.1165430270.type": "IPV4",
                            "ip_set_descriptors.1165430270.value": "45.43.190.0/24",
                            "ip_set_descriptors.116942991.type": "IPV4",
                            "ip_set_descriptors.116942991.value": "42.194.133.0/24",
                            "ip_set_descriptors.1169520570.type": "IPV4",
                            "ip_set_descriptors.1169520570.value": "42.194.207.0/24",
                            "ip_set_descriptors.1183361886.type": "IPV4",
                            "ip_set_descriptors.1183361886.value": "45.127.36.0/24",
                            "ip_set_descriptors.1190723701.type": "IPV4",
                            "ip_set_descriptors.1190723701.value": "42.1.225.0/24",
                            "ip_set_descriptors.1192275911.type": "IPV4",
                            "ip_set_descriptors.1192275911.value": "42.96.22.0/24",
                            "ip_set_descriptors.1192581371.type": "IPV4",
                            "ip_set_descriptors.1192581371.value": "42.194.174.0/24",
                            "ip_set_descriptors.1192859911.type": "IPV4",
                            "ip_set_descriptors.1192859911.value": "167.175.0.0/16",
                            "ip_set_descriptors.1194746758.type": "IPV4",
                            "ip_set_descriptors.1194746758.value": "42.1.249.0/24",
                            "ip_set_descriptors.1200691261.type": "IPV4",
                            "ip_set_descriptors.1200691261.value": "42.1.131.0/24",
                            "ip_set_descriptors.120573643.type": "IPV4",
                            "ip_set_descriptors.120573643.value": "45.6.48.0/24",
                            "ip_set_descriptors.1206151685.type": "IPV4",
                            "ip_set_descriptors.1206151685.value": "49.238.85.0/24",
                            "ip_set_descriptors.1213683279.type": "IPV4",
                            "ip_set_descriptors.1213683279.value": "45.117.210.0/24",
                            "ip_set_descriptors.1218071310.type": "IPV4",
                            "ip_set_descriptors.1218071310.value": "134.33.0.0/16",
                            "ip_set_descriptors.1220015545.type": "IPV4",
                            "ip_set_descriptors.1220015545.value": "155.108.0.0/16",
                            "ip_set_descriptors.1220750284.type": "IPV4",
                            "ip_set_descriptors.1220750284.value": "42.1.184.0/24",
                            "ip_set_descriptors.1220964347.type": "IPV4",
                            "ip_set_descriptors.1220964347.value": "42.164.0.0/16",
                            "ip_set_descriptors.1222334379.type": "IPV4",
                            "ip_set_descriptors.1222334379.value": "42.138.0.0/16",
                            "ip_set_descriptors.1229052039.type": "IPV4",
                            "ip_set_descriptors.1229052039.value": "49.238.123.0/24",
                            "ip_set_descriptors.1236994268.type": "IPV4",
                            "ip_set_descriptors.1236994268.value": "138.216.0.0/16",
                            "ip_set_descriptors.1240271110.type": "IPV4",
                            "ip_set_descriptors.1240271110.value": "45.43.142.0/24",
                            "ip_set_descriptors.1240359365.type": "IPV4",
                            "ip_set_descriptors.1240359365.value": "45.121.205.0/24",
                            "ip_set_descriptors.1248387535.type": "IPV4",
                            "ip_set_descriptors.1248387535.value": "1.32.140.0/24",
                            "ip_set_descriptors.1254712534.type": "IPV4",
                            "ip_set_descriptors.1254712534.value": "43.252.155.0/24",
                            "ip_set_descriptors.1258289150.type": "IPV4",
                            "ip_set_descriptors.1258289150.value": "67.213.122.0/24",
                            "ip_set_descriptors.1259249646.type": "IPV4",
                            "ip_set_descriptors.1259249646.value": "79.173.107.0/24",
                            "ip_set_descriptors.1261502244.type": "IPV4",
                            "ip_set_descriptors.1261502244.value": "42.96.0.0/24",
                            "ip_set_descriptors.126906567.type": "IPV4",
                            "ip_set_descriptors.126906567.value": "42.194.227.0/24",
                            "ip_set_descriptors.1270198823.type": "IPV4",
                            "ip_set_descriptors.1270198823.value": "45.4.131.0/24",
                            "ip_set_descriptors.1273650684.type": "IPV4",
                            "ip_set_descriptors.1273650684.value": "45.43.149.0/24",
                            "ip_set_descriptors.1277112849.type": "IPV4",
                            "ip_set_descriptors.1277112849.value": "42.194.168.0/24",
                            "ip_set_descriptors.1279002988.type": "IPV4",
                            "ip_set_descriptors.1279002988.value": "42.1.255.0/24",
                            "ip_set_descriptors.1283077102.type": "IPV4",
                            "ip_set_descriptors.1283077102.value": "45.43.187.0/24",
                            "ip_set_descriptors.1287145898.type": "IPV4",
                            "ip_set_descriptors.1287145898.value": "42.194.210.0/24",
                            "ip_set_descriptors.1288431910.type": "IPV4",
                            "ip_set_descriptors.1288431910.value": "74.122.57.0/24",
                            "ip_set_descriptors.1290666223.type": "IPV4",
                            "ip_set_descriptors.1290666223.value": "49.238.99.0/24",
                            "ip_set_descriptors.129367871.type": "IPV4",
                            "ip_set_descriptors.129367871.value": "201.169.0.0/16",
                            "ip_set_descriptors.1296439652.type": "IPV4",
                            "ip_set_descriptors.1296439652.value": "42.0.40.0/24",
                            "ip_set_descriptors.1297355044.type": "IPV4",
                            "ip_set_descriptors.1297355044.value": "42.1.141.0/24",
                            "ip_set_descriptors.1297997561.type": "IPV4",
                            "ip_set_descriptors.1297997561.value": "147.119.0.0/16",
                            "ip_set_descriptors.1298840571.type": "IPV4",
                            "ip_set_descriptors.1298840571.value": "67.219.217.0/24",
                            "ip_set_descriptors.1305847518.type": "IPV4",
                            "ip_set_descriptors.1305847518.value": "42.96.52.0/24",
                            "ip_set_descriptors.1307798175.type": "IPV4",
                            "ip_set_descriptors.1307798175.value": "42.1.239.0/24",
                            "ip_set_descriptors.1310222059.type": "IPV4",
                            "ip_set_descriptors.1310222059.value": "42.194.163.0/24",
                            "ip_set_descriptors.1310560727.type": "IPV4",
                            "ip_set_descriptors.1310560727.value": "42.96.35.0/24",
                            "ip_set_descriptors.1316316314.type": "IPV4",
                            "ip_set_descriptors.1316316314.value": "144.207.0.0/16",
                            "ip_set_descriptors.132370507.type": "IPV4",
                            "ip_set_descriptors.132370507.value": "74.122.60.0/24",
                            "ip_set_descriptors.1323914261.type": "IPV4",
                            "ip_set_descriptors.1323914261.value": "49.238.92.0/24",
                            "ip_set_descriptors.1326326818.type": "IPV4",
                            "ip_set_descriptors.1326326818.value": "180.237.0.0/16",
                            "ip_set_descriptors.1336040343.type": "IPV4",
                            "ip_set_descriptors.1336040343.value": "36.93.0.0/16",
                            "ip_set_descriptors.1339224612.type": "IPV4",
                            "ip_set_descriptors.1339224612.value": "42.96.59.0/24",
                            "ip_set_descriptors.1341406821.type": "IPV4",
                            "ip_set_descriptors.1341406821.value": "42.1.232.0/24",
                            "ip_set_descriptors.1344274658.type": "IPV4",
                            "ip_set_descriptors.1344274658.value": "163.250.0.0/16",
                            "ip_set_descriptors.1347538509.type": "IPV4",
                            "ip_set_descriptors.1347538509.value": "49.238.111.0/24",
                            "ip_set_descriptors.1349080730.type": "IPV4",
                            "ip_set_descriptors.1349080730.value": "66.231.65.0/24",
                            "ip_set_descriptors.1358766028.type": "IPV4",
                            "ip_set_descriptors.1358766028.value": "45.43.170.0/24",
                            "ip_set_descriptors.1364179353.type": "IPV4",
                            "ip_set_descriptors.1364179353.value": "43.250.119.0/24",
                            "ip_set_descriptors.1369734996.type": "IPV4",
                            "ip_set_descriptors.1369734996.value": "67.220.232.0/24",
                            "ip_set_descriptors.1382828125.type": "IPV4",
                            "ip_set_descriptors.1382828125.value": "67.220.255.0/24",
                            "ip_set_descriptors.1382971447.type": "IPV4",
                            "ip_set_descriptors.1382971447.value": "49.238.65.0/24",
                            "ip_set_descriptors.1386171081.type": "IPV4",
                            "ip_set_descriptors.1386171081.value": "42.194.194.0/24",
                            "ip_set_descriptors.1391857792.type": "IPV4",
                            "ip_set_descriptors.1391857792.value": "131.200.0.0/16",
                            "ip_set_descriptors.139323058.type": "IPV4",
                            "ip_set_descriptors.139323058.value": "1.32.160.0/24",
                            "ip_set_descriptors.1400436485.type": "IPV4",
                            "ip_set_descriptors.1400436485.value": "1.32.172.0/24",
                            "ip_set_descriptors.1403202478.type": "IPV4",
                            "ip_set_descriptors.1403202478.value": "67.220.239.0/24",
                            "ip_set_descriptors.1404955199.type": "IPV4",
                            "ip_set_descriptors.1404955199.value": "61.11.247.0/24",
                            "ip_set_descriptors.1413744622.type": "IPV4",
                            "ip_set_descriptors.1413744622.value": "42.1.173.0/24",
                            "ip_set_descriptors.1421887272.type": "IPV4",
                            "ip_set_descriptors.1421887272.value": "42.194.136.0/24",
                            "ip_set_descriptors.1422241812.type": "IPV4",
                            "ip_set_descriptors.1422241812.value": "42.96.60.0/24",
                            "ip_set_descriptors.1422348352.type": "IPV4",
                            "ip_set_descriptors.1422348352.value": "155.71.0.0/16",
                            "ip_set_descriptors.143195016.type": "IPV4",
                            "ip_set_descriptors.143195016.value": "61.11.255.0/24",
                            "ip_set_descriptors.1437097824.type": "IPV4",
                            "ip_set_descriptors.1437097824.value": "42.194.222.0/24",
                            "ip_set_descriptors.1447252756.type": "IPV4",
                            "ip_set_descriptors.1447252756.value": "42.1.178.0/24",
                            "ip_set_descriptors.1447263195.type": "IPV4",
                            "ip_set_descriptors.1447263195.value": "46.232.197.0/24",
                            "ip_set_descriptors.1449158761.type": "IPV4",
                            "ip_set_descriptors.1449158761.value": "42.194.245.0/24",
                            "ip_set_descriptors.145725173.type": "IPV4",
                            "ip_set_descriptors.145725173.value": "223.0.0.0/16",
                            "ip_set_descriptors.1457793199.type": "IPV4",
                            "ip_set_descriptors.1457793199.value": "42.1.200.0/24",
                            "ip_set_descriptors.1460170785.type": "IPV4",
                            "ip_set_descriptors.1460170785.value": "42.194.151.0/24",
                            "ip_set_descriptors.1469677386.type": "IPV4",
                            "ip_set_descriptors.1469677386.value": "42.213.0.0/16",
                            "ip_set_descriptors.1471089562.type": "IPV4",
                            "ip_set_descriptors.1471089562.value": "42.194.229.0/24",
                            "ip_set_descriptors.1475699339.type": "IPV4",
                            "ip_set_descriptors.1475699339.value": "138.52.0.0/16",
                            "ip_set_descriptors.1482812989.type": "IPV4",
                            "ip_set_descriptors.1482812989.value": "159.229.0.0/16",
                            "ip_set_descriptors.1484075105.type": "IPV4",
                            "ip_set_descriptors.1484075105.value": "180.236.0.0/16",
                            "ip_set_descriptors.1487487300.type": "IPV4",
                            "ip_set_descriptors.1487487300.value": "67.220.225.0/24",
                            "ip_set_descriptors.1499263069.type": "IPV4",
                            "ip_set_descriptors.1499263069.value": "49.238.106.0/24",
                            "ip_set_descriptors.1499730653.type": "IPV4",
                            "ip_set_descriptors.1499730653.value": "49.238.79.0/24",
                            "ip_set_descriptors.1499752586.type": "IPV4",
                            "ip_set_descriptors.1499752586.value": "66.231.72.0/24",
                            "ip_set_descriptors.1499865783.type": "IPV4",
                            "ip_set_descriptors.1499865783.value": "67.220.249.0/24",
                            "ip_set_descriptors.1501094694.type": "IPV4",
                            "ip_set_descriptors.1501094694.value": "61.11.237.0/24",
                            "ip_set_descriptors.1502945315.type": "IPV4",
                            "ip_set_descriptors.1502945315.value": "42.194.188.0/24",
                            "ip_set_descriptors.1507401735.type": "IPV4",
                            "ip_set_descriptors.1507401735.value": "155.11.0.0/16",
                            "ip_set_descriptors.1508909532.type": "IPV4",
                            "ip_set_descriptors.1508909532.value": "45.43.167.0/24",
                            "ip_set_descriptors.1513514719.type": "IPV4",
                            "ip_set_descriptors.1513514719.value": "74.114.151.0/24",
                            "ip_set_descriptors.1517668629.type": "IPV4",
                            "ip_set_descriptors.1517668629.value": "1.32.165.0/24",
                            "ip_set_descriptors.1521538095.type": "IPV4",
                            "ip_set_descriptors.1521538095.value": "61.11.250.0/24",
                            "ip_set_descriptors.1533113933.type": "IPV4",
                            "ip_set_descriptors.1533113933.value": "67.220.242.0/24",
                            "ip_set_descriptors.1533230192.type": "IPV4",
                            "ip_set_descriptors.1533230192.value": "66.231.79.0/24",
                            "ip_set_descriptors.1533232679.type": "IPV4",
                            "ip_set_descriptors.1533232679.value": "49.238.72.0/24",
                            "ip_set_descriptors.1536324825.type": "IPV4",
                            "ip_set_descriptors.1536324825.value": "42.194.183.0/24",
                            "ip_set_descriptors.1551585588.type": "IPV4",
                            "ip_set_descriptors.1551585588.value": "165.205.0.0/16",
                            "ip_set_descriptors.1554342256.type": "IPV4",
                            "ip_set_descriptors.1554342256.value": "42.194.235.0/24",
                            "ip_set_descriptors.1556463100.type": "IPV4",
                            "ip_set_descriptors.1556463100.value": "27.126.171.0/24",
                            "ip_set_descriptors.155687035.type": "IPV4",
                            "ip_set_descriptors.155687035.value": "61.11.239.0/24",
                            "ip_set_descriptors.1564024503.type": "IPV4",
                            "ip_set_descriptors.1564024503.value": "42.194.12.0/24",
                            "ip_set_descriptors.1565080062.type": "IPV4",
                            "ip_set_descriptors.1565080062.value": "42.1.164.0/24",
                            "ip_set_descriptors.156850666.type": "IPV4",
                            "ip_set_descriptors.156850666.value": "67.220.247.0/24",
                            "ip_set_descriptors.156985728.type": "IPV4",
                            "ip_set_descriptors.156985728.value": "49.238.77.0/24",
                            "ip_set_descriptors.157518592.type": "IPV4",
                            "ip_set_descriptors.157518592.value": "49.238.108.0/24",
                            "ip_set_descriptors.1575842102.type": "IPV4",
                            "ip_set_descriptors.1575842102.value": "165.192.0.0/16",
                            "ip_set_descriptors.1577105677.type": "IPV4",
                            "ip_set_descriptors.1577105677.value": "42.96.10.0/24",
                            "ip_set_descriptors.1577406001.type": "IPV4",
                            "ip_set_descriptors.1577406001.value": "42.194.146.0/24",
                            "ip_set_descriptors.1578994566.type": "IPV4",
                            "ip_set_descriptors.1578994566.value": "45.6.51.0/24",
                            "ip_set_descriptors.1601001081.type": "IPV4",
                            "ip_set_descriptors.1601001081.value": "42.194.252.0/24",
                            "ip_set_descriptors.1604338664.type": "IPV4",
                            "ip_set_descriptors.1604338664.value": "42.139.0.0/16",
                            "ip_set_descriptors.1606253496.type": "IPV4",
                            "ip_set_descriptors.1606253496.value": "42.165.0.0/16",
                            "ip_set_descriptors.160751406.type": "IPV4",
                            "ip_set_descriptors.160751406.value": "43.252.83.0/24",
                            "ip_set_descriptors.1609111231.type": "IPV4",
                            "ip_set_descriptors.1609111231.value": "42.1.217.0/24",
                            "ip_set_descriptors.1610657619.type": "IPV4",
                            "ip_set_descriptors.1610657619.value": "67.213.118.0/24",
                            "ip_set_descriptors.1615619529.type": "IPV4",
                            "ip_set_descriptors.1615619529.value": "67.220.231.0/24",
                            "ip_set_descriptors.1618244706.type": "IPV4",
                            "ip_set_descriptors.1618244706.value": "168.129.0.0/16",
                            "ip_set_descriptors.162159486.type": "IPV4",
                            "ip_set_descriptors.162159486.value": "42.194.186.0/24",
                            "ip_set_descriptors.1628767569.type": "IPV4",
                            "ip_set_descriptors.1628767569.value": "45.43.173.0/24",
                            "ip_set_descriptors.1635863559.type": "IPV4",
                            "ip_set_descriptors.1635863559.value": "66.231.66.0/24",
                            "ip_set_descriptors.1638400262.type": "IPV4",
                            "ip_set_descriptors.1638400262.value": "161.66.0.0/16",
                            "ip_set_descriptors.1639568592.type": "IPV4",
                            "ip_set_descriptors.1639568592.value": "49.238.112.0/24",
                            "ip_set_descriptors.1644690345.type": "IPV4",
                            "ip_set_descriptors.1644690345.value": "67.213.113.0/24",
                            "ip_set_descriptors.164584065.type": "IPV4",
                            "ip_set_descriptors.164584065.value": "45.43.169.0/24",
                            "ip_set_descriptors.1649799330.type": "IPV4",
                            "ip_set_descriptors.1649799330.value": "61.11.244.0/24",
                            "ip_set_descriptors.1653665176.type": "IPV4",
                            "ip_set_descriptors.1653665176.value": "1.32.171.0/24",
                            "ip_set_descriptors.1662144939.type": "IPV4",
                            "ip_set_descriptors.1662144939.value": "45.43.178.0/24",
                            "ip_set_descriptors.1667640841.type": "IPV4",
                            "ip_set_descriptors.1667640841.value": "138.31.0.0/16",
                            "ip_set_descriptors.1668763732.type": "IPV4",
                            "ip_set_descriptors.1668763732.value": "42.194.197.0/24",
                            "ip_set_descriptors.1669751466.type": "IPV4",
                            "ip_set_descriptors.1669751466.value": "49.238.66.0/24",
                            "ip_set_descriptors.1671074641.type": "IPV4",
                            "ip_set_descriptors.1671074641.value": "61.11.228.0/24",
                            "ip_set_descriptors.1673429034.type": "IPV4",
                            "ip_set_descriptors.1673429034.value": "49.238.119.0/24",
                            "ip_set_descriptors.1681933821.type": "IPV4",
                            "ip_set_descriptors.1681933821.value": "42.194.221.0/24",
                            "ip_set_descriptors.1690211486.type": "IPV4",
                            "ip_set_descriptors.1690211486.value": "146.202.0.0/16",
                            "ip_set_descriptors.1692876358.type": "IPV4",
                            "ip_set_descriptors.1692876358.value": "42.194.159.0/24",
                            "ip_set_descriptors.1695246024.type": "IPV4",
                            "ip_set_descriptors.1695246024.value": "42.1.208.0/24",
                            "ip_set_descriptors.1697144245.type": "IPV4",
                            "ip_set_descriptors.1697144245.value": "42.194.135.0/24",
                            "ip_set_descriptors.1697491593.type": "IPV4",
                            "ip_set_descriptors.1697491593.value": "42.96.63.0/24",
                            "ip_set_descriptors.1698822069.type": "IPV4",
                            "ip_set_descriptors.1698822069.value": "192.22.0.0/16",
                            "ip_set_descriptors.1704349718.type": "IPV4",
                            "ip_set_descriptors.1704349718.value": "101.192.0.0/16",
                            "ip_set_descriptors.1705778547.type": "IPV4",
                            "ip_set_descriptors.1705778547.value": "42.1.170.0/24",
                            "ip_set_descriptors.1714440061.type": "IPV4",
                            "ip_set_descriptors.1714440061.value": "42.166.0.0/16",
                            "ip_set_descriptors.17183965.type": "IPV4",
                            "ip_set_descriptors.17183965.value": "129.160.0.0/16",
                            "ip_set_descriptors.1723559466.type": "IPV4",
                            "ip_set_descriptors.1723559466.value": "58.15.0.0/16",
                            "ip_set_descriptors.1725983420.type": "IPV4",
                            "ip_set_descriptors.1725983420.value": "42.194.152.0/24",
                            "ip_set_descriptors.1728852530.type": "IPV4",
                            "ip_set_descriptors.1728852530.value": "42.1.203.0/24",
                            "ip_set_descriptors.1736995572.type": "IPV4",
                            "ip_set_descriptors.1736995572.value": "42.194.246.0/24",
                            "ip_set_descriptors.1739284806.type": "IPV4",
                            "ip_set_descriptors.1739284806.value": "46.232.194.0/24",
                            "ip_set_descriptors.1740442894.type": "IPV4",
                            "ip_set_descriptors.1740442894.value": "1.10.27.0/24",
                            "ip_set_descriptors.1746418497.type": "IPV4",
                            "ip_set_descriptors.1746418497.value": "45.43.164.0/24",
                            "ip_set_descriptors.1754034711.type": "IPV4",
                            "ip_set_descriptors.1754034711.value": "66.231.71.0/24",
                            "ip_set_descriptors.1754331579.type": "IPV4",
                            "ip_set_descriptors.1754331579.value": "61.11.234.0/24",
                            "ip_set_descriptors.175451718.type": "IPV4",
                            "ip_set_descriptors.175451718.value": "42.217.0.0/16",
                            "ip_set_descriptors.1756687040.type": "IPV4",
                            "ip_set_descriptors.1756687040.value": "49.238.105.0/24",
                            "ip_set_descriptors.1759898408.type": "IPV4",
                            "ip_set_descriptors.1759898408.value": "167.97.0.0/16",
                            "ip_set_descriptors.1765891033.type": "IPV4",
                            "ip_set_descriptors.1765891033.value": "67.220.226.0/24",
                            "ip_set_descriptors.1780465295.type": "IPV4",
                            "ip_set_descriptors.1780465295.value": "49.10.0.0/16",
                            "ip_set_descriptors.1783523405.type": "IPV4",
                            "ip_set_descriptors.1783523405.value": "138.228.0.0/16",
                            "ip_set_descriptors.1786408516.type": "IPV4",
                            "ip_set_descriptors.1786408516.value": "42.194.180.0/24",
                            "ip_set_descriptors.1787391184.type": "IPV4",
                            "ip_set_descriptors.1787391184.value": "67.220.241.0/24",
                            "ip_set_descriptors.1787518138.type": "IPV4",
                            "ip_set_descriptors.1787518138.value": "49.238.71.0/24",
                            "ip_set_descriptors.1795168398.type": "IPV4",
                            "ip_set_descriptors.1795168398.value": "151.212.0.0/16",
                            "ip_set_descriptors.1800982194.type": "IPV4",
                            "ip_set_descriptors.1800982194.value": "61.11.253.0/24",
                            "ip_set_descriptors.1805505416.type": "IPV4",
                            "ip_set_descriptors.1805505416.value": "1.32.166.0/24",
                            "ip_set_descriptors.1822499683.type": "IPV4",
                            "ip_set_descriptors.1822499683.value": "42.1.167.0/24",
                            "ip_set_descriptors.183325340.type": "IPV4",
                            "ip_set_descriptors.183325340.value": "123.249.0.0/16",
                            "ip_set_descriptors.1833794541.type": "IPV4",
                            "ip_set_descriptors.1833794541.value": "42.194.236.0/24",
                            "ip_set_descriptors.1844442986.type": "IPV4",
                            "ip_set_descriptors.1844442986.value": "42.96.18.0/24",
                            "ip_set_descriptors.1845562402.type": "IPV4",
                            "ip_set_descriptors.1845562402.value": "42.1.214.0/24",
                            "ip_set_descriptors.1846821775.type": "IPV4",
                            "ip_set_descriptors.1846821775.value": "42.210.0.0/16",
                            "ip_set_descriptors.1847736159.type": "IPV4",
                            "ip_set_descriptors.1847736159.value": "42.194.129.0/24",
                            "ip_set_descriptors.1854229732.type": "IPV4",
                            "ip_set_descriptors.1854229732.value": "42.194.251.0/24",
                            "ip_set_descriptors.1857041182.type": "IPV4",
                            "ip_set_descriptors.1857041182.value": "1.10.30.0/24",
                            "ip_set_descriptors.1864734534.type": "IPV4",
                            "ip_set_descriptors.1864734534.value": "143.135.0.0/16",
                            "ip_set_descriptors.1877517200.type": "IPV4",
                            "ip_set_descriptors.1877517200.value": "42.96.13.0/24",
                            "ip_set_descriptors.1877824684.type": "IPV4",
                            "ip_set_descriptors.1877824684.value": "42.194.145.0/24",
                            "ip_set_descriptors.1879888658.type": "IPV4",
                            "ip_set_descriptors.1879888658.value": "148.185.0.0/16",
                            "ip_set_descriptors.1881542465.type": "IPV4",
                            "ip_set_descriptors.1881542465.value": "42.1.190.0/24",
                            "ip_set_descriptors.1881869385.type": "IPV4",
                            "ip_set_descriptors.1881869385.value": "138.249.0.0/16",
                            "ip_set_descriptors.1883795400.type": "IPV4",
                            "ip_set_descriptors.1883795400.value": "148.178.0.0/16",
                            "ip_set_descriptors.188796033.type": "IPV4",
                            "ip_set_descriptors.188796033.value": "61.11.232.0/24",
                            "ip_set_descriptors.1896361355.type": "IPV4",
                            "ip_set_descriptors.1896361355.value": "45.43.156.0/24",
                            "ip_set_descriptors.1900409419.type": "IPV4",
                            "ip_set_descriptors.1900409419.value": "1.32.133.0/24",
                            "ip_set_descriptors.1900761918.type": "IPV4",
                            "ip_set_descriptors.1900761918.value": "42.167.0.0/16",
                            "ip_set_descriptors.190596909.type": "IPV4",
                            "ip_set_descriptors.190596909.value": "66.231.77.0/24",
                            "ip_set_descriptors.1908439657.type": "IPV4",
                            "ip_set_descriptors.1908439657.value": "58.14.0.0/16",
                            "ip_set_descriptors.191160314.type": "IPV4",
                            "ip_set_descriptors.191160314.value": "49.238.103.0/24",
                            "ip_set_descriptors.1921893698.type": "IPV4",
                            "ip_set_descriptors.1921893698.value": "1.32.154.0/24",
                            "ip_set_descriptors.1921926681.type": "IPV4",
                            "ip_set_descriptors.1921926681.value": "200.22.0.0/16",
                            "ip_set_descriptors.1925192322.type": "IPV4",
                            "ip_set_descriptors.1925192322.value": "45.43.131.0/24",
                            "ip_set_descriptors.1928152149.type": "IPV4",
                            "ip_set_descriptors.1928152149.value": "101.193.0.0/16",
                            "ip_set_descriptors.1933747889.type": "IPV4",
                            "ip_set_descriptors.1933747889.value": "1.32.138.0/24",
                            "ip_set_descriptors.1952279847.type": "IPV4",
                            "ip_set_descriptors.1952279847.value": "42.194.204.0/24",
                            "ip_set_descriptors.1953259034.type": "IPV4",
                            "ip_set_descriptors.1953259034.value": "42.0.38.0/24",
                            "ip_set_descriptors.1954436698.type": "IPV4",
                            "ip_set_descriptors.1954436698.value": "42.1.139.0/24",
                            "ip_set_descriptors.1960390113.type": "IPV4",
                            "ip_set_descriptors.1960390113.value": "42.1.241.0/24",
                            "ip_set_descriptors.1966113363.type": "IPV4",
                            "ip_set_descriptors.1966113363.value": "42.96.46.0/24",
                            "ip_set_descriptors.1973632489.type": "IPV4",
                            "ip_set_descriptors.1973632489.value": "42.0.54.0/24",
                            "ip_set_descriptors.197371752.type": "IPV4",
                            "ip_set_descriptors.197371752.value": "160.200.0.0/16",
                            "ip_set_descriptors.1974547881.type": "IPV4",
                            "ip_set_descriptors.1974547881.value": "42.1.155.0/24",
                            "ip_set_descriptors.197660283.type": "IPV4",
                            "ip_set_descriptors.197660283.value": "45.43.162.0/24",
                            "ip_set_descriptors.1980526744.type": "IPV4",
                            "ip_set_descriptors.1980526744.value": "49.238.86.0/24",
                            "ip_set_descriptors.198082454.type": "IPV4",
                            "ip_set_descriptors.198082454.value": "145.231.0.0/16",
                            "ip_set_descriptors.1986726624.type": "IPV4",
                            "ip_set_descriptors.1986726624.value": "42.0.33.0/24",
                            "ip_set_descriptors.1987642016.type": "IPV4",
                            "ip_set_descriptors.1987642016.value": "42.1.132.0/24",
                            "ip_set_descriptors.198963234.type": "IPV4",
                            "ip_set_descriptors.198963234.value": "170.120.0.0/16",
                            "ip_set_descriptors.1996010842.type": "IPV4",
                            "ip_set_descriptors.1996010842.value": "42.96.21.0/24",
                            "ip_set_descriptors.1996309094.type": "IPV4",
                            "ip_set_descriptors.1996309094.value": "42.194.177.0/24",
                            "ip_set_descriptors.1997609704.type": "IPV4",
                            "ip_set_descriptors.1997609704.value": "42.1.226.0/24",
                            "ip_set_descriptors.2005453708.type": "IPV4",
                            "ip_set_descriptors.2005453708.value": "67.219.208.0/24",
                            "ip_set_descriptors.2007088408.type": "IPV4",
                            "ip_set_descriptors.2007088408.value": "150.25.0.0/16",
                            "ip_set_descriptors.2013598619.type": "IPV4",
                            "ip_set_descriptors.2013598619.value": "45.43.141.0/24",
                            "ip_set_descriptors.2013690712.type": "IPV4",
                            "ip_set_descriptors.2013690712.value": "45.121.206.0/24",
                            "ip_set_descriptors.2019228736.type": "IPV4",
                            "ip_set_descriptors.2019228736.value": "45.4.139.0/24",
                            "ip_set_descriptors.2024391194.type": "IPV4",
                            "ip_set_descriptors.2024391194.value": "49.238.120.0/24",
                            "ip_set_descriptors.202705620.type": "IPV4",
                            "ip_set_descriptors.202705620.value": "147.16.0.0/16",
                            "ip_set_descriptors.2027387123.type": "IPV4",
                            "ip_set_descriptors.2027387123.value": "196.63.0.0/16",
                            "ip_set_descriptors.2027925827.type": "IPV4",
                            "ip_set_descriptors.2027925827.value": "42.96.8.0/24",
                            "ip_set_descriptors.2032873809.type": "IPV4",
                            "ip_set_descriptors.2032873809.value": "42.1.187.0/24",
                            "ip_set_descriptors.2037340108.type": "IPV4",
                            "ip_set_descriptors.2037340108.value": "42.211.0.0/16",
                            "ip_set_descriptors.2038530035.type": "IPV4",
                            "ip_set_descriptors.2038530035.value": "128.188.0.0/16",
                            "ip_set_descriptors.2038935464.type": "IPV4",
                            "ip_set_descriptors.2038935464.value": "1.32.148.0/24",
                            "ip_set_descriptors.2050062534.type": "IPV4",
                            "ip_set_descriptors.2050062534.value": "155.73.0.0/16",
                            "ip_set_descriptors.205035178.type": "IPV4",
                            "ip_set_descriptors.205035178.value": "42.96.15.0/24",
                            "ip_set_descriptors.205349270.type": "IPV4",
                            "ip_set_descriptors.205349270.value": "42.194.143.0/24",
                            "ip_set_descriptors.2061034937.type": "IPV4",
                            "ip_set_descriptors.2061034937.value": "42.96.3.0/24",
                            "ip_set_descriptors.2061927795.type": "IPV4",
                            "ip_set_descriptors.2061927795.value": "79.173.104.0/24",
                            "ip_set_descriptors.2065165667.type": "IPV4",
                            "ip_set_descriptors.2065165667.value": "67.213.121.0/24",
                            "ip_set_descriptors.2072050514.type": "IPV4",
                            "ip_set_descriptors.2072050514.value": "1.32.143.0/24",
                            "ip_set_descriptors.2084420675.type": "IPV4",
                            "ip_set_descriptors.2084420675.value": "42.96.51.0/24",
                            "ip_set_descriptors.2088271051.type": "IPV4",
                            "ip_set_descriptors.2088271051.value": "137.76.0.0/16",
                            "ip_set_descriptors.2088935782.type": "IPV4",
                            "ip_set_descriptors.2088935782.value": "67.219.214.0/24",
                            "ip_set_descriptors.2091779065.type": "IPV4",
                            "ip_set_descriptors.2091779065.value": "42.0.43.0/24",
                            "ip_set_descriptors.2092698553.type": "IPV4",
                            "ip_set_descriptors.2092698553.value": "42.1.142.0/24",
                            "ip_set_descriptors.2102416183.type": "IPV4",
                            "ip_set_descriptors.2102416183.value": "42.194.213.0/24",
                            "ip_set_descriptors.21026978.type": "IPV4",
                            "ip_set_descriptors.21026978.value": "1.32.177.0/24",
                            "ip_set_descriptors.2103749324.type": "IPV4",
                            "ip_set_descriptors.2103749324.value": "49.11.0.0/16",
                            "ip_set_descriptors.2106730867.type": "IPV4",
                            "ip_set_descriptors.2106730867.value": "45.43.184.0/24",
                            "ip_set_descriptors.2115773688.type": "IPV4",
                            "ip_set_descriptors.2115773688.value": "42.1.231.0/24",
                            "ip_set_descriptors.2125027075.type": "IPV4",
                            "ip_set_descriptors.2125027075.value": "42.0.48.0/24",
                            "ip_set_descriptors.2126208835.type": "IPV4",
                            "ip_set_descriptors.2126208835.value": "42.1.149.0/24",
                            "ip_set_descriptors.2130792072.type": "IPV4",
                            "ip_set_descriptors.2130792072.value": "49.238.91.0/24",
                            "ip_set_descriptors.2136410061.type": "IPV4",
                            "ip_set_descriptors.2136410061.value": "42.194.218.0/24",
                            "ip_set_descriptors.2146466934.type": "IPV4",
                            "ip_set_descriptors.2146466934.value": "42.194.160.0/24",
                            "ip_set_descriptors.2146798410.type": "IPV4",
                            "ip_set_descriptors.2146798410.value": "42.96.36.0/24",
                            "ip_set_descriptors.2148682036.type": "IPV4",
                            "ip_set_descriptors.2148682036.value": "42.194.200.0/24",
                            "ip_set_descriptors.2149157945.type": "IPV4",
                            "ip_set_descriptors.2149157945.value": "42.136.0.0/16",
                            "ip_set_descriptors.2151940209.type": "IPV4",
                            "ip_set_descriptors.2151940209.value": "49.238.89.0/24",
                            "ip_set_descriptors.2157316594.type": "IPV4",
                            "ip_set_descriptors.2157316594.value": "42.1.245.0/24",
                            "ip_set_descriptors.2159358607.type": "IPV4",
                            "ip_set_descriptors.2159358607.value": "42.194.178.0/24",
                            "ip_set_descriptors.2170120705.type": "IPV4",
                            "ip_set_descriptors.2170120705.value": "42.1.229.0/24",
                            "ip_set_descriptors.2172626496.type": "IPV4",
                            "ip_set_descriptors.2172626496.value": "42.96.42.0/24",
                            "ip_set_descriptors.2179734010.type": "IPV4",
                            "ip_set_descriptors.2179734010.value": "42.0.50.0/24",
                            "ip_set_descriptors.2180415901.type": "IPV4",
                            "ip_set_descriptors.2180415901.value": "160.180.0.0/16",
                            "ip_set_descriptors.2180911546.type": "IPV4",
                            "ip_set_descriptors.2180911546.value": "42.1.151.0/24",
                            "ip_set_descriptors.218241034.type": "IPV4",
                            "ip_set_descriptors.218241034.value": "45.114.225.0/24",
                            "ip_set_descriptors.2183409395.type": "IPV4",
                            "ip_set_descriptors.2183409395.value": "42.0.37.0/24",
                            "ip_set_descriptors.2184586931.type": "IPV4",
                            "ip_set_descriptors.2184586931.value": "42.1.136.0/24",
                            "ip_set_descriptors.2185450635.type": "IPV4",
                            "ip_set_descriptors.2185450635.value": "49.238.82.0/24",
                            "ip_set_descriptors.2190958554.type": "IPV4",
                            "ip_set_descriptors.2190958554.value": "146.252.0.0/16",
                            "ip_set_descriptors.2192729717.type": "IPV4",
                            "ip_set_descriptors.2192729717.value": "42.194.173.0/24",
                            "ip_set_descriptors.2193068361.type": "IPV4",
                            "ip_set_descriptors.2193068361.value": "42.96.25.0/24",
                            "ip_set_descriptors.2203991803.type": "IPV4",
                            "ip_set_descriptors.2203991803.value": "42.1.222.0/24",
                            "ip_set_descriptors.2205741754.type": "IPV4",
                            "ip_set_descriptors.2205741754.value": "42.96.49.0/24",
                            "ip_set_descriptors.2210785426.type": "IPV4",
                            "ip_set_descriptors.2210785426.value": "37.246.0.0/16",
                            "ip_set_descriptors.2213271982.type": "IPV4",
                            "ip_set_descriptors.2213271982.value": "37.148.219.0/24",
                            "ip_set_descriptors.2215298268.type": "IPV4",
                            "ip_set_descriptors.2215298268.value": "158.54.0.0/16",
                            "ip_set_descriptors.2221484882.type": "IPV4",
                            "ip_set_descriptors.2221484882.value": "42.1.194.0/24",
                            "ip_set_descriptors.2232079960.type": "IPV4",
                            "ip_set_descriptors.2232079960.value": "1.32.137.0/24",
                            "ip_set_descriptors.2233727116.type": "IPV4",
                            "ip_set_descriptors.2233727116.value": "42.220.0.0/16",
                            "ip_set_descriptors.2236025240.type": "IPV4",
                            "ip_set_descriptors.2236025240.value": "45.43.152.0/24",
                            "ip_set_descriptors.2256673112.type": "IPV4",
                            "ip_set_descriptors.2256673112.value": "153.52.0.0/16",
                            "ip_set_descriptors.2257030873.type": "IPV4",
                            "ip_set_descriptors.2257030873.value": "223.169.0.0/16",
                            "ip_set_descriptors.2257534609.type": "IPV4",
                            "ip_set_descriptors.2257534609.value": "45.43.135.0/24",
                            "ip_set_descriptors.2260918609.type": "IPV4",
                            "ip_set_descriptors.2260918609.value": "1.32.150.0/24",
                            "ip_set_descriptors.2263685637.type": "IPV4",
                            "ip_set_descriptors.2263685637.value": "43.229.54.0/24",
                            "ip_set_descriptors.2267574245.type": "IPV4",
                            "ip_set_descriptors.2267574245.value": "27.146.0.0/16",
                            "ip_set_descriptors.2269142370.type": "IPV4",
                            "ip_set_descriptors.2269142370.value": "45.43.159.0/24",
                            "ip_set_descriptors.2278358960.type": "IPV4",
                            "ip_set_descriptors.2278358960.value": "180.239.0.0/16",
                            "ip_set_descriptors.2289211472.type": "IPV4",
                            "ip_set_descriptors.2289211472.value": "42.96.55.0/24",
                            "ip_set_descriptors.2295170421.type": "IPV4",
                            "ip_set_descriptors.2295170421.value": "67.219.210.0/24",
                            "ip_set_descriptors.2296457194.type": "IPV4",
                            "ip_set_descriptors.2296457194.value": "42.0.47.0/24",
                            "ip_set_descriptors.2296989695.type": "IPV4",
                            "ip_set_descriptors.2296989695.value": "158.249.0.0/16",
                            "ip_set_descriptors.2297638826.type": "IPV4",
                            "ip_set_descriptors.2297638826.value": "42.1.146.0/24",
                            "ip_set_descriptors.2300540708.type": "IPV4",
                            "ip_set_descriptors.2300540708.value": "42.194.217.0/24",
                            "ip_set_descriptors.2300782211.type": "IPV4",
                            "ip_set_descriptors.2300782211.value": "74.118.60.0/24",
                            "ip_set_descriptors.2308650978.type": "IPV4",
                            "ip_set_descriptors.2308650978.value": "42.1.252.0/24",
                            "ip_set_descriptors.2310929315.type": "IPV4",
                            "ip_set_descriptors.2310929315.value": "42.96.39.0/24",
                            "ip_set_descriptors.2312965472.type": "IPV4",
                            "ip_set_descriptors.2312965472.value": "45.43.180.0/24",
                            "ip_set_descriptors.231494126.type": "IPV4",
                            "ip_set_descriptors.231494126.value": "163.254.0.0/16",
                            "ip_set_descriptors.231815448.type": "IPV4",
                            "ip_set_descriptors.231815448.value": "42.1.212.0/24",
                            "ip_set_descriptors.2320695531.type": "IPV4",
                            "ip_set_descriptors.2320695531.value": "42.1.235.0/24",
                            "ip_set_descriptors.2326279113.type": "IPV4",
                            "ip_set_descriptors.2326279113.value": "130.21.0.0/16",
                            "ip_set_descriptors.2337172123.type": "IPV4",
                            "ip_set_descriptors.2337172123.value": "49.238.95.0/24",
                            "ip_set_descriptors.2344267609.type": "IPV4",
                            "ip_set_descriptors.2344267609.value": "42.96.32.0/24",
                            "ip_set_descriptors.2344573029.type": "IPV4",
                            "ip_set_descriptors.2344573029.value": "42.194.164.0/24",
                            "ip_set_descriptors.2345004437.type": "IPV4",
                            "ip_set_descriptors.2345004437.value": "153.93.0.0/16",
                            "ip_set_descriptors.2346656634.type": "IPV4",
                            "ip_set_descriptors.2346656634.value": "101.249.0.0/16",
                            "ip_set_descriptors.2353674120.type": "IPV4",
                            "ip_set_descriptors.2353674120.value": "45.43.145.0/24",
                            "ip_set_descriptors.2361524831.type": "IPV4",
                            "ip_set_descriptors.2361524831.value": "49.9.0.0/16",
                            "ip_set_descriptors.2363942409.type": "IPV4",
                            "ip_set_descriptors.2363942409.value": "49.238.124.0/24",
                            "ip_set_descriptors.2372146498.type": "IPV4",
                            "ip_set_descriptors.2372146498.value": "42.1.183.0/24",
                            "ip_set_descriptors.2374325371.type": "IPV4",
                            "ip_set_descriptors.2374325371.value": "45.43.129.0/24",
                            "ip_set_descriptors.2383580329.type": "IPV4",
                            "ip_set_descriptors.2383580329.value": "45.4.136.0/24",
                            "ip_set_descriptors.238695788.type": "IPV4",
                            "ip_set_descriptors.238695788.value": "42.194.148.0/24",
                            "ip_set_descriptors.2392310186.type": "IPV4",
                            "ip_set_descriptors.2392310186.value": "42.96.7.0/24",
                            "ip_set_descriptors.2397061520.type": "IPV4",
                            "ip_set_descriptors.2397061520.value": "147.7.0.0/16",
                            "ip_set_descriptors.2404960624.type": "IPV4",
                            "ip_set_descriptors.2404960624.value": "67.213.125.0/24",
                            "ip_set_descriptors.2405646776.type": "IPV4",
                            "ip_set_descriptors.2405646776.value": "42.1.188.0/24",
                            "ip_set_descriptors.2406373976.type": "IPV4",
                            "ip_set_descriptors.2406373976.value": "43.252.152.0/24",
                            "ip_set_descriptors.2412764993.type": "IPV4",
                            "ip_set_descriptors.2412764993.value": "1.32.147.0/24",
                            "ip_set_descriptors.24167108.type": "IPV4",
                            "ip_set_descriptors.24167108.value": "43.250.117.0/24",
                            "ip_set_descriptors.2416927214.type": "IPV4",
                            "ip_set_descriptors.2416927214.value": "42.194.225.0/24",
                            "ip_set_descriptors.2424095074.type": "IPV4",
                            "ip_set_descriptors.2424095074.value": "74.122.62.0/24",
                            "ip_set_descriptors.2427972595.type": "IPV4",
                            "ip_set_descriptors.2427972595.value": "180.238.0.0/16",
                            "ip_set_descriptors.2439477670.type": "IPV4",
                            "ip_set_descriptors.2439477670.value": "42.194.131.0/24",
                            "ip_set_descriptors.2445279773.type": "IPV4",
                            "ip_set_descriptors.2445279773.value": "42.194.249.0/24",
                            "ip_set_descriptors.2447217599.type": "IPV4",
                            "ip_set_descriptors.2447217599.value": "67.219.222.0/24",
                            "ip_set_descriptors.2447587680.type": "IPV4",
                            "ip_set_descriptors.2447587680.value": "42.1.174.0/24",
                            "ip_set_descriptors.2448784871.type": "IPV4",
                            "ip_set_descriptors.2448784871.value": "1.10.28.0/24",
                            "ip_set_descriptors.2449018139.type": "IPV4",
                            "ip_set_descriptors.2449018139.value": "153.53.0.0/16",
                            "ip_set_descriptors.245190359.type": "IPV4",
                            "ip_set_descriptors.245190359.value": "42.194.230.0/24",
                            "ip_set_descriptors.2455301327.type": "IPV4",
                            "ip_set_descriptors.2455301327.value": "42.221.0.0/16",
                            "ip_set_descriptors.2458471649.type": "IPV4",
                            "ip_set_descriptors.2458471649.value": "148.154.0.0/16",
                            "ip_set_descriptors.2460962479.type": "IPV4",
                            "ip_set_descriptors.2460962479.value": "42.194.156.0/24",
                            "ip_set_descriptors.2470647329.type": "IPV4",
                            "ip_set_descriptors.2470647329.value": "42.1.207.0/24",
                            "ip_set_descriptors.2479314663.type": "IPV4",
                            "ip_set_descriptors.2479314663.value": "42.194.242.0/24",
                            "ip_set_descriptors.2483241434.type": "IPV4",
                            "ip_set_descriptors.2483241434.value": "67.220.235.0/24",
                            "ip_set_descriptors.2498957111.type": "IPV4",
                            "ip_set_descriptors.2498957111.value": "128.13.0.0/16",
                            "ip_set_descriptors.2503942333.type": "IPV4",
                            "ip_set_descriptors.2503942333.value": "42.194.198.0/24",
                            "ip_set_descriptors.2505711938.type": "IPV4",
                            "ip_set_descriptors.2505711938.value": "45.43.177.0/24",
                            "ip_set_descriptors.2513310275.type": "IPV4",
                            "ip_set_descriptors.2513310275.value": "49.238.69.0/24",
                            "ip_set_descriptors.2513626040.type": "IPV4",
                            "ip_set_descriptors.2513626040.value": "61.11.227.0/24",
                            "ip_set_descriptors.2515988675.type": "IPV4",
                            "ip_set_descriptors.2515988675.value": "49.238.116.0/24",
                            "ip_set_descriptors.2518340785.type": "IPV4",
                            "ip_set_descriptors.2518340785.value": "61.11.240.0/24",
                            "ip_set_descriptors.2521358266.type": "IPV4",
                            "ip_set_descriptors.2521358266.value": "67.213.117.0/24",
                            "ip_set_descriptors.2525861342.type": "IPV4",
                            "ip_set_descriptors.2525861342.value": "160.181.0.0/16",
                            "ip_set_descriptors.2531248523.type": "IPV4",
                            "ip_set_descriptors.2531248523.value": "1.32.175.0/24",
                            "ip_set_descriptors.2537059399.type": "IPV4",
                            "ip_set_descriptors.2537059399.value": "42.194.193.0/24",
                            "ip_set_descriptors.2539821178.type": "IPV4",
                            "ip_set_descriptors.2539821178.value": "42.137.0.0/16",
                            "ip_set_descriptors.2542239962.type": "IPV4",
                            "ip_set_descriptors.2542239962.value": "160.21.0.0/16",
                            "ip_set_descriptors.2546547950.type": "IPV4",
                            "ip_set_descriptors.2546547950.value": "66.231.69.0/24",
                            "ip_set_descriptors.2546693843.type": "IPV4",
                            "ip_set_descriptors.2546693843.value": "67.220.252.0/24",
                            "ip_set_descriptors.25544088.type": "IPV4",
                            "ip_set_descriptors.25544088.value": "61.11.242.0/24",
                            "ip_set_descriptors.2558996829.type": "IPV4",
                            "ip_set_descriptors.2558996829.value": "159.151.0.0/16",
                            "ip_set_descriptors.2560499769.type": "IPV4",
                            "ip_set_descriptors.2560499769.value": "42.194.15.0/24",
                            "ip_set_descriptors.2565736304.type": "IPV4",
                            "ip_set_descriptors.2565736304.value": "42.1.163.0/24",
                            "ip_set_descriptors.2566655792.type": "IPV4",
                            "ip_set_descriptors.2566655792.value": "42.0.62.0/24",
                            "ip_set_descriptors.2566691742.type": "IPV4",
                            "ip_set_descriptors.2566691742.value": "37.148.220.0/24",
                            "ip_set_descriptors.2567069694.type": "IPV4",
                            "ip_set_descriptors.2567069694.value": "42.194.232.0/24",
                            "ip_set_descriptors.2576219460.type": "IPV4",
                            "ip_set_descriptors.2576219460.value": "130.196.0.0/16",
                            "ip_set_descriptors.2578402565.type": "IPV4",
                            "ip_set_descriptors.2578402565.value": "150.126.0.0/16",
                            "ip_set_descriptors.258154009.type": "IPV4",
                            "ip_set_descriptors.258154009.value": "42.0.60.0/24",
                            "ip_set_descriptors.258181815.type": "IPV4",
                            "ip_set_descriptors.258181815.value": "37.148.222.0/24",
                            "ip_set_descriptors.2588813361.type": "IPV4",
                            "ip_set_descriptors.2588813361.value": "42.1.210.0/24",
                            "ip_set_descriptors.259069529.type": "IPV4",
                            "ip_set_descriptors.259069529.value": "42.1.161.0/24",
                            "ip_set_descriptors.2593982755.type": "IPV4",
                            "ip_set_descriptors.2593982755.value": "45.114.227.0/24",
                            "ip_set_descriptors.2596956407.type": "IPV4",
                            "ip_set_descriptors.2596956407.value": "42.194.255.0/24",
                            "ip_set_descriptors.2598982538.type": "IPV4",
                            "ip_set_descriptors.2598982538.value": "42.1.168.0/24",
                            "ip_set_descriptors.2600798980.type": "IPV4",
                            "ip_set_descriptors.2600798980.value": "42.194.239.0/24",
                            "ip_set_descriptors.2608846027.type": "IPV4",
                            "ip_set_descriptors.2608846027.value": "148.148.0.0/16",
                            "ip_set_descriptors.2611114175.type": "IPV4",
                            "ip_set_descriptors.2611114175.value": "42.194.141.0/24",
                            "ip_set_descriptors.2611447683.type": "IPV4",
                            "ip_set_descriptors.2611447683.value": "42.96.17.0/24",
                            "ip_set_descriptors.2612598300.type": "IPV4",
                            "ip_set_descriptors.2612598300.value": "49.8.0.0/16",
                            "ip_set_descriptors.2622955346.type": "IPV4",
                            "ip_set_descriptors.2622955346.value": "45.43.160.0/24",
                            "ip_set_descriptors.2628007737.type": "IPV4",
                            "ip_set_descriptors.2628007737.value": "101.248.0.0/16",
                            "ip_set_descriptors.2630047236.type": "IPV4",
                            "ip_set_descriptors.2630047236.value": "66.231.75.0/24",
                            "ip_set_descriptors.2631916968.type": "IPV4",
                            "ip_set_descriptors.2631916968.value": "61.11.230.0/24",
                            "ip_set_descriptors.2633748179.type": "IPV4",
                            "ip_set_descriptors.2633748179.value": "49.238.101.0/24",
                            "ip_set_descriptors.2648023905.type": "IPV4",
                            "ip_set_descriptors.2648023905.value": "1.32.169.0/24",
                            "ip_set_descriptors.2651573767.type": "IPV4",
                            "ip_set_descriptors.2651573767.value": "43.252.81.0/24",
                            "ip_set_descriptors.2654292567.type": "IPV4",
                            "ip_set_descriptors.2654292567.value": "42.194.184.0/24",
                            "ip_set_descriptors.2656478822.type": "IPV4",
                            "ip_set_descriptors.2656478822.value": "137.171.0.0/16",
                            "ip_set_descriptors.265711074.type": "IPV4",
                            "ip_set_descriptors.265711074.value": "42.1.219.0/24",
                            "ip_set_descriptors.2663676073.type": "IPV4",
                            "ip_set_descriptors.2663676073.value": "49.238.75.0/24",
                            "ip_set_descriptors.2663794883.type": "IPV4",
                            "ip_set_descriptors.2663794883.value": "67.220.245.0/24",
                            "ip_set_descriptors.2668178224.type": "IPV4",
                            "ip_set_descriptors.2668178224.value": "67.220.229.0/24",
                            "ip_set_descriptors.2681403291.type": "IPV4",
                            "ip_set_descriptors.2681403291.value": "1.32.162.0/24",
                            "ip_set_descriptors.2685078322.type": "IPV4",
                            "ip_set_descriptors.2685078322.value": "46.232.198.0/24",
                            "ip_set_descriptors.2685084669.type": "IPV4",
                            "ip_set_descriptors.2685084669.value": "42.1.177.0/24",
                            "ip_set_descriptors.2687863074.type": "IPV4",
                            "ip_set_descriptors.2687863074.value": "67.219.221.0/24",
                            "ip_set_descriptors.2693751611.type": "IPV4",
                            "ip_set_descriptors.2693751611.value": "42.194.132.0/24",
                            "ip_set_descriptors.2696988170.type": "IPV4",
                            "ip_set_descriptors.2696988170.value": "149.118.0.0/16",
                            "ip_set_descriptors.2706949503.type": "IPV4",
                            "ip_set_descriptors.2706949503.value": "45.6.49.0/24",
                            "ip_set_descriptors.2710887423.type": "IPV4",
                            "ip_set_descriptors.2710887423.value": "74.122.61.0/24",
                            "ip_set_descriptors.2716302195.type": "IPV4",
                            "ip_set_descriptors.2716302195.value": "42.194.226.0/24",
                            "ip_set_descriptors.2717407996.type": "IPV4",
                            "ip_set_descriptors.2717407996.value": "165.102.0.0/16",
                            "ip_set_descriptors.2718719944.type": "IPV4",
                            "ip_set_descriptors.2718719944.value": "46.232.193.0/24",
                            "ip_set_descriptors.2721008762.type": "IPV4",
                            "ip_set_descriptors.2721008762.value": "42.194.241.0/24",
                            "ip_set_descriptors.2726836161.type": "IPV4",
                            "ip_set_descriptors.2726836161.value": "42.194.139.0/24",
                            "ip_set_descriptors.2729118908.type": "IPV4",
                            "ip_set_descriptors.2729118908.value": "42.1.204.0/24",
                            "ip_set_descriptors.2739360818.type": "IPV4",
                            "ip_set_descriptors.2739360818.value": "42.194.155.0/24",
                            "ip_set_descriptors.2753489502.type": "IPV4",
                            "ip_set_descriptors.2753489502.value": "49.238.115.0/24",
                            "ip_set_descriptors.2755328293.type": "IPV4",
                            "ip_set_descriptors.2755328293.value": "61.11.224.0/24",
                            "ip_set_descriptors.2763107686.type": "IPV4",
                            "ip_set_descriptors.2763107686.value": "130.148.0.0/16",
                            "ip_set_descriptors.2763144159.type": "IPV4",
                            "ip_set_descriptors.2763144159.value": "45.43.174.0/24",
                            "ip_set_descriptors.2774741438.type": "IPV4",
                            "ip_set_descriptors.2774741438.value": "130.222.0.0/16",
                            "ip_set_descriptors.2775787558.type": "IPV4",
                            "ip_set_descriptors.2775787558.value": "74.114.149.0/24",
                            "ip_set_descriptors.2783664967.type": "IPV4",
                            "ip_set_descriptors.2783664967.value": "67.220.236.0/24",
                            "ip_set_descriptors.2784336598.type": "IPV4",
                            "ip_set_descriptors.2784336598.value": "61.11.248.0/24",
                            "ip_set_descriptors.2785609339.type": "IPV4",
                            "ip_set_descriptors.2785609339.value": "137.218.0.0/16",
                            "ip_set_descriptors.2787339342.type": "IPV4",
                            "ip_set_descriptors.2787339342.value": "67.220.251.0/24",
                            "ip_set_descriptors.2798677722.type": "IPV4",
                            "ip_set_descriptors.2798677722.value": "42.194.190.0/24",
                            "ip_set_descriptors.2802058437.type": "IPV4",
                            "ip_set_descriptors.2802058437.value": "42.174.0.0/16",
                            "ip_set_descriptors.2802305392.type": "IPV4",
                            "ip_set_descriptors.2802305392.value": "43.250.116.0/24",
                            "ip_set_descriptors.2803448981.type": "IPV4",
                            "ip_set_descriptors.2803448981.value": "42.128.0.0/16",
                            "ip_set_descriptors.2805453590.type": "IPV4",
                            "ip_set_descriptors.2805453590.value": "1.32.176.0/24",
                            "ip_set_descriptors.2807570480.type": "IPV4",
                            "ip_set_descriptors.2807570480.value": "134.23.0.0/16",
                            "ip_set_descriptors.2809113084.type": "IPV4",
                            "ip_set_descriptors.2809113084.value": "165.54.0.0/16",
                            "ip_set_descriptors.2809997667.type": "IPV4",
                            "ip_set_descriptors.2809997667.value": "160.255.0.0/16",
                            "ip_set_descriptors.2812331303.type": "IPV4",
                            "ip_set_descriptors.2812331303.value": "67.213.114.0/24",
                            "ip_set_descriptors.2817707564.type": "IPV4",
                            "ip_set_descriptors.2817707564.value": "61.11.243.0/24",
                            "ip_set_descriptors.2823634648.type": "IPV4",
                            "ip_set_descriptors.2823634648.value": "42.194.149.0/24",
                            "ip_set_descriptors.2827747072.type": "IPV4",
                            "ip_set_descriptors.2827747072.value": "155.40.0.0/16",
                            "ip_set_descriptors.2833925475.type": "IPV4",
                            "ip_set_descriptors.2833925475.value": "42.194.231.0/24",
                            "ip_set_descriptors.2835750381.type": "IPV4",
                            "ip_set_descriptors.2835750381.value": "42.1.160.0/24",
                            "ip_set_descriptors.2836665773.type": "IPV4",
                            "ip_set_descriptors.2836665773.value": "42.0.61.0/24",
                            "ip_set_descriptors.2836693251.type": "IPV4",
                            "ip_set_descriptors.2836693251.value": "37.148.223.0/24",
                            "ip_set_descriptors.2845926998.type": "IPV4",
                            "ip_set_descriptors.2845926998.value": "42.1.218.0/24",
                            "ip_set_descriptors.2857003554.type": "IPV4",
                            "ip_set_descriptors.2857003554.value": "42.194.142.0/24",
                            "ip_set_descriptors.2857344286.type": "IPV4",
                            "ip_set_descriptors.2857344286.value": "42.96.14.0/24",
                            "ip_set_descriptors.2858637604.type": "IPV4",
                            "ip_set_descriptors.2858637604.value": "160.235.0.0/16",
                            "ip_set_descriptors.286273464.type": "IPV4",
                            "ip_set_descriptors.286273464.value": "45.43.137.0/24",
                            "ip_set_descriptors.2876576702.type": "IPV4",
                            "ip_set_descriptors.2876576702.value": "45.114.224.0/24",
                            "ip_set_descriptors.2879795884.type": "IPV4",
                            "ip_set_descriptors.2879795884.value": "42.1.213.0/24",
                            "ip_set_descriptors.2882916362.type": "IPV4",
                            "ip_set_descriptors.2882916362.value": "42.222.0.0/16",
                            "ip_set_descriptors.2903757902.type": "IPV4",
                            "ip_set_descriptors.2903757902.value": "49.238.102.0/24",
                            "ip_set_descriptors.2905296025.type": "IPV4",
                            "ip_set_descriptors.2905296025.value": "66.231.76.0/24",
                            "ip_set_descriptors.2906113845.type": "IPV4",
                            "ip_set_descriptors.2906113845.value": "61.11.233.0/24",
                            "ip_set_descriptors.291369080.type": "IPV4",
                            "ip_set_descriptors.291369080.value": "1.32.152.0/24",
                            "ip_set_descriptors.2914977231.type": "IPV4",
                            "ip_set_descriptors.2914977231.value": "45.43.163.0/24",
                            "ip_set_descriptors.291836674.type": "IPV4",
                            "ip_set_descriptors.291836674.value": "45.117.209.0/24",
                            "ip_set_descriptors.2923097350.type": "IPV4",
                            "ip_set_descriptors.2923097350.value": "1.32.161.0/24",
                            "ip_set_descriptors.2930999370.type": "IPV4",
                            "ip_set_descriptors.2930999370.value": "134.63.0.0/16",
                            "ip_set_descriptors.2933900125.type": "IPV4",
                            "ip_set_descriptors.2933900125.value": "137.19.0.0/16",
                            "ip_set_descriptors.2934940863.type": "IPV4",
                            "ip_set_descriptors.2934940863.value": "42.134.0.0/16",
                            "ip_set_descriptors.2935135471.type": "IPV4",
                            "ip_set_descriptors.2935135471.value": "42.168.0.0/16",
                            "ip_set_descriptors.2936008764.type": "IPV4",
                            "ip_set_descriptors.2936008764.value": "61.11.254.0/24",
                            "ip_set_descriptors.2937356468.type": "IPV4",
                            "ip_set_descriptors.2937356468.value": "49.238.109.0/24",
                            "ip_set_descriptors.2938921524.type": "IPV4",
                            "ip_set_descriptors.2938921524.value": "49.238.76.0/24",
                            "ip_set_descriptors.2939048542.type": "IPV4",
                            "ip_set_descriptors.2939048542.value": "67.220.246.0/24",
                            "ip_set_descriptors.2939196367.type": "IPV4",
                            "ip_set_descriptors.2939196367.value": "61.11.238.0/24",
                            "ip_set_descriptors.2941001206.type": "IPV4",
                            "ip_set_descriptors.2941001206.value": "138.43.0.0/16",
                            "ip_set_descriptors.2948092213.type": "IPV4",
                            "ip_set_descriptors.2948092213.value": "45.43.168.0/24",
                            "ip_set_descriptors.2950516938.type": "IPV4",
                            "ip_set_descriptors.2950516938.value": "42.194.187.0/24",
                            "ip_set_descriptors.2950943898.type": "IPV4",
                            "ip_set_descriptors.2950943898.value": "43.252.82.0/24",
                            "ip_set_descriptors.2953053031.type": "IPV4",
                            "ip_set_descriptors.2953053031.value": "42.0.53.0/24",
                            "ip_set_descriptors.2954149311.type": "IPV4",
                            "ip_set_descriptors.2954149311.value": "165.55.0.0/16",
                            "ip_set_descriptors.2954234663.type": "IPV4",
                            "ip_set_descriptors.2954234663.value": "42.1.152.0/24",
                            "ip_set_descriptors.2955097203.type": "IPV4",
                            "ip_set_descriptors.2955097203.value": "134.22.0.0/16",
                            "ip_set_descriptors.2959222998.type": "IPV4",
                            "ip_set_descriptors.2959222998.value": "42.129.0.0/16",
                            "ip_set_descriptors.2961117318.type": "IPV4",
                            "ip_set_descriptors.2961117318.value": "42.175.0.0/16",
                            "ip_set_descriptors.2962734301.type": "IPV4",
                            "ip_set_descriptors.2962734301.value": "42.96.41.0/24",
                            "ip_set_descriptors.2965429175.type": "IPV4",
                            "ip_set_descriptors.2965429175.value": "45.127.39.0/24",
                            "ip_set_descriptors.2967190059.type": "IPV4",
                            "ip_set_descriptors.2967190059.value": "157.162.0.0/16",
                            "ip_set_descriptors.2977829743.type": "IPV4",
                            "ip_set_descriptors.2977829743.value": "42.1.246.0/24",
                            "ip_set_descriptors.2985972649.type": "IPV4",
                            "ip_set_descriptors.2985972649.value": "42.194.203.0/24",
                            "ip_set_descriptors.2986563485.type": "IPV4",
                            "ip_set_descriptors.2986563485.value": "42.0.58.0/24",
                            "ip_set_descriptors.2987483101.type": "IPV4",
                            "ip_set_descriptors.2987483101.value": "42.1.159.0/24",
                            "ip_set_descriptors.2991807206.type": "IPV4",
                            "ip_set_descriptors.2991807206.value": "79.110.19.0/24",
                            "ip_set_descriptors.2995912322.type": "IPV4",
                            "ip_set_descriptors.2995912322.value": "122.185.0.0/16",
                            "ip_set_descriptors.2997071469.type": "IPV4",
                            "ip_set_descriptors.2997071469.value": "167.158.0.0/16",
                            "ip_set_descriptors.2998281318.type": "IPV4",
                            "ip_set_descriptors.2998281318.value": "42.1.221.0/24",
                            "ip_set_descriptors.299888330.type": "IPV4",
                            "ip_set_descriptors.299888330.value": "42.140.0.0/16",
                            "ip_set_descriptors.3008779582.type": "IPV4",
                            "ip_set_descriptors.3008779582.value": "159.219.0.0/16",
                            "ip_set_descriptors.3009051880.type": "IPV4",
                            "ip_set_descriptors.3009051880.value": "42.194.170.0/24",
                            "ip_set_descriptors.3009383380.type": "IPV4",
                            "ip_set_descriptors.3009383380.value": "42.96.26.0/24",
                            "ip_set_descriptors.301117816.type": "IPV4",
                            "ip_set_descriptors.301117816.value": "137.31.0.0/16",
                            "ip_set_descriptors.3014348310.type": "IPV4",
                            "ip_set_descriptors.3014348310.value": "49.238.81.0/24",
                            "ip_set_descriptors.3016504430.type": "IPV4",
                            "ip_set_descriptors.3016504430.value": "42.0.34.0/24",
                            "ip_set_descriptors.3017686062.type": "IPV4",
                            "ip_set_descriptors.3017686062.value": "42.1.135.0/24",
                            "ip_set_descriptors.3019704147.type": "IPV4",
                            "ip_set_descriptors.3019704147.value": "42.194.208.0/24",
                            "ip_set_descriptors.3031372549.type": "IPV4",
                            "ip_set_descriptors.3031372549.value": "45.43.151.0/24",
                            "ip_set_descriptors.3034762437.type": "IPV4",
                            "ip_set_descriptors.3034762437.value": "1.32.134.0/24",
                            "ip_set_descriptors.3035692254.type": "IPV4",
                            "ip_set_descriptors.3035692254.value": "45.4.129.0/24",
                            "ip_set_descriptors.3039670070.type": "IPV4",
                            "ip_set_descriptors.3039670070.value": "1.32.158.0/24",
                            "ip_set_descriptors.3045142991.type": "IPV4",
                            "ip_set_descriptors.3045142991.value": "42.1.197.0/24",
                            "ip_set_descriptors.3050666233.type": "IPV4",
                            "ip_set_descriptors.3050666233.value": "171.26.0.0/16",
                            "ip_set_descriptors.3064952934.type": "IPV4",
                            "ip_set_descriptors.3064952934.value": "134.127.0.0/16",
                            "ip_set_descriptors.3071416502.type": "IPV4",
                            "ip_set_descriptors.3071416502.value": "45.117.208.0/24",
                            "ip_set_descriptors.3073047500.type": "IPV4",
                            "ip_set_descriptors.3073047500.value": "1.32.153.0/24",
                            "ip_set_descriptors.3076989964.type": "IPV4",
                            "ip_set_descriptors.3076989964.value": "45.43.136.0/24",
                            "ip_set_descriptors.3082637839.type": "IPV4",
                            "ip_set_descriptors.3082637839.value": "159.80.0.0/16",
                            "ip_set_descriptors.3090487293.type": "IPV4",
                            "ip_set_descriptors.3090487293.value": "45.43.183.0/24",
                            "ip_set_descriptors.30920339.type": "IPV4",
                            "ip_set_descriptors.30920339.value": "67.213.115.0/24",
                            "ip_set_descriptors.3094556031.type": "IPV4",
                            "ip_set_descriptors.3094556031.value": "42.1.251.0/24",
                            "ip_set_descriptors.3100326942.type": "IPV4",
                            "ip_set_descriptors.3100326942.value": "74.118.63.0/24",
                            "ip_set_descriptors.3100923588.type": "IPV4",
                            "ip_set_descriptors.3100923588.value": "42.1.129.0/24",
                            "ip_set_descriptors.3103223225.type": "IPV4",
                            "ip_set_descriptors.3103223225.value": "42.194.214.0/24",
                            "ip_set_descriptors.3104390519.type": "IPV4",
                            "ip_set_descriptors.3104390519.value": "42.0.44.0/24",
                            "ip_set_descriptors.3105568055.type": "IPV4",
                            "ip_set_descriptors.3105568055.value": "42.1.145.0/24",
                            "ip_set_descriptors.310562652.type": "IPV4",
                            "ip_set_descriptors.310562652.value": "146.3.0.0/16",
                            "ip_set_descriptors.3105745739.type": "IPV4",
                            "ip_set_descriptors.3105745739.value": "163.59.0.0/16",
                            "ip_set_descriptors.3106250728.type": "IPV4",
                            "ip_set_descriptors.3106250728.value": "67.219.213.0/24",
                            "ip_set_descriptors.310900586.type": "IPV4",
                            "ip_set_descriptors.310900586.value": "45.4.128.0/24",
                            "ip_set_descriptors.3110541379.type": "IPV4",
                            "ip_set_descriptors.3110541379.value": "166.117.0.0/16",
                            "ip_set_descriptors.3112798380.type": "IPV4",
                            "ip_set_descriptors.3112798380.value": "42.169.0.0/16",
                            "ip_set_descriptors.3113529596.type": "IPV4",
                            "ip_set_descriptors.3113529596.value": "42.135.0.0/16",
                            "ip_set_descriptors.3113910989.type": "IPV4",
                            "ip_set_descriptors.3113910989.value": "42.96.56.0/24",
                            "ip_set_descriptors.3116930057.type": "IPV4",
                            "ip_set_descriptors.3116930057.value": "134.62.0.0/16",
                            "ip_set_descriptors.311805809.type": "IPV4",
                            "ip_set_descriptors.311805809.value": "1.32.135.0/24",
                            "ip_set_descriptors.3123856135.type": "IPV4",
                            "ip_set_descriptors.3123856135.value": "45.43.188.0/24",
                            "ip_set_descriptors.3125781024.type": "IPV4",
                            "ip_set_descriptors.3125781024.value": "165.209.0.0/16",
                            "ip_set_descriptors.3125982660.type": "IPV4",
                            "ip_set_descriptors.3125982660.value": "42.96.31.0/24",
                            "ip_set_descriptors.3126280952.type": "IPV4",
                            "ip_set_descriptors.3126280952.value": "42.194.167.0/24",
                            "ip_set_descriptors.3129186767.type": "IPV4",
                            "ip_set_descriptors.3129186767.value": "74.122.58.0/24",
                            "ip_set_descriptors.3131469830.type": "IPV4",
                            "ip_set_descriptors.3131469830.value": "49.238.96.0/24",
                            "ip_set_descriptors.3139619602.type": "IPV4",
                            "ip_set_descriptors.3139619602.value": "67.219.218.0/24",
                            "ip_set_descriptors.3149601398.type": "IPV4",
                            "ip_set_descriptors.3149601398.value": "42.1.236.0/24",
                            "ip_set_descriptors.316151985.type": "IPV4",
                            "ip_set_descriptors.316151985.value": "45.43.150.0/24",
                            "ip_set_descriptors.3163295711.type": "IPV4",
                            "ip_set_descriptors.3163295711.value": "42.1.180.0/24",
                            "ip_set_descriptors.3165570121.type": "IPV4",
                            "ip_set_descriptors.3165570121.value": "42.223.0.0/16",
                            "ip_set_descriptors.3170900525.type": "IPV4",
                            "ip_set_descriptors.3170900525.value": "170.114.0.0/16",
                            "ip_set_descriptors.3171875988.type": "IPV4",
                            "ip_set_descriptors.3171875988.value": "49.238.127.0/24",
                            "ip_set_descriptors.3175542535.type": "IPV4",
                            "ip_set_descriptors.3175542535.value": "79.173.108.0/24",
                            "ip_set_descriptors.3181522197.type": "IPV4",
                            "ip_set_descriptors.3181522197.value": "45.43.146.0/24",
                            "ip_set_descriptors.3187107531.type": "IPV4",
                            "ip_set_descriptors.3187107531.value": "46.243.140.0/24",
                            "ip_set_descriptors.3190277596.type": "IPV4",
                            "ip_set_descriptors.3190277596.value": "1.32.144.0/24",
                            "ip_set_descriptors.3199259629.type": "IPV4",
                            "ip_set_descriptors.3199259629.value": "67.213.126.0/24",
                            "ip_set_descriptors.3199997915.type": "IPV4",
                            "ip_set_descriptors.3199997915.value": "45.65.188.0/24",
                            "ip_set_descriptors.3212827447.type": "IPV4",
                            "ip_set_descriptors.3212827447.value": "42.96.4.0/24",
                            "ip_set_descriptors.3219695151.type": "IPV4",
                            "ip_set_descriptors.3219695151.value": "1.32.128.0/24",
                            "ip_set_descriptors.3231146248.type": "IPV4",
                            "ip_set_descriptors.3231146248.value": "42.194.153.0/24",
                            "ip_set_descriptors.3246078342.type": "IPV4",
                            "ip_set_descriptors.3246078342.value": "42.1.202.0/24",
                            "ip_set_descriptors.324707458.type": "IPV4",
                            "ip_set_descriptors.324707458.value": "1.32.159.0/24",
                            "ip_set_descriptors.3251242682.type": "IPV4",
                            "ip_set_descriptors.3251242682.value": "1.10.26.0/24",
                            "ip_set_descriptors.3252447986.type": "IPV4",
                            "ip_set_descriptors.3252447986.value": "46.232.195.0/24",
                            "ip_set_descriptors.3254745408.type": "IPV4",
                            "ip_set_descriptors.3254745408.value": "42.194.247.0/24",
                            "ip_set_descriptors.3258404425.type": "IPV4",
                            "ip_set_descriptors.3258404425.value": "42.194.220.0/24",
                            "ip_set_descriptors.3264230898.type": "IPV4",
                            "ip_set_descriptors.3264230898.value": "42.194.158.0/24",
                            "ip_set_descriptors.3266835924.type": "IPV4",
                            "ip_set_descriptors.3266835924.value": "42.219.0.0/16",
                            "ip_set_descriptors.3272524853.type": "IPV4",
                            "ip_set_descriptors.3272524853.value": "165.53.0.0/16",
                            "ip_set_descriptors.3275293268.type": "IPV4",
                            "ip_set_descriptors.3275293268.value": "143.64.0.0/16",
                            "ip_set_descriptors.3277496637.type": "IPV4",
                            "ip_set_descriptors.3277496637.value": "42.96.62.0/24",
                            "ip_set_descriptors.3277805057.type": "IPV4",
                            "ip_set_descriptors.3277805057.value": "42.194.134.0/24",
                            "ip_set_descriptors.3278203148.type": "IPV4",
                            "ip_set_descriptors.3278203148.value": "42.173.0.0/16",
                            "ip_set_descriptors.3279711612.type": "IPV4",
                            "ip_set_descriptors.3279711612.value": "42.1.209.0/24",
                            "ip_set_descriptors.3285915335.type": "IPV4",
                            "ip_set_descriptors.3285915335.value": "42.1.171.0/24",
                            "ip_set_descriptors.3290626838.type": "IPV4",
                            "ip_set_descriptors.3290626838.value": "61.11.245.0/24",
                            "ip_set_descriptors.3295491005.type": "IPV4",
                            "ip_set_descriptors.3295491005.value": "43.236.0.0/16",
                            "ip_set_descriptors.3295735837.type": "IPV4",
                            "ip_set_descriptors.3295735837.value": "67.213.112.0/24",
                            "ip_set_descriptors.32980447.type": "IPV4",
                            "ip_set_descriptors.32980447.value": "101.195.0.0/16",
                            "ip_set_descriptors.3300044251.type": "IPV4",
                            "ip_set_descriptors.3300044251.value": "136.230.0.0/16",
                            "ip_set_descriptors.3302478150.type": "IPV4",
                            "ip_set_descriptors.3302478150.value": "147.18.0.0/16",
                            "ip_set_descriptors.3303532076.type": "IPV4",
                            "ip_set_descriptors.3303532076.value": "1.32.170.0/24",
                            "ip_set_descriptors.3305135072.type": "IPV4",
                            "ip_set_descriptors.3305135072.value": "42.194.196.0/24",
                            "ip_set_descriptors.3311753759.type": "IPV4",
                            "ip_set_descriptors.3311753759.value": "45.43.179.0/24",
                            "ip_set_descriptors.3318320030.type": "IPV4",
                            "ip_set_descriptors.3318320030.value": "49.238.118.0/24",
                            "ip_set_descriptors.3320682725.type": "IPV4",
                            "ip_set_descriptors.3320682725.value": "61.11.229.0/24",
                            "ip_set_descriptors.3320932638.type": "IPV4",
                            "ip_set_descriptors.3320932638.value": "49.238.67.0/24",
                            "ip_set_descriptors.3325783677.type": "IPV4",
                            "ip_set_descriptors.3325783677.value": "67.220.230.0/24",
                            "ip_set_descriptors.3329729767.type": "IPV4",
                            "ip_set_descriptors.3329729767.value": "67.213.119.0/24",
                            "ip_set_descriptors.3345092325.type": "IPV4",
                            "ip_set_descriptors.3345092325.value": "45.43.172.0/24",
                            "ip_set_descriptors.334903931.type": "IPV4",
                            "ip_set_descriptors.334903931.value": "42.1.196.0/24",
                            "ip_set_descriptors.3352223588.type": "IPV4",
                            "ip_set_descriptors.3352223588.value": "49.238.113.0/24",
                            "ip_set_descriptors.3354806195.type": "IPV4",
                            "ip_set_descriptors.3354806195.value": "66.231.67.0/24",
                            "ip_set_descriptors.3361029355.type": "IPV4",
                            "ip_set_descriptors.3361029355.value": "42.194.128.0/24",
                            "ip_set_descriptors.3363178390.type": "IPV4",
                            "ip_set_descriptors.3363178390.value": "42.1.215.0/24",
                            "ip_set_descriptors.3368499370.type": "IPV4",
                            "ip_set_descriptors.3368499370.value": "1.10.31.0/24",
                            "ip_set_descriptors.3371321168.type": "IPV4",
                            "ip_set_descriptors.3371321168.value": "42.194.250.0/24",
                            "ip_set_descriptors.337924434.type": "IPV4",
                            "ip_set_descriptors.337924434.value": "79.110.18.0/24",
                            "ip_set_descriptors.3379614457.type": "IPV4",
                            "ip_set_descriptors.3379614457.value": "164.79.0.0/16",
                            "ip_set_descriptors.33810831.type": "IPV4",
                            "ip_set_descriptors.33810831.value": "197.154.0.0/16",
                            "ip_set_descriptors.3382337304.type": "IPV4",
                            "ip_set_descriptors.3382337304.value": "42.194.144.0/24",
                            "ip_set_descriptors.3382683684.type": "IPV4",
                            "ip_set_descriptors.3382683684.value": "42.96.12.0/24",
                            "ip_set_descriptors.3398355318.type": "IPV4",
                            "ip_set_descriptors.3398355318.value": "42.133.0.0/16",
                            "ip_set_descriptors.3403032791.type": "IPV4",
                            "ip_set_descriptors.3403032791.value": "42.1.166.0/24",
                            "ip_set_descriptors.3409461336.type": "IPV4",
                            "ip_set_descriptors.3409461336.value": "160.124.0.0/16",
                            "ip_set_descriptors.3409604697.type": "IPV4",
                            "ip_set_descriptors.3409604697.value": "42.194.237.0/24",
                            "ip_set_descriptors.3415801054.type": "IPV4",
                            "ip_set_descriptors.3415801054.value": "42.96.19.0/24",
                            "ip_set_descriptors.342250601.type": "IPV4",
                            "ip_set_descriptors.342250601.value": "42.1.158.0/24",
                            "ip_set_descriptors.3423430128.type": "IPV4",
                            "ip_set_descriptors.3423430128.value": "42.194.181.0/24",
                            "ip_set_descriptors.343170089.type": "IPV4",
                            "ip_set_descriptors.343170089.value": "42.0.59.0/24",
                            "ip_set_descriptors.343232833.type": "IPV4",
                            "ip_set_descriptors.343232833.value": "116.145.0.0/16",
                            "ip_set_descriptors.3434782704.type": "IPV4",
                            "ip_set_descriptors.3434782704.value": "167.162.0.0/16",
                            "ip_set_descriptors.3439089422.type": "IPV4",
                            "ip_set_descriptors.3439089422.value": "49.238.70.0/24",
                            "ip_set_descriptors.3439224676.type": "IPV4",
                            "ip_set_descriptors.3439224676.value": "67.220.240.0/24",
                            "ip_set_descriptors.3442459910.type": "IPV4",
                            "ip_set_descriptors.3442459910.value": "61.11.252.0/24",
                            "ip_set_descriptors.3444532387.type": "IPV4",
                            "ip_set_descriptors.3444532387.value": "159.223.0.0/16",
                            "ip_set_descriptors.3451906601.type": "IPV4",
                            "ip_set_descriptors.3451906601.value": "209.229.0.0/16",
                            "ip_set_descriptors.3454720060.type": "IPV4",
                            "ip_set_descriptors.3454720060.value": "1.32.167.0/24",
                            "ip_set_descriptors.3459909102.type": "IPV4",
                            "ip_set_descriptors.3459909102.value": "134.18.0.0/16",
                            "ip_set_descriptors.3463393525.type": "IPV4",
                            "ip_set_descriptors.3463393525.value": "45.43.165.0/24",
                            "ip_set_descriptors.3468943732.type": "IPV4",
                            "ip_set_descriptors.3468943732.value": "49.238.104.0/24",
                            "ip_set_descriptors.3471307279.type": "IPV4",
                            "ip_set_descriptors.3471307279.value": "61.11.235.0/24",
                            "ip_set_descriptors.3472587171.type": "IPV4",
                            "ip_set_descriptors.3472587171.value": "66.231.70.0/24",
                            "ip_set_descriptors.3476443245.type": "IPV4",
                            "ip_set_descriptors.3476443245.value": "67.220.227.0/24",
                            "ip_set_descriptors.348205010.type": "IPV4",
                            "ip_set_descriptors.348205010.value": "42.1.220.0/24",
                            "ip_set_descriptors.3485804417.type": "IPV4",
                            "ip_set_descriptors.3485804417.value": "155.249.0.0/16",
                            "ip_set_descriptors.3490580756.type": "IPV4",
                            "ip_set_descriptors.3490580756.value": "42.1.133.0/24",
                            "ip_set_descriptors.3491496276.type": "IPV4",
                            "ip_set_descriptors.3491496276.value": "42.0.32.0/24",
                            "ip_set_descriptors.3497753388.type": "IPV4",
                            "ip_set_descriptors.3497753388.value": "49.238.87.0/24",
                            "ip_set_descriptors.3498723794.type": "IPV4",
                            "ip_set_descriptors.3498723794.value": "42.194.176.0/24",
                            "ip_set_descriptors.3499081454.type": "IPV4",
                            "ip_set_descriptors.3499081454.value": "42.96.20.0/24",
                            "ip_set_descriptors.3513127260.type": "IPV4",
                            "ip_set_descriptors.3513127260.value": "42.1.227.0/24",
                            "ip_set_descriptors.3523199032.type": "IPV4",
                            "ip_set_descriptors.3523199032.value": "67.219.209.0/24",
                            "ip_set_descriptors.3523829230.type": "IPV4",
                            "ip_set_descriptors.3523829230.value": "42.1.138.0/24",
                            "ip_set_descriptors.3525006766.type": "IPV4",
                            "ip_set_descriptors.3525006766.value": "42.0.39.0/24",
                            "ip_set_descriptors.3525994131.type": "IPV4",
                            "ip_set_descriptors.3525994131.value": "42.194.205.0/24",
                            "ip_set_descriptors.3529432721.type": "IPV4",
                            "ip_set_descriptors.3529432721.value": "60.233.0.0/16",
                            "ip_set_descriptors.3534628437.type": "IPV4",
                            "ip_set_descriptors.3534628437.value": "42.1.240.0/24",
                            "ip_set_descriptors.3539407633.type": "IPV4",
                            "ip_set_descriptors.3539407633.value": "168.64.0.0/16",
                            "ip_set_descriptors.3544680935.type": "IPV4",
                            "ip_set_descriptors.3544680935.value": "42.96.47.0/24",
                            "ip_set_descriptors.354975840.type": "IPV4",
                            "ip_set_descriptors.354975840.value": "42.96.27.0/24",
                            "ip_set_descriptors.355090167.type": "IPV4",
                            "ip_set_descriptors.355090167.value": "42.160.0.0/16",
                            "ip_set_descriptors.3551315205.type": "IPV4",
                            "ip_set_descriptors.3551315205.value": "147.19.0.0/16",
                            "ip_set_descriptors.3552984605.type": "IPV4",
                            "ip_set_descriptors.3552984605.value": "42.1.154.0/24",
                            "ip_set_descriptors.355301212.type": "IPV4",
                            "ip_set_descriptors.355301212.value": "42.194.171.0/24",
                            "ip_set_descriptors.3553900125.type": "IPV4",
                            "ip_set_descriptors.3553900125.value": "42.0.55.0/24",
                            "ip_set_descriptors.3558767951.type": "IPV4",
                            "ip_set_descriptors.3558767951.value": "42.172.0.0/16",
                            "ip_set_descriptors.3564490870.type": "IPV4",
                            "ip_set_descriptors.3564490870.value": "165.52.0.0/16",
                            "ip_set_descriptors.3568767286.type": "IPV4",
                            "ip_set_descriptors.3568767286.value": "45.43.130.0/24",
                            "ip_set_descriptors.3569212169.type": "IPV4",
                            "ip_set_descriptors.3569212169.value": "61.45.251.0/24",
                            "ip_set_descriptors.3573206774.type": "IPV4",
                            "ip_set_descriptors.3573206774.value": "1.32.155.0/24",
                            "ip_set_descriptors.3577064709.type": "IPV4",
                            "ip_set_descriptors.3577064709.value": "1.32.139.0/24",
                            "ip_set_descriptors.3586974103.type": "IPV4",
                            "ip_set_descriptors.3586974103.value": "42.218.0.0/16",
                            "ip_set_descriptors.3590406996.type": "IPV4",
                            "ip_set_descriptors.3590406996.value": "150.10.0.0/16",
                            "ip_set_descriptors.3595633909.type": "IPV4",
                            "ip_set_descriptors.3595633909.value": "42.1.191.0/24",
                            "ip_set_descriptors.3605003252.type": "IPV4",
                            "ip_set_descriptors.3605003252.value": "167.103.0.0/16",
                            "ip_set_descriptors.3605373999.type": "IPV4",
                            "ip_set_descriptors.3605373999.value": "159.174.0.0/16",
                            "ip_set_descriptors.3610442239.type": "IPV4",
                            "ip_set_descriptors.3610442239.value": "1.32.132.0/24",
                            "ip_set_descriptors.361368807.type": "IPV4",
                            "ip_set_descriptors.361368807.value": "42.194.209.0/24",
                            "ip_set_descriptors.3615434303.type": "IPV4",
                            "ip_set_descriptors.3615434303.value": "45.43.157.0/24",
                            "ip_set_descriptors.36177682.type": "IPV4",
                            "ip_set_descriptors.36177682.value": "160.240.0.0/16",
                            "ip_set_descriptors.3630903116.type": "IPV4",
                            "ip_set_descriptors.3630903116.value": "42.1.230.0/24",
                            "ip_set_descriptors.363411354.type": "IPV4",
                            "ip_set_descriptors.363411354.value": "42.1.134.0/24",
                            "ip_set_descriptors.3637269751.type": "IPV4",
                            "ip_set_descriptors.3637269751.value": "42.1.148.0/24",
                            "ip_set_descriptors.3638451383.type": "IPV4",
                            "ip_set_descriptors.3638451383.value": "42.0.49.0/24",
                            "ip_set_descriptors.3642756217.type": "IPV4",
                            "ip_set_descriptors.3642756217.value": "42.194.219.0/24",
                            "ip_set_descriptors.364593114.type": "IPV4",
                            "ip_set_descriptors.364593114.value": "42.0.35.0/24",
                            "ip_set_descriptors.3647043556.type": "IPV4",
                            "ip_set_descriptors.3647043556.value": "170.113.0.0/16",
                            "ip_set_descriptors.364797200.type": "IPV4",
                            "ip_set_descriptors.364797200.value": "163.50.0.0/16",
                            "ip_set_descriptors.3648406844.type": "IPV4",
                            "ip_set_descriptors.3648406844.value": "49.238.90.0/24",
                            "ip_set_descriptors.3649208574.type": "IPV4",
                            "ip_set_descriptors.3649208574.value": "42.96.37.0/24",
                            "ip_set_descriptors.3649533890.type": "IPV4",
                            "ip_set_descriptors.3649533890.value": "42.194.161.0/24",
                            "ip_set_descriptors.3655308142.type": "IPV4",
                            "ip_set_descriptors.3655308142.value": "137.114.0.0/16",
                            "ip_set_descriptors.3662329847.type": "IPV4",
                            "ip_set_descriptors.3662329847.value": "42.96.50.0/24",
                            "ip_set_descriptors.366757282.type": "IPV4",
                            "ip_set_descriptors.366757282.value": "49.238.80.0/24",
                            "ip_set_descriptors.3670736909.type": "IPV4",
                            "ip_set_descriptors.3670736909.value": "42.1.143.0/24",
                            "ip_set_descriptors.3671656525.type": "IPV4",
                            "ip_set_descriptors.3671656525.value": "42.0.42.0/24",
                            "ip_set_descriptors.3673533138.type": "IPV4",
                            "ip_set_descriptors.3673533138.value": "67.219.215.0/24",
                            "ip_set_descriptors.3676788867.type": "IPV4",
                            "ip_set_descriptors.3676788867.value": "42.194.212.0/24",
                            "ip_set_descriptors.3689226951.type": "IPV4",
                            "ip_set_descriptors.3689226951.value": "45.43.185.0/24",
                            "ip_set_descriptors.3699948050.type": "IPV4",
                            "ip_set_descriptors.3699948050.value": "138.240.0.0/16",
                            "ip_set_descriptors.3700526791.type": "IPV4",
                            "ip_set_descriptors.3700526791.value": "79.173.105.0/24",
                            "ip_set_descriptors.3702517261.type": "IPV4",
                            "ip_set_descriptors.3702517261.value": "42.96.2.0/24",
                            "ip_set_descriptors.3714115287.type": "IPV4",
                            "ip_set_descriptors.3714115287.value": "67.213.120.0/24",
                            "ip_set_descriptors.3721297205.type": "IPV4",
                            "ip_set_descriptors.3721297205.value": "164.137.0.0/16",
                            "ip_set_descriptors.372347760.type": "IPV4",
                            "ip_set_descriptors.372347760.value": "152.136.0.0/16",
                            "ip_set_descriptors.3723877685.type": "IPV4",
                            "ip_set_descriptors.3723877685.value": "42.132.0.0/16",
                            "ip_set_descriptors.3724013798.type": "IPV4",
                            "ip_set_descriptors.3724013798.value": "1.32.142.0/24",
                            "ip_set_descriptors.3727554548.type": "IPV4",
                            "ip_set_descriptors.3727554548.value": "45.4.138.0/24",
                            "ip_set_descriptors.3731976428.type": "IPV4",
                            "ip_set_descriptors.3731976428.value": "45.121.207.0/24",
                            "ip_set_descriptors.3732019247.type": "IPV4",
                            "ip_set_descriptors.3732019247.value": "45.43.140.0/24",
                            "ip_set_descriptors.3735599863.type": "IPV4",
                            "ip_set_descriptors.3735599863.value": "42.96.9.0/24",
                            "ip_set_descriptors.3739142574.type": "IPV4",
                            "ip_set_descriptors.3739142574.value": "49.238.121.0/24",
                            "ip_set_descriptors.3747363557.type": "IPV4",
                            "ip_set_descriptors.3747363557.value": "42.1.186.0/24",
                            "ip_set_descriptors.3747894967.type": "IPV4",
                            "ip_set_descriptors.3747894967.value": "155.66.0.0/16",
                            "ip_set_descriptors.375455891.type": "IPV4",
                            "ip_set_descriptors.375455891.value": "42.1.153.0/24",
                            "ip_set_descriptors.3757089820.type": "IPV4",
                            "ip_set_descriptors.3757089820.value": "1.32.149.0/24",
                            "ip_set_descriptors.376637651.type": "IPV4",
                            "ip_set_descriptors.376637651.value": "42.0.52.0/24",
                            "ip_set_descriptors.3767405505.type": "IPV4",
                            "ip_set_descriptors.3767405505.value": "42.1.224.0/24",
                            "ip_set_descriptors.3774849258.type": "IPV4",
                            "ip_set_descriptors.3774849258.value": "45.127.37.0/24",
                            "ip_set_descriptors.3778363003.type": "IPV4",
                            "ip_set_descriptors.3778363003.value": "151.192.0.0/16",
                            "ip_set_descriptors.3779160114.type": "IPV4",
                            "ip_set_descriptors.3779160114.value": "42.1.248.0/24",
                            "ip_set_descriptors.3781317455.type": "IPV4",
                            "ip_set_descriptors.3781317455.value": "42.194.175.0/24",
                            "ip_set_descriptors.3781665907.type": "IPV4",
                            "ip_set_descriptors.3781665907.value": "42.96.23.0/24",
                            "ip_set_descriptors.378284444.type": "IPV4",
                            "ip_set_descriptors.378284444.value": "101.194.0.0/16",
                            "ip_set_descriptors.3784532401.type": "IPV4",
                            "ip_set_descriptors.3784532401.value": "49.238.84.0/24",
                            "ip_set_descriptors.3789951881.type": "IPV4",
                            "ip_set_descriptors.3789951881.value": "42.1.130.0/24",
                            "ip_set_descriptors.3791140883.type": "IPV4",
                            "ip_set_descriptors.3791140883.value": "120.49.0.0/16",
                            "ip_set_descriptors.3794674816.type": "IPV4",
                            "ip_set_descriptors.3794674816.value": "42.1.157.0/24",
                            "ip_set_descriptors.3795594432.type": "IPV4",
                            "ip_set_descriptors.3795594432.value": "42.0.56.0/24",
                            "ip_set_descriptors.3798737339.type": "IPV4",
                            "ip_set_descriptors.3798737339.value": "79.110.17.0/24",
                            "ip_set_descriptors.3803157370.type": "IPV4",
                            "ip_set_descriptors.3803157370.value": "42.96.44.0/24",
                            "ip_set_descriptors.3806557329.type": "IPV4",
                            "ip_set_descriptors.3806557329.value": "153.55.0.0/16",
                            "ip_set_descriptors.3808429642.type": "IPV4",
                            "ip_set_descriptors.3808429642.value": "45.43.191.0/24",
                            "ip_set_descriptors.381145091.type": "IPV4",
                            "ip_set_descriptors.381145091.value": "45.127.38.0/24",
                            "ip_set_descriptors.3812958730.type": "IPV4",
                            "ip_set_descriptors.3812958730.value": "128.94.0.0/16",
                            "ip_set_descriptors.3813031112.type": "IPV4",
                            "ip_set_descriptors.3813031112.value": "42.1.243.0/24",
                            "ip_set_descriptors.3814781065.type": "IPV4",
                            "ip_set_descriptors.3814781065.value": "42.96.28.0/24",
                            "ip_set_descriptors.3818298442.type": "IPV4",
                            "ip_set_descriptors.3818298442.value": "152.147.0.0/16",
                            "ip_set_descriptors.3821173774.type": "IPV4",
                            "ip_set_descriptors.3821173774.value": "42.194.206.0/24",
                            "ip_set_descriptors.3833127408.type": "IPV4",
                            "ip_set_descriptors.3833127408.value": "42.131.0.0/16",
                            "ip_set_descriptors.383825769.type": "IPV4",
                            "ip_set_descriptors.383825769.value": "42.96.40.0/24",
                            "ip_set_descriptors.3843216491.type": "IPV4",
                            "ip_set_descriptors.3843216491.value": "1.32.156.0/24",
                            "ip_set_descriptors.3845992255.type": "IPV4",
                            "ip_set_descriptors.3845992255.value": "43.229.52.0/24",
                            "ip_set_descriptors.3848211371.type": "IPV4",
                            "ip_set_descriptors.3848211371.value": "45.43.133.0/24",
                            "ip_set_descriptors.3854453394.type": "IPV4",
                            "ip_set_descriptors.3854453394.value": "42.1.199.0/24",
                            "ip_set_descriptors.3859534673.type": "IPV4",
                            "ip_set_descriptors.3859534673.value": "124.69.0.0/16",
                            "ip_set_descriptors.3863533209.type": "IPV4",
                            "ip_set_descriptors.3863533209.value": "101.252.0.0/16",
                            "ip_set_descriptors.386472155.type": "IPV4",
                            "ip_set_descriptors.386472155.value": "42.1.247.0/24",
                            "ip_set_descriptors.38662801.type": "IPV4",
                            "ip_set_descriptors.38662801.value": "61.11.225.0/24",
                            "ip_set_descriptors.3868671138.type": "IPV4",
                            "ip_set_descriptors.3868671138.value": "45.43.154.0/24",
                            "ip_set_descriptors.3873104738.type": "IPV4",
                            "ip_set_descriptors.3873104738.value": "1.32.131.0/24",
                            "ip_set_descriptors.3881328465.type": "IPV4",
                            "ip_set_descriptors.3881328465.value": "45.43.138.0/24",
                            "ip_set_descriptors.3884864150.type": "IPV4",
                            "ip_set_descriptors.3884864150.value": "45.65.191.0/24",
                            "ip_set_descriptors.38873780.type": "IPV4",
                            "ip_set_descriptors.38873780.value": "42.161.0.0/16",
                            "ip_set_descriptors.3887668840.type": "IPV4",
                            "ip_set_descriptors.3887668840.value": "42.1.192.0/24",
                            "ip_set_descriptors.389538778.type": "IPV4",
                            "ip_set_descriptors.389538778.value": "14.7.0.0/16",
                            "ip_set_descriptors.3899300451.type": "IPV4",
                            "ip_set_descriptors.3899300451.value": "42.96.34.0/24",
                            "ip_set_descriptors.3899616607.type": "IPV4",
                            "ip_set_descriptors.3899616607.value": "42.194.162.0/24",
                            "ip_set_descriptors.3902693281.type": "IPV4",
                            "ip_set_descriptors.3902693281.value": "49.238.93.0/24",
                            "ip_set_descriptors.3902754241.type": "IPV4",
                            "ip_set_descriptors.3902754241.value": "141.253.0.0/16",
                            "ip_set_descriptors.3917690321.type": "IPV4",
                            "ip_set_descriptors.3917690321.value": "42.1.233.0/24",
                            "ip_set_descriptors.3919968656.type": "IPV4",
                            "ip_set_descriptors.3919968656.value": "42.96.58.0/24",
                            "ip_set_descriptors.3926734938.type": "IPV4",
                            "ip_set_descriptors.3926734938.value": "45.43.186.0/24",
                            "ip_set_descriptors.3930784472.type": "IPV4",
                            "ip_set_descriptors.3930784472.value": "42.1.254.0/24",
                            "ip_set_descriptors.3932699045.type": "IPV4",
                            "ip_set_descriptors.3932699045.value": "42.194.169.0/24",
                            "ip_set_descriptors.3935898459.type": "IPV4",
                            "ip_set_descriptors.3935898459.value": "49.238.98.0/24",
                            "ip_set_descriptors.3938247314.type": "IPV4",
                            "ip_set_descriptors.3938247314.value": "74.122.56.0/24",
                            "ip_set_descriptors.3939451422.type": "IPV4",
                            "ip_set_descriptors.3939451422.value": "42.194.211.0/24",
                            "ip_set_descriptors.3944591439.type": "IPV4",
                            "ip_set_descriptors.3944591439.value": "67.219.216.0/24",
                            "ip_set_descriptors.3944946320.type": "IPV4",
                            "ip_set_descriptors.3944946320.value": "42.1.140.0/24",
                            "ip_set_descriptors.3945861840.type": "IPV4",
                            "ip_set_descriptors.3945861840.value": "42.0.41.0/24",
                            "ip_set_descriptors.3948935170.type": "IPV4",
                            "ip_set_descriptors.3948935170.value": "196.196.0.0/16",
                            "ip_set_descriptors.3951321387.type": "IPV4",
                            "ip_set_descriptors.3951321387.value": "42.1.238.0/24",
                            "ip_set_descriptors.395139101.type": "IPV4",
                            "ip_set_descriptors.395139101.value": "42.194.202.0/24",
                            "ip_set_descriptors.3953306986.type": "IPV4",
                            "ip_set_descriptors.3953306986.value": "42.96.53.0/24",
                            "ip_set_descriptors.3961514619.type": "IPV4",
                            "ip_set_descriptors.3961514619.value": "1.32.141.0/24",
                            "ip_set_descriptors.3963792717.type": "IPV4",
                            "ip_set_descriptors.3963792717.value": "164.6.0.0/16",
                            "ip_set_descriptors.3968400458.type": "IPV4",
                            "ip_set_descriptors.3968400458.value": "67.213.123.0/24",
                            "ip_set_descriptors.3971903330.type": "IPV4",
                            "ip_set_descriptors.3971903330.value": "43.252.154.0/24",
                            "ip_set_descriptors.3980915856.type": "IPV4",
                            "ip_set_descriptors.3980915856.value": "42.96.1.0/24",
                            "ip_set_descriptors.3984168026.type": "IPV4",
                            "ip_set_descriptors.3984168026.value": "79.173.106.0/24",
                            "ip_set_descriptors.3985850762.type": "IPV4",
                            "ip_set_descriptors.3985850762.value": "42.171.0.0/16",
                            "ip_set_descriptors.3986511432.type": "IPV4",
                            "ip_set_descriptors.3986511432.value": "45.43.148.0/24",
                            "ip_set_descriptors.3988961683.type": "IPV4",
                            "ip_set_descriptors.3988961683.value": "45.4.130.0/24",
                            "ip_set_descriptors.3995098619.type": "IPV4",
                            "ip_set_descriptors.3995098619.value": "45.117.211.0/24",
                            "ip_set_descriptors.4004782200.type": "IPV4",
                            "ip_set_descriptors.4004782200.value": "42.1.185.0/24",
                            "ip_set_descriptors.4013347635.type": "IPV4",
                            "ip_set_descriptors.4013347635.value": "49.238.122.0/24",
                            "ip_set_descriptors.4019808881.type": "IPV4",
                            "ip_set_descriptors.4019808881.value": "45.121.204.0/24",
                            "ip_set_descriptors.4019847858.type": "IPV4",
                            "ip_set_descriptors.4019847858.value": "45.43.143.0/24",
                            "ip_set_descriptors.4028064733.type": "IPV4",
                            "ip_set_descriptors.4028064733.value": "42.194.244.0/24",
                            "ip_set_descriptors.4028767271.type": "IPV4",
                            "ip_set_descriptors.4028767271.value": "1.10.25.0/24",
                            "ip_set_descriptors.4029962400.type": "IPV4",
                            "ip_set_descriptors.4029962400.value": "42.1.179.0/24",
                            "ip_set_descriptors.4029968495.type": "IPV4",
                            "ip_set_descriptors.4029968495.value": "46.232.196.0/24",
                            "ip_set_descriptors.4036174619.type": "IPV4",
                            "ip_set_descriptors.4036174619.value": "42.1.201.0/24",
                            "ip_set_descriptors.4039372355.type": "IPV4",
                            "ip_set_descriptors.4039372355.value": "161.189.0.0/16",
                            "ip_set_descriptors.4040183947.type": "IPV4",
                            "ip_set_descriptors.4040183947.value": "150.141.0.0/16",
                            "ip_set_descriptors.4046701274.type": "IPV4",
                            "ip_set_descriptors.4046701274.value": "101.253.0.0/16",
                            "ip_set_descriptors.40493546.type": "IPV4",
                            "ip_set_descriptors.40493546.value": "49.238.114.0/24",
                            "ip_set_descriptors.4050700050.type": "IPV4",
                            "ip_set_descriptors.4050700050.value": "124.68.0.0/16",
                            "ip_set_descriptors.4051663765.type": "IPV4",
                            "ip_set_descriptors.4051663765.value": "42.194.150.0/24",
                            "ip_set_descriptors.4057464878.type": "IPV4",
                            "ip_set_descriptors.4057464878.value": "42.194.228.0/24",
                            "ip_set_descriptors.4063431770.type": "IPV4",
                            "ip_set_descriptors.4063431770.value": "42.1.172.0/24",
                            "ip_set_descriptors.4071799712.type": "IPV4",
                            "ip_set_descriptors.4071799712.value": "42.96.61.0/24",
                            "ip_set_descriptors.4072098972.type": "IPV4",
                            "ip_set_descriptors.4072098972.value": "42.194.137.0/24",
                            "ip_set_descriptors.4077122995.type": "IPV4",
                            "ip_set_descriptors.4077122995.value": "42.130.0.0/16",
                            "ip_set_descriptors.407948904.type": "IPV4",
                            "ip_set_descriptors.407948904.value": "1.32.145.0/24",
                            "ip_set_descriptors.4091499732.type": "IPV4",
                            "ip_set_descriptors.4091499732.value": "42.194.223.0/24",
                            "ip_set_descriptors.4093565844.type": "IPV4",
                            "ip_set_descriptors.4093565844.value": "157.186.0.0/16",
                            "ip_set_descriptors.4095308675.type": "IPV4",
                            "ip_set_descriptors.4095308675.value": "49.238.64.0/24",
                            "ip_set_descriptors.4095427561.type": "IPV4",
                            "ip_set_descriptors.4095427561.value": "67.220.254.0/24",
                            "ip_set_descriptors.4108861821.type": "IPV4",
                            "ip_set_descriptors.4108861821.value": "42.194.195.0/24",
                            "ip_set_descriptors.4111465649.type": "IPV4",
                            "ip_set_descriptors.4111465649.value": "1.32.173.0/24",
                            "ip_set_descriptors.4120404178.type": "IPV4",
                            "ip_set_descriptors.4120404178.value": "153.54.0.0/16",
                            "ip_set_descriptors.4123713931.type": "IPV4",
                            "ip_set_descriptors.4123713931.value": "61.11.246.0/24",
                            "ip_set_descriptors.4123773465.type": "IPV4",
                            "ip_set_descriptors.4123773465.value": "124.242.0.0/16",
                            "ip_set_descriptors.4124319770.type": "IPV4",
                            "ip_set_descriptors.4124319770.value": "67.220.238.0/24",
                            "ip_set_descriptors.4129185070.type": "IPV4",
                            "ip_set_descriptors.4129185070.value": "66.231.64.0/24",
                            "ip_set_descriptors.4129736185.type": "IPV4",
                            "ip_set_descriptors.4129736185.value": "49.238.110.0/24",
                            "ip_set_descriptors.4135791696.type": "IPV4",
                            "ip_set_descriptors.4135791696.value": "120.48.0.0/16",
                            "ip_set_descriptors.4136244344.type": "IPV4",
                            "ip_set_descriptors.4136244344.value": "45.43.171.0/24",
                            "ip_set_descriptors.4147687981.type": "IPV4",
                            "ip_set_descriptors.4147687981.value": "43.250.118.0/24",
                            "ip_set_descriptors.415750233.type": "IPV4",
                            "ip_set_descriptors.415750233.value": "67.213.127.0/24",
                            "ip_set_descriptors.4157830368.type": "IPV4",
                            "ip_set_descriptors.4157830368.value": "67.220.233.0/24",
                            "ip_set_descriptors.4158481696.type": "IPV4",
                            "ip_set_descriptors.4158481696.value": "141.178.0.0/16",
                            "ip_set_descriptors.415964271.type": "IPV4",
                            "ip_set_descriptors.415964271.value": "45.65.189.0/24",
                            "ip_set_descriptors.4167729202.type": "IPV4",
                            "ip_set_descriptors.4167729202.value": "45.6.50.0/24",
                            "ip_set_descriptors.4168238469.type": "IPV4",
                            "ip_set_descriptors.4168238469.value": "42.194.147.0/24",
                            "ip_set_descriptors.4168594105.type": "IPV4",
                            "ip_set_descriptors.4168594105.value": "42.96.11.0/24",
                            "ip_set_descriptors.4179254733.type": "IPV4",
                            "ip_set_descriptors.4179254733.value": "42.194.253.0/24",
                            "ip_set_descriptors.4185156806.type": "IPV4",
                            "ip_set_descriptors.4185156806.value": "161.1.0.0/16",
                            "ip_set_descriptors.4187888907.type": "IPV4",
                            "ip_set_descriptors.4187888907.value": "42.1.216.0/24",
                            "ip_set_descriptors.4193297960.type": "IPV4",
                            "ip_set_descriptors.4193297960.value": "146.183.0.0/16",
                            "ip_set_descriptors.420008067.type": "IPV4",
                            "ip_set_descriptors.420008067.value": "42.96.5.0/24",
                            "ip_set_descriptors.4208093892.type": "IPV4",
                            "ip_set_descriptors.4208093892.value": "42.194.234.0/24",
                            "ip_set_descriptors.4209530313.type": "IPV4",
                            "ip_set_descriptors.4209530313.value": "42.170.0.0/16",
                            "ip_set_descriptors.4215157322.type": "IPV4",
                            "ip_set_descriptors.4215157322.value": "42.1.165.0/24",
                            "ip_set_descriptors.4216198403.type": "IPV4",
                            "ip_set_descriptors.4216198403.value": "42.194.13.0/24",
                            "ip_set_descriptors.4218612286.type": "IPV4",
                            "ip_set_descriptors.4218612286.value": "131.143.0.0/16",
                            "ip_set_descriptors.4219221873.type": "IPV4",
                            "ip_set_descriptors.4219221873.value": "79.110.25.0/24",
                            "ip_set_descriptors.4228039329.type": "IPV4",
                            "ip_set_descriptors.4228039329.value": "1.32.164.0/24",
                            "ip_set_descriptors.4232146283.type": "IPV4",
                            "ip_set_descriptors.4232146283.value": "74.114.150.0/24",
                            "ip_set_descriptors.4234899321.type": "IPV4",
                            "ip_set_descriptors.4234899321.value": "223.173.0.0/16",
                            "ip_set_descriptors.4235444392.type": "IPV4",
                            "ip_set_descriptors.4235444392.value": "153.14.0.0/16",
                            "ip_set_descriptors.4240957339.type": "IPV4",
                            "ip_set_descriptors.4240957339.value": "61.11.251.0/24",
                            "ip_set_descriptors.4245960644.type": "IPV4",
                            "ip_set_descriptors.4245960644.value": "66.231.78.0/24",
                            "ip_set_descriptors.4245966227.type": "IPV4",
                            "ip_set_descriptors.4245966227.value": "49.238.73.0/24",
                            "ip_set_descriptors.4246109689.type": "IPV4",
                            "ip_set_descriptors.4246109689.value": "67.220.243.0/24",
                            "ip_set_descriptors.4247394112.type": "IPV4",
                            "ip_set_descriptors.4247394112.value": "159.85.0.0/16",
                            "ip_set_descriptors.4258144460.type": "IPV4",
                            "ip_set_descriptors.4258144460.value": "150.121.0.0/16",
                            "ip_set_descriptors.4259676013.type": "IPV4",
                            "ip_set_descriptors.4259676013.value": "42.194.182.0/24",
                            "ip_set_descriptors.4263596931.type": "IPV4",
                            "ip_set_descriptors.4263596931.value": "36.119.0.0/16",
                            "ip_set_descriptors.4275981040.type": "IPV4",
                            "ip_set_descriptors.4275981040.value": "67.220.224.0/24",
                            "ip_set_descriptors.4279232658.type": "IPV4",
                            "ip_set_descriptors.4279232658.value": "61.11.236.0/24",
                            "ip_set_descriptors.4279314691.type": "IPV4",
                            "ip_set_descriptors.4279314691.value": "67.220.248.0/24",
                            "ip_set_descriptors.4279441769.type": "IPV4",
                            "ip_set_descriptors.4279441769.value": "49.238.78.0/24",
                            "ip_set_descriptors.4279460670.type": "IPV4",
                            "ip_set_descriptors.4279460670.value": "66.231.73.0/24",
                            "ip_set_descriptors.428001182.type": "IPV4",
                            "ip_set_descriptors.428001182.value": "160.117.0.0/16",
                            "ip_set_descriptors.4281072617.type": "IPV4",
                            "ip_set_descriptors.4281072617.value": "49.238.107.0/24",
                            "ip_set_descriptors.4287048296.type": "IPV4",
                            "ip_set_descriptors.4287048296.value": "45.43.166.0/24",
                            "ip_set_descriptors.4293012375.type": "IPV4",
                            "ip_set_descriptors.4293012375.value": "42.194.189.0/24",
                            "ip_set_descriptors.429895067.type": "IPV4",
                            "ip_set_descriptors.429895067.value": "1.32.129.0/24",
                            "ip_set_descriptors.437384813.type": "IPV4",
                            "ip_set_descriptors.437384813.value": "134.172.0.0/16",
                            "ip_set_descriptors.43889354.type": "IPV4",
                            "ip_set_descriptors.43889354.value": "148.248.0.0/16",
                            "ip_set_descriptors.439359562.type": "IPV4",
                            "ip_set_descriptors.439359562.value": "140.167.0.0/16",
                            "ip_set_descriptors.452658283.type": "IPV4",
                            "ip_set_descriptors.452658283.value": "42.1.181.0/24",
                            "ip_set_descriptors.456254643.type": "IPV4",
                            "ip_set_descriptors.456254643.value": "79.173.109.0/24",
                            "ip_set_descriptors.460201623.type": "IPV4",
                            "ip_set_descriptors.460201623.value": "147.17.0.0/16",
                            "ip_set_descriptors.460977952.type": "IPV4",
                            "ip_set_descriptors.460977952.value": "49.238.126.0/24",
                            "ip_set_descriptors.463854077.type": "IPV4",
                            "ip_set_descriptors.463854077.value": "128.24.0.0/16",
                            "ip_set_descriptors.46477419.type": "IPV4",
                            "ip_set_descriptors.46477419.value": "45.43.175.0/24",
                            "ip_set_descriptors.466953889.type": "IPV4",
                            "ip_set_descriptors.466953889.value": "45.43.147.0/24",
                            "ip_set_descriptors.469523831.type": "IPV4",
                            "ip_set_descriptors.469523831.value": "128.85.0.0/16",
                            "ip_set_descriptors.471877964.type": "IPV4",
                            "ip_set_descriptors.471877964.value": "42.194.166.0/24",
                            "ip_set_descriptors.472235632.type": "IPV4",
                            "ip_set_descriptors.472235632.value": "42.96.30.0/24",
                            "ip_set_descriptors.474302643.type": "IPV4",
                            "ip_set_descriptors.474302643.value": "45.43.189.0/24",
                            "ip_set_descriptors.483490738.type": "IPV4",
                            "ip_set_descriptors.483490738.value": "49.238.97.0/24",
                            "ip_set_descriptors.48490779.type": "IPV4",
                            "ip_set_descriptors.48490779.value": "138.125.0.0/16",
                            "ip_set_descriptors.485790331.type": "IPV4",
                            "ip_set_descriptors.485790331.value": "74.122.59.0/24",
                            "ip_set_descriptors.487471621.type": "IPV4",
                            "ip_set_descriptors.487471621.value": "42.216.0.0/16",
                            "ip_set_descriptors.492159142.type": "IPV4",
                            "ip_set_descriptors.492159142.value": "67.219.219.0/24",
                            "ip_set_descriptors.499913154.type": "IPV4",
                            "ip_set_descriptors.499913154.value": "42.1.237.0/24",
                            "ip_set_descriptors.503588555.type": "IPV4",
                            "ip_set_descriptors.503588555.value": "42.1.250.0/24",
                            "ip_set_descriptors.5044121.type": "IPV4",
                            "ip_set_descriptors.5044121.value": "14.6.0.0/16",
                            "ip_set_descriptors.50602898.type": "IPV4",
                            "ip_set_descriptors.50602898.value": "74.114.148.0/24",
                            "ip_set_descriptors.507649097.type": "IPV4",
                            "ip_set_descriptors.507649097.value": "45.43.182.0/24",
                            "ip_set_descriptors.511731213.type": "IPV4",
                            "ip_set_descriptors.511731213.value": "42.194.215.0/24",
                            "ip_set_descriptors.51266818.type": "IPV4",
                            "ip_set_descriptors.51266818.value": "116.144.0.0/16",
                            "ip_set_descriptors.514022768.type": "IPV4",
                            "ip_set_descriptors.514022768.value": "42.1.128.0/24",
                            "ip_set_descriptors.515651498.type": "IPV4",
                            "ip_set_descriptors.515651498.value": "74.118.62.0/24",
                            "ip_set_descriptors.525505628.type": "IPV4",
                            "ip_set_descriptors.525505628.value": "67.219.212.0/24",
                            "ip_set_descriptors.527187587.type": "IPV4",
                            "ip_set_descriptors.527187587.value": "42.1.144.0/24",
                            "ip_set_descriptors.528365251.type": "IPV4",
                            "ip_set_descriptors.528365251.value": "42.0.45.0/24",
                            "ip_set_descriptors.534020790.type": "IPV4",
                            "ip_set_descriptors.534020790.value": "223.1.0.0/16",
                            "ip_set_descriptors.535660921.type": "IPV4",
                            "ip_set_descriptors.535660921.value": "42.96.57.0/24",
                            "ip_set_descriptors.546967985.type": "IPV4",
                            "ip_set_descriptors.546967985.value": "43.229.55.0/24",
                            "ip_set_descriptors.548793061.type": "IPV4",
                            "ip_set_descriptors.548793061.value": "1.32.151.0/24",
                            "ip_set_descriptors.553137445.type": "IPV4",
                            "ip_set_descriptors.553137445.value": "45.43.134.0/24",
                            "ip_set_descriptors.5531642.type": "IPV4",
                            "ip_set_descriptors.5531642.value": "67.220.250.0/24",
                            "ip_set_descriptors.557170243.type": "IPV4",
                            "ip_set_descriptors.557170243.value": "220.154.0.0/16",
                            "ip_set_descriptors.557274838.type": "IPV4",
                            "ip_set_descriptors.557274838.value": "45.43.158.0/24",
                            "ip_set_descriptors.560393235.type": "IPV4",
                            "ip_set_descriptors.560393235.value": "137.105.0.0/16",
                            "ip_set_descriptors.563359175.type": "IPV4",
                            "ip_set_descriptors.563359175.value": "137.72.0.0/16",
                            "ip_set_descriptors.563649618.type": "IPV4",
                            "ip_set_descriptors.563649618.value": "36.116.0.0/16",
                            "ip_set_descriptors.572399846.type": "IPV4",
                            "ip_set_descriptors.572399846.value": "42.1.195.0/24",
                            "ip_set_descriptors.583002018.type": "IPV4",
                            "ip_set_descriptors.583002018.value": "152.109.0.0/16",
                            "ip_set_descriptors.58888546.type": "IPV4",
                            "ip_set_descriptors.58888546.value": "61.11.249.0/24",
                            "ip_set_descriptors.590348844.type": "IPV4",
                            "ip_set_descriptors.590348844.value": "45.43.153.0/24",
                            "ip_set_descriptors.595451372.type": "IPV4",
                            "ip_set_descriptors.595451372.value": "1.32.136.0/24",
                            "ip_set_descriptors.60575987.type": "IPV4",
                            "ip_set_descriptors.60575987.value": "67.220.237.0/24",
                            "ip_set_descriptors.607412031.type": "IPV4",
                            "ip_set_descriptors.607412031.value": "49.238.83.0/24",
                            "ip_set_descriptors.608251143.type": "IPV4",
                            "ip_set_descriptors.608251143.value": "42.1.137.0/24",
                            "ip_set_descriptors.609428807.type": "IPV4",
                            "ip_set_descriptors.609428807.value": "42.0.36.0/24",
                            "ip_set_descriptors.612566720.type": "IPV4",
                            "ip_set_descriptors.612566720.value": "42.215.0.0/16",
                            "ip_set_descriptors.616602365.type": "IPV4",
                            "ip_set_descriptors.616602365.value": "42.96.24.0/24",
                            "ip_set_descriptors.616918465.type": "IPV4",
                            "ip_set_descriptors.616918465.value": "42.194.172.0/24",
                            "ip_set_descriptors.621803790.type": "IPV4",
                            "ip_set_descriptors.621803790.value": "42.96.48.0/24",
                            "ip_set_descriptors.623457615.type": "IPV4",
                            "ip_set_descriptors.623457615.value": "42.1.223.0/24",
                            "ip_set_descriptors.631034394.type": "IPV4",
                            "ip_set_descriptors.631034394.value": "37.148.218.0/24",
                            "ip_set_descriptors.632392815.type": "IPV4",
                            "ip_set_descriptors.632392815.value": "157.195.0.0/16",
                            "ip_set_descriptors.6364637.type": "IPV4",
                            "ip_set_descriptors.6364637.value": "101.202.0.0/16",
                            "ip_set_descriptors.640879557.type": "IPV4",
                            "ip_set_descriptors.640879557.value": "49.238.88.0/24",
                            "ip_set_descriptors.644170368.type": "IPV4",
                            "ip_set_descriptors.644170368.value": "42.194.201.0/24",
                            "ip_set_descriptors.650262843.type": "IPV4",
                            "ip_set_descriptors.650262843.value": "42.194.179.0/24",
                            "ip_set_descriptors.652280390.type": "IPV4",
                            "ip_set_descriptors.652280390.value": "42.1.244.0/24",
                            "ip_set_descriptors.654880244.type": "IPV4",
                            "ip_set_descriptors.654880244.value": "42.96.43.0/24",
                            "ip_set_descriptors.657351093.type": "IPV4",
                            "ip_set_descriptors.657351093.value": "42.1.228.0/24",
                            "ip_set_descriptors.663296526.type": "IPV4",
                            "ip_set_descriptors.663296526.value": "42.1.150.0/24",
                            "ip_set_descriptors.664474190.type": "IPV4",
                            "ip_set_descriptors.664474190.value": "42.0.51.0/24",
                            "ip_set_descriptors.676516367.type": "IPV4",
                            "ip_set_descriptors.676516367.value": "42.143.0.0/16",
                            "ip_set_descriptors.677742365.type": "IPV4",
                            "ip_set_descriptors.677742365.value": "45.4.137.0/24",
                            "ip_set_descriptors.685820446.type": "IPV4",
                            "ip_set_descriptors.685820446.value": "42.96.6.0/24",
                            "ip_set_descriptors.689195532.type": "IPV4",
                            "ip_set_descriptors.689195532.value": "42.1.189.0/24",
                            "ip_set_descriptors.689525228.type": "IPV4",
                            "ip_set_descriptors.689525228.value": "43.252.153.0/24",
                            "ip_set_descriptors.690995908.type": "IPV4",
                            "ip_set_descriptors.690995908.value": "67.213.124.0/24",
                            "ip_set_descriptors.699978997.type": "IPV4",
                            "ip_set_descriptors.699978997.value": "1.32.146.0/24",
                            "ip_set_descriptors.708656188.type": "IPV4",
                            "ip_set_descriptors.708656188.value": "45.43.144.0/24",
                            "ip_set_descriptors.711489506.type": "IPV4",
                            "ip_set_descriptors.711489506.value": "46.243.142.0/24",
                            "ip_set_descriptors.714206653.type": "IPV4",
                            "ip_set_descriptors.714206653.value": "49.238.125.0/24",
                            "ip_set_descriptors.722673398.type": "IPV4",
                            "ip_set_descriptors.722673398.value": "42.1.182.0/24",
                            "ip_set_descriptors.72894414.type": "IPV4",
                            "ip_set_descriptors.72894414.value": "42.194.240.0/24",
                            "ip_set_descriptors.737304527.type": "IPV4",
                            "ip_set_descriptors.737304527.value": "45.43.128.0/24",
                            "ip_set_descriptors.740559711.type": "IPV4",
                            "ip_set_descriptors.740559711.value": "42.1.234.0/24",
                            "ip_set_descriptors.744133829.type": "IPV4",
                            "ip_set_descriptors.744133829.value": "119.232.0.0/16",
                            "ip_set_descriptors.749142578.type": "IPV4",
                            "ip_set_descriptors.749142578.value": "42.163.0.0/16",
                            "ip_set_descriptors.75191420.type": "IPV4",
                            "ip_set_descriptors.75191420.value": "46.232.192.0/24",
                            "ip_set_descriptors.758735151.type": "IPV4",
                            "ip_set_descriptors.758735151.value": "49.238.94.0/24",
                            "ip_set_descriptors.762683114.type": "IPV4",
                            "ip_set_descriptors.762683114.value": "42.209.0.0/16",
                            "ip_set_descriptors.768103377.type": "IPV4",
                            "ip_set_descriptors.768103377.value": "42.194.165.0/24",
                            "ip_set_descriptors.768451821.type": "IPV4",
                            "ip_set_descriptors.768451821.value": "42.96.33.0/24",
                            "ip_set_descriptors.771255684.type": "IPV4",
                            "ip_set_descriptors.771255684.value": "116.146.0.0/16",
                            "ip_set_descriptors.772117476.type": "IPV4",
                            "ip_set_descriptors.772117476.value": "42.96.54.0/24",
                            "ip_set_descriptors.780411934.type": "IPV4",
                            "ip_set_descriptors.780411934.value": "42.1.147.0/24",
                            "ip_set_descriptors.781593694.type": "IPV4",
                            "ip_set_descriptors.781593694.value": "42.0.46.0/24",
                            "ip_set_descriptors.783978177.type": "IPV4",
                            "ip_set_descriptors.783978177.value": "67.219.211.0/24",
                            "ip_set_descriptors.783998751.type": "IPV4",
                            "ip_set_descriptors.783998751.value": "14.4.0.0/16",
                            "ip_set_descriptors.794045751.type": "IPV4",
                            "ip_set_descriptors.794045751.value": "74.118.61.0/24",
                            "ip_set_descriptors.795376784.type": "IPV4",
                            "ip_set_descriptors.795376784.value": "42.194.216.0/24",
                            "ip_set_descriptors.799672020.type": "IPV4",
                            "ip_set_descriptors.799672020.value": "45.43.181.0/24",
                            "ip_set_descriptors.801828887.type": "IPV4",
                            "ip_set_descriptors.801828887.value": "42.96.38.0/24",
                            "ip_set_descriptors.804011094.type": "IPV4",
                            "ip_set_descriptors.804011094.value": "42.1.253.0/24",
                            "ip_set_descriptors.807962640.type": "IPV4",
                            "ip_set_descriptors.807962640.value": "150.40.0.0/16",
                            "ip_set_descriptors.809489422.type": "IPV4",
                            "ip_set_descriptors.809489422.value": "67.213.116.0/24",
                            "ip_set_descriptors.812506885.type": "IPV4",
                            "ip_set_descriptors.812506885.value": "61.11.241.0/24",
                            "ip_set_descriptors.81528584.type": "IPV4",
                            "ip_set_descriptors.81528584.value": "42.1.205.0/24",
                            "ip_set_descriptors.816366143.type": "IPV4",
                            "ip_set_descriptors.816366143.value": "1.32.174.0/24",
                            "ip_set_descriptors.820019375.type": "IPV4",
                            "ip_set_descriptors.820019375.value": "170.67.0.0/16",
                            "ip_set_descriptors.827293683.type": "IPV4",
                            "ip_set_descriptors.827293683.value": "42.194.192.0/24",
                            "ip_set_descriptors.834436455.type": "IPV4",
                            "ip_set_descriptors.834436455.value": "67.220.253.0/24",
                            "ip_set_descriptors.834549594.type": "IPV4",
                            "ip_set_descriptors.834549594.value": "66.231.68.0/24",
                            "ip_set_descriptors.83836021.type": "IPV4",
                            "ip_set_descriptors.83836021.value": "42.194.138.0/24",
                            "ip_set_descriptors.846482030.type": "IPV4",
                            "ip_set_descriptors.846482030.value": "67.220.234.0/24",
                            "ip_set_descriptors.85832844.type": "IPV4",
                            "ip_set_descriptors.85832844.value": "223.254.0.0/16",
                            "ip_set_descriptors.858598134.type": "IPV4",
                            "ip_set_descriptors.858598134.value": "45.43.176.0/24",
                            "ip_set_descriptors.860367625.type": "IPV4",
                            "ip_set_descriptors.860367625.value": "42.194.199.0/24",
                            "ip_set_descriptors.864156535.type": "IPV4",
                            "ip_set_descriptors.864156535.value": "49.238.117.0/24",
                            "ip_set_descriptors.866510860.type": "IPV4",
                            "ip_set_descriptors.866510860.value": "61.11.226.0/24",
                            "ip_set_descriptors.867768823.type": "IPV4",
                            "ip_set_descriptors.867768823.value": "49.238.68.0/24",
                            "ip_set_descriptors.87056262.type": "IPV4",
                            "ip_set_descriptors.87056262.value": "42.194.154.0/24",
                            "ip_set_descriptors.871895683.type": "IPV4",
                            "ip_set_descriptors.871895683.value": "42.214.0.0/16",
                            "ip_set_descriptors.886588699.type": "IPV4",
                            "ip_set_descriptors.886588699.value": "42.194.157.0/24",
                            "ip_set_descriptors.887502803.type": "IPV4",
                            "ip_set_descriptors.887502803.value": "196.199.0.0/16",
                            "ip_set_descriptors.892607893.type": "IPV4",
                            "ip_set_descriptors.892607893.value": "42.1.206.0/24",
                            "ip_set_descriptors.900750675.type": "IPV4",
                            "ip_set_descriptors.900750675.value": "42.194.243.0/24",
                            "ip_set_descriptors.906742486.type": "IPV4",
                            "ip_set_descriptors.906742486.value": "74.122.63.0/24",
                            "ip_set_descriptors.908557974.type": "IPV4",
                            "ip_set_descriptors.908557974.value": "160.14.0.0/16",
                            "ip_set_descriptors.912706715.type": "IPV4",
                            "ip_set_descriptors.912706715.value": "157.115.0.0/16",
                            "ip_set_descriptors.913861210.type": "IPV4",
                            "ip_set_descriptors.913861210.value": "42.194.224.0/24",
                            "ip_set_descriptors.914568510.type": "IPV4",
                            "ip_set_descriptors.914568510.value": "143.49.0.0/16",
                            "ip_set_descriptors.923824658.type": "IPV4",
                            "ip_set_descriptors.923824658.value": "42.194.130.0/24",
                            "ip_set_descriptors.924793725.type": "IPV4",
                            "ip_set_descriptors.924793725.value": "125.169.0.0/16",
                            "ip_set_descriptors.929128620.type": "IPV4",
                            "ip_set_descriptors.929128620.value": "155.204.0.0/16",
                            "ip_set_descriptors.931296851.type": "IPV4",
                            "ip_set_descriptors.931296851.value": "1.10.29.0/24",
                            "ip_set_descriptors.932459220.type": "IPV4",
                            "ip_set_descriptors.932459220.value": "42.1.175.0/24",
                            "ip_set_descriptors.933926923.type": "IPV4",
                            "ip_set_descriptors.933926923.value": "67.219.223.0/24",
                            "ip_set_descriptors.934742441.type": "IPV4",
                            "ip_set_descriptors.934742441.value": "42.194.248.0/24",
                            "ip_set_descriptors.943866339.type": "IPV4",
                            "ip_set_descriptors.943866339.value": "42.194.185.0/24",
                            "ip_set_descriptors.947701171.type": "IPV4",
                            "ip_set_descriptors.947701171.value": "43.252.80.0/24",
                            "ip_set_descriptors.951141239.type": "IPV4",
                            "ip_set_descriptors.951141239.value": "67.220.244.0/24",
                            "ip_set_descriptors.951284509.type": "IPV4",
                            "ip_set_descriptors.951284509.value": "49.238.74.0/24",
                            "ip_set_descriptors.957892352.type": "IPV4",
                            "ip_set_descriptors.957892352.value": "139.188.0.0/16",
                            "ip_set_descriptors.958533937.type": "IPV4",
                            "ip_set_descriptors.958533937.value": "119.58.0.0/16",
                            "ip_set_descriptors.964567172.type": "IPV4",
                            "ip_set_descriptors.964567172.value": "67.220.228.0/24",
                            "ip_set_descriptors.967179311.type": "IPV4",
                            "ip_set_descriptors.967179311.value": "1.32.163.0/24",
                            "ip_set_descriptors.969001820.type": "IPV4",
                            "ip_set_descriptors.969001820.value": "14.5.0.0/16",
                            "ip_set_descriptors.974031529.type": "IPV4",
                            "ip_set_descriptors.974031529.value": "42.208.0.0/16",
                            "ip_set_descriptors.975181030.type": "IPV4",
                            "ip_set_descriptors.975181030.value": "45.43.161.0/24",
                            "ip_set_descriptors.976102277.type": "IPV4",
                            "ip_set_descriptors.976102277.value": "160.188.0.0/16",
                            "ip_set_descriptors.981694919.type": "IPV4",
                            "ip_set_descriptors.981694919.value": "116.147.0.0/16",
                            "ip_set_descriptors.982304103.type": "IPV4",
                            "ip_set_descriptors.982304103.value": "49.238.100.0/24",
                            "ip_set_descriptors.984143388.type": "IPV4",
                            "ip_set_descriptors.984143388.value": "61.11.231.0/24",
                            "ip_set_descriptors.984898992.type": "IPV4",
                            "ip_set_descriptors.984898992.value": "66.231.74.0/24",
                            "name": "TR-WAF - IP Reputation Lists Set #1"
                        },
                        "meta": {},
                        "tainted": false
                    },
                    "deposed": [],
                    "provider": "provider.aws"
                },
                "aws_waf_ipset.WAFReputationListsSet2": {
                    "type": "aws_waf_ipset",
                    "depends_on": [],
                    "primary": {
                        "id": "d99945a6-fc7f-4259-9aa5-aadc254d2555",
                        "attributes": {
                            "arn": "arn:aws:waf::082894742960:ipset/d99945a6-fc7f-4259-9aa5-aadc254d2555",
                            "id": "d99945a6-fc7f-4259-9aa5-aadc254d2555",
                            "ip_set_descriptors.#": "1000",
                            "ip_set_descriptors.1002290680.type": "IPV4",
                            "ip_set_descriptors.1002290680.value": "104.233.30.0/24",
                            "ip_set_descriptors.1002402166.type": "IPV4",
                            "ip_set_descriptors.1002402166.value": "103.57.248.0/24",
                            "ip_set_descriptors.1003345696.type": "IPV4",
                            "ip_set_descriptors.1003345696.value": "117.120.87.0/24",
                            "ip_set_descriptors.1004559222.type": "IPV4",
                            "ip_set_descriptors.1004559222.value": "116.119.51.0/24",
                            "ip_set_descriptors.1009399025.type": "IPV4",
                            "ip_set_descriptors.1009399025.value": "117.58.31.0/24",
                            "ip_set_descriptors.101286592.type": "IPV4",
                            "ip_set_descriptors.101286592.value": "91.230.253.0/24",
                            "ip_set_descriptors.1014552510.type": "IPV4",
                            "ip_set_descriptors.1014552510.value": "101.203.137.0/24",
                            "ip_set_descriptors.1015154155.type": "IPV4",
                            "ip_set_descriptors.1015154155.value": "104.239.15.0/24",
                            "ip_set_descriptors.1017583844.type": "IPV4",
                            "ip_set_descriptors.1017583844.value": "113.212.83.0/24",
                            "ip_set_descriptors.1024867775.type": "IPV4",
                            "ip_set_descriptors.1024867775.value": "116.206.16.0/24",
                            "ip_set_descriptors.1028482584.type": "IPV4",
                            "ip_set_descriptors.1028482584.value": "104.239.79.0/24",
                            "ip_set_descriptors.1044282097.type": "IPV4",
                            "ip_set_descriptors.1044282097.value": "104.250.220.0/24",
                            "ip_set_descriptors.1048011166.type": "IPV4",
                            "ip_set_descriptors.1048011166.value": "116.119.94.0/24",
                            "ip_set_descriptors.1050692638.type": "IPV4",
                            "ip_set_descriptors.1050692638.value": "113.212.88.0/24",
                            "ip_set_descriptors.1056912494.type": "IPV4",
                            "ip_set_descriptors.1056912494.value": "103.207.162.0/24",
                            "ip_set_descriptors.1061827298.type": "IPV4",
                            "ip_set_descriptors.1061827298.value": "104.239.72.0/24",
                            "ip_set_descriptors.1068556471.type": "IPV4",
                            "ip_set_descriptors.1068556471.value": "101.203.150.0/24",
                            "ip_set_descriptors.1071776760.type": "IPV4",
                            "ip_set_descriptors.1071776760.value": "117.58.56.0/24",
                            "ip_set_descriptors.1075585536.type": "IPV4",
                            "ip_set_descriptors.1075585536.value": "117.120.123.0/24",
                            "ip_set_descriptors.1075653626.type": "IPV4",
                            "ip_set_descriptors.1075653626.value": "104.239.83.0/24",
                            "ip_set_descriptors.1082084013.type": "IPV4",
                            "ip_set_descriptors.1082084013.value": "91.200.250.0/24",
                            "ip_set_descriptors.1083172703.type": "IPV4",
                            "ip_set_descriptors.1083172703.value": "121.100.165.0/24",
                            "ip_set_descriptors.1092647046.type": "IPV4",
                            "ip_set_descriptors.1092647046.value": "116.119.65.0/24",
                            "ip_set_descriptors.1098842852.type": "IPV4",
                            "ip_set_descriptors.1098842852.value": "83.175.41.0/24",
                            "ip_set_descriptors.1099984870.type": "IPV4",
                            "ip_set_descriptors.1099984870.value": "119.42.53.0/24",
                            "ip_set_descriptors.1102037338.type": "IPV4",
                            "ip_set_descriptors.1102037338.value": "103.230.144.0/24",
                            "ip_set_descriptors.110249235.type": "IPV4",
                            "ip_set_descriptors.110249235.value": "116.119.80.0/24",
                            "ip_set_descriptors.110406065.type": "IPV4",
                            "ip_set_descriptors.110406065.value": "91.212.104.0/24",
                            "ip_set_descriptors.1106728198.type": "IPV4",
                            "ip_set_descriptors.1106728198.value": "113.212.79.0/24",
                            "ip_set_descriptors.110798793.type": "IPV4",
                            "ip_set_descriptors.110798793.value": "101.203.128.0/24",
                            "ip_set_descriptors.1109032704.type": "IPV4",
                            "ip_set_descriptors.1109032704.value": "104.239.88.0/24",
                            "ip_set_descriptors.1119201537.type": "IPV4",
                            "ip_set_descriptors.1119201537.value": "104.233.63.0/24",
                            "ip_set_descriptors.1119303149.type": "IPV4",
                            "ip_set_descriptors.1119303149.value": "83.175.26.0/24",
                            "ip_set_descriptors.1128563596.type": "IPV4",
                            "ip_set_descriptors.1128563596.value": "104.219.91.0/24",
                            "ip_set_descriptors.1130247923.type": "IPV4",
                            "ip_set_descriptors.1130247923.value": "116.119.107.0/24",
                            "ip_set_descriptors.1134531477.type": "IPV4",
                            "ip_set_descriptors.1134531477.value": "117.58.107.0/24",
                            "ip_set_descriptors.1139802620.type": "IPV4",
                            "ip_set_descriptors.1139802620.value": "113.212.72.0/24",
                            "ip_set_descriptors.1146902475.type": "IPV4",
                            "ip_set_descriptors.1146902475.value": "104.239.0.0/24",
                            "ip_set_descriptors.1149149183.type": "IPV4",
                            "ip_set_descriptors.1149149183.value": "104.239.109.0/24",
                            "ip_set_descriptors.1149487762.type": "IPV4",
                            "ip_set_descriptors.1149487762.value": "83.175.8.0/24",
                            "ip_set_descriptors.1150996024.type": "IPV4",
                            "ip_set_descriptors.1150996024.value": "117.120.76.0/24",
                            "ip_set_descriptors.1154815425.type": "IPV4",
                            "ip_set_descriptors.1154815425.value": "91.197.196.0/24",
                            "ip_set_descriptors.1156225158.type": "IPV4",
                            "ip_set_descriptors.1156225158.value": "104.233.9.0/24",
                            "ip_set_descriptors.1157519617.type": "IPV4",
                            "ip_set_descriptors.1157519617.value": "104.250.214.0/24",
                            "ip_set_descriptors.1159864328.type": "IPV4",
                            "ip_set_descriptors.1159864328.value": "117.58.62.0/24",
                            "ip_set_descriptors.1166676242.type": "IPV4",
                            "ip_set_descriptors.1166676242.value": "104.239.46.0/24",
                            "ip_set_descriptors.1175721280.type": "IPV4",
                            "ip_set_descriptors.1175721280.value": "117.58.1.0/24",
                            "ip_set_descriptors.1178740251.type": "IPV4",
                            "ip_set_descriptors.1178740251.value": "104.239.21.0/24",
                            "ip_set_descriptors.117909365.type": "IPV4",
                            "ip_set_descriptors.117909365.value": "117.58.42.0/24",
                            "ip_set_descriptors.1182386949.type": "IPV4",
                            "ip_set_descriptors.1182386949.value": "104.239.102.0/24",
                            "ip_set_descriptors.1183096424.type": "IPV4",
                            "ip_set_descriptors.1183096424.value": "83.175.3.0/24",
                            "ip_set_descriptors.1189989500.type": "IPV4",
                            "ip_set_descriptors.1189989500.value": "104.233.2.0/24",
                            "ip_set_descriptors.1193637106.type": "IPV4",
                            "ip_set_descriptors.1193637106.value": "117.58.69.0/24",
                            "ip_set_descriptors.1204322544.type": "IPV4",
                            "ip_set_descriptors.1204322544.value": "116.119.6.0/24",
                            "ip_set_descriptors.1210926742.type": "IPV4",
                            "ip_set_descriptors.1210926742.value": "116.119.72.0/24",
                            "ip_set_descriptors.1215340568.type": "IPV4",
                            "ip_set_descriptors.1215340568.value": "104.233.13.0/24",
                            "ip_set_descriptors.1215446260.type": "IPV4",
                            "ip_set_descriptors.1215446260.value": "83.175.56.0/24",
                            "ip_set_descriptors.1225790954.type": "IPV4",
                            "ip_set_descriptors.1225790954.value": "104.239.94.0/24",
                            "ip_set_descriptors.1230145521.type": "IPV4",
                            "ip_set_descriptors.1230145521.value": "103.239.30.0/24",
                            "ip_set_descriptors.123061306.type": "IPV4",
                            "ip_set_descriptors.123061306.value": "101.203.144.0/24",
                            "ip_set_descriptors.1233312079.type": "IPV4",
                            "ip_set_descriptors.1233312079.value": "121.100.172.0/24",
                            "ip_set_descriptors.1244271212.type": "IPV4",
                            "ip_set_descriptors.1244271212.value": "116.119.79.0/24",
                            "ip_set_descriptors.1246955747.type": "IPV4",
                            "ip_set_descriptors.1246955747.value": "116.119.110.0/24",
                            "ip_set_descriptors.1249375458.type": "IPV4",
                            "ip_set_descriptors.1249375458.value": "104.233.18.0/24",
                            "ip_set_descriptors.1251126661.type": "IPV4",
                            "ip_set_descriptors.1251126661.value": "117.58.110.0/24",
                            "ip_set_descriptors.1258110956.type": "IPV4",
                            "ip_set_descriptors.1258110956.value": "113.212.65.0/24",
                            "ip_set_descriptors.1270483965.type": "IPV4",
                            "ip_set_descriptors.1270483965.value": "83.175.31.0/24",
                            "ip_set_descriptors.1273328031.type": "IPV4",
                            "ip_set_descriptors.1273328031.value": "116.119.15.0/24",
                            "ip_set_descriptors.1276573807.type": "IPV4",
                            "ip_set_descriptors.1276573807.value": "103.236.34.0/24",
                            "ip_set_descriptors.1278156312.type": "IPV4",
                            "ip_set_descriptors.1278156312.value": "117.58.75.0/24",
                            "ip_set_descriptors.1283927810.type": "IPV4",
                            "ip_set_descriptors.1283927810.value": "104.239.51.0/24",
                            "ip_set_descriptors.1287795374.type": "IPV4",
                            "ip_set_descriptors.1287795374.value": "103.197.8.0/24",
                            "ip_set_descriptors.128915055.type": "IPV4",
                            "ip_set_descriptors.128915055.value": "104.239.66.0/24",
                            "ip_set_descriptors.1293170865.type": "IPV4",
                            "ip_set_descriptors.1293170865.value": "91.238.82.0/24",
                            "ip_set_descriptors.129861693.type": "IPV4",
                            "ip_set_descriptors.129861693.value": "107.182.249.0/24",
                            "ip_set_descriptors.1299932863.type": "IPV4",
                            "ip_set_descriptors.1299932863.value": "103.229.37.0/24",
                            "ip_set_descriptors.1306557931.type": "IPV4",
                            "ip_set_descriptors.1306557931.value": "117.58.19.0/24",
                            "ip_set_descriptors.1307797265.type": "IPV4",
                            "ip_set_descriptors.1307797265.value": "104.250.203.0/24",
                            "ip_set_descriptors.1308831977.type": "IPV4",
                            "ip_set_descriptors.1308831977.value": "91.247.79.0/24",
                            "ip_set_descriptors.1321741985.type": "IPV4",
                            "ip_set_descriptors.1321741985.value": "104.222.184.0/24",
                            "ip_set_descriptors.1330583563.type": "IPV4",
                            "ip_set_descriptors.1330583563.value": "104.239.36.0/24",
                            "ip_set_descriptors.1331307552.type": "IPV4",
                            "ip_set_descriptors.1331307552.value": "91.236.75.0/24",
                            "ip_set_descriptors.1333064981.type": "IPV4",
                            "ip_set_descriptors.1333064981.value": "104.239.115.0/24",
                            "ip_set_descriptors.1337216383.type": "IPV4",
                            "ip_set_descriptors.1337216383.value": "104.243.203.0/24",
                            "ip_set_descriptors.1340549393.type": "IPV4",
                            "ip_set_descriptors.1340549393.value": "117.58.12.0/24",
                            "ip_set_descriptors.1341404139.type": "IPV4",
                            "ip_set_descriptors.1341404139.value": "104.250.208.0/24",
                            "ip_set_descriptors.1342167847.type": "IPV4",
                            "ip_set_descriptors.1342167847.value": "1.32.185.0/24",
                            "ip_set_descriptors.1342245594.type": "IPV4",
                            "ip_set_descriptors.1342245594.value": "117.120.106.0/24",
                            "ip_set_descriptors.1344772472.type": "IPV4",
                            "ip_set_descriptors.1344772472.value": "108.166.237.0/24",
                            "ip_set_descriptors.13453554.type": "IPV4",
                            "ip_set_descriptors.13453554.value": "116.119.22.0/24",
                            "ip_set_descriptors.1346918009.type": "IPV4",
                            "ip_set_descriptors.1346918009.value": "104.222.178.0/24",
                            "ip_set_descriptors.1351798661.type": "IPV4",
                            "ip_set_descriptors.1351798661.value": "121.100.140.0/24",
                            "ip_set_descriptors.135206161.type": "IPV4",
                            "ip_set_descriptors.135206161.value": "116.119.59.0/24",
                            "ip_set_descriptors.1353200186.type": "IPV4",
                            "ip_set_descriptors.1353200186.value": "117.58.82.0/24",
                            "ip_set_descriptors.1360059402.type": "IPV4",
                            "ip_set_descriptors.1360059402.value": "117.120.96.0/24",
                            "ip_set_descriptors.1362962300.type": "IPV4",
                            "ip_set_descriptors.1362962300.value": "103.32.134.0/24",
                            "ip_set_descriptors.1362972764.type": "IPV4",
                            "ip_set_descriptors.1362972764.value": "116.119.40.0/24",
                            "ip_set_descriptors.1365292754.type": "IPV4",
                            "ip_set_descriptors.1365292754.value": "104.233.21.0/24",
                            "ip_set_descriptors.1367319551.type": "IPV4",
                            "ip_set_descriptors.1367319551.value": "1.32.179.0/24",
                            "ip_set_descriptors.1380000678.type": "IPV4",
                            "ip_set_descriptors.1380000678.value": "103.205.87.0/24",
                            "ip_set_descriptors.1380909699.type": "IPV4",
                            "ip_set_descriptors.1380909699.value": "104.222.173.0/24",
                            "ip_set_descriptors.1386775003.type": "IPV4",
                            "ip_set_descriptors.1386775003.value": "104.233.46.0/24",
                            "ip_set_descriptors.1387226816.type": "IPV4",
                            "ip_set_descriptors.1387226816.value": "117.58.89.0/24",
                            "ip_set_descriptors.1391149558.type": "IPV4",
                            "ip_set_descriptors.1391149558.value": "103.232.173.0/24",
                            "ip_set_descriptors.1391814485.type": "IPV4",
                            "ip_set_descriptors.1391814485.value": "116.119.27.0/24",
                            "ip_set_descriptors.139654047.type": "IPV4",
                            "ip_set_descriptors.139654047.value": "104.233.38.0/24",
                            "ip_set_descriptors.1396907561.type": "IPV4",
                            "ip_set_descriptors.1396907561.value": "116.119.122.0/24",
                            "ip_set_descriptors.1401076559.type": "IPV4",
                            "ip_set_descriptors.1401076559.value": "117.58.122.0/24",
                            "ip_set_descriptors.1408216689.type": "IPV4",
                            "ip_set_descriptors.1408216689.value": "108.166.250.0/24",
                            "ip_set_descriptors.1410686380.type": "IPV4",
                            "ip_set_descriptors.1410686380.value": "103.23.10.0/24",
                            "ip_set_descriptors.141551931.type": "IPV4",
                            "ip_set_descriptors.141551931.value": "121.100.135.0/24",
                            "ip_set_descriptors.1420454580.type": "IPV4",
                            "ip_set_descriptors.1420454580.value": "116.119.85.0/24",
                            "ip_set_descriptors.1420874270.type": "IPV4",
                            "ip_set_descriptors.1420874270.value": "103.69.213.0/24",
                            "ip_set_descriptors.1430194386.type": "IPV4",
                            "ip_set_descriptors.1430194386.value": "117.58.47.0/24",
                            "ip_set_descriptors.1433267101.type": "IPV4",
                            "ip_set_descriptors.1433267101.value": "101.203.141.0/24",
                            "ip_set_descriptors.1435974088.type": "IPV4",
                            "ip_set_descriptors.1435974088.value": "104.239.63.0/24",
                            "ip_set_descriptors.1449452511.type": "IPV4",
                            "ip_set_descriptors.1449452511.value": "104.239.127.0/24",
                            "ip_set_descriptors.1449706216.type": "IPV4",
                            "ip_set_descriptors.1449706216.value": "103.215.80.0/24",
                            "ip_set_descriptors.1450841038.type": "IPV4",
                            "ip_set_descriptors.1450841038.value": "113.212.92.0/24",
                            "ip_set_descriptors.1459044315.type": "IPV4",
                            "ip_set_descriptors.1459044315.value": "117.58.20.0/24",
                            "ip_set_descriptors.1468199776.type": "IPV4",
                            "ip_set_descriptors.1468199776.value": "107.182.247.0/24",
                            "ip_set_descriptors.1469082930.type": "IPV4",
                            "ip_set_descriptors.1469082930.value": "104.239.68.0/24",
                            "ip_set_descriptors.1469176272.type": "IPV4",
                            "ip_set_descriptors.1469176272.value": "103.63.0.0/24",
                            "ip_set_descriptors.1478353434.type": "IPV4",
                            "ip_set_descriptors.1478353434.value": "117.120.81.0/24",
                            "ip_set_descriptors.1479568972.type": "IPV4",
                            "ip_set_descriptors.1479568972.value": "116.119.57.0/24",
                            "ip_set_descriptors.1483573442.type": "IPV4",
                            "ip_set_descriptors.1483573442.value": "104.233.36.0/24",
                            "ip_set_descriptors.148553670.type": "IPV4",
                            "ip_set_descriptors.148553670.value": "108.166.242.0/24",
                            "ip_set_descriptors.148993477.type": "IPV4",
                            "ip_set_descriptors.148993477.value": "104.250.195.0/24",
                            "ip_set_descriptors.1493972170.type": "IPV4",
                            "ip_set_descriptors.1493972170.value": "117.120.111.0/24",
                            "ip_set_descriptors.1499164427.type": "IPV4",
                            "ip_set_descriptors.1499164427.value": "104.153.114.0/24",
                            "ip_set_descriptors.1503654293.type": "IPV4",
                            "ip_set_descriptors.1503654293.value": "121.100.157.0/24",
                            "ip_set_descriptors.1503988778.type": "IPV4",
                            "ip_set_descriptors.1503988778.value": "117.58.95.0/24",
                            "ip_set_descriptors.1515701916.type": "IPV4",
                            "ip_set_descriptors.1515701916.value": "121.100.130.0/24",
                            "ip_set_descriptors.1524797537.type": "IPV4",
                            "ip_set_descriptors.1524797537.value": "108.166.247.0/24",
                            "ip_set_descriptors.1531067539.type": "IPV4",
                            "ip_set_descriptors.1531067539.value": "104.222.164.0/24",
                            "ip_set_descriptors.1537589195.type": "IPV4",
                            "ip_set_descriptors.1537589195.value": "104.233.51.0/24",
                            "ip_set_descriptors.1537680167.type": "IPV4",
                            "ip_set_descriptors.1537680167.value": "83.175.14.0/24",
                            "ip_set_descriptors.1543002437.type": "IPV4",
                            "ip_set_descriptors.1543002437.value": "116.119.30.0/24",
                            "ip_set_descriptors.1546794690.type": "IPV4",
                            "ip_set_descriptors.1546794690.value": "117.58.50.0/24",
                            "ip_set_descriptors.1549849997.type": "IPV4",
                            "ip_set_descriptors.1549849997.value": "101.203.156.0/24",
                            "ip_set_descriptors.1553598424.type": "IPV4",
                            "ip_set_descriptors.1553598424.value": "104.239.74.0/24",
                            "ip_set_descriptors.1565877291.type": "IPV4",
                            "ip_set_descriptors.1565877291.value": "104.239.18.0/24",
                            "ip_set_descriptors.1571247268.type": "IPV4",
                            "ip_set_descriptors.1571247268.value": "116.119.92.0/24",
                            "ip_set_descriptors.1586482544.type": "IPV4",
                            "ip_set_descriptors.1586482544.value": "107.182.250.0/24",
                            "ip_set_descriptors.158995252.type": "IPV4",
                            "ip_set_descriptors.158995252.value": "104.222.161.0/24",
                            "ip_set_descriptors.1599221969.type": "IPV4",
                            "ip_set_descriptors.1599221969.value": "104.239.13.0/24",
                            "ip_set_descriptors.1601646046.type": "IPV4",
                            "ip_set_descriptors.1601646046.value": "113.212.85.0/24",
                            "ip_set_descriptors.1604321374.type": "IPV4",
                            "ip_set_descriptors.1604321374.value": "116.119.99.0/24",
                            "ip_set_descriptors.1604903556.type": "IPV4",
                            "ip_set_descriptors.1604903556.value": "101.203.131.0/24",
                            "ip_set_descriptors.1610219979.type": "IPV4",
                            "ip_set_descriptors.1610219979.value": "117.58.37.0/24",
                            "ip_set_descriptors.161321068.type": "IPV4",
                            "ip_set_descriptors.161321068.value": "104.233.54.0/24",
                            "ip_set_descriptors.161418368.type": "IPV4",
                            "ip_set_descriptors.161418368.value": "83.175.11.0/24",
                            "ip_set_descriptors.161516232.type": "IPV4",
                            "ip_set_descriptors.161516232.value": "121.100.159.0/24",
                            "ip_set_descriptors.1619569743.type": "IPV4",
                            "ip_set_descriptors.1619569743.value": "104.233.22.0/24",
                            "ip_set_descriptors.1624410048.type": "IPV4",
                            "ip_set_descriptors.1624410048.value": "5.8.37.0/24",
                            "ip_set_descriptors.1624591041.type": "IPV4",
                            "ip_set_descriptors.1624591041.value": "116.119.43.0/24",
                            "ip_set_descriptors.1626916503.type": "IPV4",
                            "ip_set_descriptors.1626916503.value": "117.120.95.0/24",
                            "ip_set_descriptors.1630757.type": "IPV4",
                            "ip_set_descriptors.1630757.value": "108.166.239.0/24",
                            "ip_set_descriptors.1631594663.type": "IPV4",
                            "ip_set_descriptors.1631594663.value": "117.58.81.0/24",
                            "ip_set_descriptors.1635439896.type": "IPV4",
                            "ip_set_descriptors.1635439896.value": "121.100.143.0/24",
                            "ip_set_descriptors.163608290.type": "IPV4",
                            "ip_set_descriptors.163608290.value": "116.119.35.0/24",
                            "ip_set_descriptors.1640989669.type": "IPV4",
                            "ip_set_descriptors.1640989669.value": "108.166.234.0/24",
                            "ip_set_descriptors.1642664007.type": "IPV4",
                            "ip_set_descriptors.1642664007.value": "117.120.105.0/24",
                            "ip_set_descriptors.1644672236.type": "IPV4",
                            "ip_set_descriptors.1644672236.value": "108.166.253.0/24",
                            "ip_set_descriptors.1651155410.type": "IPV4",
                            "ip_set_descriptors.1651155410.value": "117.58.121.0/24",
                            "ip_set_descriptors.1653421115.type": "IPV4",
                            "ip_set_descriptors.1653421115.value": "103.57.251.0/24",
                            "ip_set_descriptors.1653602485.type": "IPV4",
                            "ip_set_descriptors.1653602485.value": "104.233.29.0/24",
                            "ip_set_descriptors.1655375028.type": "IPV4",
                            "ip_set_descriptors.1655375028.value": "116.119.121.0/24",
                            "ip_set_descriptors.1657937467.type": "IPV4",
                            "ip_set_descriptors.1657937467.value": "116.119.48.0/24",
                            "ip_set_descriptors.1662877128.type": "IPV4",
                            "ip_set_descriptors.1662877128.value": "116.119.24.0/24",
                            "ip_set_descriptors.1665178438.type": "IPV4",
                            "ip_set_descriptors.1665178438.value": "104.233.45.0/24",
                            "ip_set_descriptors.1666153820.type": "IPV4",
                            "ip_set_descriptors.1666153820.value": "109.248.9.0/24",
                            "ip_set_descriptors.1669169634.type": "IPV4",
                            "ip_set_descriptors.1669169634.value": "121.100.148.0/24",
                            "ip_set_descriptors.1671895070.type": "IPV4",
                            "ip_set_descriptors.1671895070.value": "104.222.170.0/24",
                            "ip_set_descriptors.1672034619.type": "IPV4",
                            "ip_set_descriptors.1672034619.value": "103.205.84.0/24",
                            "ip_set_descriptors.168313323.type": "IPV4",
                            "ip_set_descriptors.168313323.value": "116.119.52.0/24",
                            "ip_set_descriptors.1686053717.type": "IPV4",
                            "ip_set_descriptors.1686053717.value": "104.239.60.0/24",
                            "ip_set_descriptors.1686499584.type": "IPV4",
                            "ip_set_descriptors.1686499584.value": "101.203.142.0/24",
                            "ip_set_descriptors.1691816527.type": "IPV4",
                            "ip_set_descriptors.1691816527.value": "117.58.44.0/24",
                            "ip_set_descriptors.1696100796.type": "IPV4",
                            "ip_set_descriptors.1696100796.value": "117.58.28.0/24",
                            "ip_set_descriptors.1698852905.type": "IPV4",
                            "ip_set_descriptors.1698852905.value": "116.119.86.0/24",
                            "ip_set_descriptors.170249661.type": "IPV4",
                            "ip_set_descriptors.170249661.value": "117.120.84.0/24",
                            "ip_set_descriptors.1718282749.type": "IPV4",
                            "ip_set_descriptors.1718282749.value": "107.182.244.0/24",
                            "ip_set_descriptors.1719255885.type": "IPV4",
                            "ip_set_descriptors.1719255885.value": "103.63.3.0/24",
                            "ip_set_descriptors.1719838202.type": "IPV4",
                            "ip_set_descriptors.1719838202.value": "101.203.149.0/24",
                            "ip_set_descriptors.1730094406.type": "IPV4",
                            "ip_set_descriptors.1730094406.value": "117.58.23.0/24",
                            "ip_set_descriptors.173385573.type": "IPV4",
                            "ip_set_descriptors.173385573.value": "104.233.33.0/24",
                            "ip_set_descriptors.1736497269.type": "IPV4",
                            "ip_set_descriptors.1736497269.value": "103.215.83.0/24",
                            "ip_set_descriptors.1737292098.type": "IPV4",
                            "ip_set_descriptors.1737292098.value": "104.239.124.0/24",
                            "ip_set_descriptors.1737623891.type": "IPV4",
                            "ip_set_descriptors.1737623891.value": "113.212.91.0/24",
                            "ip_set_descriptors.1746343714.type": "IPV4",
                            "ip_set_descriptors.1746343714.value": "116.119.38.0/24",
                            "ip_set_descriptors.1749741996.type": "IPV4",
                            "ip_set_descriptors.1749741996.value": "104.233.59.0/24",
                            "ip_set_descriptors.1749882551.type": "IPV4",
                            "ip_set_descriptors.1749882551.value": "117.58.96.0/24",
                            "ip_set_descriptors.1752689416.type": "IPV4",
                            "ip_set_descriptors.1752689416.value": "121.100.154.0/24",
                            "ip_set_descriptors.1756591510.type": "IPV4",
                            "ip_set_descriptors.1756591510.value": "104.153.117.0/24",
                            "ip_set_descriptors.1759784535.type": "IPV4",
                            "ip_set_descriptors.1759784535.value": "117.120.112.0/24",
                            "ip_set_descriptors.1765151749.type": "IPV4",
                            "ip_set_descriptors.1765151749.value": "104.250.198.0/24",
                            "ip_set_descriptors.1769368209.type": "IPV4",
                            "ip_set_descriptors.1769368209.value": "104.243.193.0/24",
                            "ip_set_descriptors.1770361439.type": "IPV4",
                            "ip_set_descriptors.1770361439.value": "104.233.35.0/24",
                            "ip_set_descriptors.1773701371.type": "IPV4",
                            "ip_set_descriptors.1773701371.value": "121.100.138.0/24",
                            "ip_set_descriptors.1775793361.type": "IPV4",
                            "ip_set_descriptors.1775793361.value": "116.119.54.0/24",
                            "ip_set_descriptors.1777727623.type": "IPV4",
                            "ip_set_descriptors.1777727623.value": "117.120.82.0/24",
                            "ip_set_descriptors.1779450840.type": "IPV4",
                            "ip_set_descriptors.1779450840.value": "116.119.33.0/24",
                            "ip_set_descriptors.1783473494.type": "IPV4",
                            "ip_set_descriptors.1783473494.value": "104.233.52.0/24",
                            "ip_set_descriptors.1783577018.type": "IPV4",
                            "ip_set_descriptors.1783577018.value": "83.175.17.0/24",
                            "ip_set_descriptors.178675627.type": "IPV4",
                            "ip_set_descriptors.178675627.value": "104.243.195.0/24",
                            "ip_set_descriptors.1789535758.type": "IPV4",
                            "ip_set_descriptors.1789535758.value": "104.222.167.0/24",
                            "ip_set_descriptors.1791355151.type": "IPV4",
                            "ip_set_descriptors.1791355151.value": "108.166.228.0/24",
                            "ip_set_descriptors.1793292973.type": "IPV4",
                            "ip_set_descriptors.1793292973.value": "117.120.119.0/24",
                            "ip_set_descriptors.1795853052.type": "IPV4",
                            "ip_set_descriptors.1795853052.value": "108.166.244.0/24",
                            "ip_set_descriptors.1798390015.type": "IPV4",
                            "ip_set_descriptors.1798390015.value": "104.250.193.0/24",
                            "ip_set_descriptors.1802583659.type": "IPV4",
                            "ip_set_descriptors.1802583659.value": "104.243.198.0/24",
                            "ip_set_descriptors.1807735809.type": "IPV4",
                            "ip_set_descriptors.1807735809.value": "121.100.133.0/24",
                            "ip_set_descriptors.1811065981.type": "IPV4",
                            "ip_set_descriptors.1811065981.value": "117.120.89.0/24",
                            "ip_set_descriptors.1816636643.type": "IPV4",
                            "ip_set_descriptors.1816636643.value": "101.203.139.0/24",
                            "ip_set_descriptors.1817136697.type": "IPV4",
                            "ip_set_descriptors.1817136697.value": "116.119.91.0/24",
                            "ip_set_descriptors.182315836.type": "IPV4",
                            "ip_set_descriptors.182315836.value": "108.166.249.0/24",
                            "ip_set_descriptors.1831421666.type": "IPV4",
                            "ip_set_descriptors.1831421666.value": "116.206.18.0/24",
                            "ip_set_descriptors.1836195141.type": "IPV4",
                            "ip_set_descriptors.1836195141.value": "104.239.77.0/24",
                            "ip_set_descriptors.1837682448.type": "IPV4",
                            "ip_set_descriptors.1837682448.value": "101.203.155.0/24",
                            "ip_set_descriptors.1838495693.type": "IPV4",
                            "ip_set_descriptors.1838495693.value": "103.23.8.0/24",
                            "ip_set_descriptors.1843014751.type": "IPV4",
                            "ip_set_descriptors.1843014751.value": "117.58.53.0/24",
                            "ip_set_descriptors.1846680406.type": "IPV4",
                            "ip_set_descriptors.1846680406.value": "117.58.34.0/24",
                            "ip_set_descriptors.1849751577.type": "IPV4",
                            "ip_set_descriptors.1849751577.value": "101.203.132.0/24",
                            "ip_set_descriptors.1855928131.type": "IPV4",
                            "ip_set_descriptors.1855928131.value": "113.212.86.0/24",
                            "ip_set_descriptors.185764047.type": "IPV4",
                            "ip_set_descriptors.185764047.value": "108.166.225.0/24",
                            "ip_set_descriptors.1857694284.type": "IPV4",
                            "ip_set_descriptors.1857694284.value": "104.239.10.0/24",
                            "ip_set_descriptors.1869076461.type": "IPV4",
                            "ip_set_descriptors.1869076461.value": "107.182.253.0/24",
                            "ip_set_descriptors.1876785317.type": "IPV4",
                            "ip_set_descriptors.1876785317.value": "117.58.58.0/24",
                            "ip_set_descriptors.187964269.type": "IPV4",
                            "ip_set_descriptors.187964269.value": "117.120.114.0/24",
                            "ip_set_descriptors.1883757511.type": "IPV4",
                            "ip_set_descriptors.1883757511.value": "103.230.147.0/24",
                            "ip_set_descriptors.1888950393.type": "IPV4",
                            "ip_set_descriptors.1888950393.value": "83.175.42.0/24",
                            "ip_set_descriptors.1892180507.type": "IPV4",
                            "ip_set_descriptors.1892180507.value": "116.119.66.0/24",
                            "ip_set_descriptors.1902640578.type": "IPV4",
                            "ip_set_descriptors.1902640578.value": "121.100.166.0/24",
                            "ip_set_descriptors.1911830685.type": "IPV4",
                            "ip_set_descriptors.1911830685.value": "117.120.120.0/24",
                            "ip_set_descriptors.1911894375.type": "IPV4",
                            "ip_set_descriptors.1911894375.value": "104.239.80.0/24",
                            "ip_set_descriptors.1914182497.type": "IPV4",
                            "ip_set_descriptors.1914182497.value": "113.212.71.0/24",
                            "ip_set_descriptors.1920436488.type": "IPV4",
                            "ip_set_descriptors.1920436488.value": "117.58.104.0/24",
                            "ip_set_descriptors.1922059395.type": "IPV4",
                            "ip_set_descriptors.1922059395.value": "83.175.49.0/24",
                            "ip_set_descriptors.1923914001.type": "IPV4",
                            "ip_set_descriptors.1923914001.value": "104.219.92.0/24",
                            "ip_set_descriptors.1924541550.type": "IPV4",
                            "ip_set_descriptors.1924541550.value": "116.119.104.0/24",
                            "ip_set_descriptors.1926303810.type": "IPV4",
                            "ip_set_descriptors.1926303810.value": "103.232.139.0/24",
                            "ip_set_descriptors.1935520668.type": "IPV4",
                            "ip_set_descriptors.1935520668.value": "104.233.60.0/24",
                            "ip_set_descriptors.1935617904.type": "IPV4",
                            "ip_set_descriptors.1935617904.value": "83.175.25.0/24",
                            "ip_set_descriptors.194847629.type": "IPV4",
                            "ip_set_descriptors.194847629.value": "117.58.90.0/24",
                            "ip_set_descriptors.1952582543.type": "IPV4",
                            "ip_set_descriptors.1952582543.value": "104.239.45.0/24",
                            "ip_set_descriptors.195550770.type": "IPV4",
                            "ip_set_descriptors.195550770.value": "121.100.152.0/24",
                            "ip_set_descriptors.1959410325.type": "IPV4",
                            "ip_set_descriptors.1959410325.value": "117.58.61.0/24",
                            "ip_set_descriptors.1964393372.type": "IPV4",
                            "ip_set_descriptors.1964393372.value": "104.250.217.0/24",
                            "ip_set_descriptors.1968639045.type": "IPV4",
                            "ip_set_descriptors.1968639045.value": "5.134.128.0/24",
                            "ip_set_descriptors.1970459813.type": "IPV4",
                            "ip_set_descriptors.1970459813.value": "117.120.75.0/24",
                            "ip_set_descriptors.1974298748.type": "IPV4",
                            "ip_set_descriptors.1974298748.value": "104.239.29.0/24",
                            "ip_set_descriptors.1974750550.type": "IPV4",
                            "ip_set_descriptors.1974750550.value": "104.239.3.0/24",
                            "ip_set_descriptors.1979407143.type": "IPV4",
                            "ip_set_descriptors.1979407143.value": "117.58.9.0/24",
                            "ip_set_descriptors.1981848173.type": "IPV4",
                            "ip_set_descriptors.1981848173.value": "116.119.5.0/24",
                            "ip_set_descriptors.1982663212.type": "IPV4",
                            "ip_set_descriptors.1982663212.value": "104.222.190.0/24",
                            "ip_set_descriptors.19900247.type": "IPV4",
                            "ip_set_descriptors.19900247.value": "117.120.98.0/24",
                            "ip_set_descriptors.1996871393.type": "IPV4",
                            "ip_set_descriptors.1996871393.value": "104.233.1.0/24",
                            "ip_set_descriptors.1998258090.type": "IPV4",
                            "ip_set_descriptors.1998258090.value": "1.32.191.0/24",
                            "ip_set_descriptors.2003600629.type": "IPV4",
                            "ip_set_descriptors.2003600629.value": "83.175.0.0/24",
                            "ip_set_descriptors.2006045080.type": "IPV4",
                            "ip_set_descriptors.2006045080.value": "104.239.101.0/24",
                            "ip_set_descriptors.2007645318.type": "IPV4",
                            "ip_set_descriptors.2007645318.value": "104.239.22.0/24",
                            "ip_set_descriptors.2008226220.type": "IPV4",
                            "ip_set_descriptors.2008226220.value": "104.239.8.0/24",
                            "ip_set_descriptors.2013007837.type": "IPV4",
                            "ip_set_descriptors.2013007837.value": "117.58.2.0/24",
                            "ip_set_descriptors.2018854298.type": "IPV4",
                            "ip_set_descriptors.2018854298.value": "83.175.39.0/24",
                            "ip_set_descriptors.2020262866.type": "IPV4",
                            "ip_set_descriptors.2020262866.value": "121.100.171.0/24",
                            "ip_set_descriptors.2029522807.type": "IPV4",
                            "ip_set_descriptors.2029522807.value": "104.239.97.0/24",
                            "ip_set_descriptors.2038293474.type": "IPV4",
                            "ip_set_descriptors.2038293474.value": "117.58.118.0/24",
                            "ip_set_descriptors.2040052357.type": "IPV4",
                            "ip_set_descriptors.2040052357.value": "104.233.10.0/24",
                            "ip_set_descriptors.2040145513.type": "IPV4",
                            "ip_set_descriptors.2040145513.value": "83.175.55.0/24",
                            "ip_set_descriptors.2040747236.type": "IPV4",
                            "ip_set_descriptors.2040747236.value": "103.219.152.0/24",
                            "ip_set_descriptors.2042381956.type": "IPV4",
                            "ip_set_descriptors.2042381956.value": "116.119.118.0/24",
                            "ip_set_descriptors.2042440787.type": "IPV4",
                            "ip_set_descriptors.2042440787.value": "93.179.91.0/24",
                            "ip_set_descriptors.2042977291.type": "IPV4",
                            "ip_set_descriptors.2042977291.value": "116.119.71.0/24",
                            "ip_set_descriptors.2047699714.type": "IPV4",
                            "ip_set_descriptors.2047699714.value": "116.119.16.0/24",
                            "ip_set_descriptors.2052198752.type": "IPV4",
                            "ip_set_descriptors.2052198752.value": "83.175.32.0/24",
                            "ip_set_descriptors.2064983409.type": "IPV4",
                            "ip_set_descriptors.2064983409.value": "113.212.66.0/24",
                            "ip_set_descriptors.2071639832.type": "IPV4",
                            "ip_set_descriptors.2071639832.value": "117.58.113.0/24",
                            "ip_set_descriptors.2074688321.type": "IPV4",
                            "ip_set_descriptors.2074688321.value": "104.255.56.0/24",
                            "ip_set_descriptors.2075857534.type": "IPV4",
                            "ip_set_descriptors.2075857534.value": "116.119.113.0/24",
                            "ip_set_descriptors.207597264.type": "IPV4",
                            "ip_set_descriptors.207597264.value": "101.203.158.0/24",
                            "ip_set_descriptors.2082176396.type": "IPV4",
                            "ip_set_descriptors.2082176396.value": "104.250.200.0/24",
                            "ip_set_descriptors.2100465171.type": "IPV4",
                            "ip_set_descriptors.2100465171.value": "103.243.8.0/24",
                            "ip_set_descriptors.2103821978.type": "IPV4",
                            "ip_set_descriptors.2103821978.value": "103.92.154.0/24",
                            "ip_set_descriptors.2104440223.type": "IPV4",
                            "ip_set_descriptors.2104440223.value": "104.239.52.0/24",
                            "ip_set_descriptors.2110194821.type": "IPV4",
                            "ip_set_descriptors.2110194821.value": "117.58.76.0/24",
                            "ip_set_descriptors.2114925452.type": "IPV4",
                            "ip_set_descriptors.2114925452.value": "117.58.11.0/24",
                            "ip_set_descriptors.2115486138.type": "IPV4",
                            "ip_set_descriptors.2115486138.value": "1.32.186.0/24",
                            "ip_set_descriptors.2115571419.type": "IPV4",
                            "ip_set_descriptors.2115571419.value": "91.200.13.0/24",
                            "ip_set_descriptors.2119981026.type": "IPV4",
                            "ip_set_descriptors.2119981026.value": "104.243.200.0/24",
                            "ip_set_descriptors.2121842255.type": "IPV4",
                            "ip_set_descriptors.2121842255.value": "117.120.69.0/24",
                            "ip_set_descriptors.2124214152.type": "IPV4",
                            "ip_set_descriptors.2124214152.value": "104.239.116.0/24",
                            "ip_set_descriptors.2124874390.type": "IPV4",
                            "ip_set_descriptors.2124874390.value": "104.239.35.0/24",
                            "ip_set_descriptors.2132816956.type": "IPV4",
                            "ip_set_descriptors.2132816956.value": "104.222.187.0/24",
                            "ip_set_descriptors.213377751.type": "IPV4",
                            "ip_set_descriptors.213377751.value": "107.182.255.0/24",
                            "ip_set_descriptors.2137547109.type": "IPV4",
                            "ip_set_descriptors.2137547109.value": "104.239.59.0/24",
                            "ip_set_descriptors.2150444956.type": "IPV4",
                            "ip_set_descriptors.2150444956.value": "104.239.41.0/24",
                            "ip_set_descriptors.2156207750.type": "IPV4",
                            "ip_set_descriptors.2156207750.value": "117.58.65.0/24",
                            "ip_set_descriptors.2156870219.type": "IPV4",
                            "ip_set_descriptors.2156870219.value": "103.197.10.0/24",
                            "ip_set_descriptors.2168320182.type": "IPV4",
                            "ip_set_descriptors.2168320182.value": "117.120.71.0/24",
                            "ip_set_descriptors.2170120079.type": "IPV4",
                            "ip_set_descriptors.2170120079.value": "104.250.213.0/24",
                            "ip_set_descriptors.2180737349.type": "IPV4",
                            "ip_set_descriptors.2180737349.value": "104.239.7.0/24",
                            "ip_set_descriptors.2182697256.type": "IPV4",
                            "ip_set_descriptors.2182697256.value": "103.229.40.0/24",
                            "ip_set_descriptors.2188361342.type": "IPV4",
                            "ip_set_descriptors.2188361342.value": "116.119.1.0/24",
                            "ip_set_descriptors.2200150246.type": "IPV4",
                            "ip_set_descriptors.2200150246.value": "83.175.4.0/24",
                            "ip_set_descriptors.2202727154.type": "IPV4",
                            "ip_set_descriptors.2202727154.value": "104.233.5.0/24",
                            "ip_set_descriptors.2203988853.type": "IPV4",
                            "ip_set_descriptors.2203988853.value": "104.250.218.0/24",
                            "ip_set_descriptors.2209557454.type": "IPV4",
                            "ip_set_descriptors.2209557454.value": "117.58.6.0/24",
                            "ip_set_descriptors.2212427147.type": "IPV4",
                            "ip_set_descriptors.2212427147.value": "104.239.105.0/24",
                            "ip_set_descriptors.2212829333.type": "IPV4",
                            "ip_set_descriptors.2212829333.value": "104.239.26.0/24",
                            "ip_set_descriptors.2218217832.type": "IPV4",
                            "ip_set_descriptors.2218217832.value": "119.42.54.0/24",
                            "ip_set_descriptors.2223457800.type": "IPV4",
                            "ip_set_descriptors.2223457800.value": "116.119.62.0/24",
                            "ip_set_descriptors.2224644267.type": "IPV4",
                            "ip_set_descriptors.2224644267.value": "103.232.136.0/24",
                            "ip_set_descriptors.2228763754.type": "IPV4",
                            "ip_set_descriptors.2228763754.value": "83.175.46.0/24",
                            "ip_set_descriptors.223281785.type": "IPV4",
                            "ip_set_descriptors.223281785.value": "113.212.80.0/24",
                            "ip_set_descriptors.2234046929.type": "IPV4",
                            "ip_set_descriptors.2234046929.value": "121.100.162.0/24",
                            "ip_set_descriptors.2243564916.type": "IPV4",
                            "ip_set_descriptors.2243564916.value": "104.239.84.0/24",
                            "ip_set_descriptors.2243632270.type": "IPV4",
                            "ip_set_descriptors.2243632270.value": "117.120.124.0/24",
                            "ip_set_descriptors.225058678.type": "IPV4",
                            "ip_set_descriptors.225058678.value": "104.239.16.0/24",
                            "ip_set_descriptors.2251861275.type": "IPV4",
                            "ip_set_descriptors.2251861275.value": "117.58.100.0/24",
                            "ip_set_descriptors.2253864818.type": "IPV4",
                            "ip_set_descriptors.2253864818.value": "113.212.75.0/24",
                            "ip_set_descriptors.2256540402.type": "IPV4",
                            "ip_set_descriptors.2256540402.value": "116.119.69.0/24",
                            "ip_set_descriptors.2264425130.type": "IPV4",
                            "ip_set_descriptors.2264425130.value": "93.179.89.0/24",
                            "ip_set_descriptors.2264467581.type": "IPV4",
                            "ip_set_descriptors.2264467581.value": "116.119.100.0/24",
                            "ip_set_descriptors.2265975651.type": "IPV4",
                            "ip_set_descriptors.2265975651.value": "83.175.21.0/24",
                            "ip_set_descriptors.2268040491.type": "IPV4",
                            "ip_set_descriptors.2268040491.value": "121.100.169.0/24",
                            "ip_set_descriptors.2275531258.type": "IPV4",
                            "ip_set_descriptors.2275531258.value": "121.46.126.0/24",
                            "ip_set_descriptors.227593507.type": "IPV4",
                            "ip_set_descriptors.227593507.value": "101.203.134.0/24",
                            "ip_set_descriptors.2284900006.type": "IPV4",
                            "ip_set_descriptors.2284900006.value": "117.120.66.0/24",
                            "ip_set_descriptors.2287229343.type": "IPV4",
                            "ip_set_descriptors.2287229343.value": "104.250.204.0/24",
                            "ip_set_descriptors.2287972691.type": "IPV4",
                            "ip_set_descriptors.2287972691.value": "1.32.189.0/24",
                            "ip_set_descriptors.2295635809.type": "IPV4",
                            "ip_set_descriptors.2295635809.value": "104.239.119.0/24",
                            "ip_set_descriptors.2300580236.type": "IPV4",
                            "ip_set_descriptors.2300580236.value": "104.239.56.0/24",
                            "ip_set_descriptors.2305311957.type": "IPV4",
                            "ip_set_descriptors.2305311957.value": "104.222.188.0/24",
                            "ip_set_descriptors.2307399830.type": "IPV4",
                            "ip_set_descriptors.2307399830.value": "117.58.72.0/24",
                            "ip_set_descriptors.2307471071.type": "IPV4",
                            "ip_set_descriptors.2307471071.value": "103.228.61.0/24",
                            "ip_set_descriptors.230829676.type": "IPV4",
                            "ip_set_descriptors.230829676.value": "117.58.32.0/24",
                            "ip_set_descriptors.2310129377.type": "IPV4",
                            "ip_set_descriptors.2310129377.value": "103.236.33.0/24",
                            "ip_set_descriptors.2316530673.type": "IPV4",
                            "ip_set_descriptors.2316530673.value": "104.243.204.0/24",
                            "ip_set_descriptors.2317251647.type": "IPV4",
                            "ip_set_descriptors.2317251647.value": "86.55.42.0/24",
                            "ip_set_descriptors.2319456159.type": "IPV4",
                            "ip_set_descriptors.2319456159.value": "117.58.15.0/24",
                            "ip_set_descriptors.2321081769.type": "IPV4",
                            "ip_set_descriptors.2321081769.value": "1.32.182.0/24",
                            "ip_set_descriptors.2329136027.type": "IPV4",
                            "ip_set_descriptors.2329136027.value": "104.239.112.0/24",
                            "ip_set_descriptors.2330470021.type": "IPV4",
                            "ip_set_descriptors.2330470021.value": "104.239.31.0/24",
                            "ip_set_descriptors.2339311663.type": "IPV4",
                            "ip_set_descriptors.2339311663.value": "104.222.183.0/24",
                            "ip_set_descriptors.2341434476.type": "IPV4",
                            "ip_set_descriptors.2341434476.value": "117.58.79.0/24",
                            "ip_set_descriptors.2353339371.type": "IPV4",
                            "ip_set_descriptors.2353339371.value": "116.119.19.0/24",
                            "ip_set_descriptors.235542885.type": "IPV4",
                            "ip_set_descriptors.235542885.value": "117.58.55.0/24",
                            "ip_set_descriptors.2360814436.type": "IPV4",
                            "ip_set_descriptors.2360814436.value": "104.239.93.0/24",
                            "ip_set_descriptors.23664817.type": "IPV4",
                            "ip_set_descriptors.23664817.value": "104.255.62.0/24",
                            "ip_set_descriptors.2369283106.type": "IPV4",
                            "ip_set_descriptors.2369283106.value": "103.36.64.0/24",
                            "ip_set_descriptors.2371704216.type": "IPV4",
                            "ip_set_descriptors.2371704216.value": "113.212.69.0/24",
                            "ip_set_descriptors.2371798101.type": "IPV4",
                            "ip_set_descriptors.2371798101.value": "103.2.46.0/24",
                            "ip_set_descriptors.2374662168.type": "IPV4",
                            "ip_set_descriptors.2374662168.value": "116.119.75.0/24",
                            "ip_set_descriptors.2376664986.type": "IPV4",
                            "ip_set_descriptors.2376664986.value": "91.235.2.0/24",
                            "ip_set_descriptors.2379547258.type": "IPV4",
                            "ip_set_descriptors.2379547258.value": "83.175.51.0/24",
                            "ip_set_descriptors.2379718294.type": "IPV4",
                            "ip_set_descriptors.2379718294.value": "104.233.14.0/24",
                            "ip_set_descriptors.2380352424.type": "IPV4",
                            "ip_set_descriptors.2380352424.value": "104.255.59.0/24",
                            "ip_set_descriptors.2384278899.type": "IPV4",
                            "ip_set_descriptors.2384278899.value": "83.175.36.0/24",
                            "ip_set_descriptors.2386646558.type": "IPV4",
                            "ip_set_descriptors.2386646558.value": "104.153.245.0/24",
                            "ip_set_descriptors.2386710289.type": "IPV4",
                            "ip_set_descriptors.2386710289.value": "116.119.12.0/24",
                            "ip_set_descriptors.2388773972.type": "IPV4",
                            "ip_set_descriptors.2388773972.value": "103.16.76.0/24",
                            "ip_set_descriptors.2393931678.type": "IPV4",
                            "ip_set_descriptors.2393931678.value": "104.239.98.0/24",
                            "ip_set_descriptors.2402652939.type": "IPV4",
                            "ip_set_descriptors.2402652939.value": "117.58.117.0/24",
                            "ip_set_descriptors.240712234.type": "IPV4",
                            "ip_set_descriptors.240712234.value": "101.203.153.0/24",
                            "ip_set_descriptors.2415146605.type": "IPV4",
                            "ip_set_descriptors.2415146605.value": "116.119.117.0/24",
                            "ip_set_descriptors.2419066694.type": "IPV4",
                            "ip_set_descriptors.2419066694.value": "104.239.64.0/24",
                            "ip_set_descriptors.2425894492.type": "IPV4",
                            "ip_set_descriptors.2425894492.value": "117.58.40.0/24",
                            "ip_set_descriptors.2429211923.type": "IPV4",
                            "ip_set_descriptors.2429211923.value": "101.203.146.0/24",
                            "ip_set_descriptors.2433569850.type": "IPV4",
                            "ip_set_descriptors.2433569850.value": "116.119.82.0/24",
                            "ip_set_descriptors.2434264208.type": "IPV4",
                            "ip_set_descriptors.2434264208.value": "103.69.214.0/24",
                            "ip_set_descriptors.2451951086.type": "IPV4",
                            "ip_set_descriptors.2451951086.value": "107.182.240.0/24",
                            "ip_set_descriptors.245508223.type": "IPV4",
                            "ip_set_descriptors.245508223.value": "104.239.71.0/24",
                            "ip_set_descriptors.2466906304.type": "IPV4",
                            "ip_set_descriptors.2466906304.value": "116.119.89.0/24",
                            "ip_set_descriptors.2467892850.type": "IPV4",
                            "ip_set_descriptors.2467892850.value": "103.243.11.0/24",
                            "ip_set_descriptors.2471493973.type": "IPV4",
                            "ip_set_descriptors.2471493973.value": "117.58.27.0/24",
                            "ip_set_descriptors.2479086929.type": "IPV4",
                            "ip_set_descriptors.2479086929.value": "104.239.120.0/24",
                            "ip_set_descriptors.2480745792.type": "IPV4",
                            "ip_set_descriptors.2480745792.value": "113.212.95.0/24",
                            "ip_set_descriptors.24850830.type": "IPV4",
                            "ip_set_descriptors.24850830.value": "116.119.127.0/24",
                            "ip_set_descriptors.2493127154.type": "IPV4",
                            "ip_set_descriptors.2493127154.value": "103.32.133.0/24",
                            "ip_set_descriptors.2493148882.type": "IPV4",
                            "ip_set_descriptors.2493148882.value": "116.119.47.0/24",
                            "ip_set_descriptors.2495079044.type": "IPV4",
                            "ip_set_descriptors.2495079044.value": "117.120.91.0/24",
                            "ip_set_descriptors.2495943856.type": "IPV4",
                            "ip_set_descriptors.2495943856.value": "83.175.63.0/24",
                            "ip_set_descriptors.2496104540.type": "IPV4",
                            "ip_set_descriptors.2496104540.value": "104.233.26.0/24",
                            "ip_set_descriptors.2500791476.type": "IPV4",
                            "ip_set_descriptors.2500791476.value": "117.58.85.0/24",
                            "ip_set_descriptors.2503340299.type": "IPV4",
                            "ip_set_descriptors.2503340299.value": "121.100.147.0/24",
                            "ip_set_descriptors.2508236790.type": "IPV4",
                            "ip_set_descriptors.2508236790.value": "108.166.230.0/24",
                            "ip_set_descriptors.2510697556.type": "IPV4",
                            "ip_set_descriptors.2510697556.value": "117.120.101.0/24",
                            "ip_set_descriptors.2519041473.type": "IPV4",
                            "ip_set_descriptors.2519041473.value": "117.58.125.0/24",
                            "ip_set_descriptors.2519168953.type": "IPV4",
                            "ip_set_descriptors.2519168953.value": "84.238.163.0/24",
                            "ip_set_descriptors.2531532967.type": "IPV4",
                            "ip_set_descriptors.2531532967.value": "116.119.125.0/24",
                            "ip_set_descriptors.253177587.type": "IPV4",
                            "ip_set_descriptors.253177587.value": "103.207.161.0/24",
                            "ip_set_descriptors.2532706712.type": "IPV4",
                            "ip_set_descriptors.2532706712.value": "104.255.60.0/24",
                            "ip_set_descriptors.2534391637.type": "IPV4",
                            "ip_set_descriptors.2534391637.value": "104.233.41.0/24",
                            "ip_set_descriptors.2538372984.type": "IPV4",
                            "ip_set_descriptors.2538372984.value": "103.232.174.0/24",
                            "ip_set_descriptors.2538756571.type": "IPV4",
                            "ip_set_descriptors.2538756571.value": "116.119.20.0/24",
                            "ip_set_descriptors.2548579341.type": "IPV4",
                            "ip_set_descriptors.2548579341.value": "104.222.174.0/24",
                            "ip_set_descriptors.2550164010.type": "IPV4",
                            "ip_set_descriptors.2550164010.value": "116.119.95.0/24",
                            "ip_set_descriptors.2554949957.type": "IPV4",
                            "ip_set_descriptors.2554949957.value": "104.250.221.0/24",
                            "ip_set_descriptors.2559066074.type": "IPV4",
                            "ip_set_descriptors.2559066074.value": "103.207.163.0/24",
                            "ip_set_descriptors.2564245418.type": "IPV4",
                            "ip_set_descriptors.2564245418.value": "113.212.89.0/24",
                            "ip_set_descriptors.2570926422.type": "IPV4",
                            "ip_set_descriptors.2570926422.value": "104.239.73.0/24",
                            "ip_set_descriptors.2576681036.type": "IPV4",
                            "ip_set_descriptors.2576681036.value": "117.58.57.0/24",
                            "ip_set_descriptors.2580015875.type": "IPV4",
                            "ip_set_descriptors.2580015875.value": "101.203.151.0/24",
                            "ip_set_descriptors.2584730634.type": "IPV4",
                            "ip_set_descriptors.2584730634.value": "101.203.136.0/24",
                            "ip_set_descriptors.2589802309.type": "IPV4",
                            "ip_set_descriptors.2589802309.value": "117.58.30.0/24",
                            "ip_set_descriptors.2597327696.type": "IPV4",
                            "ip_set_descriptors.2597327696.value": "113.212.82.0/24",
                            "ip_set_descriptors.2599751263.type": "IPV4",
                            "ip_set_descriptors.2599751263.value": "104.239.14.0/24",
                            "ip_set_descriptors.2604297644.type": "IPV4",
                            "ip_set_descriptors.2604297644.value": "104.239.78.0/24",
                            "ip_set_descriptors.2606839307.type": "IPV4",
                            "ip_set_descriptors.2606839307.value": "116.206.17.0/24",
                            "ip_set_descriptors.2617389732.type": "IPV4",
                            "ip_set_descriptors.2617389732.value": "117.58.92.0/24",
                            "ip_set_descriptors.2617723219.type": "IPV4",
                            "ip_set_descriptors.2617723219.value": "83.175.18.0/24",
                            "ip_set_descriptors.2620968731.type": "IPV4",
                            "ip_set_descriptors.2620968731.value": "121.100.150.0/24",
                            "ip_set_descriptors.262109955.type": "IPV4",
                            "ip_set_descriptors.262109955.value": "116.119.97.0/24",
                            "ip_set_descriptors.2626525670.type": "IPV4",
                            "ip_set_descriptors.2626525670.value": "108.166.227.0/24",
                            "ip_set_descriptors.2628454980.type": "IPV4",
                            "ip_set_descriptors.2628454980.value": "117.120.116.0/24",
                            "ip_set_descriptors.2632079079.type": "IPV4",
                            "ip_set_descriptors.2632079079.value": "104.222.168.0/24",
                            "ip_set_descriptors.2633781637.type": "IPV4",
                            "ip_set_descriptors.2633781637.value": "104.153.113.0/24",
                            "ip_set_descriptors.2637778562.type": "IPV4",
                            "ip_set_descriptors.2637778562.value": "104.243.197.0/24",
                            "ip_set_descriptors.2643939522.type": "IPV4",
                            "ip_set_descriptors.2643939522.value": "116.119.50.0/24",
                            "ip_set_descriptors.264600214.type": "IPV4",
                            "ip_set_descriptors.264600214.value": "117.58.39.0/24",
                            "ip_set_descriptors.2646269076.type": "IPV4",
                            "ip_set_descriptors.2646269076.value": "117.120.86.0/24",
                            "ip_set_descriptors.2647161538.type": "IPV4",
                            "ip_set_descriptors.2647161538.value": "103.57.249.0/24",
                            "ip_set_descriptors.2647307852.type": "IPV4",
                            "ip_set_descriptors.2647307852.value": "104.233.31.0/24",
                            "ip_set_descriptors.2650807721.type": "IPV4",
                            "ip_set_descriptors.2650807721.value": "83.175.13.0/24",
                            "ip_set_descriptors.2650964293.type": "IPV4",
                            "ip_set_descriptors.2650964293.value": "104.233.56.0/24",
                            "ip_set_descriptors.2651154014.type": "IPV4",
                            "ip_set_descriptors.2651154014.value": "117.58.99.0/24",
                            "ip_set_descriptors.2657052619.type": "IPV4",
                            "ip_set_descriptors.2657052619.value": "116.119.37.0/24",
                            "ip_set_descriptors.265707628.type": "IPV4",
                            "ip_set_descriptors.265707628.value": "104.250.223.0/24",
                            "ip_set_descriptors.2665808413.type": "IPV4",
                            "ip_set_descriptors.2665808413.value": "104.222.163.0/24",
                            "ip_set_descriptors.2667251071.type": "IPV4",
                            "ip_set_descriptors.2667251071.value": "104.153.118.0/24",
                            "ip_set_descriptors.2672144111.type": "IPV4",
                            "ip_set_descriptors.2672144111.value": "108.166.240.0/24",
                            "ip_set_descriptors.2675860716.type": "IPV4",
                            "ip_set_descriptors.2675860716.value": "104.250.197.0/24",
                            "ip_set_descriptors.2683369490.type": "IPV4",
                            "ip_set_descriptors.2683369490.value": "121.100.137.0/24",
                            "ip_set_descriptors.2692647284.type": "IPV4",
                            "ip_set_descriptors.2692647284.value": "91.230.252.0/24",
                            "ip_set_descriptors.2699382439.type": "IPV4",
                            "ip_set_descriptors.2699382439.value": "116.119.81.0/24",
                            "ip_set_descriptors.2699930749.type": "IPV4",
                            "ip_set_descriptors.2699930749.value": "101.203.129.0/24",
                            "ip_set_descriptors.2703413134.type": "IPV4",
                            "ip_set_descriptors.2703413134.value": "101.203.145.0/24",
                            "ip_set_descriptors.2708483265.type": "IPV4",
                            "ip_set_descriptors.2708483265.value": "117.58.43.0/24",
                            "ip_set_descriptors.2714403721.type": "IPV4",
                            "ip_set_descriptors.2714403721.value": "107.182.248.0/24",
                            "ip_set_descriptors.2715295195.type": "IPV4",
                            "ip_set_descriptors.2715295195.value": "104.239.67.0/24",
                            "ip_set_descriptors.2720778188.type": "IPV4",
                            "ip_set_descriptors.2720778188.value": "104.239.123.0/24",
                            "ip_set_descriptors.272550099.type": "IPV4",
                            "ip_set_descriptors.272550099.value": "121.46.124.0/24",
                            "ip_set_descriptors.2729974728.type": "IPV4",
                            "ip_set_descriptors.2729974728.value": "117.58.24.0/24",
                            "ip_set_descriptors.2742515771.type": "IPV4",
                            "ip_set_descriptors.2742515771.value": "117.58.48.0/24",
                            "ip_set_descriptors.274776764.type": "IPV4",
                            "ip_set_descriptors.274776764.value": "103.239.29.0/24",
                            "ip_set_descriptors.2748176243.type": "IPV4",
                            "ip_set_descriptors.2748176243.value": "107.182.243.0/24",
                            "ip_set_descriptors.2756587209.type": "IPV4",
                            "ip_set_descriptors.2756587209.value": "117.120.102.0/24",
                            "ip_set_descriptors.2758327659.type": "IPV4",
                            "ip_set_descriptors.2758327659.value": "108.166.233.0/24",
                            "ip_set_descriptors.2763855804.type": "IPV4",
                            "ip_set_descriptors.2763855804.value": "116.119.28.0/24",
                            "ip_set_descriptors.2766007190.type": "IPV4",
                            "ip_set_descriptors.2766007190.value": "121.100.144.0/24",
                            "ip_set_descriptors.2766205234.type": "IPV4",
                            "ip_set_descriptors.2766205234.value": "104.233.49.0/24",
                            "ip_set_descriptors.2766607913.type": "IPV4",
                            "ip_set_descriptors.2766607913.value": "117.58.86.0/24",
                            "ip_set_descriptors.2769455205.type": "IPV4",
                            "ip_set_descriptors.2769455205.value": "121.100.128.0/24",
                            "ip_set_descriptors.2771193389.type": "IPV4",
                            "ip_set_descriptors.2771193389.value": "83.175.60.0/24",
                            "ip_set_descriptors.2771358401.type": "IPV4",
                            "ip_set_descriptors.2771358401.value": "104.233.25.0/24",
                            "ip_set_descriptors.2774530073.type": "IPV4",
                            "ip_set_descriptors.2774530073.value": "117.120.92.0/24",
                            "ip_set_descriptors.2775741519.type": "IPV4",
                            "ip_set_descriptors.2775741519.value": "116.119.44.0/24",
                            "ip_set_descriptors.277813834.type": "IPV4",
                            "ip_set_descriptors.277813834.value": "83.175.23.0/24",
                            "ip_set_descriptors.2785027728.type": "IPV4",
                            "ip_set_descriptors.2785027728.value": "104.222.177.0/24",
                            "ip_set_descriptors.2789434707.type": "IPV4",
                            "ip_set_descriptors.2789434707.value": "91.240.165.0/24",
                            "ip_set_descriptors.2789833267.type": "IPV4",
                            "ip_set_descriptors.2789833267.value": "117.120.109.0/24",
                            "ip_set_descriptors.2792352145.type": "IPV4",
                            "ip_set_descriptors.2792352145.value": "108.166.238.0/24",
                            "ip_set_descriptors.2797224774.type": "IPV4",
                            "ip_set_descriptors.2797224774.value": "116.119.23.0/24",
                            "ip_set_descriptors.2800199112.type": "IPV4",
                            "ip_set_descriptors.2800199112.value": "104.233.42.0/24",
                            "ip_set_descriptors.2802596410.type": "IPV4",
                            "ip_set_descriptors.2802596410.value": "116.119.126.0/24",
                            "ip_set_descriptors.2803766021.type": "IPV4",
                            "ip_set_descriptors.2803766021.value": "104.255.63.0/24",
                            "ip_set_descriptors.2807606499.type": "IPV4",
                            "ip_set_descriptors.2807606499.value": "117.120.99.0/24",
                            "ip_set_descriptors.2812316258.type": "IPV4",
                            "ip_set_descriptors.2812316258.value": "108.166.254.0/24",
                            "ip_set_descriptors.2815270748.type": "IPV4",
                            "ip_set_descriptors.2815270748.value": "117.58.126.0/24",
                            "ip_set_descriptors.2815388964.type": "IPV4",
                            "ip_set_descriptors.2815388964.value": "84.238.160.0/24",
                            "ip_set_descriptors.2821714334.type": "IPV4",
                            "ip_set_descriptors.2821714334.value": "101.203.152.0/24",
                            "ip_set_descriptors.2826769105.type": "IPV4",
                            "ip_set_descriptors.2826769105.value": "117.58.54.0/24",
                            "ip_set_descriptors.2832540619.type": "IPV4",
                            "ip_set_descriptors.2832540619.value": "104.239.70.0/24",
                            "ip_set_descriptors.2841650503.type": "IPV4",
                            "ip_set_descriptors.2841650503.value": "103.207.160.0/24",
                            "ip_set_descriptors.2845928408.type": "IPV4",
                            "ip_set_descriptors.2845928408.value": "104.250.222.0/24",
                            "ip_set_descriptors.2847043874.type": "IPV4",
                            "ip_set_descriptors.2847043874.value": "117.58.38.0/24",
                            "ip_set_descriptors.2850582711.type": "IPV4",
                            "ip_set_descriptors.2850582711.value": "116.119.96.0/24",
                            "ip_set_descriptors.2854790500.type": "IPV4",
                            "ip_set_descriptors.2854790500.value": "101.203.159.0/24",
                            "ip_set_descriptors.2864769379.type": "IPV4",
                            "ip_set_descriptors.2864769379.value": "107.182.254.0/24",
                            "ip_set_descriptors.2870809794.type": "IPV4",
                            "ip_set_descriptors.2870809794.value": "104.239.17.0/24",
                            "ip_set_descriptors.2872576461.type": "IPV4",
                            "ip_set_descriptors.2872576461.value": "113.212.81.0/24",
                            "ip_set_descriptors.2880775640.type": "IPV4",
                            "ip_set_descriptors.2880775640.value": "117.58.33.0/24",
                            "ip_set_descriptors.2884093591.type": "IPV4",
                            "ip_set_descriptors.2884093591.value": "101.203.135.0/24",
                            "ip_set_descriptors.28862096.type": "IPV4",
                            "ip_set_descriptors.28862096.value": "84.238.161.0/24",
                            "ip_set_descriptors.2887953617.type": "IPV4",
                            "ip_set_descriptors.2887953617.value": "104.233.32.0/24",
                            "ip_set_descriptors.2891105801.type": "IPV4",
                            "ip_set_descriptors.2891105801.value": "117.120.85.0/24",
                            "ip_set_descriptors.2894023263.type": "IPV4",
                            "ip_set_descriptors.2894023263.value": "116.119.53.0/24",
                            "ip_set_descriptors.2896879752.type": "IPV4",
                            "ip_set_descriptors.2896879752.value": "108.166.248.0/24",
                            "ip_set_descriptors.2899399711.type": "IPV4",
                            "ip_set_descriptors.2899399711.value": "104.243.194.0/24",
                            "ip_set_descriptors.29005032.type": "IPV4",
                            "ip_set_descriptors.29005032.value": "117.58.127.0/24",
                            "ip_set_descriptors.2906853593.type": "IPV4",
                            "ip_set_descriptors.2906853593.value": "117.120.115.0/24",
                            "ip_set_descriptors.2909111163.type": "IPV4",
                            "ip_set_descriptors.2909111163.value": "108.166.224.0/24",
                            "ip_set_descriptors.2916144518.type": "IPV4",
                            "ip_set_descriptors.2916144518.value": "121.100.153.0/24",
                            "ip_set_descriptors.2917804089.type": "IPV4",
                            "ip_set_descriptors.2917804089.value": "117.58.91.0/24",
                            "ip_set_descriptors.291903828.type": "IPV4",
                            "ip_set_descriptors.291903828.value": "116.119.102.0/24",
                            "ip_set_descriptors.2920866447.type": "IPV4",
                            "ip_set_descriptors.2920866447.value": "121.100.134.0/24",
                            "ip_set_descriptors.2921723947.type": "IPV4",
                            "ip_set_descriptors.2921723947.value": "104.233.39.0/24",
                            "ip_set_descriptors.2927107749.type": "IPV4",
                            "ip_set_descriptors.2927107749.value": "116.119.58.0/24",
                            "ip_set_descriptors.2929098353.type": "IPV4",
                            "ip_set_descriptors.2929098353.value": "104.250.194.0/24",
                            "ip_set_descriptors.2930619506.type": "IPV4",
                            "ip_set_descriptors.2930619506.value": "108.166.243.0/24",
                            "ip_set_descriptors.293383211.type": "IPV4",
                            "ip_set_descriptors.293383211.value": "104.219.94.0/24",
                            "ip_set_descriptors.2936871040.type": "IPV4",
                            "ip_set_descriptors.2936871040.value": "104.222.160.0/24",
                            "ip_set_descriptors.2948037974.type": "IPV4",
                            "ip_set_descriptors.2948037974.value": "116.119.34.0/24",
                            "ip_set_descriptors.2950136188.type": "IPV4",
                            "ip_set_descriptors.2950136188.value": "121.100.158.0/24",
                            "ip_set_descriptors.2951218996.type": "IPV4",
                            "ip_set_descriptors.2951218996.value": "83.175.10.0/24",
                            "ip_set_descriptors.2951388120.type": "IPV4",
                            "ip_set_descriptors.2951388120.value": "104.233.55.0/24",
                            "ip_set_descriptors.2954064856.type": "IPV4",
                            "ip_set_descriptors.2954064856.value": "104.239.4.0/24",
                            "ip_set_descriptors.296205362.type": "IPV4",
                            "ip_set_descriptors.296205362.value": "117.58.102.0/24",
                            "ip_set_descriptors.2964421906.type": "IPV4",
                            "ip_set_descriptors.2964421906.value": "104.250.210.0/24",
                            "ip_set_descriptors.2966809131.type": "IPV4",
                            "ip_set_descriptors.2966809131.value": "117.120.72.0/24",
                            "ip_set_descriptors.2976711707.type": "IPV4",
                            "ip_set_descriptors.2976711707.value": "117.58.66.0/24",
                            "ip_set_descriptors.2978017305.type": "IPV4",
                            "ip_set_descriptors.2978017305.value": "116.119.9.0/24",
                            "ip_set_descriptors.2982491393.type": "IPV4",
                            "ip_set_descriptors.2982491393.value": "104.239.42.0/24",
                            "ip_set_descriptors.298331739.type": "IPV4",
                            "ip_set_descriptors.298331739.value": "113.212.77.0/24",
                            "ip_set_descriptors.2987196936.type": "IPV4",
                            "ip_set_descriptors.2987196936.value": "104.239.25.0/24",
                            "ip_set_descriptors.2989944598.type": "IPV4",
                            "ip_set_descriptors.2989944598.value": "104.239.106.0/24",
                            "ip_set_descriptors.2992320851.type": "IPV4",
                            "ip_set_descriptors.2992320851.value": "117.58.5.0/24",
                            "ip_set_descriptors.2996659496.type": "IPV4",
                            "ip_set_descriptors.2996659496.value": "91.197.199.0/24",
                            "ip_set_descriptors.2997020783.type": "IPV4",
                            "ip_set_descriptors.2997020783.value": "104.233.6.0/24",
                            "ip_set_descriptors.2999695995.type": "IPV4",
                            "ip_set_descriptors.2999695995.value": "83.175.7.0/24",
                            "ip_set_descriptors.3000155857.type": "IPV4",
                            "ip_set_descriptors.3000155857.value": "117.120.79.0/24",
                            "ip_set_descriptors.3012011235.type": "IPV4",
                            "ip_set_descriptors.3012011235.value": "116.119.2.0/24",
                            "ip_set_descriptors.3015860731.type": "IPV4",
                            "ip_set_descriptors.3015860731.value": "104.239.49.0/24",
                            "ip_set_descriptors.3018935221.type": "IPV4",
                            "ip_set_descriptors.3018935221.value": "103.229.43.0/24",
                            "ip_set_descriptors.3025276905.type": "IPV4",
                            "ip_set_descriptors.3025276905.value": "104.239.87.0/24",
                            "ip_set_descriptors.3025339923.type": "IPV4",
                            "ip_set_descriptors.3025339923.value": "117.120.127.0/24",
                            "ip_set_descriptors.3032531788.type": "IPV4",
                            "ip_set_descriptors.3032531788.value": "121.100.161.0/24",
                            "ip_set_descriptors.3036628228.type": "IPV4",
                            "ip_set_descriptors.3036628228.value": "83.175.29.0/24",
                            "ip_set_descriptors.3038135834.type": "IPV4",
                            "ip_set_descriptors.3038135834.value": "116.119.108.0/24",
                            "ip_set_descriptors.3039831799.type": "IPV4",
                            "ip_set_descriptors.3039831799.value": "83.175.45.0/24",
                            "ip_set_descriptors.304352679.type": "IPV4",
                            "ip_set_descriptors.304352679.value": "117.120.126.0/24",
                            "ip_set_descriptors.3043974293.type": "IPV4",
                            "ip_set_descriptors.3043974293.value": "116.119.61.0/24",
                            "ip_set_descriptors.304415837.type": "IPV4",
                            "ip_set_descriptors.304415837.value": "104.239.86.0/24",
                            "ip_set_descriptors.3050824572.type": "IPV4",
                            "ip_set_descriptors.3050824572.value": "117.58.108.0/24",
                            "ip_set_descriptors.3055012104.type": "IPV4",
                            "ip_set_descriptors.3055012104.value": "103.239.28.0/24",
                            "ip_set_descriptors.3058287463.type": "IPV4",
                            "ip_set_descriptors.3058287463.value": "121.46.125.0/24",
                            "ip_set_descriptors.3069710846.type": "IPV4",
                            "ip_set_descriptors.3069710846.value": "83.175.22.0/24",
                            "ip_set_descriptors.3070994335.type": "IPV4",
                            "ip_set_descriptors.3070994335.value": "104.219.95.0/24",
                            "ip_set_descriptors.3071349472.type": "IPV4",
                            "ip_set_descriptors.3071349472.value": "116.119.103.0/24",
                            "ip_set_descriptors.3082757615.type": "IPV4",
                            "ip_set_descriptors.3082757615.value": "113.212.76.0/24",
                            "ip_set_descriptors.3083908998.type": "IPV4",
                            "ip_set_descriptors.3083908998.value": "117.58.103.0/24",
                            "ip_set_descriptors.30900694.type": "IPV4",
                            "ip_set_descriptors.30900694.value": "108.166.255.0/24",
                            "ip_set_descriptors.3091939328.type": "IPV4",
                            "ip_set_descriptors.3091939328.value": "91.247.76.0/24",
                            "ip_set_descriptors.3093314059.type": "IPV4",
                            "ip_set_descriptors.3093314059.value": "117.58.71.0/24",
                            "ip_set_descriptors.3093376066.type": "IPV4",
                            "ip_set_descriptors.3093376066.value": "103.228.62.0/24",
                            "ip_set_descriptors.3099785236.type": "IPV4",
                            "ip_set_descriptors.3099785236.value": "103.92.153.0/24",
                            "ip_set_descriptors.3100117777.type": "IPV4",
                            "ip_set_descriptors.3100117777.value": "104.239.55.0/24",
                            "ip_set_descriptors.3104270562.type": "IPV4",
                            "ip_set_descriptors.3104270562.value": "104.239.39.0/24",
                            "ip_set_descriptors.310922928.type": "IPV4",
                            "ip_set_descriptors.310922928.value": "83.175.28.0/24",
                            "ip_set_descriptors.3116122882.type": "IPV4",
                            "ip_set_descriptors.3116122882.value": "104.250.207.0/24",
                            "ip_set_descriptors.3117995067.type": "IPV4",
                            "ip_set_descriptors.3117995067.value": "117.120.65.0/24",
                            "ip_set_descriptors.3129412274.type": "IPV4",
                            "ip_set_descriptors.3129412274.value": "104.222.180.0/24",
                            "ip_set_descriptors.3137354776.type": "IPV4",
                            "ip_set_descriptors.3137354776.value": "104.239.32.0/24",
                            "ip_set_descriptors.314034424.type": "IPV4",
                            "ip_set_descriptors.314034424.value": "121.100.160.0/24",
                            "ip_set_descriptors.3140687446.type": "IPV4",
                            "ip_set_descriptors.3140687446.value": "103.229.38.0/24",
                            "ip_set_descriptors.3141259526.type": "IPV4",
                            "ip_set_descriptors.3141259526.value": "104.239.111.0/24",
                            "ip_set_descriptors.3148352770.type": "IPV4",
                            "ip_set_descriptors.3148352770.value": "117.58.16.0/24",
                            "ip_set_descriptors.3148939060.type": "IPV4",
                            "ip_set_descriptors.3148939060.value": "1.32.181.0/24",
                            "ip_set_descriptors.3149803605.type": "IPV4",
                            "ip_set_descriptors.3149803605.value": "91.200.14.0/24",
                            "ip_set_descriptors.3153489570.type": "IPV4",
                            "ip_set_descriptors.3153489570.value": "86.55.41.0/24",
                            "ip_set_descriptors.3153815916.type": "IPV4",
                            "ip_set_descriptors.3153815916.value": "104.243.207.0/24",
                            "ip_set_descriptors.3154234741.type": "IPV4",
                            "ip_set_descriptors.3154234741.value": "104.219.89.0/24",
                            "ip_set_descriptors.3154405994.type": "IPV4",
                            "ip_set_descriptors.3154405994.value": "103.219.155.0/24",
                            "ip_set_descriptors.3158120679.type": "IPV4",
                            "ip_set_descriptors.3158120679.value": "83.175.52.0/24",
                            "ip_set_descriptors.3158279179.type": "IPV4",
                            "ip_set_descriptors.3158279179.value": "104.233.17.0/24",
                            "ip_set_descriptors.3160564357.type": "IPV4",
                            "ip_set_descriptors.3160564357.value": "116.119.76.0/24",
                            "ip_set_descriptors.3166101192.type": "IPV4",
                            "ip_set_descriptors.3166101192.value": "103.2.45.0/24",
                            "ip_set_descriptors.3167780543.type": "IPV4",
                            "ip_set_descriptors.3167780543.value": "103.36.67.0/24",
                            "ip_set_descriptors.3177132537.type": "IPV4",
                            "ip_set_descriptors.3177132537.value": "104.239.90.0/24",
                            "ip_set_descriptors.3189517552.type": "IPV4",
                            "ip_set_descriptors.3189517552.value": "116.119.114.0/24",
                            "ip_set_descriptors.3191491613.type": "IPV4",
                            "ip_set_descriptors.3191491613.value": "83.175.59.0/24",
                            "ip_set_descriptors.3202189718.type": "IPV4",
                            "ip_set_descriptors.3202189718.value": "117.58.114.0/24",
                            "ip_set_descriptors.320362273.type": "IPV4",
                            "ip_set_descriptors.320362273.value": "116.119.60.0/24",
                            "ip_set_descriptors.3208250452.type": "IPV4",
                            "ip_set_descriptors.3208250452.value": "91.200.248.0/24",
                            "ip_set_descriptors.3215543427.type": "IPV4",
                            "ip_set_descriptors.3215543427.value": "104.153.246.0/24",
                            "ip_set_descriptors.3215611276.type": "IPV4",
                            "ip_set_descriptors.3215611276.value": "116.119.11.0/24",
                            "ip_set_descriptors.3220516846.type": "IPV4",
                            "ip_set_descriptors.3220516846.value": "83.175.35.0/24",
                            "ip_set_descriptors.3222194425.type": "IPV4",
                            "ip_set_descriptors.3222194425.value": "103.63.2.0/24",
                            "ip_set_descriptors.3223183945.type": "IPV4",
                            "ip_set_descriptors.3223183945.value": "107.182.245.0/24",
                            "ip_set_descriptors.323431747.type": "IPV4",
                            "ip_set_descriptors.323431747.value": "83.175.44.0/24",
                            "ip_set_descriptors.3237326414.type": "IPV4",
                            "ip_set_descriptors.3237326414.value": "101.203.148.0/24",
                            "ip_set_descriptors.3244830450.type": "IPV4",
                            "ip_set_descriptors.3244830450.value": "117.58.22.0/24",
                            "ip_set_descriptors.325143982.type": "IPV4",
                            "ip_set_descriptors.325143982.value": "116.119.109.0/24",
                            "ip_set_descriptors.3253011175.type": "IPV4",
                            "ip_set_descriptors.3253011175.value": "113.212.90.0/24",
                            "ip_set_descriptors.3254244289.type": "IPV4",
                            "ip_set_descriptors.3254244289.value": "103.215.82.0/24",
                            "ip_set_descriptors.3254514422.type": "IPV4",
                            "ip_set_descriptors.3254514422.value": "104.239.125.0/24",
                            "ip_set_descriptors.3255314657.type": "IPV4",
                            "ip_set_descriptors.3255314657.value": "104.239.61.0/24",
                            "ip_set_descriptors.3265272315.type": "IPV4",
                            "ip_set_descriptors.3265272315.value": "117.58.45.0/24",
                            "ip_set_descriptors.3270703796.type": "IPV4",
                            "ip_set_descriptors.3270703796.value": "101.203.143.0/24",
                            "ip_set_descriptors.3275062173.type": "IPV4",
                            "ip_set_descriptors.3275062173.value": "116.119.87.0/24",
                            "ip_set_descriptors.3278862856.type": "IPV4",
                            "ip_set_descriptors.3278862856.value": "117.58.29.0/24",
                            "ip_set_descriptors.3290278502.type": "IPV4",
                            "ip_set_descriptors.3290278502.value": "117.58.120.0/24",
                            "ip_set_descriptors.329312456.type": "IPV4",
                            "ip_set_descriptors.329312456.value": "117.58.109.0/24",
                            "ip_set_descriptors.3295723352.type": "IPV4",
                            "ip_set_descriptors.3295723352.value": "108.166.252.0/24",
                            "ip_set_descriptors.3299153295.type": "IPV4",
                            "ip_set_descriptors.3299153295.value": "116.119.49.0/24",
                            "ip_set_descriptors.3302756096.type": "IPV4",
                            "ip_set_descriptors.3302756096.value": "116.119.120.0/24",
                            "ip_set_descriptors.3304649473.type": "IPV4",
                            "ip_set_descriptors.3304649473.value": "104.233.28.0/24",
                            "ip_set_descriptors.3304734607.type": "IPV4",
                            "ip_set_descriptors.3304734607.value": "103.57.250.0/24",
                            "ip_set_descriptors.3305802326.type": "IPV4",
                            "ip_set_descriptors.3305802326.value": "121.100.149.0/24",
                            "ip_set_descriptors.3308753138.type": "IPV4",
                            "ip_set_descriptors.3308753138.value": "104.233.44.0/24",
                            "ip_set_descriptors.3312088700.type": "IPV4",
                            "ip_set_descriptors.3312088700.value": "116.119.25.0/24",
                            "ip_set_descriptors.3318748074.type": "IPV4",
                            "ip_set_descriptors.3318748074.value": "104.222.171.0/24",
                            "ip_set_descriptors.3319673487.type": "IPV4",
                            "ip_set_descriptors.3319673487.value": "103.205.85.0/24",
                            "ip_set_descriptors.3331312931.type": "IPV4",
                            "ip_set_descriptors.3331312931.value": "117.120.94.0/24",
                            "ip_set_descriptors.3332522357.type": "IPV4",
                            "ip_set_descriptors.3332522357.value": "116.119.42.0/24",
                            "ip_set_descriptors.3338643451.type": "IPV4",
                            "ip_set_descriptors.3338643451.value": "104.233.23.0/24",
                            "ip_set_descriptors.3339574956.type": "IPV4",
                            "ip_set_descriptors.3339574956.value": "121.100.142.0/24",
                            "ip_set_descriptors.3342279443.type": "IPV4",
                            "ip_set_descriptors.3342279443.value": "117.58.80.0/24",
                            "ip_set_descriptors.3349027827.type": "IPV4",
                            "ip_set_descriptors.3349027827.value": "117.120.104.0/24",
                            "ip_set_descriptors.3350759505.type": "IPV4",
                            "ip_set_descriptors.3350759505.value": "108.166.235.0/24",
                            "ip_set_descriptors.3359110061.type": "IPV4",
                            "ip_set_descriptors.3359110061.value": "101.203.133.0/24",
                            "ip_set_descriptors.3362066658.type": "IPV4",
                            "ip_set_descriptors.3362066658.value": "117.58.35.0/24",
                            "ip_set_descriptors.3368886776.type": "IPV4",
                            "ip_set_descriptors.3368886776.value": "104.239.11.0/24",
                            "ip_set_descriptors.3370663159.type": "IPV4",
                            "ip_set_descriptors.3370663159.value": "113.212.87.0/24",
                            "ip_set_descriptors.3373325401.type": "IPV4",
                            "ip_set_descriptors.3373325401.value": "107.182.252.0/24",
                            "ip_set_descriptors.3383390993.type": "IPV4",
                            "ip_set_descriptors.3383390993.value": "117.58.59.0/24",
                            "ip_set_descriptors.338442983.type": "IPV4",
                            "ip_set_descriptors.338442983.value": "117.58.4.0/24",
                            "ip_set_descriptors.3392186199.type": "IPV4",
                            "ip_set_descriptors.3392186199.value": "101.203.138.0/24",
                            "ip_set_descriptors.3392685453.type": "IPV4",
                            "ip_set_descriptors.3392685453.value": "116.119.90.0/24",
                            "ip_set_descriptors.339862690.type": "IPV4",
                            "ip_set_descriptors.339862690.value": "104.239.107.0/24",
                            "ip_set_descriptors.3406108401.type": "IPV4",
                            "ip_set_descriptors.3406108401.value": "104.239.76.0/24",
                            "ip_set_descriptors.3411955030.type": "IPV4",
                            "ip_set_descriptors.3411955030.value": "116.206.19.0/24",
                            "ip_set_descriptors.3417122795.type": "IPV4",
                            "ip_set_descriptors.3417122795.value": "117.58.52.0/24",
                            "ip_set_descriptors.3420601465.type": "IPV4",
                            "ip_set_descriptors.3420601465.value": "103.23.9.0/24",
                            "ip_set_descriptors.3422536868.type": "IPV4",
                            "ip_set_descriptors.3422536868.value": "101.203.154.0/24",
                            "ip_set_descriptors.3426234894.type": "IPV4",
                            "ip_set_descriptors.3426234894.value": "83.175.16.0/24",
                            "ip_set_descriptors.3426397922.type": "IPV4",
                            "ip_set_descriptors.3426397922.value": "104.233.53.0/24",
                            "ip_set_descriptors.3429320812.type": "IPV4",
                            "ip_set_descriptors.3429320812.value": "116.119.32.0/24",
                            "ip_set_descriptors.3432280345.type": "IPV4",
                            "ip_set_descriptors.3432280345.value": "117.120.118.0/24",
                            "ip_set_descriptors.3434275515.type": "IPV4",
                            "ip_set_descriptors.3434275515.value": "108.166.229.0/24",
                            "ip_set_descriptors.343542204.type": "IPV4",
                            "ip_set_descriptors.343542204.value": "104.239.24.0/24",
                            "ip_set_descriptors.3437047226.type": "IPV4",
                            "ip_set_descriptors.3437047226.value": "104.222.166.0/24",
                            "ip_set_descriptors.3439736287.type": "IPV4",
                            "ip_set_descriptors.3439736287.value": "104.243.199.0/24",
                            "ip_set_descriptors.3443936075.type": "IPV4",
                            "ip_set_descriptors.3443936075.value": "104.250.192.0/24",
                            "ip_set_descriptors.3447554376.type": "IPV4",
                            "ip_set_descriptors.3447554376.value": "108.166.245.0/24",
                            "ip_set_descriptors.3448088521.type": "IPV4",
                            "ip_set_descriptors.3448088521.value": "117.120.88.0/24",
                            "ip_set_descriptors.3452491701.type": "IPV4",
                            "ip_set_descriptors.3452491701.value": "121.100.132.0/24",
                            "ip_set_descriptors.3456164028.type": "IPV4",
                            "ip_set_descriptors.3456164028.value": "121.100.155.0/24",
                            "ip_set_descriptors.3459915011.type": "IPV4",
                            "ip_set_descriptors.3459915011.value": "117.58.97.0/24",
                            "ip_set_descriptors.3460168216.type": "IPV4",
                            "ip_set_descriptors.3460168216.value": "104.233.58.0/24",
                            "ip_set_descriptors.3462405270.type": "IPV4",
                            "ip_set_descriptors.3462405270.value": "116.119.39.0/24",
                            "ip_set_descriptors.346404197.type": "IPV4",
                            "ip_set_descriptors.346404197.value": "117.120.78.0/24",
                            "ip_set_descriptors.3465749987.type": "IPV4",
                            "ip_set_descriptors.3465749987.value": "117.120.113.0/24",
                            "ip_set_descriptors.3468983842.type": "IPV4",
                            "ip_set_descriptors.3468983842.value": "104.153.116.0/24",
                            "ip_set_descriptors.3472974117.type": "IPV4",
                            "ip_set_descriptors.3472974117.value": "104.243.192.0/24",
                            "ip_set_descriptors.3477151665.type": "IPV4",
                            "ip_set_descriptors.3477151665.value": "104.250.199.0/24",
                            "ip_set_descriptors.347910607.type": "IPV4",
                            "ip_set_descriptors.347910607.value": "83.175.6.0/24",
                            "ip_set_descriptors.3481465651.type": "IPV4",
                            "ip_set_descriptors.3481465651.value": "117.120.83.0/24",
                            "ip_set_descriptors.3484385125.type": "IPV4",
                            "ip_set_descriptors.3484385125.value": "116.119.55.0/24",
                            "ip_set_descriptors.3486483279.type": "IPV4",
                            "ip_set_descriptors.3486483279.value": "121.100.139.0/24",
                            "ip_set_descriptors.3488782827.type": "IPV4",
                            "ip_set_descriptors.3488782827.value": "104.233.34.0/24",
                            "ip_set_descriptors.3495399897.type": "IPV4",
                            "ip_set_descriptors.3495399897.value": "116.119.4.0/24",
                            "ip_set_descriptors.3495559576.type": "IPV4",
                            "ip_set_descriptors.3495559576.value": "104.222.191.0/24",
                            "ip_set_descriptors.349561819.type": "IPV4",
                            "ip_set_descriptors.349561819.value": "104.233.7.0/24",
                            "ip_set_descriptors.3508244289.type": "IPV4",
                            "ip_set_descriptors.3508244289.value": "83.175.1.0/24",
                            "ip_set_descriptors.350908060.type": "IPV4",
                            "ip_set_descriptors.350908060.value": "91.197.198.0/24",
                            "ip_set_descriptors.3513644062.type": "IPV4",
                            "ip_set_descriptors.3513644062.value": "1.32.190.0/24",
                            "ip_set_descriptors.3513965909.type": "IPV4",
                            "ip_set_descriptors.3513965909.value": "104.233.0.0/24",
                            "ip_set_descriptors.3515548777.type": "IPV4",
                            "ip_set_descriptors.3515548777.value": "117.58.3.0/24",
                            "ip_set_descriptors.3519287832.type": "IPV4",
                            "ip_set_descriptors.3519287832.value": "104.239.9.0/24",
                            "ip_set_descriptors.3520935730.type": "IPV4",
                            "ip_set_descriptors.3520935730.value": "104.239.23.0/24",
                            "ip_set_descriptors.3521567276.type": "IPV4",
                            "ip_set_descriptors.3521567276.value": "104.239.100.0/24",
                            "ip_set_descriptors.3524591675.type": "IPV4",
                            "ip_set_descriptors.3524591675.value": "104.239.44.0/24",
                            "ip_set_descriptors.3535614241.type": "IPV4",
                            "ip_set_descriptors.3535614241.value": "117.58.60.0/24",
                            "ip_set_descriptors.3540377361.type": "IPV4",
                            "ip_set_descriptors.3540377361.value": "117.120.74.0/24",
                            "ip_set_descriptors.3546368040.type": "IPV4",
                            "ip_set_descriptors.3546368040.value": "104.250.216.0/24",
                            "ip_set_descriptors.3549188243.type": "IPV4",
                            "ip_set_descriptors.3549188243.value": "117.58.8.0/24",
                            "ip_set_descriptors.3552790242.type": "IPV4",
                            "ip_set_descriptors.3552790242.value": "104.239.2.0/24",
                            "ip_set_descriptors.3554304968.type": "IPV4",
                            "ip_set_descriptors.3554304968.value": "104.239.28.0/24",
                            "ip_set_descriptors.3556803260.type": "IPV4",
                            "ip_set_descriptors.3556803260.value": "117.58.105.0/24",
                            "ip_set_descriptors.35632863.type": "IPV4",
                            "ip_set_descriptors.35632863.value": "108.166.232.0/24",
                            "ip_set_descriptors.3564048597.type": "IPV4",
                            "ip_set_descriptors.3564048597.value": "113.212.70.0/24",
                            "ip_set_descriptors.3567655926.type": "IPV4",
                            "ip_set_descriptors.3567655926.value": "103.232.138.0/24",
                            "ip_set_descriptors.3569428442.type": "IPV4",
                            "ip_set_descriptors.3569428442.value": "116.119.105.0/24",
                            "ip_set_descriptors.3571159717.type": "IPV4",
                            "ip_set_descriptors.3571159717.value": "104.219.93.0/24",
                            "ip_set_descriptors.3571926839.type": "IPV4",
                            "ip_set_descriptors.3571926839.value": "83.175.48.0/24",
                            "ip_set_descriptors.3576177860.type": "IPV4",
                            "ip_set_descriptors.3576177860.value": "83.175.24.0/24",
                            "ip_set_descriptors.3576346664.type": "IPV4",
                            "ip_set_descriptors.3576346664.value": "104.233.61.0/24",
                            "ip_set_descriptors.3593523315.type": "IPV4",
                            "ip_set_descriptors.3593523315.value": "103.230.146.0/24",
                            "ip_set_descriptors.3602868655.type": "IPV4",
                            "ip_set_descriptors.3602868655.value": "116.119.67.0/24",
                            "ip_set_descriptors.3605009357.type": "IPV4",
                            "ip_set_descriptors.3605009357.value": "83.175.43.0/24",
                            "ip_set_descriptors.3608213110.type": "IPV4",
                            "ip_set_descriptors.3608213110.value": "121.100.167.0/24",
                            "ip_set_descriptors.361119745.type": "IPV4",
                            "ip_set_descriptors.361119745.value": "103.229.42.0/24",
                            "ip_set_descriptors.3615636179.type": "IPV4",
                            "ip_set_descriptors.3615636179.value": "104.239.81.0/24",
                            "ip_set_descriptors.3615699753.type": "IPV4",
                            "ip_set_descriptors.3615699753.value": "117.120.121.0/24",
                            "ip_set_descriptors.3624908283.type": "IPV4",
                            "ip_set_descriptors.3624908283.value": "117.120.68.0/24",
                            "ip_set_descriptors.3626720342.type": "IPV4",
                            "ip_set_descriptors.3626720342.value": "104.243.201.0/24",
                            "ip_set_descriptors.3630221838.type": "IPV4",
                            "ip_set_descriptors.3630221838.value": "1.32.187.0/24",
                            "ip_set_descriptors.3631089007.type": "IPV4",
                            "ip_set_descriptors.3631089007.value": "91.200.12.0/24",
                            "ip_set_descriptors.3631757368.type": "IPV4",
                            "ip_set_descriptors.3631757368.value": "117.58.10.0/24",
                            "ip_set_descriptors.3637512482.type": "IPV4",
                            "ip_set_descriptors.3637512482.value": "104.239.34.0/24",
                            "ip_set_descriptors.3639338044.type": "IPV4",
                            "ip_set_descriptors.3639338044.value": "104.239.117.0/24",
                            "ip_set_descriptors.364210767.type": "IPV4",
                            "ip_set_descriptors.364210767.value": "104.239.48.0/24",
                            "ip_set_descriptors.3642714833.type": "IPV4",
                            "ip_set_descriptors.3642714833.value": "104.239.58.0/24",
                            "ip_set_descriptors.3646373768.type": "IPV4",
                            "ip_set_descriptors.3646373768.value": "104.222.186.0/24",
                            "ip_set_descriptors.3664541240.type": "IPV4",
                            "ip_set_descriptors.3664541240.value": "104.250.201.0/24",
                            "ip_set_descriptors.3675442478.type": "IPV4",
                            "ip_set_descriptors.3675442478.value": "103.92.155.0/24",
                            "ip_set_descriptors.3675799083.type": "IPV4",
                            "ip_set_descriptors.3675799083.value": "104.239.53.0/24",
                            "ip_set_descriptors.3678766503.type": "IPV4",
                            "ip_set_descriptors.3678766503.value": "103.243.9.0/24",
                            "ip_set_descriptors.368095063.type": "IPV4",
                            "ip_set_descriptors.368095063.value": "116.119.3.0/24",
                            "ip_set_descriptors.3685748529.type": "IPV4",
                            "ip_set_descriptors.3685748529.value": "117.58.77.0/24",
                            "ip_set_descriptors.3693419220.type": "IPV4",
                            "ip_set_descriptors.3693419220.value": "83.175.33.0/24",
                            "ip_set_descriptors.3699007670.type": "IPV4",
                            "ip_set_descriptors.3699007670.value": "116.119.17.0/24",
                            "ip_set_descriptors.3708665004.type": "IPV4",
                            "ip_set_descriptors.3708665004.value": "117.58.112.0/24",
                            "ip_set_descriptors.3714199237.type": "IPV4",
                            "ip_set_descriptors.3714199237.value": "113.212.67.0/24",
                            "ip_set_descriptors.3721140682.type": "IPV4",
                            "ip_set_descriptors.3721140682.value": "116.119.112.0/24",
                            "ip_set_descriptors.3722326261.type": "IPV4",
                            "ip_set_descriptors.3722326261.value": "104.255.57.0/24",
                            "ip_set_descriptors.3726493798.type": "IPV4",
                            "ip_set_descriptors.3726493798.value": "121.100.170.0/24",
                            "ip_set_descriptors.3726790190.type": "IPV4",
                            "ip_set_descriptors.3726790190.value": "83.175.38.0/24",
                            "ip_set_descriptors.37299581.type": "IPV4",
                            "ip_set_descriptors.37299581.value": "117.120.103.0/24",
                            "ip_set_descriptors.3733914819.type": "IPV4",
                            "ip_set_descriptors.3733914819.value": "104.239.96.0/24",
                            "ip_set_descriptors.3742034006.type": "IPV4",
                            "ip_set_descriptors.3742034006.value": "117.58.119.0/24",
                            "ip_set_descriptors.3750431713.type": "IPV4",
                            "ip_set_descriptors.3750431713.value": "5.101.221.0/24",
                            "ip_set_descriptors.3753007039.type": "IPV4",
                            "ip_set_descriptors.3753007039.value": "116.119.70.0/24",
                            "ip_set_descriptors.3754567655.type": "IPV4",
                            "ip_set_descriptors.3754567655.value": "93.179.90.0/24",
                            "ip_set_descriptors.3754642736.type": "IPV4",
                            "ip_set_descriptors.3754642736.value": "116.119.119.0/24",
                            "ip_set_descriptors.3755237200.type": "IPV4",
                            "ip_set_descriptors.3755237200.value": "103.219.153.0/24",
                            "ip_set_descriptors.375683180.type": "IPV4",
                            "ip_set_descriptors.375683180.value": "104.239.5.0/24",
                            "ip_set_descriptors.3756862941.type": "IPV4",
                            "ip_set_descriptors.3756862941.value": "83.175.54.0/24",
                            "ip_set_descriptors.3757027633.type": "IPV4",
                            "ip_set_descriptors.3757027633.value": "104.233.11.0/24",
                            "ip_set_descriptors.3759063217.type": "IPV4",
                            "ip_set_descriptors.3759063217.value": "104.239.103.0/24",
                            "ip_set_descriptors.3761581487.type": "IPV4",
                            "ip_set_descriptors.3761581487.value": "104.239.20.0/24",
                            "ip_set_descriptors.3764592372.type": "IPV4",
                            "ip_set_descriptors.3764592372.value": "117.58.0.0/24",
                            "ip_set_descriptors.3768240072.type": "IPV4",
                            "ip_set_descriptors.3768240072.value": "104.233.3.0/24",
                            "ip_set_descriptors.3774059996.type": "IPV4",
                            "ip_set_descriptors.3774059996.value": "83.175.2.0/24",
                            "ip_set_descriptors.3780280134.type": "IPV4",
                            "ip_set_descriptors.3780280134.value": "117.58.68.0/24",
                            "ip_set_descriptors.3787426628.type": "IPV4",
                            "ip_set_descriptors.3787426628.value": "116.119.7.0/24",
                            "ip_set_descriptors.3792278603.type": "IPV4",
                            "ip_set_descriptors.3792278603.value": "104.239.108.0/24",
                            "ip_set_descriptors.3794492543.type": "IPV4",
                            "ip_set_descriptors.3794492543.value": "104.239.1.0/24",
                            "ip_set_descriptors.379773343.type": "IPV4",
                            "ip_set_descriptors.379773343.value": "117.120.73.0/24",
                            "ip_set_descriptors.3800650421.type": "IPV4",
                            "ip_set_descriptors.3800650421.value": "104.250.215.0/24",
                            "ip_set_descriptors.3801977650.type": "IPV4",
                            "ip_set_descriptors.3801977650.value": "104.233.8.0/24",
                            "ip_set_descriptors.3802275445.type": "IPV4",
                            "ip_set_descriptors.3802275445.value": "91.197.197.0/24",
                            "ip_set_descriptors.3807233420.type": "IPV4",
                            "ip_set_descriptors.3807233420.value": "117.120.77.0/24",
                            "ip_set_descriptors.3807691046.type": "IPV4",
                            "ip_set_descriptors.3807691046.value": "83.175.9.0/24",
                            "ip_set_descriptors.3814009788.type": "IPV4",
                            "ip_set_descriptors.3814009788.value": "117.58.63.0/24",
                            "ip_set_descriptors.382105254.type": "IPV4",
                            "ip_set_descriptors.382105254.value": "104.250.211.0/24",
                            "ip_set_descriptors.3825015462.type": "IPV4",
                            "ip_set_descriptors.3825015462.value": "104.239.47.0/24",
                            "ip_set_descriptors.3832378548.type": "IPV4",
                            "ip_set_descriptors.3832378548.value": "104.239.89.0/24",
                            "ip_set_descriptors.3832851018.type": "IPV4",
                            "ip_set_descriptors.3832851018.value": "79.173.111.0/24",
                            "ip_set_descriptors.3837804121.type": "IPV4",
                            "ip_set_descriptors.3837804121.value": "83.175.27.0/24",
                            "ip_set_descriptors.3837960885.type": "IPV4",
                            "ip_set_descriptors.3837960885.value": "104.233.62.0/24",
                            "ip_set_descriptors.3844685127.type": "IPV4",
                            "ip_set_descriptors.3844685127.value": "116.119.106.0/24",
                            "ip_set_descriptors.3845359672.type": "IPV4",
                            "ip_set_descriptors.3845359672.value": "104.219.90.0/24",
                            "ip_set_descriptors.3850832456.type": "IPV4",
                            "ip_set_descriptors.3850832456.value": "113.212.73.0/24",
                            "ip_set_descriptors.3857225761.type": "IPV4",
                            "ip_set_descriptors.3857225761.value": "117.58.106.0/24",
                            "ip_set_descriptors.3859300633.type": "IPV4",
                            "ip_set_descriptors.3859300633.value": "91.200.251.0/24",
                            "ip_set_descriptors.3865714766.type": "IPV4",
                            "ip_set_descriptors.3865714766.value": "104.239.82.0/24",
                            "ip_set_descriptors.3865782708.type": "IPV4",
                            "ip_set_descriptors.3865782708.value": "117.120.122.0/24",
                            "ip_set_descriptors.3875073259.type": "IPV4",
                            "ip_set_descriptors.3875073259.value": "121.100.164.0/24",
                            "ip_set_descriptors.387583919.type": "IPV4",
                            "ip_set_descriptors.387583919.value": "117.58.67.0/24",
                            "ip_set_descriptors.3876063568.type": "IPV4",
                            "ip_set_descriptors.3876063568.value": "83.175.40.0/24",
                            "ip_set_descriptors.3881268018.type": "IPV4",
                            "ip_set_descriptors.3881268018.value": "116.119.64.0/24",
                            "ip_set_descriptors.3883949746.type": "IPV4",
                            "ip_set_descriptors.3883949746.value": "113.212.78.0/24",
                            "ip_set_descriptors.3889744622.type": "IPV4",
                            "ip_set_descriptors.3889744622.value": "103.230.145.0/24",
                            "ip_set_descriptors.3890701394.type": "IPV4",
                            "ip_set_descriptors.3890701394.value": "119.42.52.0/24",
                            "ip_set_descriptors.3899931485.type": "IPV4",
                            "ip_set_descriptors.3899931485.value": "91.247.78.0/24",
                            "ip_set_descriptors.3904840981.type": "IPV4",
                            "ip_set_descriptors.3904840981.value": "104.222.185.0/24",
                            "ip_set_descriptors.3909353121.type": "IPV4",
                            "ip_set_descriptors.3909353121.value": "104.239.114.0/24",
                            "ip_set_descriptors.3912052628.type": "IPV4",
                            "ip_set_descriptors.3912052628.value": "91.236.74.0/24",
                            "ip_set_descriptors.3912766399.type": "IPV4",
                            "ip_set_descriptors.3912766399.value": "104.239.37.0/24",
                            "ip_set_descriptors.3917690975.type": "IPV4",
                            "ip_set_descriptors.3917690975.value": "104.250.209.0/24",
                            "ip_set_descriptors.3918057619.type": "IPV4",
                            "ip_set_descriptors.3918057619.value": "1.32.184.0/24",
                            "ip_set_descriptors.3918537381.type": "IPV4",
                            "ip_set_descriptors.3918537381.value": "117.58.13.0/24",
                            "ip_set_descriptors.3921888971.type": "IPV4",
                            "ip_set_descriptors.3921888971.value": "104.243.202.0/24",
                            "ip_set_descriptors.3931641260.type": "IPV4",
                            "ip_set_descriptors.3931641260.value": "117.58.74.0/24",
                            "ip_set_descriptors.3932287963.type": "IPV4",
                            "ip_set_descriptors.3932287963.value": "103.236.35.0/24",
                            "ip_set_descriptors.3937745178.type": "IPV4",
                            "ip_set_descriptors.3937745178.value": "103.197.9.0/24",
                            "ip_set_descriptors.3941606582.type": "IPV4",
                            "ip_set_descriptors.3941606582.value": "104.239.50.0/24",
                            "ip_set_descriptors.3943460107.type": "IPV4",
                            "ip_set_descriptors.3943460107.value": "103.229.36.0/24",
                            "ip_set_descriptors.3951324325.type": "IPV4",
                            "ip_set_descriptors.3951324325.value": "104.250.202.0/24",
                            "ip_set_descriptors.3952571999.type": "IPV4",
                            "ip_set_descriptors.3952571999.value": "117.58.18.0/24",
                            "ip_set_descriptors.3959488342.type": "IPV4",
                            "ip_set_descriptors.3959488342.value": "104.233.19.0/24",
                            "ip_set_descriptors.3961783127.type": "IPV4",
                            "ip_set_descriptors.3961783127.value": "116.119.111.0/24",
                            "ip_set_descriptors.3965524440.type": "IPV4",
                            "ip_set_descriptors.3965524440.value": "116.119.78.0/24",
                            "ip_set_descriptors.3968480344.type": "IPV4",
                            "ip_set_descriptors.3968480344.value": "113.212.64.0/24",
                            "ip_set_descriptors.3974473265.type": "IPV4",
                            "ip_set_descriptors.3974473265.value": "117.58.111.0/24",
                            "ip_set_descriptors.397557429.type": "IPV4",
                            "ip_set_descriptors.397557429.value": "104.239.43.0/24",
                            "ip_set_descriptors.3985799723.type": "IPV4",
                            "ip_set_descriptors.3985799723.value": "116.119.14.0/24",
                            "ip_set_descriptors.3989635145.type": "IPV4",
                            "ip_set_descriptors.3989635145.value": "83.175.30.0/24",
                            "ip_set_descriptors.3993319232.type": "IPV4",
                            "ip_set_descriptors.3993319232.value": "83.175.57.0/24",
                            "ip_set_descriptors.3993480108.type": "IPV4",
                            "ip_set_descriptors.3993480108.value": "104.233.12.0/24",
                            "ip_set_descriptors.3998895394.type": "IPV4",
                            "ip_set_descriptors.3998895394.value": "116.119.73.0/24",
                            "ip_set_descriptors.4012215365.type": "IPV4",
                            "ip_set_descriptors.4012215365.value": "103.239.31.0/24",
                            "ip_set_descriptors.4016512606.type": "IPV4",
                            "ip_set_descriptors.4016512606.value": "104.239.95.0/24",
                            "ip_set_descriptors.402127789.type": "IPV4",
                            "ip_set_descriptors.402127789.value": "116.119.8.0/24",
                            "ip_set_descriptors.4027390074.type": "IPV4",
                            "ip_set_descriptors.4027390074.value": "113.212.93.0/24",
                            "ip_set_descriptors.4027836523.type": "IPV4",
                            "ip_set_descriptors.4027836523.value": "104.239.126.0/24",
                            "ip_set_descriptors.4028615004.type": "IPV4",
                            "ip_set_descriptors.4028615004.value": "103.215.81.0/24",
                            "ip_set_descriptors.4034933871.type": "IPV4",
                            "ip_set_descriptors.4034933871.value": "117.58.21.0/24",
                            "ip_set_descriptors.4058436196.type": "IPV4",
                            "ip_set_descriptors.4058436196.value": "103.63.1.0/24",
                            "ip_set_descriptors.4058474118.type": "IPV4",
                            "ip_set_descriptors.4058474118.value": "104.239.69.0/24",
                            "ip_set_descriptors.4059429076.type": "IPV4",
                            "ip_set_descriptors.4059429076.value": "107.182.246.0/24",
                            "ip_set_descriptors.4066530840.type": "IPV4",
                            "ip_set_descriptors.4066530840.value": "103.23.11.0/24",
                            "ip_set_descriptors.4073183658.type": "IPV4",
                            "ip_set_descriptors.4073183658.value": "103.69.212.0/24",
                            "ip_set_descriptors.4074594560.type": "IPV4",
                            "ip_set_descriptors.4074594560.value": "116.119.84.0/24",
                            "ip_set_descriptors.407717801.type": "IPV4",
                            "ip_set_descriptors.407717801.value": "83.175.58.0/24",
                            "ip_set_descriptors.4078624809.type": "IPV4",
                            "ip_set_descriptors.4078624809.value": "101.203.140.0/24",
                            "ip_set_descriptors.4081582950.type": "IPV4",
                            "ip_set_descriptors.4081582950.value": "117.58.46.0/24",
                            "ip_set_descriptors.4091556476.type": "IPV4",
                            "ip_set_descriptors.4091556476.value": "104.239.62.0/24",
                            "ip_set_descriptors.4092295.type": "IPV4",
                            "ip_set_descriptors.4092295.value": "117.120.108.0/24",
                            "ip_set_descriptors.409675588.type": "IPV4",
                            "ip_set_descriptors.409675588.value": "116.119.115.0/24",
                            "ip_set_descriptors.4097189906.type": "IPV4",
                            "ip_set_descriptors.4097189906.value": "103.205.86.0/24",
                            "ip_set_descriptors.4097313079.type": "IPV4",
                            "ip_set_descriptors.4097313079.value": "104.222.172.0/24",
                            "ip_set_descriptors.4102188257.type": "IPV4",
                            "ip_set_descriptors.4102188257.value": "116.119.26.0/24",
                            "ip_set_descriptors.4103883330.type": "IPV4",
                            "ip_set_descriptors.4103883330.value": "103.232.172.0/24",
                            "ip_set_descriptors.4107824500.type": "IPV4",
                            "ip_set_descriptors.4107824500.value": "117.58.88.0/24",
                            "ip_set_descriptors.4108290671.type": "IPV4",
                            "ip_set_descriptors.4108290671.value": "104.233.47.0/24",
                            "ip_set_descriptors.4113831325.type": "IPV4",
                            "ip_set_descriptors.4113831325.value": "116.119.123.0/24",
                            "ip_set_descriptors.4120421829.type": "IPV4",
                            "ip_set_descriptors.4120421829.value": "108.166.251.0/24",
                            "ip_set_descriptors.4126519547.type": "IPV4",
                            "ip_set_descriptors.4126519547.value": "117.58.123.0/24",
                            "ip_set_descriptors.4131347917.type": "IPV4",
                            "ip_set_descriptors.4131347917.value": "104.222.179.0/24",
                            "ip_set_descriptors.4132475596.type": "IPV4",
                            "ip_set_descriptors.4132475596.value": "108.166.236.0/24",
                            "ip_set_descriptors.4134928750.type": "IPV4",
                            "ip_set_descriptors.4134928750.value": "117.120.107.0/24",
                            "ip_set_descriptors.413827618.type": "IPV4",
                            "ip_set_descriptors.413827618.value": "117.58.115.0/24",
                            "ip_set_descriptors.4141824398.type": "IPV4",
                            "ip_set_descriptors.4141824398.value": "117.58.83.0/24",
                            "ip_set_descriptors.4142253105.type": "IPV4",
                            "ip_set_descriptors.4142253105.value": "121.100.141.0/24",
                            "ip_set_descriptors.4144539723.type": "IPV4",
                            "ip_set_descriptors.4144539723.value": "1.32.178.0/24",
                            "ip_set_descriptors.4145528166.type": "IPV4",
                            "ip_set_descriptors.4145528166.value": "104.233.20.0/24",
                            "ip_set_descriptors.4148833480.type": "IPV4",
                            "ip_set_descriptors.4148833480.value": "103.32.135.0/24",
                            "ip_set_descriptors.4148845544.type": "IPV4",
                            "ip_set_descriptors.4148845544.value": "116.119.41.0/24",
                            "ip_set_descriptors.4150777790.type": "IPV4",
                            "ip_set_descriptors.4150777790.value": "117.120.97.0/24",
                            "ip_set_descriptors.4163568148.type": "IPV4",
                            "ip_set_descriptors.4163568148.value": "85.121.39.0/24",
                            "ip_set_descriptors.4177053380.type": "IPV4",
                            "ip_set_descriptors.4177053380.value": "107.182.251.0/24",
                            "ip_set_descriptors.4177536618.type": "IPV4",
                            "ip_set_descriptors.4177536618.value": "113.212.84.0/24",
                            "ip_set_descriptors.4179966821.type": "IPV4",
                            "ip_set_descriptors.4179966821.value": "104.239.12.0/24",
                            "ip_set_descriptors.4186770047.type": "IPV4",
                            "ip_set_descriptors.4186770047.value": "117.58.36.0/24",
                            "ip_set_descriptors.4191620074.type": "IPV4",
                            "ip_set_descriptors.4191620074.value": "116.119.98.0/24",
                            "ip_set_descriptors.4192201008.type": "IPV4",
                            "ip_set_descriptors.4192201008.value": "101.203.130.0/24",
                            "ip_set_descriptors.4195868217.type": "IPV4",
                            "ip_set_descriptors.4195868217.value": "101.203.157.0/24",
                            "ip_set_descriptors.4198841718.type": "IPV4",
                            "ip_set_descriptors.4198841718.value": "117.58.51.0/24",
                            "ip_set_descriptors.4209839212.type": "IPV4",
                            "ip_set_descriptors.4209839212.value": "104.239.75.0/24",
                            "ip_set_descriptors.4213338015.type": "IPV4",
                            "ip_set_descriptors.4213338015.value": "104.239.19.0/24",
                            "ip_set_descriptors.4224737040.type": "IPV4",
                            "ip_set_descriptors.4224737040.value": "116.119.93.0/24",
                            "ip_set_descriptors.4230008104.type": "IPV4",
                            "ip_set_descriptors.4230008104.value": "121.100.131.0/24",
                            "ip_set_descriptors.4237663189.type": "IPV4",
                            "ip_set_descriptors.4237663189.value": "108.166.246.0/24",
                            "ip_set_descriptors.424480736.type": "IPV4",
                            "ip_set_descriptors.424480736.value": "91.200.249.0/24",
                            "ip_set_descriptors.4248123175.type": "IPV4",
                            "ip_set_descriptors.4248123175.value": "104.222.165.0/24",
                            "ip_set_descriptors.4254028529.type": "IPV4",
                            "ip_set_descriptors.4254028529.value": "116.119.31.0/24",
                            "ip_set_descriptors.4258277523.type": "IPV4",
                            "ip_set_descriptors.4258277523.value": "83.175.15.0/24",
                            "ip_set_descriptors.4258444415.type": "IPV4",
                            "ip_set_descriptors.4258444415.value": "104.233.50.0/24",
                            "ip_set_descriptors.4262322298.type": "IPV4",
                            "ip_set_descriptors.4262322298.value": "91.234.36.0/24",
                            "ip_set_descriptors.4263150454.type": "IPV4",
                            "ip_set_descriptors.4263150454.value": "104.233.37.0/24",
                            "ip_set_descriptors.4266092024.type": "IPV4",
                            "ip_set_descriptors.4266092024.value": "116.119.56.0/24",
                            "ip_set_descriptors.4268419502.type": "IPV4",
                            "ip_set_descriptors.4268419502.value": "117.120.80.0/24",
                            "ip_set_descriptors.427959386.type": "IPV4",
                            "ip_set_descriptors.427959386.value": "83.175.34.0/24",
                            "ip_set_descriptors.4281099455.type": "IPV4",
                            "ip_set_descriptors.4281099455.value": "104.153.115.0/24",
                            "ip_set_descriptors.4286267262.type": "IPV4",
                            "ip_set_descriptors.4286267262.value": "117.120.110.0/24",
                            "ip_set_descriptors.4291954590.type": "IPV4",
                            "ip_set_descriptors.4291954590.value": "117.58.94.0/24",
                            "ip_set_descriptors.4293458465.type": "IPV4",
                            "ip_set_descriptors.4293458465.value": "121.100.156.0/24",
                            "ip_set_descriptors.42999197.type": "IPV4",
                            "ip_set_descriptors.42999197.value": "117.58.87.0/24",
                            "ip_set_descriptors.433937976.type": "IPV4",
                            "ip_set_descriptors.433937976.value": "116.119.10.0/24",
                            "ip_set_descriptors.433997623.type": "IPV4",
                            "ip_set_descriptors.433997623.value": "104.153.247.0/24",
                            "ip_set_descriptors.43514502.type": "IPV4",
                            "ip_set_descriptors.43514502.value": "104.233.48.0/24",
                            "ip_set_descriptors.437610801.type": "IPV4",
                            "ip_set_descriptors.437610801.value": "116.119.77.0/24",
                            "ip_set_descriptors.440963007.type": "IPV4",
                            "ip_set_descriptors.440963007.value": "104.233.16.0/24",
                            "ip_set_descriptors.441062227.type": "IPV4",
                            "ip_set_descriptors.441062227.value": "83.175.53.0/24",
                            "ip_set_descriptors.443769310.type": "IPV4",
                            "ip_set_descriptors.443769310.value": "103.219.154.0/24",
                            "ip_set_descriptors.443991745.type": "IPV4",
                            "ip_set_descriptors.443991745.value": "104.219.88.0/24",
                            "ip_set_descriptors.447182091.type": "IPV4",
                            "ip_set_descriptors.447182091.value": "103.36.66.0/24",
                            "ip_set_descriptors.44752930.type": "IPV4",
                            "ip_set_descriptors.44752930.value": "121.100.145.0/24",
                            "ip_set_descriptors.448910716.type": "IPV4",
                            "ip_set_descriptors.448910716.value": "103.2.44.0/24",
                            "ip_set_descriptors.455621197.type": "IPV4",
                            "ip_set_descriptors.455621197.value": "104.239.91.0/24",
                            "ip_set_descriptors.46799880.type": "IPV4",
                            "ip_set_descriptors.46799880.value": "116.119.29.0/24",
                            "ip_set_descriptors.485490950.type": "IPV4",
                            "ip_set_descriptors.485490950.value": "104.222.181.0/24",
                            "ip_set_descriptors.491003362.type": "IPV4",
                            "ip_set_descriptors.491003362.value": "103.229.39.0/24",
                            "ip_set_descriptors.491575986.type": "IPV4",
                            "ip_set_descriptors.491575986.value": "104.239.110.0/24",
                            "ip_set_descriptors.494352300.type": "IPV4",
                            "ip_set_descriptors.494352300.value": "104.239.33.0/24",
                            "ip_set_descriptors.495019286.type": "IPV4",
                            "ip_set_descriptors.495019286.value": "86.55.40.0/24",
                            "ip_set_descriptors.495739608.type": "IPV4",
                            "ip_set_descriptors.495739608.value": "104.243.206.0/24",
                            "ip_set_descriptors.499643520.type": "IPV4",
                            "ip_set_descriptors.499643520.value": "1.32.180.0/24",
                            "ip_set_descriptors.499727329.type": "IPV4",
                            "ip_set_descriptors.499727329.value": "91.200.15.0/24",
                            "ip_set_descriptors.501155510.type": "IPV4",
                            "ip_set_descriptors.501155510.value": "117.58.17.0/24",
                            "ip_set_descriptors.504768502.type": "IPV4",
                            "ip_set_descriptors.504768502.value": "103.228.63.0/24",
                            "ip_set_descriptors.504836543.type": "IPV4",
                            "ip_set_descriptors.504836543.value": "117.58.70.0/24",
                            "ip_set_descriptors.50692091.type": "IPV4",
                            "ip_set_descriptors.50692091.value": "116.119.45.0/24",
                            "ip_set_descriptors.507268020.type": "IPV4",
                            "ip_set_descriptors.507268020.value": "91.247.77.0/24",
                            "ip_set_descriptors.515240864.type": "IPV4",
                            "ip_set_descriptors.515240864.value": "103.92.152.0/24",
                            "ip_set_descriptors.515834021.type": "IPV4",
                            "ip_set_descriptors.515834021.value": "104.239.54.0/24",
                            "ip_set_descriptors.527459158.type": "IPV4",
                            "ip_set_descriptors.527459158.value": "104.239.38.0/24",
                            "ip_set_descriptors.53015469.type": "IPV4",
                            "ip_set_descriptors.53015469.value": "117.120.93.0/24",
                            "ip_set_descriptors.531619727.type": "IPV4",
                            "ip_set_descriptors.531619727.value": "117.120.64.0/24",
                            "ip_set_descriptors.533416118.type": "IPV4",
                            "ip_set_descriptors.533416118.value": "104.250.206.0/24",
                            "ip_set_descriptors.538981574.type": "IPV4",
                            "ip_set_descriptors.538981574.value": "113.212.74.0/24",
                            "ip_set_descriptors.542090927.type": "IPV4",
                            "ip_set_descriptors.542090927.value": "117.58.101.0/24",
                            "ip_set_descriptors.546177993.type": "IPV4",
                            "ip_set_descriptors.546177993.value": "116.119.101.0/24",
                            "ip_set_descriptors.553064774.type": "IPV4",
                            "ip_set_descriptors.553064774.value": "116.119.68.0/24",
                            "ip_set_descriptors.559449759.type": "IPV4",
                            "ip_set_descriptors.559449759.value": "121.100.168.0/24",
                            "ip_set_descriptors.560398551.type": "IPV4",
                            "ip_set_descriptors.560398551.value": "83.175.20.0/24",
                            "ip_set_descriptors.56138101.type": "IPV4",
                            "ip_set_descriptors.56138101.value": "104.233.24.0/24",
                            "ip_set_descriptors.56231321.type": "IPV4",
                            "ip_set_descriptors.56231321.value": "83.175.61.0/24",
                            "ip_set_descriptors.567726670.type": "IPV4",
                            "ip_set_descriptors.567726670.value": "121.46.127.0/24",
                            "ip_set_descriptors.56984529.type": "IPV4",
                            "ip_set_descriptors.56984529.value": "121.100.129.0/24",
                            "ip_set_descriptors.574642908.type": "IPV4",
                            "ip_set_descriptors.574642908.value": "119.42.55.0/24",
                            "ip_set_descriptors.581908446.type": "IPV4",
                            "ip_set_descriptors.581908446.value": "83.175.47.0/24",
                            "ip_set_descriptors.586050335.type": "IPV4",
                            "ip_set_descriptors.586050335.value": "103.232.137.0/24",
                            "ip_set_descriptors.586173884.type": "IPV4",
                            "ip_set_descriptors.586173884.value": "116.119.63.0/24",
                            "ip_set_descriptors.593482341.type": "IPV4",
                            "ip_set_descriptors.593482341.value": "121.100.163.0/24",
                            "ip_set_descriptors.600577850.type": "IPV4",
                            "ip_set_descriptors.600577850.value": "117.120.125.0/24",
                            "ip_set_descriptors.600645312.type": "IPV4",
                            "ip_set_descriptors.600645312.value": "104.239.85.0/24",
                            "ip_set_descriptors.605599178.type": "IPV4",
                            "ip_set_descriptors.605599178.value": "116.119.0.0/24",
                            "ip_set_descriptors.611211932.type": "IPV4",
                            "ip_set_descriptors.611211932.value": "103.229.41.0/24",
                            "ip_set_descriptors.612052645.type": "IPV4",
                            "ip_set_descriptors.612052645.value": "91.209.12.0/24",
                            "ip_set_descriptors.623458497.type": "IPV4",
                            "ip_set_descriptors.623458497.value": "104.250.219.0/24",
                            "ip_set_descriptors.624818502.type": "IPV4",
                            "ip_set_descriptors.624818502.value": "104.233.4.0/24",
                            "ip_set_descriptors.626305874.type": "IPV4",
                            "ip_set_descriptors.626305874.value": "83.175.5.0/24",
                            "ip_set_descriptors.630330145.type": "IPV4",
                            "ip_set_descriptors.630330145.value": "104.239.27.0/24",
                            "ip_set_descriptors.631897663.type": "IPV4",
                            "ip_set_descriptors.631897663.value": "104.239.104.0/24",
                            "ip_set_descriptors.633610362.type": "IPV4",
                            "ip_set_descriptors.633610362.value": "117.58.7.0/24",
                            "ip_set_descriptors.643441704.type": "IPV4",
                            "ip_set_descriptors.643441704.value": "104.239.40.0/24",
                            "ip_set_descriptors.653399346.type": "IPV4",
                            "ip_set_descriptors.653399346.value": "117.58.64.0/24",
                            "ip_set_descriptors.653799935.type": "IPV4",
                            "ip_set_descriptors.653799935.value": "103.197.11.0/24",
                            "ip_set_descriptors.657353787.type": "IPV4",
                            "ip_set_descriptors.657353787.value": "104.250.212.0/24",
                            "ip_set_descriptors.659225346.type": "IPV4",
                            "ip_set_descriptors.659225346.value": "117.120.70.0/24",
                            "ip_set_descriptors.663511793.type": "IPV4",
                            "ip_set_descriptors.663511793.value": "104.239.6.0/24",
                            "ip_set_descriptors.674579621.type": "IPV4",
                            "ip_set_descriptors.674579621.value": "116.119.13.0/24",
                            "ip_set_descriptors.674651562.type": "IPV4",
                            "ip_set_descriptors.674651562.value": "104.153.244.0/24",
                            "ip_set_descriptors.678051527.type": "IPV4",
                            "ip_set_descriptors.678051527.value": "83.175.37.0/24",
                            "ip_set_descriptors.684160042.type": "IPV4",
                            "ip_set_descriptors.684160042.value": "104.239.99.0/24",
                            "ip_set_descriptors.692230335.type": "IPV4",
                            "ip_set_descriptors.692230335.value": "117.58.116.0/24",
                            "ip_set_descriptors.696466905.type": "IPV4",
                            "ip_set_descriptors.696466905.value": "116.119.116.0/24",
                            "ip_set_descriptors.707924063.type": "IPV4",
                            "ip_set_descriptors.707924063.value": "116.119.18.0/24",
                            "ip_set_descriptors.716109193.type": "IPV4",
                            "ip_set_descriptors.716109193.value": "91.220.163.0/24",
                            "ip_set_descriptors.717234384.type": "IPV4",
                            "ip_set_descriptors.717234384.value": "104.239.92.0/24",
                            "ip_set_descriptors.724160481.type": "IPV4",
                            "ip_set_descriptors.724160481.value": "103.2.47.0/24",
                            "ip_set_descriptors.724196908.type": "IPV4",
                            "ip_set_descriptors.724196908.value": "113.212.68.0/24",
                            "ip_set_descriptors.726626198.type": "IPV4",
                            "ip_set_descriptors.726626198.value": "103.36.65.0/24",
                            "ip_set_descriptors.731267100.type": "IPV4",
                            "ip_set_descriptors.731267100.value": "104.255.58.0/24",
                            "ip_set_descriptors.73190520.type": "IPV4",
                            "ip_set_descriptors.73190520.value": "104.239.122.0/24",
                            "ip_set_descriptors.731944226.type": "IPV4",
                            "ip_set_descriptors.731944226.value": "104.233.15.0/24",
                            "ip_set_descriptors.732039630.type": "IPV4",
                            "ip_set_descriptors.732039630.value": "83.175.50.0/24",
                            "ip_set_descriptors.738030508.type": "IPV4",
                            "ip_set_descriptors.738030508.value": "116.119.74.0/24",
                            "ip_set_descriptors.741338653.type": "IPV4",
                            "ip_set_descriptors.741338653.value": "1.32.183.0/24",
                            "ip_set_descriptors.741809195.type": "IPV4",
                            "ip_set_descriptors.741809195.value": "117.58.14.0/24",
                            "ip_set_descriptors.744781893.type": "IPV4",
                            "ip_set_descriptors.744781893.value": "104.243.205.0/24",
                            "ip_set_descriptors.745111435.type": "IPV4",
                            "ip_set_descriptors.745111435.value": "86.55.43.0/24",
                            "ip_set_descriptors.748629297.type": "IPV4",
                            "ip_set_descriptors.748629297.value": "104.239.30.0/24",
                            "ip_set_descriptors.748994607.type": "IPV4",
                            "ip_set_descriptors.748994607.value": "104.239.113.0/24",
                            "ip_set_descriptors.756554651.type": "IPV4",
                            "ip_set_descriptors.756554651.value": "104.222.182.0/24",
                            "ip_set_descriptors.771260376.type": "IPV4",
                            "ip_set_descriptors.771260376.value": "117.58.78.0/24",
                            "ip_set_descriptors.774066731.type": "IPV4",
                            "ip_set_descriptors.774066731.value": "104.250.205.0/24",
                            "ip_set_descriptors.774421223.type": "IPV4",
                            "ip_set_descriptors.774421223.value": "1.32.188.0/24",
                            "ip_set_descriptors.776455442.type": "IPV4",
                            "ip_set_descriptors.776455442.value": "117.120.67.0/24",
                            "ip_set_descriptors.7810340.type": "IPV4",
                            "ip_set_descriptors.7810340.value": "104.222.176.0/24",
                            "ip_set_descriptors.782472405.type": "IPV4",
                            "ip_set_descriptors.782472405.value": "104.239.118.0/24",
                            "ip_set_descriptors.790581089.type": "IPV4",
                            "ip_set_descriptors.790581089.value": "104.222.189.0/24",
                            "ip_set_descriptors.794237496.type": "IPV4",
                            "ip_set_descriptors.794237496.value": "104.239.57.0/24",
                            "ip_set_descriptors.801557845.type": "IPV4",
                            "ip_set_descriptors.801557845.value": "103.236.32.0/24",
                            "ip_set_descriptors.805191019.type": "IPV4",
                            "ip_set_descriptors.805191019.value": "103.228.60.0/24",
                            "ip_set_descriptors.805251874.type": "IPV4",
                            "ip_set_descriptors.805251874.value": "117.58.73.0/24",
                            "ip_set_descriptors.80679036.type": "IPV4",
                            "ip_set_descriptors.80679036.value": "117.58.25.0/24",
                            "ip_set_descriptors.810581005.type": "IPV4",
                            "ip_set_descriptors.810581005.value": "84.238.162.0/24",
                            "ip_set_descriptors.810716789.type": "IPV4",
                            "ip_set_descriptors.810716789.value": "117.58.124.0/24",
                            "ip_set_descriptors.813761068.type": "IPV4",
                            "ip_set_descriptors.813761068.value": "104.255.61.0/24",
                            "ip_set_descriptors.814951187.type": "IPV4",
                            "ip_set_descriptors.814951187.value": "116.119.124.0/24",
                            "ip_set_descriptors.824529519.type": "IPV4",
                            "ip_set_descriptors.824529519.value": "116.119.21.0/24",
                            "ip_set_descriptors.825980108.type": "IPV4",
                            "ip_set_descriptors.825980108.value": "103.232.175.0/24",
                            "ip_set_descriptors.829994209.type": "IPV4",
                            "ip_set_descriptors.829994209.value": "104.233.40.0/24",
                            "ip_set_descriptors.832518073.type": "IPV4",
                            "ip_set_descriptors.832518073.value": "104.222.175.0/24",
                            "ip_set_descriptors.83915663.type": "IPV4",
                            "ip_set_descriptors.83915663.value": "117.58.49.0/24",
                            "ip_set_descriptors.850428904.type": "IPV4",
                            "ip_set_descriptors.850428904.value": "104.233.27.0/24",
                            "ip_set_descriptors.850534148.type": "IPV4",
                            "ip_set_descriptors.850534148.value": "83.175.62.0/24",
                            "ip_set_descriptors.851503408.type": "IPV4",
                            "ip_set_descriptors.851503408.value": "117.120.90.0/24",
                            "ip_set_descriptors.854397510.type": "IPV4",
                            "ip_set_descriptors.854397510.value": "103.32.132.0/24",
                            "ip_set_descriptors.854418790.type": "IPV4",
                            "ip_set_descriptors.854418790.value": "116.119.46.0/24",
                            "ip_set_descriptors.860027583.type": "IPV4",
                            "ip_set_descriptors.860027583.value": "121.100.146.0/24",
                            "ip_set_descriptors.863504128.type": "IPV4",
                            "ip_set_descriptors.863504128.value": "117.58.84.0/24",
                            "ip_set_descriptors.869351392.type": "IPV4",
                            "ip_set_descriptors.869351392.value": "117.120.100.0/24",
                            "ip_set_descriptors.871869506.type": "IPV4",
                            "ip_set_descriptors.871869506.value": "108.166.231.0/24",
                            "ip_set_descriptors.877839962.type": "IPV4",
                            "ip_set_descriptors.877839962.value": "107.182.241.0/24",
                            "ip_set_descriptors.891751137.type": "IPV4",
                            "ip_set_descriptors.891751137.value": "117.58.26.0/24",
                            "ip_set_descriptors.896402886.type": "IPV4",
                            "ip_set_descriptors.896402886.value": "103.243.10.0/24",
                            "ip_set_descriptors.897387380.type": "IPV4",
                            "ip_set_descriptors.897387380.value": "116.119.88.0/24",
                            "ip_set_descriptors.900343540.type": "IPV4",
                            "ip_set_descriptors.900343540.value": "113.212.94.0/24",
                            "ip_set_descriptors.901043941.type": "IPV4",
                            "ip_set_descriptors.901043941.value": "104.239.121.0/24",
                            "ip_set_descriptors.910626034.type": "IPV4",
                            "ip_set_descriptors.910626034.value": "104.239.65.0/24",
                            "ip_set_descriptors.918412967.type": "IPV4",
                            "ip_set_descriptors.918412967.value": "101.203.147.0/24",
                            "ip_set_descriptors.921648616.type": "IPV4",
                            "ip_set_descriptors.921648616.value": "117.58.41.0/24",
                            "ip_set_descriptors.929097508.type": "IPV4",
                            "ip_set_descriptors.929097508.value": "103.69.215.0/24",
                            "ip_set_descriptors.930766734.type": "IPV4",
                            "ip_set_descriptors.930766734.value": "116.119.83.0/24",
                            "ip_set_descriptors.942173311.type": "IPV4",
                            "ip_set_descriptors.942173311.value": "116.119.36.0/24",
                            "ip_set_descriptors.947023338.type": "IPV4",
                            "ip_set_descriptors.947023338.value": "117.58.98.0/24",
                            "ip_set_descriptors.947227377.type": "IPV4",
                            "ip_set_descriptors.947227377.value": "104.233.57.0/24",
                            "ip_set_descriptors.947328541.type": "IPV4",
                            "ip_set_descriptors.947328541.value": "83.175.12.0/24",
                            "ip_set_descriptors.9481852.type": "IPV4",
                            "ip_set_descriptors.9481852.value": "104.233.43.0/24",
                            "ip_set_descriptors.948702923.type": "IPV4",
                            "ip_set_descriptors.948702923.value": "104.153.119.0/24",
                            "ip_set_descriptors.949094825.type": "IPV4",
                            "ip_set_descriptors.949094825.value": "104.222.162.0/24",
                            "ip_set_descriptors.956919640.type": "IPV4",
                            "ip_set_descriptors.956919640.value": "104.250.196.0/24",
                            "ip_set_descriptors.959620443.type": "IPV4",
                            "ip_set_descriptors.959620443.value": "108.166.241.0/24",
                            "ip_set_descriptors.96132295.type": "IPV4",
                            "ip_set_descriptors.96132295.value": "107.182.242.0/24",
                            "ip_set_descriptors.965211046.type": "IPV4",
                            "ip_set_descriptors.965211046.value": "121.100.136.0/24",
                            "ip_set_descriptors.978306223.type": "IPV4",
                            "ip_set_descriptors.978306223.value": "121.100.151.0/24",
                            "ip_set_descriptors.980435687.type": "IPV4",
                            "ip_set_descriptors.980435687.value": "83.175.19.0/24",
                            "ip_set_descriptors.980760848.type": "IPV4",
                            "ip_set_descriptors.980760848.value": "117.58.93.0/24",
                            "ip_set_descriptors.982211121.type": "IPV4",
                            "ip_set_descriptors.982211121.value": "104.153.112.0/24",
                            "ip_set_descriptors.982867283.type": "IPV4",
                            "ip_set_descriptors.982867283.value": "104.222.169.0/24",
                            "ip_set_descriptors.987496944.type": "IPV4",
                            "ip_set_descriptors.987496944.value": "117.120.117.0/24",
                            "ip_set_descriptors.989499986.type": "IPV4",
                            "ip_set_descriptors.989499986.value": "108.166.226.0/24",
                            "ip_set_descriptors.994985270.type": "IPV4",
                            "ip_set_descriptors.994985270.value": "104.243.196.0/24",
                            "name": "TR-WAF - IP Reputation Lists Set #2"
                        },
                        "meta": {},
                        "tainted": false
                    },
                    "deposed": [],
                    "provider": "provider.aws"
                },
                "aws_waf_ipset.WAFWhitelistSet": {
                    "type": "aws_waf_ipset",
                    "depends_on": [],
                    "primary": {
                        "id": "aa51d72e-9c3b-4bf0-8d4f-1a4a0961c542",
                        "attributes": {
                            "arn": "arn:aws:waf::082894742960:ipset/aa51d72e-9c3b-4bf0-8d4f-1a4a0961c542",
                            "id": "aa51d72e-9c3b-4bf0-8d4f-1a4a0961c542",
                            "ip_set_descriptors.#": "1",
                            "ip_set_descriptors.3774090169.type": "IPV4",
                            "ip_set_descriptors.3774090169.value": "0.0.0.0/32",
                            "name": "TR-WAF - Whitelist Set"
                        },
                        "meta": {},
                        "tainted": false
                    },
                    "deposed": [],
                    "provider": "provider.aws"
                },
                "aws_waf_rate_based_rule.BrokenAuthSessionManageRule": {
                    "type": "aws_waf_rate_based_rule",
                    "depends_on": [
                        "aws_waf_byte_match_set.Header-set-1",
                        "aws_waf_byte_match_set.Header-set-2",
                        "aws_waf_byte_match_set.Header-set-3",
                        "aws_waf_byte_match_set.Header-set-4",
                        "aws_waf_byte_match_set.URI-set-1",
                        "aws_waf_byte_match_set.URI-set-2"
                    ],
                    "primary": {
                        "id": "e6ab1a9a-ecbd-4047-a5a4-894552904f92",
                        "attributes": {
                            "id": "e6ab1a9a-ecbd-4047-a5a4-894552904f92",
                            "metric_name": "BrokenAuthSessionManageMetric",
                            "name": "BrokenAuthSessionManageRule",
                            "predicates.#": "6",
                            "predicates.1750770814.data_id": "24e35820-3713-42df-87f4-61553387cec1",
                            "predicates.1750770814.negated": "false",
                            "predicates.1750770814.type": "ByteMatch",
                            "predicates.259977607.data_id": "58095ef8-6e5d-43ac-98d7-f6cf4d6a1e0d",
                            "predicates.259977607.negated": "false",
                            "predicates.259977607.type": "ByteMatch",
                            "predicates.3223424674.data_id": "032f8f2b-b5f7-4c34-a8a2-0fd0027948c6",
                            "predicates.3223424674.negated": "false",
                            "predicates.3223424674.type": "ByteMatch",
                            "predicates.3767630102.data_id": "f012862c-643a-41da-b76b-233801ddc923",
                            "predicates.3767630102.negated": "false",
                            "predicates.3767630102.type": "ByteMatch",
                            "predicates.536016903.data_id": "788dc72a-14da-4ab7-8be4-74b572c8a927",
                            "predicates.536016903.negated": "false",
                            "predicates.536016903.type": "ByteMatch",
                            "predicates.710687089.data_id": "c12e26b4-32d9-4362-98b6-f33e81fe262a",
                            "predicates.710687089.negated": "false",
                            "predicates.710687089.type": "ByteMatch",
                            "rate_key": "IP",
                            "rate_limit": "2000"
                        },
                        "meta": {},
                        "tainted": false
                    },
                    "deposed": [],
                    "provider": "provider.aws"
                },
                "aws_waf_rate_based_rule.http-flood-rule-1": {
                    "type": "aws_waf_rate_based_rule",
                    "depends_on": [],
                    "primary": {
                        "id": "46d659ad-4b06-4563-9dc4-bbe498dac3d6",
                        "attributes": {
                            "id": "46d659ad-4b06-4563-9dc4-bbe498dac3d6",
                            "metric_name": "HTTPFloodRule",
                            "name": "TR-WAF - HTTP Flood Rule",
                            "predicates.#": "0",
                            "rate_key": "IP",
                            "rate_limit": "2000"
                        },
                        "meta": {},
                        "tainted": false
                    },
                    "deposed": [],
                    "provider": "provider.aws"
                },
                "aws_waf_rule.WAFAutoBlockRule": {
                    "type": "aws_waf_rule",
                    "depends_on": [
                        "aws_waf_ipset.WAFAutoBlockSet"
                    ],
                    "primary": {
                        "id": "cb87df66-2549-4957-b937-026c7eade1ae",
                        "attributes": {
                            "id": "cb87df66-2549-4957-b937-026c7eade1ae",
                            "metric_name": "SecurityAutomationsAutoBlockRule",
                            "name": "TR-WAF - Auto Block Rule",
                            "predicates.#": "1",
                            "predicates.3213903799.data_id": "44bb10f1-2d93-439f-83ed-e9596db3dfa3",
                            "predicates.3213903799.negated": "false",
                            "predicates.3213903799.type": "IPMatch"
                        },
                        "meta": {},
                        "tainted": false
                    },
                    "deposed": [],
                    "provider": "provider.aws"
                },
                "aws_waf_rule.WAFBadBotRule": {
                    "type": "aws_waf_rule",
                    "depends_on": [
                        "aws_waf_ipset.WAFBadBotSet"
                    ],
                    "primary": {
                        "id": "50901e5c-d169-4604-b471-0e7c013c60fc",
                        "attributes": {
                            "id": "50901e5c-d169-4604-b471-0e7c013c60fc",
                            "metric_name": "SecurityAutomationsBadBotRule",
                            "name": "TR-WAF - Bad Bot Rule",
                            "predicates.#": "1",
                            "predicates.1119972651.data_id": "2c44c5b5-3f1d-4198-879b-ebed9232e6ea",
                            "predicates.1119972651.negated": "false",
                            "predicates.1119972651.type": "IPMatch"
                        },
                        "meta": {},
                        "tainted": false
                    },
                    "deposed": [],
                    "provider": "provider.aws"
                },
                "aws_waf_rule.WAFBlacklistRule": {
                    "type": "aws_waf_rule",
                    "depends_on": [
                        "aws_waf_ipset.WAFBlacklistSet"
                    ],
                    "primary": {
                        "id": "02da7b7b-7851-4a36-af7c-2efd3964200c",
                        "attributes": {
                            "id": "02da7b7b-7851-4a36-af7c-2efd3964200c",
                            "metric_name": "SecurityAutomationsBlacklistRule",
                            "name": "TR-WAF - Blacklist Rule",
                            "predicates.#": "1",
                            "predicates.2272957417.data_id": "66786e74-b9f2-409a-ba11-afc66450fbc7",
                            "predicates.2272957417.negated": "false",
                            "predicates.2272957417.type": "IPMatch"
                        },
                        "meta": {},
                        "tainted": false
                    },
                    "deposed": [],
                    "provider": "provider.aws"
                },
                "aws_waf_rule.WAFIPReputationListsRule1": {
                    "type": "aws_waf_rule",
                    "depends_on": [
                        "aws_waf_ipset.WAFReputationListsSet1"
                    ],
                    "primary": {
                        "id": "176b2e9b-d7f6-4547-a95a-366951d532f7",
                        "attributes": {
                            "id": "176b2e9b-d7f6-4547-a95a-366951d532f7",
                            "metric_name": "SecurityAutomationsIPReputationListsRule1",
                            "name": "TR-WAF - WAF IP Reputation Lists Rule #1",
                            "predicates.#": "1",
                            "predicates.1652940019.data_id": "a0d8d943-2f32-4f39-9097-ee1c74d11935",
                            "predicates.1652940019.negated": "false",
                            "predicates.1652940019.type": "IPMatch"
                        },
                        "meta": {},
                        "tainted": false
                    },
                    "deposed": [],
                    "provider": "provider.aws"
                },
                "aws_waf_rule.WAFIPReputationListsRule2": {
                    "type": "aws_waf_rule",
                    "depends_on": [
                        "aws_waf_ipset.WAFReputationListsSet2"
                    ],
                    "primary": {
                        "id": "79b7f424-3e34-40e6-a925-064bb7791930",
                        "attributes": {
                            "id": "79b7f424-3e34-40e6-a925-064bb7791930",
                            "metric_name": "SecurityAutomationsIPReputationListsRule2",
                            "name": "TR-WAF - WAF IP Reputation Lists Rule #2",
                            "predicates.#": "1",
                            "predicates.2068969800.data_id": "d99945a6-fc7f-4259-9aa5-aadc254d2555",
                            "predicates.2068969800.negated": "false",
                            "predicates.2068969800.type": "IPMatch"
                        },
                        "meta": {},
                        "tainted": false
                    },
                    "deposed": [],
                    "provider": "provider.aws"
                },
                "aws_waf_rule.WAFSqlInjectionRule": {
                    "type": "aws_waf_rule",
                    "depends_on": [
                        "aws_waf_sql_injection_match_set.WAFSqlInjectionDetection"
                    ],
                    "primary": {
                        "id": "46027756-fdbc-4293-9f2b-65395dc9dee4",
                        "attributes": {
                            "id": "46027756-fdbc-4293-9f2b-65395dc9dee4",
                            "metric_name": "SecurityAutomationsSqlInjectionRule",
                            "name": "TR-WAF - SQL Injection Rule",
                            "predicates.#": "1",
                            "predicates.1503195033.data_id": "3164c6c0-e969-47c5-8a9a-97201244999c",
                            "predicates.1503195033.negated": "false",
                            "predicates.1503195033.type": "SqlInjectionMatch"
                        },
                        "meta": {},
                        "tainted": false
                    },
                    "deposed": [],
                    "provider": "provider.aws"
                },
                "aws_waf_rule.WAFWhitelistRule": {
                    "type": "aws_waf_rule",
                    "depends_on": [
                        "aws_waf_ipset.WAFWhitelistSet"
                    ],
                    "primary": {
                        "id": "11e3a18b-7377-47f1-9646-679b2fe1aaf0",
                        "attributes": {
                            "id": "11e3a18b-7377-47f1-9646-679b2fe1aaf0",
                            "metric_name": "SecurityAutomationsWhitelistRule",
                            "name": "TR-WAF - Whitelist Rule",
                            "predicates.#": "1",
                            "predicates.3592279296.data_id": "aa51d72e-9c3b-4bf0-8d4f-1a4a0961c542",
                            "predicates.3592279296.negated": "false",
                            "predicates.3592279296.type": "IPMatch"
                        },
                        "meta": {},
                        "tainted": false
                    },
                    "deposed": [],
                    "provider": "provider.aws"
                },
                "aws_waf_rule.WAFXssRule": {
                    "type": "aws_waf_rule",
                    "depends_on": [
                        "aws_waf_xss_match_set.WAFXssDetection"
                    ],
                    "primary": {
                        "id": "cca82036-a53b-49d1-ae1d-23f5dbec92d4",
                        "attributes": {
                            "id": "cca82036-a53b-49d1-ae1d-23f5dbec92d4",
                            "metric_name": "SecurityAutomationsXssRule",
                            "name": "TR-WAF - XSS Rule",
                            "predicates.#": "1",
                            "predicates.3224818228.data_id": "95e62091-1853-4d39-84be-f1282f8b58cf",
                            "predicates.3224818228.negated": "false",
                            "predicates.3224818228.type": "XssMatch"
                        },
                        "meta": {},
                        "tainted": false
                    },
                    "deposed": [],
                    "provider": "provider.aws"
                },
                "aws_waf_sql_injection_match_set.WAFSqlInjectionDetection": {
                    "type": "aws_waf_sql_injection_match_set",
                    "depends_on": [],
                    "primary": {
                        "id": "3164c6c0-e969-47c5-8a9a-97201244999c",
                        "attributes": {
                            "id": "3164c6c0-e969-47c5-8a9a-97201244999c",
                            "name": "TR-WAF - SQL Injection Detection",
                            "sql_injection_match_tuples.#": "6",
                            "sql_injection_match_tuples.1884490744.field_to_match.#": "1",
                            "sql_injection_match_tuples.1884490744.field_to_match.1624177473.data": "none",
                            "sql_injection_match_tuples.1884490744.field_to_match.1624177473.type": "QUERY_STRING",
                            "sql_injection_match_tuples.1884490744.text_transformation": "HTML_ENTITY_DECODE",
                            "sql_injection_match_tuples.2322139836.field_to_match.#": "1",
                            "sql_injection_match_tuples.2322139836.field_to_match.666226349.data": "none",
                            "sql_injection_match_tuples.2322139836.field_to_match.666226349.type": "URI",
                            "sql_injection_match_tuples.2322139836.text_transformation": "URL_DECODE",
                            "sql_injection_match_tuples.2667873358.field_to_match.#": "1",
                            "sql_injection_match_tuples.2667873358.field_to_match.3840488084.data": "none",
                            "sql_injection_match_tuples.2667873358.field_to_match.3840488084.type": "BODY",
                            "sql_injection_match_tuples.2667873358.text_transformation": "HTML_ENTITY_DECODE",
                            "sql_injection_match_tuples.3210420527.field_to_match.#": "1",
                            "sql_injection_match_tuples.3210420527.field_to_match.3840488084.data": "none",
                            "sql_injection_match_tuples.3210420527.field_to_match.3840488084.type": "BODY",
                            "sql_injection_match_tuples.3210420527.text_transformation": "URL_DECODE",
                            "sql_injection_match_tuples.3552758634.field_to_match.#": "1",
                            "sql_injection_match_tuples.3552758634.field_to_match.666226349.data": "none",
                            "sql_injection_match_tuples.3552758634.field_to_match.666226349.type": "URI",
                            "sql_injection_match_tuples.3552758634.text_transformation": "HTML_ENTITY_DECODE",
                            "sql_injection_match_tuples.4056233540.field_to_match.#": "1",
                            "sql_injection_match_tuples.4056233540.field_to_match.1624177473.data": "none",
                            "sql_injection_match_tuples.4056233540.field_to_match.1624177473.type": "QUERY_STRING",
                            "sql_injection_match_tuples.4056233540.text_transformation": "URL_DECODE"
                        },
                        "meta": {},
                        "tainted": false
                    },
                    "deposed": [],
                    "provider": "provider.aws"
                },
                "aws_waf_web_acl.WAFWebACL": {
                    "type": "aws_waf_web_acl",
                    "depends_on": [
                        "aws_waf_rate_based_rule.BrokenAuthSessionManageRule",
                        "aws_waf_rate_based_rule.http-flood-rule-1",
                        "aws_waf_rule.WAFAutoBlockRule",
                        "aws_waf_rule.WAFBadBotRule",
                        "aws_waf_rule.WAFBlacklistRule",
                        "aws_waf_rule.WAFIPReputationListsRule1",
                        "aws_waf_rule.WAFIPReputationListsRule2",
                        "aws_waf_rule.WAFSqlInjectionRule",
                        "aws_waf_rule.WAFWhitelistRule",
                        "aws_waf_rule.WAFXssRule"
                    ],
                    "primary": {
                        "id": "b2e3e820-fbac-4113-a593-a7b9b37c787b",
                        "attributes": {
                            "default_action.#": "1",
                            "default_action.4234791575.type": "ALLOW",
                            "id": "b2e3e820-fbac-4113-a593-a7b9b37c787b",
                            "metric_name": "SecurityAutomationsMaliciousRequesters",
                            "name": "TR-WAF",
                            "rules.#": "10",
                            "rules.1188362162.action.#": "1",
                            "rules.1188362162.action.0.type": "BLOCK",
                            "rules.1188362162.override_action.#": "0",
                            "rules.1188362162.priority": "60",
                            "rules.1188362162.rule_id": "50901e5c-d169-4604-b471-0e7c013c60fc",
                            "rules.1188362162.type": "REGULAR",
                            "rules.2142799845.action.#": "1",
                            "rules.2142799845.action.0.type": "BLOCK",
                            "rules.2142799845.override_action.#": "0",
                            "rules.2142799845.priority": "35",
                            "rules.2142799845.rule_id": "46d659ad-4b06-4563-9dc4-bbe498dac3d6",
                            "rules.2142799845.type": "RATE_BASED",
                            "rules.2329790855.action.#": "1",
                            "rules.2329790855.action.0.type": "BLOCK",
                            "rules.2329790855.override_action.#": "0",
                            "rules.2329790855.priority": "80",
                            "rules.2329790855.rule_id": "cca82036-a53b-49d1-ae1d-23f5dbec92d4",
                            "rules.2329790855.type": "REGULAR",
                            "rules.2411316307.action.#": "1",
                            "rules.2411316307.action.0.type": "ALLOW",
                            "rules.2411316307.override_action.#": "0",
                            "rules.2411316307.priority": "10",
                            "rules.2411316307.rule_id": "11e3a18b-7377-47f1-9646-679b2fe1aaf0",
                            "rules.2411316307.type": "REGULAR",
                            "rules.2512649.action.#": "1",
                            "rules.2512649.action.0.type": "BLOCK",
                            "rules.2512649.override_action.#": "0",
                            "rules.2512649.priority": "90",
                            "rules.2512649.rule_id": "e6ab1a9a-ecbd-4047-a5a4-894552904f92",
                            "rules.2512649.type": "RATE_BASED",
                            "rules.3285597854.action.#": "1",
                            "rules.3285597854.action.0.type": "BLOCK",
                            "rules.3285597854.override_action.#": "0",
                            "rules.3285597854.priority": "70",
                            "rules.3285597854.rule_id": "46027756-fdbc-4293-9f2b-65395dc9dee4",
                            "rules.3285597854.type": "REGULAR",
                            "rules.3504061602.action.#": "1",
                            "rules.3504061602.action.0.type": "BLOCK",
                            "rules.3504061602.override_action.#": "0",
                            "rules.3504061602.priority": "50",
                            "rules.3504061602.rule_id": "79b7f424-3e34-40e6-a925-064bb7791930",
                            "rules.3504061602.type": "REGULAR",
                            "rules.386395043.action.#": "1",
                            "rules.386395043.action.0.type": "BLOCK",
                            "rules.386395043.override_action.#": "0",
                            "rules.386395043.priority": "40",
                            "rules.386395043.rule_id": "176b2e9b-d7f6-4547-a95a-366951d532f7",
                            "rules.386395043.type": "REGULAR",
                            "rules.3878085713.action.#": "1",
                            "rules.3878085713.action.0.type": "BLOCK",
                            "rules.3878085713.override_action.#": "0",
                            "rules.3878085713.priority": "30",
                            "rules.3878085713.rule_id": "cb87df66-2549-4957-b937-026c7eade1ae",
                            "rules.3878085713.type": "REGULAR",
                            "rules.486431371.action.#": "1",
                            "rules.486431371.action.0.type": "BLOCK",
                            "rules.486431371.override_action.#": "0",
                            "rules.486431371.priority": "20",
                            "rules.486431371.rule_id": "02da7b7b-7851-4a36-af7c-2efd3964200c",
                            "rules.486431371.type": "REGULAR"
                        },
                        "meta": {},
                        "tainted": false
                    },
                    "deposed": [],
                    "provider": "provider.aws"
                },
                "aws_waf_xss_match_set.WAFXssDetection": {
                    "type": "aws_waf_xss_match_set",
                    "depends_on": [],
                    "primary": {
                        "id": "95e62091-1853-4d39-84be-f1282f8b58cf",
                        "attributes": {
                            "id": "95e62091-1853-4d39-84be-f1282f8b58cf",
                            "name": "TR-WAF - XSS Detection Detection",
                            "xss_match_tuples.#": "6",
                            "xss_match_tuples.1884490744.field_to_match.#": "1",
                            "xss_match_tuples.1884490744.field_to_match.1624177473.data": "none",
                            "xss_match_tuples.1884490744.field_to_match.1624177473.type": "QUERY_STRING",
                            "xss_match_tuples.1884490744.text_transformation": "HTML_ENTITY_DECODE",
                            "xss_match_tuples.2322139836.field_to_match.#": "1",
                            "xss_match_tuples.2322139836.field_to_match.666226349.data": "none",
                            "xss_match_tuples.2322139836.field_to_match.666226349.type": "URI",
                            "xss_match_tuples.2322139836.text_transformation": "URL_DECODE",
                            "xss_match_tuples.2667873358.field_to_match.#": "1",
                            "xss_match_tuples.2667873358.field_to_match.3840488084.data": "none",
                            "xss_match_tuples.2667873358.field_to_match.3840488084.type": "BODY",
                            "xss_match_tuples.2667873358.text_transformation": "HTML_ENTITY_DECODE",
                            "xss_match_tuples.3210420527.field_to_match.#": "1",
                            "xss_match_tuples.3210420527.field_to_match.3840488084.data": "none",
                            "xss_match_tuples.3210420527.field_to_match.3840488084.type": "BODY",
                            "xss_match_tuples.3210420527.text_transformation": "URL_DECODE",
                            "xss_match_tuples.3552758634.field_to_match.#": "1",
                            "xss_match_tuples.3552758634.field_to_match.666226349.data": "none",
                            "xss_match_tuples.3552758634.field_to_match.666226349.type": "URI",
                            "xss_match_tuples.3552758634.text_transformation": "HTML_ENTITY_DECODE",
                            "xss_match_tuples.4056233540.field_to_match.#": "1",
                            "xss_match_tuples.4056233540.field_to_match.1624177473.data": "none",
                            "xss_match_tuples.4056233540.field_to_match.1624177473.type": "QUERY_STRING",
                            "xss_match_tuples.4056233540.text_transformation": "URL_DECODE"
                        },
                        "meta": {},
                        "tainted": false
                    },
                    "deposed": [],
                    "provider": "provider.aws"
                },
                "data.aws_caller_identity.current": {
                    "type": "aws_caller_identity",
                    "depends_on": [],
                    "primary": {
                        "id": "2019-02-01 20:33:08.981483 +0000 UTC",
                        "attributes": {
                            "account_id": "082894742960",
                            "arn": "arn:aws:iam::082894742960:user/eliu",
                            "id": "2019-02-01 20:33:08.981483 +0000 UTC",
                            "user_id": "AIDAJKLY5ONUAH7KHM5HE"
                        },
                        "meta": {},
                        "tainted": false
                    },
                    "deposed": [],
                    "provider": "provider.aws"
                },
                "data.aws_region.current_region": {
                    "type": "aws_region",
                    "depends_on": [],
                    "primary": {
                        "id": "us-east-1",
                        "attributes": {
                            "current": "true",
                            "description": "US East (N. Virginia)",
                            "endpoint": "ec2.us-east-1.amazonaws.com",
                            "id": "us-east-1",
                            "name": "us-east-1"
                        },
                        "meta": {},
                        "tainted": false
                    },
                    "deposed": [],
                    "provider": "provider.aws"
                }
            },
            "depends_on": []
        }
    ]
}
